{
  "version": 4,
  "terraform_version": "1.14.0",
  "serial": 200,
  "lineage": "95ef5afe-dcaa-d1d7-4b5f-d6764c603ab0",
  "outputs": {
    "acr_login_server": {
      "value": "softradixaksacr.azurecr.io",
      "type": "string"
    },
    "aks_fqdn": {
      "value": "softradix-aks-v5a2eixb.hcp.eastus2.azmk8s.io",
      "type": "string"
    },
    "aks_name": {
      "value": "softradix-aks-cluster",
      "type": "string"
    },
    "aks_node_resource_group": {
      "value": "MC_Softradix-AKS-RG_softradix-aks-cluster_eastus2",
      "type": "string"
    },
    "aks_oidc_issuer_url": {
      "value": "https://eastus2.oic.prod-aks.azure.com/a2a74c22-d514-456c-be8d-b53d72517201/f5660c24-12c3-4049-94c3-98f5c6a87735/",
      "type": "string"
    },
    "aks_subnet_id": {
      "value": "/subscriptions/27735e1f-024e-4bb5-8d3f-6c6a5cd80f1e/resourceGroups/Softradix-AKS-RG/providers/Microsoft.Network/virtualNetworks/softradix-aks-vnet/subnets/softradix-aks-node-subnet",
      "type": "string"
    },
    "bastion_fqdn": {
      "value": "bst-5ce6fcfb-60be-42ca-b1c4-1918e15c304c.bastion.azure.com",
      "type": "string"
    },
    "get_credentials_command": {
      "value": "az aks get-credentials --resource-group Softradix-AKS-RG --name softradix-aks-cluster --overwrite-existing",
      "type": "string"
    },
    "key_vault_uri": {
      "value": "https://softradix-aks-kv.vault.azure.net/",
      "type": "string"
    },
    "log_analytics_workspace_id": {
      "value": "/subscriptions/27735e1f-024e-4bb5-8d3f-6c6a5cd80f1e/resourceGroups/Softradix-AKS-RG/providers/Microsoft.OperationalInsights/workspaces/softradix-aks-law",
      "type": "string"
    },
    "nat_gateway_public_ip": {
      "value": "172.200.202.41",
      "type": "string"
    },
    "resource_group_id": {
      "value": "/subscriptions/27735e1f-024e-4bb5-8d3f-6c6a5cd80f1e/resourceGroups/Softradix-AKS-RG",
      "type": "string"
    },
    "resource_group_name": {
      "value": "Softradix-AKS-RG",
      "type": "string"
    },
    "vnet_id": {
      "value": "/subscriptions/27735e1f-024e-4bb5-8d3f-6c6a5cd80f1e/resourceGroups/Softradix-AKS-RG/providers/Microsoft.Network/virtualNetworks/softradix-aks-vnet",
      "type": "string"
    }
  },
  "resources": [
    {
      "mode": "managed",
      "type": "azurerm_role_assignment",
      "name": "aks_acr_pull",
      "provider": "provider[\"registry.terraform.io/hashicorp/azurerm\"]",
      "instances": [
        {
          "schema_version": 0,
          "attributes": {
            "condition": "",
            "condition_version": "",
            "delegated_managed_identity_resource_id": "",
            "description": "",
            "id": "/subscriptions/27735e1f-024e-4bb5-8d3f-6c6a5cd80f1e/resourceGroups/Softradix-AKS-RG/providers/Microsoft.ContainerRegistry/registries/softradixaksacr/providers/Microsoft.Authorization/roleAssignments/90b19af4-8041-11a3-3d03-da6a2a8f6334",
            "name": "90b19af4-8041-11a3-3d03-da6a2a8f6334",
            "principal_id": "420c8619-8f94-47a4-9d10-c81cb9e166b6",
            "principal_type": "ServicePrincipal",
            "role_definition_id": "/subscriptions/27735e1f-024e-4bb5-8d3f-6c6a5cd80f1e/providers/Microsoft.Authorization/roleDefinitions/7f951dda-4ed3-4680-a7ca-43fe172d538d",
            "role_definition_name": "AcrPull",
            "scope": "/subscriptions/27735e1f-024e-4bb5-8d3f-6c6a5cd80f1e/resourceGroups/Softradix-AKS-RG/providers/Microsoft.ContainerRegistry/registries/softradixaksacr",
            "skip_service_principal_aad_check": null,
            "timeouts": null
          },
          "sensitive_attributes": [],
          "identity_schema_version": 0,
          "private": "eyJlMmJmYjczMC1lY2FhLTExZTYtOGY4OC0zNDM2M2JjN2M0YzAiOnsiY3JlYXRlIjoxODAwMDAwMDAwMDAwLCJkZWxldGUiOjE4MDAwMDAwMDAwMDAsInJlYWQiOjMwMDAwMDAwMDAwMH19",
          "dependencies": [
            "module.acr.azurerm_container_registry.this",
            "module.aks.azurerm_kubernetes_cluster.this",
            "module.aks.azurerm_kubernetes_cluster_node_pool.user",
            "module.log_analytics.azurerm_log_analytics_solution.container_insights",
            "module.log_analytics.azurerm_log_analytics_workspace.this",
            "module.nat_gateway.azurerm_nat_gateway.this",
            "module.nat_gateway.azurerm_nat_gateway_public_ip_association.this",
            "module.nat_gateway.azurerm_public_ip.nat",
            "module.nat_gateway.azurerm_subnet_nat_gateway_association.aks_nodes",
            "module.resource_group.azurerm_resource_group.this",
            "module.virtual_network.azurerm_network_security_group.aks_nodes",
            "module.virtual_network.azurerm_network_security_group.private_endpoints",
            "module.virtual_network.azurerm_subnet.aks_nodes",
            "module.virtual_network.azurerm_subnet.bastion",
            "module.virtual_network.azurerm_subnet.private_endpoints",
            "module.virtual_network.azurerm_subnet_network_security_group_association.aks_nodes",
            "module.virtual_network.azurerm_subnet_network_security_group_association.private_endpoints",
            "module.virtual_network.azurerm_virtual_network.this",
            "time_sleep.resource_group_propagation"
          ]
        }
      ]
    },
    {
      "mode": "managed",
      "type": "time_sleep",
      "name": "resource_group_propagation",
      "provider": "provider[\"registry.terraform.io/hashicorp/time\"]",
      "instances": [
        {
          "schema_version": 0,
          "attributes": {
            "create_duration": "30s",
            "destroy_duration": null,
            "id": "2026-07-03T06:30:04Z",
            "triggers": null
          },
          "sensitive_attributes": [],
          "identity_schema_version": 0,
          "dependencies": [
            "module.resource_group.azurerm_resource_group.this"
          ]
        }
      ]
    },
    {
      "module": "module.acr",
      "mode": "managed",
      "type": "azurerm_container_registry",
      "name": "this",
      "provider": "provider[\"registry.terraform.io/hashicorp/azurerm\"]",
      "instances": [
        {
          "schema_version": 2,
          "attributes": {
            "admin_enabled": false,
            "admin_password": "",
            "admin_username": "",
            "anonymous_pull_enabled": false,
            "data_endpoint_enabled": false,
            "data_endpoint_host_names": [
              "softradixaksacr.eastus2.data.azurecr.io"
            ],
            "encryption": [],
            "export_policy_enabled": true,
            "georeplications": [],
            "id": "/subscriptions/27735e1f-024e-4bb5-8d3f-6c6a5cd80f1e/resourceGroups/Softradix-AKS-RG/providers/Microsoft.ContainerRegistry/registries/softradixaksacr",
            "identity": [],
            "location": "eastus2",
            "login_server": "softradixaksacr.azurecr.io",
            "name": "softradixaksacr",
            "network_rule_bypass_option": "AzureServices",
            "network_rule_set": [
              {
                "default_action": "Deny",
                "ip_rule": []
              }
            ],
            "public_network_access_enabled": false,
            "quarantine_policy_enabled": false,
            "resource_group_name": "Softradix-AKS-RG",
            "retention_policy_in_days": 0,
            "sku": "Premium",
            "tags": {
              "Environment": "Production",
              "Owner": "Yogesh",
              "Project": "Terraform"
            },
            "timeouts": null,
            "trust_policy_enabled": false,
            "zone_redundancy_enabled": true
          },
          "sensitive_attributes": [
            [
              {
                "type": "get_attr",
                "value": "admin_password"
              }
            ]
          ],
          "identity_schema_version": 0,
          "private": "eyJlMmJmYjczMC1lY2FhLTExZTYtOGY4OC0zNDM2M2JjN2M0YzAiOnsiY3JlYXRlIjoxODAwMDAwMDAwMDAwLCJkZWxldGUiOjE4MDAwMDAwMDAwMDAsInJlYWQiOjMwMDAwMDAwMDAwMCwidXBkYXRlIjoxODAwMDAwMDAwMDAwfSwic2NoZW1hX3ZlcnNpb24iOiIyIn0=",
          "dependencies": [
            "module.resource_group.azurerm_resource_group.this",
            "module.virtual_network.azurerm_network_security_group.aks_nodes",
            "module.virtual_network.azurerm_network_security_group.private_endpoints",
            "module.virtual_network.azurerm_subnet.aks_nodes",
            "module.virtual_network.azurerm_subnet.bastion",
            "module.virtual_network.azurerm_subnet.private_endpoints",
            "module.virtual_network.azurerm_subnet_network_security_group_association.aks_nodes",
            "module.virtual_network.azurerm_subnet_network_security_group_association.private_endpoints",
            "module.virtual_network.azurerm_virtual_network.this",
            "time_sleep.resource_group_propagation"
          ]
        }
      ]
    },
    {
      "module": "module.aks",
      "mode": "managed",
      "type": "azurerm_kubernetes_cluster",
      "name": "this",
      "provider": "provider[\"registry.terraform.io/hashicorp/azurerm\"]",
      "instances": [
        {
          "schema_version": 2,
          "attributes": {
            "aci_connector_linux": [],
            "ai_toolchain_operator_enabled": false,
            "api_server_access_profile": [
              {
                "authorized_ip_ranges": [
                  "172.200.202.41/32",
                  "61.247.230.182/32"
                ],
                "subnet_id": "",
                "virtual_network_integration_enabled": false
              }
            ],
            "auto_scaler_profile": [
              {
                "balance_similar_node_groups": false,
                "daemonset_eviction_for_empty_nodes_enabled": false,
                "daemonset_eviction_for_occupied_nodes_enabled": true,
                "empty_bulk_delete_max": "10",
                "expander": "random",
                "ignore_daemonsets_utilization_enabled": false,
                "max_graceful_termination_sec": "600",
                "max_node_provisioning_time": "15m",
                "max_unready_nodes": 3,
                "max_unready_percentage": 45,
                "new_pod_scale_up_delay": "0s",
                "scale_down_delay_after_add": "10m",
                "scale_down_delay_after_delete": "10s",
                "scale_down_delay_after_failure": "3m",
                "scale_down_unneeded": "10m",
                "scale_down_unready": "20m",
                "scale_down_utilization_threshold": "0.5",
                "scan_interval": "10s",
                "skip_nodes_with_local_storage": false,
                "skip_nodes_with_system_pods": true
              }
            ],
            "automatic_upgrade_channel": "",
            "azure_active_directory_role_based_access_control": [],
            "azure_policy_enabled": false,
            "bootstrap_profile": [
              {
                "artifact_source": "Direct",
                "container_registry_id": ""
              }
            ],
            "confidential_computing": [],
            "cost_analysis_enabled": false,
            "current_kubernetes_version": "1.36.1",
            "custom_ca_trust_certificates_base64": null,
            "default_node_pool": [
              {
                "auto_scaling_enabled": true,
                "capacity_reservation_group_id": "",
                "fips_enabled": false,
                "gpu_driver": "",
                "gpu_instance": "",
                "host_encryption_enabled": false,
                "host_group_id": "",
                "kubelet_config": [],
                "kubelet_disk_type": "OS",
                "linux_os_config": [],
                "max_count": 1,
                "max_pods": 250,
                "min_count": 1,
                "name": "system",
                "node_count": 1,
                "node_labels": {},
                "node_network_profile": [],
                "node_public_ip_enabled": false,
                "node_public_ip_prefix_id": "",
                "only_critical_addons_enabled": true,
                "orchestrator_version": "1.36.1",
                "os_disk_size_gb": 128,
                "os_disk_type": "Managed",
                "os_sku": "Ubuntu",
                "pod_subnet_id": "",
                "proximity_placement_group_id": "",
                "scale_down_mode": "Delete",
                "snapshot_id": "",
                "tags": null,
                "temporary_name_for_rotation": "sysrotate",
                "type": "VirtualMachineScaleSets",
                "ultra_ssd_enabled": false,
                "upgrade_settings": [
                  {
                    "drain_timeout_in_minutes": 0,
                    "max_surge": "10%",
                    "node_soak_duration_in_minutes": 0,
                    "undrainable_node_behavior": ""
                  }
                ],
                "vm_size": "Standard_D2s_v7",
                "vnet_subnet_id": "/subscriptions/27735e1f-024e-4bb5-8d3f-6c6a5cd80f1e/resourceGroups/Softradix-AKS-RG/providers/Microsoft.Network/virtualNetworks/softradix-aks-vnet/subnets/softradix-aks-node-subnet",
                "workload_runtime": "",
                "zones": null
              }
            ],
            "disk_encryption_set_id": "",
            "dns_prefix": "softradix-aks",
            "dns_prefix_private_cluster": "",
            "edge_zone": "",
            "fqdn": "softradix-aks-v5a2eixb.hcp.eastus2.azmk8s.io",
            "http_application_routing_enabled": false,
            "http_application_routing_zone_name": "",
            "http_proxy_config": [],
            "id": "/subscriptions/27735e1f-024e-4bb5-8d3f-6c6a5cd80f1e/resourceGroups/Softradix-AKS-RG/providers/Microsoft.ContainerService/managedClusters/softradix-aks-cluster",
            "identity": [
              {
                "identity_ids": null,
                "principal_id": "26228990-3f1b-4496-ace3-f26567e7e8a0",
                "tenant_id": "a2a74c22-d514-456c-be8d-b53d72517201",
                "type": "SystemAssigned"
              }
            ],
            "image_cleaner_enabled": null,
            "image_cleaner_interval_hours": null,
            "ingress_application_gateway": [],
            "key_management_service": [],
            "key_vault_secrets_provider": [
              {
                "secret_identity": [
                  {
                    "client_id": "1804f8bf-3aa5-4735-aa5f-af41281b4239",
                    "object_id": "6a098cdf-b3b4-4018-a96e-a719e73bf42c",
                    "user_assigned_identity_id": "/subscriptions/27735e1f-024e-4bb5-8d3f-6c6a5cd80f1e/resourcegroups/MC_Softradix-AKS-RG_softradix-aks-cluster_eastus2/providers/Microsoft.ManagedIdentity/userAssignedIdentities/azurekeyvaultsecretsprovider-softradix-aks-cluster"
                  }
                ],
                "secret_rotation_enabled": true,
                "secret_rotation_interval": "2m"
              }
            ],
            "kube_admin_config": [],
            "kube_admin_config_raw": "",
            "kube_config": [
              {
                "client_certificate": "LS0tLS1CRUdJTiBDRVJUSUZJQ0FURS0tLS0tCk1JSUZIVENDQXdXZ0F3SUJBZ0lRUDJpYUJlclNodjBGYkpJVm91bkZmVEFOQmdrcWhraUc5dzBCQVFzRkFEQU4KTVFzd0NRWURWUVFERXdKallUQWVGdzB5TmpBM01ETXdPVFF4TkRkYUZ3MHlPREEzTURNd09UVXhORGRhTURBeApGekFWQmdOVkJBb1REbk41YzNSbGJUcHRZWE4wWlhKek1SVXdFd1lEVlFRREV3eHRZWE4wWlhKamJHbGxiblF3CmdnSWlNQTBHQ1NxR1NJYjNEUUVCQVFVQUE0SUNEd0F3Z2dJS0FvSUNBUURZMVBCSTdXbDFuWWVranVZYmk1R3IKV3hreHVDVzl4QnNaR3ZOTmhyY3djN2JsalZmK1FFeW5vT2pTZXBiWm52SVBxTTBJQmNmNlhSN3RsTkpoSWs0SgpuVk5WSlNlaFVhb1c3QlVCK0RHUk8reVBwZGExU0xIYnd1Y1RFc1NEc0EzTnVpMDZLc1U4eklZSGdxS1JVWW1JCmhyL0h0aVRydGROc1ZEaklVd1pVZGo2VXZxUDBEQkdDSHNEYlNiZGpkMzNJakg4ZkpQQ2hGMnF3WU1YcXJpYk8KeTd5aG40Q0k0NGtPQ3h1T3AxMUdjRFZzTFpLb0V4K1ZHczRjUmNKb0NMaEhmVVhTYmRUUCtJd3Y2Ylpha0JkWgpwMzM0ejg0UThGbS92Z2kvdXV2OVFKWEdjOURHbzdCb3pXVnBqbE1obEl1R3R6WWZ4aFJ1M2UwbU9QRGZ6akFVCmc5ZzQwOVhMdTNRU0dRM2xVcDdTc3k2anNJNHk4TmxiYlJxVW1yQVUvRW5hZWtOZFBwSklUS0Y5L1JkdDJicXIKNTRaV204OEU1WGdDQ3Y3TVhFRVlBck1CSGtBdk5lVkRVVmpTM00zMi9PMmVzK2h1Q25hS0lRSCtpSmFRWE5BdQpyRVZ2QmY4Zk5QZWIwMG1Vc2o5TFJLOFBTSXdUYVlpUGpPeUJvMjNueklGR0hNMDBJUVl2Q1RVY1kvRDNSTENiCmZGUUxLbENuVUdZaVFyZFNpNFpobXduU0UxdkN1cjl5M0FQZU5XWE1LLzRmanBqMHNyTW9GajNxdCtuTEtTb2cKcjU4Z0FMUGpDbU0rUEhVNElmS3RzMk5DZmR2V0xOWERoMGZ3dnF3M3pwMy9NekRKTE11ejFNNHVXZWs1aG5NNwpxQnR2b0hFN1g4QjYza0s1S3Z6UWd3SURBUUFCbzFZd1ZEQU9CZ05WSFE4QkFmOEVCQU1DQmFBd0V3WURWUjBsCkJBd3dDZ1lJS3dZQkJRVUhBd0l3REFZRFZSMFRBUUgvQkFJd0FEQWZCZ05WSFNNRUdEQVdnQlIzSjErZllHU2gKTHRHelhtS3BTRXE2QzZRWlZ6QU5CZ2txaGtpRzl3MEJBUXNGQUFPQ0FnRUFCblV4WFpUNXgxNzkyem9VbnEzbwpOdkRGN0FmWkRJNEV4YWJjaklKTUllUHhDWGJaSmh3MnUwdGJqdmJ2Qmg0WlF3Mkl2b3RZNjlFV1gxUWtQYmVHCjBiQ0dGNjdESzMvQzEyWktJWEJpYUd0cGZnbE1MUnhiWUUxcitYb05pTTNFeXp2Wlh2MnliNytxUmo3Yi92cEgKb1J5dUdpTWtQZU9PUldUbTZCRitJVE9BbytnQWtnNWg3VmdFdVBOdkxLRC9hUk1Oa1hoV1lWYmd4bDlIN0ZWOAp6cDVIUHVNT0lsMXRPcjZWNW9ramVxbDlqenBrOGRtOWhnMzN4NHlyK2I2cHJzSkxrb1pJWUY3UHJ2UWlrdmRkCkdaVUpCQVFuQmFRejdjOEtJd09Ya2RUVHZoc1lnZTFpU096eStQQm1DWW9neUUwTm1QTjkrWnFCQTRjZ0JSdkUKdTF5TU1FZlE2ZG5COXhUNSs0VjRZUlVmYmdvQ3NKb0tGRGp5elNYMk51YmVUT1J5ZWFXTXlCR2MvU2ZrYUoxYgpQeFh3dTVyamMyZXhySjNmWUQvZ21VOGJvT2crb3FmQnRKZVBaSDRSMFlHNXJzbGlKY3pFUXR4Um9SaklmOFpZCjVIM1NpTXdJajNBMjJXL2c0Y1lTWlBhWWhsSGI0SERnTUZYWGgvWldhQmE1RVp2NXNUSFJUREU3TVJvNjhrTlYKSEUwZjBvdmI2QjdMU2J6YW4rVHArRlVzQm0vMFNTZEV0UlQzM2ZFQzlDZFVDSGdHMEx2ZTZjWmxUT3VXR0pvMwpheHdjN0ZwYUYxdi80TWR1Q0dJMFh1NVB4bWNyUXNxeGRmRTlGT1JvYUc5K1h5SHhkVkxVNlRjSkpDa0xYTnNtCmRSUTdOYkxIQjZSUlB6ell0bVRYL0pvPQotLS0tLUVORCBDRVJUSUZJQ0FURS0tLS0tCg==",
                "client_key": "LS0tLS1CRUdJTiBSU0EgUFJJVkFURSBLRVktLS0tLQpNSUlKS1FJQkFBS0NBZ0VBMk5Ud1NPMXBkWjJIcEk3bUc0dVJxMXNaTWJnbHZjUWJHUnJ6VFlhM01ITzI1WTFYCi9rQk1wNkRvMG5xVzJaN3lENmpOQ0FYSCtsMGU3WlRTWVNKT0NaMVRWU1Vub1ZHcUZ1d1ZBZmd4a1R2c2o2WFcKdFVpeDI4TG5FeExFZzdBTnpib3RPaXJGUE15R0I0S2lrVkdKaUlhL3g3WWs2N1hUYkZRNHlGTUdWSFkrbEw2ago5QXdSZ2g3QTIwbTNZM2Q5eUl4L0h5VHdvUmRxc0dERjZxNG16c3U4b1orQWlPT0pEZ3NianFkZFJuQTFiQzJTCnFCTWZsUnJPSEVYQ2FBaTRSMzFGMG0zVXovaU1MK20yV3BBWFdhZDkrTS9PRVBCWnY3NEl2N3JyL1VDVnhuUFEKeHFPd2FNMWxhWTVUSVpTTGhyYzJIOFlVYnQzdEpqanczODR3RklQWU9OUFZ5N3QwRWhrTjVWS2Uwck11bzdDTwpNdkRaVzIwYWxKcXdGUHhKMm5wRFhUNlNTRXloZmYwWGJkbTZxK2VHVnB2UEJPVjRBZ3IrekZ4QkdBS3pBUjVBCkx6WGxRMUZZMHR6Tjl2enRuclBvYmdwMmlpRUIvb2lXa0Z6UUxxeEZid1gvSHpUM205TkpsTEkvUzBTdkQwaU0KRTJtSWo0enNnYU50NTh5QlJoek5OQ0VHTHdrMUhHUHc5MFN3bTN4VUN5cFFwMUJtSWtLM1VvdUdZWnNKMGhOYgp3cnEvY3R3RDNqVmx6Q3YrSDQ2WTlMS3pLQlk5NnJmcHl5a3FJSytmSUFDejR3cGpQangxT0NIeXJiTmpRbjNiCjFpelZ3NGRIOEw2c044NmQvek13eVN6THM5VE9MbG5wT1laek82Z2JiNkJ4TzEvQWV0NUN1U3I4MElNQ0F3RUEKQVFLQ0FnQlpuRE1McUpZL1pkR1RoLzBBSUQrYzVpSzA0Z295OFZOVG5rZ3ozM3RndWttNWQ1OEljL0ZhQzQxOAp3dTRKMVA3cnl0S2xRS0pqVFUzRldRNVMxMWNSOFNOcDJsZVUrMGVFZnArMTl5a2hBUGRrYkdDZC9nT0hNM2JFCjhxb2xWRUo0SmJ1Z1FPSFBuU1M5QU5lSG4vOXJYV2p2czg1eFhXMFpaWHNzQ3VmZ1N4ZlU2QzZnNHNYdmxSOFYKNFZLNWVENFMva0ZoRVNhakpLYlNhc1FRbDFWeGZGQ2lLT1Y1YlRPTWlybWlUSGVuYnlNYzZINm1HSFVpYlhnRgp4aXl3U3Y1QmlUdXNXZmlyMUdlM08yckI1YS9JdlFnNkprTmV5NzREbUpsTUI0ZVUyN2FxVTkzUjRmODdhTHRECkV1ODNQd2trclIzZ3ByOTJEQ0NBZmVMS1U0K1pmM2h4WklVWVNFWUlEelVyeXNMazdPUFl0elFMSkhmQk5QM3YKQjBGRHZZaGNGenh6Y1lSdVd1b2FhNXF6dU5reDV3cm1TRDZQU0JyMXVqcStSbEw4M081M1dJYzN0VDZ4OG1TRQpOR3hLVWN3WmRTcGxvRkQvY0tsaVg3Y2Q5QnEzWE5xSm5tSTA4ZnkxNnRSY2wvaEVrWlg3QkRsWmhaSlZEZnk5Ckc2cDBRZFZMcGoxdGZ4REczdGNQK210UHFvVnlnMDdNZ05KckMwS1VPNTF5dHluQ1ZkaGthbzZEL05jcXB5Ni8KUU5zRnA3dWc5VFZKMStycmtiU1UzQzBJSnhVT2xEVWpTdElZTXpFSjdVUm1UT0xlUHBjOVN1YXRHZkpDYXdtcwpFZ3pwWWdSeHFhS1JFVlNSdWZvR0hOd2d5Z01tNzBKQ0E0QTRiSmVJdWxmSXYvb1hzUUtDQVFFQS84Q21MMnFtCjJSV1RWUElQcWpoMkUvWkhQMFh3RWszV3JSd0tia3ROL1Mza2xsSnFSVjhTaVBscHBiZ1J5a3BObFFpMHkyNkEKVCtWeGZJVmFMbWJTK1FuZjVYVkpQR2xLNkRQL05pQ0tiN2hRaElTZ0lob1ZNZlF3SXFmckNhRytiNXptRUY3agpLSTlHUDZlSVNJaU12Sk9WczJyNDZ5VExXd29TcUwvdU9sVmp2UGdmQk8yYVFKRHBDaXBNZ09zUWdHcmRQb1B1CnVqOGhYbmxKQUgrMDh6T2xJNDlnQnNSMTNnVmxqeTlJK09yWU1yZ1NtalREUzU4T2dmcDBBSFM1RFY2VWRyVzcKT3l1cEMyL0RqMXBrcDY5ZkdNNGsrOUNPa3ZDQ1dRRkJMVXBJdUxwRElkYTJvVE5tQnhzTnprOFJreElOSGoyOQpRaWVHUXZQRkI0eWxjd0tDQVFFQTJRcW1EVld4NGx5R3FtTlBVL3A3RS9qaGtuSlFiWTdWb3hNckZ4bTVmS2hxCklqbGZZeFRYbnI0WU1PU0ZCajBCSTIrem5yZmVEZTBQQ2tMeEMrNlc2UzVLVGZsRExPVGhRZWpML0hWTkUzQ3UKQ2YvZ1JvRnh3YWRFVjcvdG5aNUUxbitZSjNaMFBQbUVNVzRLUmhBRmxuUndvbWFxeXJtQ0UyZHh5WTYycE9LOApkbUpFbXdtRkt3bE13ZkFmVGJQQkRSeEJKNUhNbGNjZzBYbFB6clRtdmNTQjZPZGpvK0N0ejI5V1IvdjlyeTBUCmJvUG91V2UxazJDalFYMnJOclIwRUxXdjdLMHFyT1pWUjVJSm5mQzJHMXJ0bGxodTIxMGlhcDMxMWdjSHY0MFUKVkl5YkpsMi9xT29kdndEekgrMnN0NzFuTXZNUWdQSmhzbXNPMmd6a3NRS0NBUUVBNjhPdHIySnpBd1lIdHJRYQp5c0dYNEZrVlh2ZmJFeFNjaFNLblh2dWVubm16RXZ4UXFUaTJmbnpsN25ZY09FNTg3Sm1GQ1ZBSml4MnBtNi9XCjdaV3VnUk9nU2dmd0JuZk9MUGJhR3d5dWNjVUl2TkVDU2MyZm9saElFM3FXaWwrSGpaNm0yNHFOZi9Oc1AvdngKLzJPWjBiRi92RkV0dko5RHM5NDZTMFA3bWR6anYrMC9zeXhTR1prOHF6bEpJME1QQ0VMN1I4a1p4cW14MmtTVwpqcFlydWxMdXRqUlN3b3BUV2VQQnR0aFJQZDVJaGFENHpSMDh0N2FlQ2laV3o2REtncytncnpwaXFtNWFQSWZBClVLTjB6THczUDBleUFrMUZVYUhUbDdjM1hVZndlQktGRm1tNEhDeWtyb0k3SE9mNC9Jb1VlNzlRZSs2eHI0REgKTG1seWp3S0NBUUFpVWMrK0RnM3B5RTIzQmFzV2tXWUMyM2ozeWtHemdVR0EzdGdTZUF2ZmpWWHpBWFYyMm1YYQpBUjhjSkJad3pSYXYvc3E5VHorNm5nQ2gwOEgvN0FOSzdmbnI2SDFaelB0ZGk2MHR4M0tmbjFLMTNCTWZzdnBFCjcra2Jvd3Ewd01FTDFmTStVam5CSm9kanRZM0VWR1k5eXozQVFGSERhcUFKNTNLVHQ1Qmo5RUp1eWMwbFl0VCsKNENLV0RCMDNFVFIybVVBb1BLTElFRXU5TTl5TnlBY3dmTEU2SGRTZ3BqZDF0SnBGR2JDY2taa2dBWlc4TTR6Lwp0K2s0d3VGZTdodm9SSUtELzBIZlF6QzY5M216MHN0SStoRFZsRGc3VWJmT2VoblVkUm9oalBKcENDN0VXMUNpCktocjRCL05wMmhCVW9ZdCsvL1pkSFhhYld0aG5YR0NSQW9JQkFRQ3FJS0krRWZ5T3NnaWhtUkJGeXgvbXFsa3MKN25zaWNrRkV5Um5oZE96b2QzU3NnZHNHeEpVaXBxSmFXZTBUTkdaMnNWZGhhQXFRclUwalhORUlTZDY3NUVvZAo2dDdoZkxmV1BMSWxiSXhpTUlRVFpFdWtYNFllcHpRZ0oraVdlZ0dVS2llQlpJQVdqSnB4WE9xRVg4cXFCOXQ5Cm5EUlFBSmhRTVZ1Y1Z6dWtvUGpEQjhiWXNVY0JCVW45VHRCVjhxWWZKK0l0cjRva3pYUXcvMU5seHdFN1c4alQKVFJlZHZLRGcwTC82V0J0ak8vMzRsRXhhSGZOMmFGMmxmVjJra2srd2ZiMWowazYrUTgxbGY4YnJMaGxiYm0ydApiRVFqMmtjcDFlUnJtMDdBb2MrVmdoeGFqN2EwMlZLYklwOStyWThrWHhOOW9wQVZWRDhKY0FCL2VlOGwKLS0tLS1FTkQgUlNBIFBSSVZBVEUgS0VZLS0tLS0K",
                "cluster_ca_certificate": "LS0tLS1CRUdJTiBDRVJUSUZJQ0FURS0tLS0tCk1JSUU2RENDQXRDZ0F3SUJBZ0lRTmduVHZmMjdFRStKOFhpOGZOT0xOakFOQmdrcWhraUc5dzBCQVFzRkFEQU4KTVFzd0NRWURWUVFERXdKallUQWdGdzB5TmpBM01ETXdPVFF4TkRkYUdBOHlNRFUyTURjd016QTVOVEUwTjFvdwpEVEVMTUFrR0ExVUVBeE1DWTJFd2dnSWlNQTBHQ1NxR1NJYjNEUUVCQVFVQUE0SUNEd0F3Z2dJS0FvSUNBUURLCk41ZktHWm5NcmlYd0Y2WHJ6THExOEE4WWozWjRVMnppVUl4Zk9LNmpvcmcwZUFxdW4zWDJlOXNXSUNRTTFNc2wKZlpkbHh5blQzcDJJc1NZVUNtSC9oLzZYNGIvdjZuK1NSamZLQXpaY1ZBSUJzNVE3dmw0aTZqZVg1QlBjZWhNVwpIenhETk90d0dsOXFJbXBYVGFlZVdwN1k0NDdSNkJodnFrbVdiVGpPOUhSRURlaGpTRVFwK05MTHEzR1QyRGFlCjdvOG1UNFJmN3lHalZ2SkRhU0RQRkh1cDBlTjNOc2R2OUdCdnBmZnJoWHkxcjJ3MjAwQlpJbGtiaktJcWVNWXoKRzg1L0hRUERxL3FhcjZqbXNQSnV4RFVPZ2pnUjRDanM3QStqSndSOGR5ekN5U2VDMzdEeUFzT1B2cG5jQjhqNgpObUxQQ0tsRWF5TkhZdXJBT3Q3aVpSL2JndFI0ZHU2SFI2WmdLQUQ1OGozcXEwV3Z0TUFDRGRUM3NPdExPTVU3CmgydHMzV0paTjBubU5aMWc3K2RLVG1WYzBJRE1FR2FCSjNxNXpGODRSMjd3R3ZoSElIU0doMEdnSzMzVlc4YmgKT3YyWGFYU2FLSFJhYzlkMDdZaXdMa3Y1Y2MvekFNYk9qSlI4TExFN0dvSGJMbXA3V2o5ZG91RVRpUWdWRmdnSQoray8xS1orVVEzS2xla1JWK1JkUnZtY3FNTkpQbE5yY3JSTzRRY2Y4VFJPL0FaWEJYK1BramxQR2o0NmxvUnhlCm1TWkZmT1pWQ3BqRGdESHV3OVBiV0NUK2hPMDRsVjZ3Y3pzRERBem1Za2hFM0RDMG5KUlJpd0ZwS3NFaXdieG8KYThyUENsd0tYcVVDVGh1MXpkdkVsbmMxeXBEZGdmWWlaQUcrOGVVYkV3SURBUUFCbzBJd1FEQU9CZ05WSFE4QgpBZjhFQkFNQ0FxUXdEd1lEVlIwVEFRSC9CQVV3QXdFQi96QWRCZ05WSFE0RUZnUVVkeWRmbjJCa29TN1JzMTVpCnFVaEt1Z3VrR1Zjd0RRWUpLb1pJaHZjTkFRRUxCUUFEZ2dJQkFNVHZrelNmNzNvWThlS0UxQXU5MUczbE4xL3YKMXpuT080cHpabXVTR0hIbjRkekorVm45MmpVVGRTVnZCN3hhdFZDSURjdWx1dGZtcExMajR3T3lhVVJyNEtqZwpOU09URHVRQS9Lb0hLNXhJdW1YWml5ZHlQbzVuK1Vrc3h5UVMvYlQvUzNRaWhuSmswaW04d2V2clVEOXl0bU5uCjFsUzVwVmtlWERUckY4SzB5RHZvS3VjVFZOcEc0RnVhVEJqNkJUSVhmcWxEVU1YNy9YWmxLeXZaWnR6YVVDTTkKekJtUDQvbWpDYWdsenNEQ0I1WFRwK1p5RUZuT05JUEdFU2R4L3JnYVlScXpkcXduN0JMVzlURUFVUWg4SDBmTgorbDVXOUVUWWRIaDQrdkZ1cWpiWGRDUjdqY1E2OWpNenZOSG81QTRMVHZaNGdhRjBEbFZxcWc2Q0FINDkrTmRmCmR2N2IxaXVqU1kvOTRKMkl4MStibXFSdjMrL09qMmc4Vk9BdFRxTnRjTERyYXNIQlFYdWNUUm9NY0xGNnpJeHQKclJQOG45VUxjcTJvMTVLeWNMUGdjMlhpYVJCM050MmFhNVlFVHlWcVRUNXZHRVlvTzY4aUtjRzhPa3kxWG1ZVgpxemVRazNZOGM5RUNZMEg5aERrOXRqbHV4UWNiMVE5MTFUWDlaY1J0QTlmek5FRXhhRDZoVi8vNU5ZTVBwd05IClhYSS8vSVFERWFSdjFGbWZFU3pCL2dzekRmVklZODhlYlpzOXhHelZJTHVyM0RaK29SMzhMTzdqZlVQY2YwWGYKbkpzODFGdTZOQm9NQUJoS28xWllJbU40M1piTUtxV2t3QjZtS2FFZUlKUElWTEFCMklvNnlPRmY2d3ozejFqMwpiNUZlSi8yaU5NMUdpOFF2Ci0tLS0tRU5EIENFUlRJRklDQVRFLS0tLS0K",
                "host": "https://softradix-aks-v5a2eixb.hcp.eastus2.azmk8s.io:443",
                "password": "x645m7it9fbte602ihxc1kjur9mtenf7h8u73xo3awtkiwvdjqgvxxphj8z1q6gul4xboy1355bz3ei8mw9r2viqih89kizeobc51zvt0pey78m21mz0iwnsk5en27sp",
                "username": "clusterUser_Softradix-AKS-RG_softradix-aks-cluster"
              }
            ],
            "kube_config_raw": "apiVersion: v1\nclusters:\n- cluster:\n    certificate-authority-data: LS0tLS1CRUdJTiBDRVJUSUZJQ0FURS0tLS0tCk1JSUU2RENDQXRDZ0F3SUJBZ0lRTmduVHZmMjdFRStKOFhpOGZOT0xOakFOQmdrcWhraUc5dzBCQVFzRkFEQU4KTVFzd0NRWURWUVFERXdKallUQWdGdzB5TmpBM01ETXdPVFF4TkRkYUdBOHlNRFUyTURjd016QTVOVEUwTjFvdwpEVEVMTUFrR0ExVUVBeE1DWTJFd2dnSWlNQTBHQ1NxR1NJYjNEUUVCQVFVQUE0SUNEd0F3Z2dJS0FvSUNBUURLCk41ZktHWm5NcmlYd0Y2WHJ6THExOEE4WWozWjRVMnppVUl4Zk9LNmpvcmcwZUFxdW4zWDJlOXNXSUNRTTFNc2wKZlpkbHh5blQzcDJJc1NZVUNtSC9oLzZYNGIvdjZuK1NSamZLQXpaY1ZBSUJzNVE3dmw0aTZqZVg1QlBjZWhNVwpIenhETk90d0dsOXFJbXBYVGFlZVdwN1k0NDdSNkJodnFrbVdiVGpPOUhSRURlaGpTRVFwK05MTHEzR1QyRGFlCjdvOG1UNFJmN3lHalZ2SkRhU0RQRkh1cDBlTjNOc2R2OUdCdnBmZnJoWHkxcjJ3MjAwQlpJbGtiaktJcWVNWXoKRzg1L0hRUERxL3FhcjZqbXNQSnV4RFVPZ2pnUjRDanM3QStqSndSOGR5ekN5U2VDMzdEeUFzT1B2cG5jQjhqNgpObUxQQ0tsRWF5TkhZdXJBT3Q3aVpSL2JndFI0ZHU2SFI2WmdLQUQ1OGozcXEwV3Z0TUFDRGRUM3NPdExPTVU3CmgydHMzV0paTjBubU5aMWc3K2RLVG1WYzBJRE1FR2FCSjNxNXpGODRSMjd3R3ZoSElIU0doMEdnSzMzVlc4YmgKT3YyWGFYU2FLSFJhYzlkMDdZaXdMa3Y1Y2MvekFNYk9qSlI4TExFN0dvSGJMbXA3V2o5ZG91RVRpUWdWRmdnSQoray8xS1orVVEzS2xla1JWK1JkUnZtY3FNTkpQbE5yY3JSTzRRY2Y4VFJPL0FaWEJYK1BramxQR2o0NmxvUnhlCm1TWkZmT1pWQ3BqRGdESHV3OVBiV0NUK2hPMDRsVjZ3Y3pzRERBem1Za2hFM0RDMG5KUlJpd0ZwS3NFaXdieG8KYThyUENsd0tYcVVDVGh1MXpkdkVsbmMxeXBEZGdmWWlaQUcrOGVVYkV3SURBUUFCbzBJd1FEQU9CZ05WSFE4QgpBZjhFQkFNQ0FxUXdEd1lEVlIwVEFRSC9CQVV3QXdFQi96QWRCZ05WSFE0RUZnUVVkeWRmbjJCa29TN1JzMTVpCnFVaEt1Z3VrR1Zjd0RRWUpLb1pJaHZjTkFRRUxCUUFEZ2dJQkFNVHZrelNmNzNvWThlS0UxQXU5MUczbE4xL3YKMXpuT080cHpabXVTR0hIbjRkekorVm45MmpVVGRTVnZCN3hhdFZDSURjdWx1dGZtcExMajR3T3lhVVJyNEtqZwpOU09URHVRQS9Lb0hLNXhJdW1YWml5ZHlQbzVuK1Vrc3h5UVMvYlQvUzNRaWhuSmswaW04d2V2clVEOXl0bU5uCjFsUzVwVmtlWERUckY4SzB5RHZvS3VjVFZOcEc0RnVhVEJqNkJUSVhmcWxEVU1YNy9YWmxLeXZaWnR6YVVDTTkKekJtUDQvbWpDYWdsenNEQ0I1WFRwK1p5RUZuT05JUEdFU2R4L3JnYVlScXpkcXduN0JMVzlURUFVUWg4SDBmTgorbDVXOUVUWWRIaDQrdkZ1cWpiWGRDUjdqY1E2OWpNenZOSG81QTRMVHZaNGdhRjBEbFZxcWc2Q0FINDkrTmRmCmR2N2IxaXVqU1kvOTRKMkl4MStibXFSdjMrL09qMmc4Vk9BdFRxTnRjTERyYXNIQlFYdWNUUm9NY0xGNnpJeHQKclJQOG45VUxjcTJvMTVLeWNMUGdjMlhpYVJCM050MmFhNVlFVHlWcVRUNXZHRVlvTzY4aUtjRzhPa3kxWG1ZVgpxemVRazNZOGM5RUNZMEg5aERrOXRqbHV4UWNiMVE5MTFUWDlaY1J0QTlmek5FRXhhRDZoVi8vNU5ZTVBwd05IClhYSS8vSVFERWFSdjFGbWZFU3pCL2dzekRmVklZODhlYlpzOXhHelZJTHVyM0RaK29SMzhMTzdqZlVQY2YwWGYKbkpzODFGdTZOQm9NQUJoS28xWllJbU40M1piTUtxV2t3QjZtS2FFZUlKUElWTEFCMklvNnlPRmY2d3ozejFqMwpiNUZlSi8yaU5NMUdpOFF2Ci0tLS0tRU5EIENFUlRJRklDQVRFLS0tLS0K\n    server: https://softradix-aks-v5a2eixb.hcp.eastus2.azmk8s.io:443\n  name: softradix-aks-cluster\ncontexts:\n- context:\n    cluster: softradix-aks-cluster\n    user: clusterUser_Softradix-AKS-RG_softradix-aks-cluster\n  name: softradix-aks-cluster\ncurrent-context: softradix-aks-cluster\nkind: Config\nusers:\n- name: clusterUser_Softradix-AKS-RG_softradix-aks-cluster\n  user:\n    client-certificate-data: LS0tLS1CRUdJTiBDRVJUSUZJQ0FURS0tLS0tCk1JSUZIVENDQXdXZ0F3SUJBZ0lRUDJpYUJlclNodjBGYkpJVm91bkZmVEFOQmdrcWhraUc5dzBCQVFzRkFEQU4KTVFzd0NRWURWUVFERXdKallUQWVGdzB5TmpBM01ETXdPVFF4TkRkYUZ3MHlPREEzTURNd09UVXhORGRhTURBeApGekFWQmdOVkJBb1REbk41YzNSbGJUcHRZWE4wWlhKek1SVXdFd1lEVlFRREV3eHRZWE4wWlhKamJHbGxiblF3CmdnSWlNQTBHQ1NxR1NJYjNEUUVCQVFVQUE0SUNEd0F3Z2dJS0FvSUNBUURZMVBCSTdXbDFuWWVranVZYmk1R3IKV3hreHVDVzl4QnNaR3ZOTmhyY3djN2JsalZmK1FFeW5vT2pTZXBiWm52SVBxTTBJQmNmNlhSN3RsTkpoSWs0SgpuVk5WSlNlaFVhb1c3QlVCK0RHUk8reVBwZGExU0xIYnd1Y1RFc1NEc0EzTnVpMDZLc1U4eklZSGdxS1JVWW1JCmhyL0h0aVRydGROc1ZEaklVd1pVZGo2VXZxUDBEQkdDSHNEYlNiZGpkMzNJakg4ZkpQQ2hGMnF3WU1YcXJpYk8KeTd5aG40Q0k0NGtPQ3h1T3AxMUdjRFZzTFpLb0V4K1ZHczRjUmNKb0NMaEhmVVhTYmRUUCtJd3Y2Ylpha0JkWgpwMzM0ejg0UThGbS92Z2kvdXV2OVFKWEdjOURHbzdCb3pXVnBqbE1obEl1R3R6WWZ4aFJ1M2UwbU9QRGZ6akFVCmc5ZzQwOVhMdTNRU0dRM2xVcDdTc3k2anNJNHk4TmxiYlJxVW1yQVUvRW5hZWtOZFBwSklUS0Y5L1JkdDJicXIKNTRaV204OEU1WGdDQ3Y3TVhFRVlBck1CSGtBdk5lVkRVVmpTM00zMi9PMmVzK2h1Q25hS0lRSCtpSmFRWE5BdQpyRVZ2QmY4Zk5QZWIwMG1Vc2o5TFJLOFBTSXdUYVlpUGpPeUJvMjNueklGR0hNMDBJUVl2Q1RVY1kvRDNSTENiCmZGUUxLbENuVUdZaVFyZFNpNFpobXduU0UxdkN1cjl5M0FQZU5XWE1LLzRmanBqMHNyTW9GajNxdCtuTEtTb2cKcjU4Z0FMUGpDbU0rUEhVNElmS3RzMk5DZmR2V0xOWERoMGZ3dnF3M3pwMy9NekRKTE11ejFNNHVXZWs1aG5NNwpxQnR2b0hFN1g4QjYza0s1S3Z6UWd3SURBUUFCbzFZd1ZEQU9CZ05WSFE4QkFmOEVCQU1DQmFBd0V3WURWUjBsCkJBd3dDZ1lJS3dZQkJRVUhBd0l3REFZRFZSMFRBUUgvQkFJd0FEQWZCZ05WSFNNRUdEQVdnQlIzSjErZllHU2gKTHRHelhtS3BTRXE2QzZRWlZ6QU5CZ2txaGtpRzl3MEJBUXNGQUFPQ0FnRUFCblV4WFpUNXgxNzkyem9VbnEzbwpOdkRGN0FmWkRJNEV4YWJjaklKTUllUHhDWGJaSmh3MnUwdGJqdmJ2Qmg0WlF3Mkl2b3RZNjlFV1gxUWtQYmVHCjBiQ0dGNjdESzMvQzEyWktJWEJpYUd0cGZnbE1MUnhiWUUxcitYb05pTTNFeXp2Wlh2MnliNytxUmo3Yi92cEgKb1J5dUdpTWtQZU9PUldUbTZCRitJVE9BbytnQWtnNWg3VmdFdVBOdkxLRC9hUk1Oa1hoV1lWYmd4bDlIN0ZWOAp6cDVIUHVNT0lsMXRPcjZWNW9ramVxbDlqenBrOGRtOWhnMzN4NHlyK2I2cHJzSkxrb1pJWUY3UHJ2UWlrdmRkCkdaVUpCQVFuQmFRejdjOEtJd09Ya2RUVHZoc1lnZTFpU096eStQQm1DWW9neUUwTm1QTjkrWnFCQTRjZ0JSdkUKdTF5TU1FZlE2ZG5COXhUNSs0VjRZUlVmYmdvQ3NKb0tGRGp5elNYMk51YmVUT1J5ZWFXTXlCR2MvU2ZrYUoxYgpQeFh3dTVyamMyZXhySjNmWUQvZ21VOGJvT2crb3FmQnRKZVBaSDRSMFlHNXJzbGlKY3pFUXR4Um9SaklmOFpZCjVIM1NpTXdJajNBMjJXL2c0Y1lTWlBhWWhsSGI0SERnTUZYWGgvWldhQmE1RVp2NXNUSFJUREU3TVJvNjhrTlYKSEUwZjBvdmI2QjdMU2J6YW4rVHArRlVzQm0vMFNTZEV0UlQzM2ZFQzlDZFVDSGdHMEx2ZTZjWmxUT3VXR0pvMwpheHdjN0ZwYUYxdi80TWR1Q0dJMFh1NVB4bWNyUXNxeGRmRTlGT1JvYUc5K1h5SHhkVkxVNlRjSkpDa0xYTnNtCmRSUTdOYkxIQjZSUlB6ell0bVRYL0pvPQotLS0tLUVORCBDRVJUSUZJQ0FURS0tLS0tCg==\n    client-key-data: LS0tLS1CRUdJTiBSU0EgUFJJVkFURSBLRVktLS0tLQpNSUlKS1FJQkFBS0NBZ0VBMk5Ud1NPMXBkWjJIcEk3bUc0dVJxMXNaTWJnbHZjUWJHUnJ6VFlhM01ITzI1WTFYCi9rQk1wNkRvMG5xVzJaN3lENmpOQ0FYSCtsMGU3WlRTWVNKT0NaMVRWU1Vub1ZHcUZ1d1ZBZmd4a1R2c2o2WFcKdFVpeDI4TG5FeExFZzdBTnpib3RPaXJGUE15R0I0S2lrVkdKaUlhL3g3WWs2N1hUYkZRNHlGTUdWSFkrbEw2ago5QXdSZ2g3QTIwbTNZM2Q5eUl4L0h5VHdvUmRxc0dERjZxNG16c3U4b1orQWlPT0pEZ3NianFkZFJuQTFiQzJTCnFCTWZsUnJPSEVYQ2FBaTRSMzFGMG0zVXovaU1MK20yV3BBWFdhZDkrTS9PRVBCWnY3NEl2N3JyL1VDVnhuUFEKeHFPd2FNMWxhWTVUSVpTTGhyYzJIOFlVYnQzdEpqanczODR3RklQWU9OUFZ5N3QwRWhrTjVWS2Uwck11bzdDTwpNdkRaVzIwYWxKcXdGUHhKMm5wRFhUNlNTRXloZmYwWGJkbTZxK2VHVnB2UEJPVjRBZ3IrekZ4QkdBS3pBUjVBCkx6WGxRMUZZMHR6Tjl2enRuclBvYmdwMmlpRUIvb2lXa0Z6UUxxeEZid1gvSHpUM205TkpsTEkvUzBTdkQwaU0KRTJtSWo0enNnYU50NTh5QlJoek5OQ0VHTHdrMUhHUHc5MFN3bTN4VUN5cFFwMUJtSWtLM1VvdUdZWnNKMGhOYgp3cnEvY3R3RDNqVmx6Q3YrSDQ2WTlMS3pLQlk5NnJmcHl5a3FJSytmSUFDejR3cGpQangxT0NIeXJiTmpRbjNiCjFpelZ3NGRIOEw2c044NmQvek13eVN6THM5VE9MbG5wT1laek82Z2JiNkJ4TzEvQWV0NUN1U3I4MElNQ0F3RUEKQVFLQ0FnQlpuRE1McUpZL1pkR1RoLzBBSUQrYzVpSzA0Z295OFZOVG5rZ3ozM3RndWttNWQ1OEljL0ZhQzQxOAp3dTRKMVA3cnl0S2xRS0pqVFUzRldRNVMxMWNSOFNOcDJsZVUrMGVFZnArMTl5a2hBUGRrYkdDZC9nT0hNM2JFCjhxb2xWRUo0SmJ1Z1FPSFBuU1M5QU5lSG4vOXJYV2p2czg1eFhXMFpaWHNzQ3VmZ1N4ZlU2QzZnNHNYdmxSOFYKNFZLNWVENFMva0ZoRVNhakpLYlNhc1FRbDFWeGZGQ2lLT1Y1YlRPTWlybWlUSGVuYnlNYzZINm1HSFVpYlhnRgp4aXl3U3Y1QmlUdXNXZmlyMUdlM08yckI1YS9JdlFnNkprTmV5NzREbUpsTUI0ZVUyN2FxVTkzUjRmODdhTHRECkV1ODNQd2trclIzZ3ByOTJEQ0NBZmVMS1U0K1pmM2h4WklVWVNFWUlEelVyeXNMazdPUFl0elFMSkhmQk5QM3YKQjBGRHZZaGNGenh6Y1lSdVd1b2FhNXF6dU5reDV3cm1TRDZQU0JyMXVqcStSbEw4M081M1dJYzN0VDZ4OG1TRQpOR3hLVWN3WmRTcGxvRkQvY0tsaVg3Y2Q5QnEzWE5xSm5tSTA4ZnkxNnRSY2wvaEVrWlg3QkRsWmhaSlZEZnk5Ckc2cDBRZFZMcGoxdGZ4REczdGNQK210UHFvVnlnMDdNZ05KckMwS1VPNTF5dHluQ1ZkaGthbzZEL05jcXB5Ni8KUU5zRnA3dWc5VFZKMStycmtiU1UzQzBJSnhVT2xEVWpTdElZTXpFSjdVUm1UT0xlUHBjOVN1YXRHZkpDYXdtcwpFZ3pwWWdSeHFhS1JFVlNSdWZvR0hOd2d5Z01tNzBKQ0E0QTRiSmVJdWxmSXYvb1hzUUtDQVFFQS84Q21MMnFtCjJSV1RWUElQcWpoMkUvWkhQMFh3RWszV3JSd0tia3ROL1Mza2xsSnFSVjhTaVBscHBiZ1J5a3BObFFpMHkyNkEKVCtWeGZJVmFMbWJTK1FuZjVYVkpQR2xLNkRQL05pQ0tiN2hRaElTZ0lob1ZNZlF3SXFmckNhRytiNXptRUY3agpLSTlHUDZlSVNJaU12Sk9WczJyNDZ5VExXd29TcUwvdU9sVmp2UGdmQk8yYVFKRHBDaXBNZ09zUWdHcmRQb1B1CnVqOGhYbmxKQUgrMDh6T2xJNDlnQnNSMTNnVmxqeTlJK09yWU1yZ1NtalREUzU4T2dmcDBBSFM1RFY2VWRyVzcKT3l1cEMyL0RqMXBrcDY5ZkdNNGsrOUNPa3ZDQ1dRRkJMVXBJdUxwRElkYTJvVE5tQnhzTnprOFJreElOSGoyOQpRaWVHUXZQRkI0eWxjd0tDQVFFQTJRcW1EVld4NGx5R3FtTlBVL3A3RS9qaGtuSlFiWTdWb3hNckZ4bTVmS2hxCklqbGZZeFRYbnI0WU1PU0ZCajBCSTIrem5yZmVEZTBQQ2tMeEMrNlc2UzVLVGZsRExPVGhRZWpML0hWTkUzQ3UKQ2YvZ1JvRnh3YWRFVjcvdG5aNUUxbitZSjNaMFBQbUVNVzRLUmhBRmxuUndvbWFxeXJtQ0UyZHh5WTYycE9LOApkbUpFbXdtRkt3bE13ZkFmVGJQQkRSeEJKNUhNbGNjZzBYbFB6clRtdmNTQjZPZGpvK0N0ejI5V1IvdjlyeTBUCmJvUG91V2UxazJDalFYMnJOclIwRUxXdjdLMHFyT1pWUjVJSm5mQzJHMXJ0bGxodTIxMGlhcDMxMWdjSHY0MFUKVkl5YkpsMi9xT29kdndEekgrMnN0NzFuTXZNUWdQSmhzbXNPMmd6a3NRS0NBUUVBNjhPdHIySnpBd1lIdHJRYQp5c0dYNEZrVlh2ZmJFeFNjaFNLblh2dWVubm16RXZ4UXFUaTJmbnpsN25ZY09FNTg3Sm1GQ1ZBSml4MnBtNi9XCjdaV3VnUk9nU2dmd0JuZk9MUGJhR3d5dWNjVUl2TkVDU2MyZm9saElFM3FXaWwrSGpaNm0yNHFOZi9Oc1AvdngKLzJPWjBiRi92RkV0dko5RHM5NDZTMFA3bWR6anYrMC9zeXhTR1prOHF6bEpJME1QQ0VMN1I4a1p4cW14MmtTVwpqcFlydWxMdXRqUlN3b3BUV2VQQnR0aFJQZDVJaGFENHpSMDh0N2FlQ2laV3o2REtncytncnpwaXFtNWFQSWZBClVLTjB6THczUDBleUFrMUZVYUhUbDdjM1hVZndlQktGRm1tNEhDeWtyb0k3SE9mNC9Jb1VlNzlRZSs2eHI0REgKTG1seWp3S0NBUUFpVWMrK0RnM3B5RTIzQmFzV2tXWUMyM2ozeWtHemdVR0EzdGdTZUF2ZmpWWHpBWFYyMm1YYQpBUjhjSkJad3pSYXYvc3E5VHorNm5nQ2gwOEgvN0FOSzdmbnI2SDFaelB0ZGk2MHR4M0tmbjFLMTNCTWZzdnBFCjcra2Jvd3Ewd01FTDFmTStVam5CSm9kanRZM0VWR1k5eXozQVFGSERhcUFKNTNLVHQ1Qmo5RUp1eWMwbFl0VCsKNENLV0RCMDNFVFIybVVBb1BLTElFRXU5TTl5TnlBY3dmTEU2SGRTZ3BqZDF0SnBGR2JDY2taa2dBWlc4TTR6Lwp0K2s0d3VGZTdodm9SSUtELzBIZlF6QzY5M216MHN0SStoRFZsRGc3VWJmT2VoblVkUm9oalBKcENDN0VXMUNpCktocjRCL05wMmhCVW9ZdCsvL1pkSFhhYld0aG5YR0NSQW9JQkFRQ3FJS0krRWZ5T3NnaWhtUkJGeXgvbXFsa3MKN25zaWNrRkV5Um5oZE96b2QzU3NnZHNHeEpVaXBxSmFXZTBUTkdaMnNWZGhhQXFRclUwalhORUlTZDY3NUVvZAo2dDdoZkxmV1BMSWxiSXhpTUlRVFpFdWtYNFllcHpRZ0oraVdlZ0dVS2llQlpJQVdqSnB4WE9xRVg4cXFCOXQ5Cm5EUlFBSmhRTVZ1Y1Z6dWtvUGpEQjhiWXNVY0JCVW45VHRCVjhxWWZKK0l0cjRva3pYUXcvMU5seHdFN1c4alQKVFJlZHZLRGcwTC82V0J0ak8vMzRsRXhhSGZOMmFGMmxmVjJra2srd2ZiMWowazYrUTgxbGY4YnJMaGxiYm0ydApiRVFqMmtjcDFlUnJtMDdBb2MrVmdoeGFqN2EwMlZLYklwOStyWThrWHhOOW9wQVZWRDhKY0FCL2VlOGwKLS0tLS1FTkQgUlNBIFBSSVZBVEUgS0VZLS0tLS0K\n    token: x645m7it9fbte602ihxc1kjur9mtenf7h8u73xo3awtkiwvdjqgvxxphj8z1q6gul4xboy1355bz3ei8mw9r2viqih89kizeobc51zvt0pey78m21mz0iwnsk5en27sp\n",
            "kubelet_identity": [
              {
                "client_id": "672bc601-a21f-4f52-91d8-71d0f4ffec18",
                "object_id": "420c8619-8f94-47a4-9d10-c81cb9e166b6",
                "user_assigned_identity_id": "/subscriptions/27735e1f-024e-4bb5-8d3f-6c6a5cd80f1e/resourceGroups/MC_Softradix-AKS-RG_softradix-aks-cluster_eastus2/providers/Microsoft.ManagedIdentity/userAssignedIdentities/softradix-aks-cluster-agentpool"
              }
            ],
            "kubernetes_version": "1.36.1",
            "linux_profile": [],
            "local_account_disabled": false,
            "location": "eastus2",
            "maintenance_window": [],
            "maintenance_window_auto_upgrade": [],
            "maintenance_window_node_os": [],
            "microsoft_defender": [],
            "monitor_metrics": [],
            "name": "softradix-aks-cluster",
            "network_profile": [
              {
                "advanced_networking": [],
                "dns_service_ip": "172.16.0.10",
                "ip_versions": [
                  "IPv4"
                ],
                "load_balancer_profile": [
                  {
                    "backend_pool_type": "NodeIPConfiguration",
                    "effective_outbound_ips": [
                      "/subscriptions/27735e1f-024e-4bb5-8d3f-6c6a5cd80f1e/resourceGroups/MC_Softradix-AKS-RG_softradix-aks-cluster_eastus2/providers/Microsoft.Network/publicIPAddresses/c33dbf17-5acb-4075-b245-8a534eec2c8b"
                    ],
                    "idle_timeout_in_minutes": 0,
                    "managed_outbound_ip_count": 1,
                    "managed_outbound_ipv6_count": 0,
                    "outbound_ip_address_ids": [],
                    "outbound_ip_prefix_ids": [],
                    "outbound_ports_allocated": 0
                  }
                ],
                "load_balancer_sku": "standard",
                "nat_gateway_profile": [],
                "network_data_plane": "azure",
                "network_mode": "",
                "network_plugin": "azure",
                "network_plugin_mode": "overlay",
                "network_policy": "",
                "outbound_type": "loadBalancer",
                "pod_cidr": "192.168.0.0/16",
                "pod_cidrs": [
                  "192.168.0.0/16"
                ],
                "service_cidr": "172.16.0.0/16",
                "service_cidrs": [
                  "172.16.0.0/16"
                ]
              }
            ],
            "node_os_upgrade_channel": "NodeImage",
            "node_provisioning_profile": [
              {
                "default_node_pools": "Auto",
                "mode": "Manual"
              }
            ],
            "node_resource_group": "MC_Softradix-AKS-RG_softradix-aks-cluster_eastus2",
            "node_resource_group_id": "/subscriptions/27735e1f-024e-4bb5-8d3f-6c6a5cd80f1e/resourceGroups/MC_Softradix-AKS-RG_softradix-aks-cluster_eastus2",
            "oidc_issuer_enabled": true,
            "oidc_issuer_url": "https://eastus2.oic.prod-aks.azure.com/a2a74c22-d514-456c-be8d-b53d72517201/f5660c24-12c3-4049-94c3-98f5c6a87735/",
            "oms_agent": [
              {
                "log_analytics_workspace_id": "/subscriptions/27735e1f-024e-4bb5-8d3f-6c6a5cd80f1e/resourceGroups/Softradix-AKS-RG/providers/Microsoft.OperationalInsights/workspaces/softradix-aks-law",
                "msi_auth_for_monitoring_enabled": false,
                "oms_agent_identity": [
                  {
                    "client_id": "464ab92e-62b1-48db-b3ef-7e4519b85b9a",
                    "object_id": "fd359b92-8a7a-4099-8c94-349108cf0b2e",
                    "user_assigned_identity_id": "/subscriptions/27735e1f-024e-4bb5-8d3f-6c6a5cd80f1e/resourcegroups/MC_Softradix-AKS-RG_softradix-aks-cluster_eastus2/providers/Microsoft.ManagedIdentity/userAssignedIdentities/omsagent-softradix-aks-cluster"
                  }
                ]
              }
            ],
            "open_service_mesh_enabled": false,
            "portal_fqdn": "softradix-aks-v5a2eixb.portal.hcp.eastus2.azmk8s.io",
            "private_cluster_enabled": false,
            "private_cluster_public_fqdn_enabled": false,
            "private_dns_zone_id": "",
            "private_fqdn": "",
            "resource_group_name": "Softradix-AKS-RG",
            "role_based_access_control_enabled": true,
            "run_command_enabled": true,
            "service_mesh_profile": [],
            "service_principal": [],
            "sku_tier": "Standard",
            "storage_profile": [],
            "support_plan": "KubernetesOfficial",
            "tags": {
              "Environment": "Production",
              "Owner": "Yogesh",
              "Project": "Terraform"
            },
            "timeouts": null,
            "upgrade_override": [],
            "web_app_routing": [],
            "windows_profile": [
              {
                "admin_password": "",
                "admin_username": "azureuser",
                "gmsa": [],
                "license": ""
              }
            ],
            "workload_autoscaler_profile": [],
            "workload_identity_enabled": true
          },
          "sensitive_attributes": [
            [
              {
                "type": "get_attr",
                "value": "kube_admin_config"
              }
            ],
            [
              {
                "type": "get_attr",
                "value": "kube_admin_config_raw"
              }
            ],
            [
              {
                "type": "get_attr",
                "value": "kube_config"
              }
            ],
            [
              {
                "type": "get_attr",
                "value": "kube_config_raw"
              }
            ],
            [
              {
                "type": "get_attr",
                "value": "windows_profile"
              },
              {
                "type": "index",
                "value": {
                  "value": 0,
                  "type": "number"
                }
              },
              {
                "type": "get_attr",
                "value": "admin_password"
              }
            ]
          ],
          "identity_schema_version": 0,
          "private": "eyJlMmJmYjczMC1lY2FhLTExZTYtOGY4OC0zNDM2M2JjN2M0YzAiOnsiY3JlYXRlIjo1NDAwMDAwMDAwMDAwLCJkZWxldGUiOjU0MDAwMDAwMDAwMDAsInJlYWQiOjMwMDAwMDAwMDAwMCwidXBkYXRlIjo1NDAwMDAwMDAwMDAwfSwic2NoZW1hX3ZlcnNpb24iOiIyIn0=",
          "dependencies": [
            "module.acr.azurerm_container_registry.this",
            "module.log_analytics.azurerm_log_analytics_solution.container_insights",
            "module.log_analytics.azurerm_log_analytics_workspace.this",
            "module.nat_gateway.azurerm_nat_gateway.this",
            "module.nat_gateway.azurerm_nat_gateway_public_ip_association.this",
            "module.nat_gateway.azurerm_public_ip.nat",
            "module.nat_gateway.azurerm_subnet_nat_gateway_association.aks_nodes",
            "module.resource_group.azurerm_resource_group.this",
            "module.virtual_network.azurerm_network_security_group.aks_nodes",
            "module.virtual_network.azurerm_network_security_group.private_endpoints",
            "module.virtual_network.azurerm_subnet.aks_nodes",
            "module.virtual_network.azurerm_subnet.bastion",
            "module.virtual_network.azurerm_subnet.private_endpoints",
            "module.virtual_network.azurerm_subnet_network_security_group_association.aks_nodes",
            "module.virtual_network.azurerm_subnet_network_security_group_association.private_endpoints",
            "module.virtual_network.azurerm_virtual_network.this",
            "time_sleep.resource_group_propagation"
          ]
        }
      ]
    },
    {
      "module": "module.aks",
      "mode": "managed",
      "type": "azurerm_kubernetes_cluster_node_pool",
      "name": "user",
      "provider": "provider[\"registry.terraform.io/hashicorp/azurerm\"]",
      "instances": [
        {
          "schema_version": 1,
          "attributes": {
            "auto_scaling_enabled": true,
            "capacity_reservation_group_id": "",
            "eviction_policy": "",
            "fips_enabled": false,
            "gpu_driver": null,
            "gpu_instance": null,
            "host_encryption_enabled": false,
            "host_group_id": "",
            "id": "/subscriptions/27735e1f-024e-4bb5-8d3f-6c6a5cd80f1e/resourceGroups/Softradix-AKS-RG/providers/Microsoft.ContainerService/managedClusters/softradix-aks-cluster/agentPools/userpool",
            "kubelet_config": [],
            "kubelet_disk_type": "OS",
            "kubernetes_cluster_id": "/subscriptions/27735e1f-024e-4bb5-8d3f-6c6a5cd80f1e/resourceGroups/Softradix-AKS-RG/providers/Microsoft.ContainerService/managedClusters/softradix-aks-cluster",
            "linux_os_config": [],
            "max_count": 1,
            "max_pods": 250,
            "min_count": 1,
            "mode": "User",
            "name": "userpool",
            "node_count": 1,
            "node_image_version": "AKSUbuntu-2404gen2containerd-202606.19.0",
            "node_labels": {},
            "node_network_profile": [],
            "node_public_ip_enabled": false,
            "node_public_ip_prefix_id": "",
            "node_taints": null,
            "orchestrator_version": "1.36.1",
            "os_disk_size_gb": 128,
            "os_disk_type": "Managed",
            "os_sku": "Ubuntu",
            "os_type": "Linux",
            "pod_subnet_id": "",
            "priority": "Regular",
            "proximity_placement_group_id": "",
            "scale_down_mode": "Delete",
            "snapshot_id": null,
            "spot_max_price": -1,
            "tags": {
              "Environment": "Production",
              "Owner": "Yogesh",
              "Project": "Terraform"
            },
            "temporary_name_for_rotation": null,
            "timeouts": null,
            "ultra_ssd_enabled": false,
            "upgrade_settings": [
              {
                "drain_timeout_in_minutes": 0,
                "max_surge": "10%",
                "max_unavailable": "",
                "node_soak_duration_in_minutes": 0,
                "undrainable_node_behavior": ""
              }
            ],
            "vm_size": "Standard_D2s_v7",
            "vnet_subnet_id": "/subscriptions/27735e1f-024e-4bb5-8d3f-6c6a5cd80f1e/resourceGroups/Softradix-AKS-RG/providers/Microsoft.Network/virtualNetworks/softradix-aks-vnet/subnets/softradix-aks-node-subnet",
            "windows_profile": [],
            "workload_runtime": null,
            "zones": null
          },
          "sensitive_attributes": [],
          "identity_schema_version": 0,
          "private": "eyJlMmJmYjczMC1lY2FhLTExZTYtOGY4OC0zNDM2M2JjN2M0YzAiOnsiY3JlYXRlIjozNjAwMDAwMDAwMDAwLCJkZWxldGUiOjM2MDAwMDAwMDAwMDAsInJlYWQiOjMwMDAwMDAwMDAwMCwidXBkYXRlIjozNjAwMDAwMDAwMDAwfSwic2NoZW1hX3ZlcnNpb24iOiIxIn0=",
          "dependencies": [
            "module.acr.azurerm_container_registry.this",
            "module.aks.azurerm_kubernetes_cluster.this",
            "module.log_analytics.azurerm_log_analytics_solution.container_insights",
            "module.log_analytics.azurerm_log_analytics_workspace.this",
            "module.nat_gateway.azurerm_nat_gateway.this",
            "module.nat_gateway.azurerm_nat_gateway_public_ip_association.this",
            "module.nat_gateway.azurerm_public_ip.nat",
            "module.nat_gateway.azurerm_subnet_nat_gateway_association.aks_nodes",
            "module.resource_group.azurerm_resource_group.this",
            "module.virtual_network.azurerm_network_security_group.aks_nodes",
            "module.virtual_network.azurerm_network_security_group.private_endpoints",
            "module.virtual_network.azurerm_subnet.aks_nodes",
            "module.virtual_network.azurerm_subnet.bastion",
            "module.virtual_network.azurerm_subnet.private_endpoints",
            "module.virtual_network.azurerm_subnet_network_security_group_association.aks_nodes",
            "module.virtual_network.azurerm_subnet_network_security_group_association.private_endpoints",
            "module.virtual_network.azurerm_virtual_network.this",
            "time_sleep.resource_group_propagation"
          ]
        }
      ]
    },
    {
      "module": "module.bastion",
      "mode": "managed",
      "type": "azurerm_bastion_host",
      "name": "this",
      "provider": "provider[\"registry.terraform.io/hashicorp/azurerm\"]",
      "instances": [
        {
          "index_key": 0,
          "schema_version": 0,
          "attributes": {
            "copy_paste_enabled": true,
            "dns_name": "bst-5ce6fcfb-60be-42ca-b1c4-1918e15c304c.bastion.azure.com",
            "file_copy_enabled": false,
            "id": "/subscriptions/27735e1f-024e-4bb5-8d3f-6c6a5cd80f1e/resourceGroups/Softradix-AKS-RG/providers/Microsoft.Network/bastionHosts/softradix-aks-bastion",
            "ip_configuration": [
              {
                "name": "bastion-ipconfig",
                "public_ip_address_id": "/subscriptions/27735e1f-024e-4bb5-8d3f-6c6a5cd80f1e/resourceGroups/Softradix-AKS-RG/providers/Microsoft.Network/publicIPAddresses/softradix-aks-bastion-pip",
                "subnet_id": "/subscriptions/27735e1f-024e-4bb5-8d3f-6c6a5cd80f1e/resourceGroups/Softradix-AKS-RG/providers/Microsoft.Network/virtualNetworks/softradix-aks-vnet/subnets/AzureBastionSubnet"
              }
            ],
            "ip_connect_enabled": false,
            "kerberos_enabled": false,
            "location": "eastus2",
            "name": "softradix-aks-bastion",
            "private_only_enabled": false,
            "resource_group_name": "Softradix-AKS-RG",
            "scale_units": 2,
            "session_recording_enabled": false,
            "shareable_link_enabled": false,
            "sku": "Standard",
            "tags": {
              "Environment": "Production",
              "Owner": "Yogesh",
              "Project": "Terraform"
            },
            "timeouts": null,
            "tunneling_enabled": false,
            "virtual_network_id": "",
            "zones": []
          },
          "sensitive_attributes": [],
          "identity_schema_version": 0,
          "identity": {
            "name": "softradix-aks-bastion",
            "resource_group_name": "Softradix-AKS-RG",
            "subscription_id": "27735e1f-024e-4bb5-8d3f-6c6a5cd80f1e"
          },
          "private": "eyJlMmJmYjczMC1lY2FhLTExZTYtOGY4OC0zNDM2M2JjN2M0YzAiOnsiY3JlYXRlIjoxODAwMDAwMDAwMDAwLCJkZWxldGUiOjE4MDAwMDAwMDAwMDAsInJlYWQiOjMwMDAwMDAwMDAwMCwidXBkYXRlIjoxODAwMDAwMDAwMDAwfX0=",
          "dependencies": [
            "module.bastion.azurerm_network_security_group.bastion",
            "module.bastion.azurerm_public_ip.bastion",
            "module.bastion.azurerm_subnet_network_security_group_association.bastion",
            "module.resource_group.azurerm_resource_group.this",
            "module.virtual_network.azurerm_network_security_group.aks_nodes",
            "module.virtual_network.azurerm_network_security_group.private_endpoints",
            "module.virtual_network.azurerm_subnet.aks_nodes",
            "module.virtual_network.azurerm_subnet.bastion",
            "module.virtual_network.azurerm_subnet.private_endpoints",
            "module.virtual_network.azurerm_subnet_network_security_group_association.aks_nodes",
            "module.virtual_network.azurerm_subnet_network_security_group_association.private_endpoints",
            "module.virtual_network.azurerm_virtual_network.this",
            "time_sleep.resource_group_propagation"
          ]
        }
      ]
    },
    {
      "module": "module.bastion",
      "mode": "managed",
      "type": "azurerm_network_security_group",
      "name": "bastion",
      "provider": "provider[\"registry.terraform.io/hashicorp/azurerm\"]",
      "instances": [
        {
          "index_key": 0,
          "schema_version": 0,
          "attributes": {
            "id": "/subscriptions/27735e1f-024e-4bb5-8d3f-6c6a5cd80f1e/resourceGroups/Softradix-AKS-RG/providers/Microsoft.Network/networkSecurityGroups/AzureBastionSubnet-nsg",
            "location": "eastus2",
            "name": "AzureBastionSubnet-nsg",
            "resource_group_name": "Softradix-AKS-RG",
            "security_rule": [
              {
                "access": "Allow",
                "description": "",
                "destination_address_prefix": "*",
                "destination_address_prefixes": [],
                "destination_application_security_group_ids": [],
                "destination_port_range": "443",
                "destination_port_ranges": [],
                "direction": "Inbound",
                "name": "AllowAzureLoadBalancerInbound",
                "priority": 120,
                "protocol": "Tcp",
                "source_address_prefix": "AzureLoadBalancer",
                "source_address_prefixes": [],
                "source_application_security_group_ids": [],
                "source_port_range": "*",
                "source_port_ranges": []
              },
              {
                "access": "Allow",
                "description": "",
                "destination_address_prefix": "*",
                "destination_address_prefixes": [],
                "destination_application_security_group_ids": [],
                "destination_port_range": "443",
                "destination_port_ranges": [],
                "direction": "Inbound",
                "name": "AllowGatewayManagerInbound",
                "priority": 110,
                "protocol": "Tcp",
                "source_address_prefix": "GatewayManager",
                "source_address_prefixes": [],
                "source_application_security_group_ids": [],
                "source_port_range": "*",
                "source_port_ranges": []
              },
              {
                "access": "Allow",
                "description": "",
                "destination_address_prefix": "*",
                "destination_address_prefixes": [],
                "destination_application_security_group_ids": [],
                "destination_port_range": "443",
                "destination_port_ranges": [],
                "direction": "Inbound",
                "name": "AllowHttpsInbound",
                "priority": 100,
                "protocol": "Tcp",
                "source_address_prefix": "Internet",
                "source_address_prefixes": [],
                "source_application_security_group_ids": [],
                "source_port_range": "*",
                "source_port_ranges": []
              },
              {
                "access": "Allow",
                "description": "",
                "destination_address_prefix": "AzureCloud",
                "destination_address_prefixes": [],
                "destination_application_security_group_ids": [],
                "destination_port_range": "443",
                "destination_port_ranges": [],
                "direction": "Outbound",
                "name": "AllowAzureCloudOutbound",
                "priority": 110,
                "protocol": "Tcp",
                "source_address_prefix": "*",
                "source_address_prefixes": [],
                "source_application_security_group_ids": [],
                "source_port_range": "*",
                "source_port_ranges": []
              },
              {
                "access": "Allow",
                "description": "",
                "destination_address_prefix": "Internet",
                "destination_address_prefixes": [],
                "destination_application_security_group_ids": [],
                "destination_port_range": "80",
                "destination_port_ranges": [],
                "direction": "Outbound",
                "name": "AllowGetSessionInformationOutbound",
                "priority": 130,
                "protocol": "*",
                "source_address_prefix": "*",
                "source_address_prefixes": [],
                "source_application_security_group_ids": [],
                "source_port_range": "*",
                "source_port_ranges": []
              },
              {
                "access": "Allow",
                "description": "",
                "destination_address_prefix": "VirtualNetwork",
                "destination_address_prefixes": [],
                "destination_application_security_group_ids": [],
                "destination_port_range": "",
                "destination_port_ranges": [
                  "22",
                  "3389"
                ],
                "direction": "Outbound",
                "name": "AllowSshRdpOutbound",
                "priority": 100,
                "protocol": "Tcp",
                "source_address_prefix": "*",
                "source_address_prefixes": [],
                "source_application_security_group_ids": [],
                "source_port_range": "*",
                "source_port_ranges": []
              },
              {
                "access": "Allow",
                "description": "",
                "destination_address_prefix": "VirtualNetwork",
                "destination_address_prefixes": [],
                "destination_application_security_group_ids": [],
                "destination_port_range": "",
                "destination_port_ranges": [
                  "5701",
                  "8080"
                ],
                "direction": "Inbound",
                "name": "AllowBastionHostCommunicationInbound",
                "priority": 130,
                "protocol": "*",
                "source_address_prefix": "VirtualNetwork",
                "source_address_prefixes": [],
                "source_application_security_group_ids": [],
                "source_port_range": "*",
                "source_port_ranges": []
              },
              {
                "access": "Allow",
                "description": "",
                "destination_address_prefix": "VirtualNetwork",
                "destination_address_prefixes": [],
                "destination_application_security_group_ids": [],
                "destination_port_range": "",
                "destination_port_ranges": [
                  "5701",
                  "8080"
                ],
                "direction": "Outbound",
                "name": "AllowBastionHostCommunicationOutbound",
                "priority": 120,
                "protocol": "*",
                "source_address_prefix": "VirtualNetwork",
                "source_address_prefixes": [],
                "source_application_security_group_ids": [],
                "source_port_range": "*",
                "source_port_ranges": []
              },
              {
                "access": "Deny",
                "description": "",
                "destination_address_prefix": "*",
                "destination_address_prefixes": [],
                "destination_application_security_group_ids": [],
                "destination_port_range": "*",
                "destination_port_ranges": [],
                "direction": "Inbound",
                "name": "DenyAllInbound",
                "priority": 4096,
                "protocol": "*",
                "source_address_prefix": "*",
                "source_address_prefixes": [],
                "source_application_security_group_ids": [],
                "source_port_range": "*",
                "source_port_ranges": []
              }
            ],
            "tags": {
              "Environment": "Production",
              "Owner": "Yogesh",
              "Project": "Terraform"
            },
            "timeouts": null
          },
          "sensitive_attributes": [],
          "identity_schema_version": 0,
          "identity": {
            "name": "AzureBastionSubnet-nsg",
            "resource_group_name": "Softradix-AKS-RG",
            "subscription_id": "27735e1f-024e-4bb5-8d3f-6c6a5cd80f1e"
          },
          "private": "eyJlMmJmYjczMC1lY2FhLTExZTYtOGY4OC0zNDM2M2JjN2M0YzAiOnsiY3JlYXRlIjoxODAwMDAwMDAwMDAwLCJkZWxldGUiOjE4MDAwMDAwMDAwMDAsInJlYWQiOjMwMDAwMDAwMDAwMCwidXBkYXRlIjoxODAwMDAwMDAwMDAwfX0=",
          "dependencies": [
            "module.resource_group.azurerm_resource_group.this",
            "module.virtual_network.azurerm_network_security_group.aks_nodes",
            "module.virtual_network.azurerm_network_security_group.private_endpoints",
            "module.virtual_network.azurerm_subnet.aks_nodes",
            "module.virtual_network.azurerm_subnet.bastion",
            "module.virtual_network.azurerm_subnet.private_endpoints",
            "module.virtual_network.azurerm_subnet_network_security_group_association.aks_nodes",
            "module.virtual_network.azurerm_subnet_network_security_group_association.private_endpoints",
            "module.virtual_network.azurerm_virtual_network.this",
            "time_sleep.resource_group_propagation"
          ]
        }
      ]
    },
    {
      "module": "module.bastion",
      "mode": "managed",
      "type": "azurerm_public_ip",
      "name": "bastion",
      "provider": "provider[\"registry.terraform.io/hashicorp/azurerm\"]",
      "instances": [
        {
          "index_key": 0,
          "schema_version": 0,
          "attributes": {
            "allocation_method": "Static",
            "ddos_protection_mode": "VirtualNetworkInherited",
            "ddos_protection_plan_id": null,
            "domain_name_label": "",
            "domain_name_label_scope": "",
            "edge_zone": "",
            "fqdn": "",
            "id": "/subscriptions/27735e1f-024e-4bb5-8d3f-6c6a5cd80f1e/resourceGroups/Softradix-AKS-RG/providers/Microsoft.Network/publicIPAddresses/softradix-aks-bastion-pip",
            "idle_timeout_in_minutes": 4,
            "ip_address": "40.75.26.117",
            "ip_tags": {},
            "ip_version": "IPv4",
            "location": "eastus2",
            "name": "softradix-aks-bastion-pip",
            "public_ip_prefix_id": null,
            "resource_group_name": "Softradix-AKS-RG",
            "reverse_fqdn": "",
            "sku": "Standard",
            "sku_tier": "Regional",
            "tags": {
              "Environment": "Production",
              "Owner": "Yogesh",
              "Project": "Terraform"
            },
            "timeouts": null,
            "zones": []
          },
          "sensitive_attributes": [],
          "identity_schema_version": 0,
          "identity": {
            "name": "softradix-aks-bastion-pip",
            "resource_group_name": "Softradix-AKS-RG",
            "subscription_id": "27735e1f-024e-4bb5-8d3f-6c6a5cd80f1e"
          },
          "private": "eyJlMmJmYjczMC1lY2FhLTExZTYtOGY4OC0zNDM2M2JjN2M0YzAiOnsiY3JlYXRlIjoxODAwMDAwMDAwMDAwLCJkZWxldGUiOjE4MDAwMDAwMDAwMDAsInJlYWQiOjMwMDAwMDAwMDAwMCwidXBkYXRlIjoxODAwMDAwMDAwMDAwfX0=",
          "dependencies": [
            "module.resource_group.azurerm_resource_group.this",
            "module.virtual_network.azurerm_network_security_group.aks_nodes",
            "module.virtual_network.azurerm_network_security_group.private_endpoints",
            "module.virtual_network.azurerm_subnet.aks_nodes",
            "module.virtual_network.azurerm_subnet.bastion",
            "module.virtual_network.azurerm_subnet.private_endpoints",
            "module.virtual_network.azurerm_subnet_network_security_group_association.aks_nodes",
            "module.virtual_network.azurerm_subnet_network_security_group_association.private_endpoints",
            "module.virtual_network.azurerm_virtual_network.this",
            "time_sleep.resource_group_propagation"
          ]
        }
      ]
    },
    {
      "module": "module.bastion",
      "mode": "managed",
      "type": "azurerm_subnet_network_security_group_association",
      "name": "bastion",
      "provider": "provider[\"registry.terraform.io/hashicorp/azurerm\"]",
      "instances": [
        {
          "index_key": 0,
          "schema_version": 0,
          "attributes": {
            "id": "/subscriptions/27735e1f-024e-4bb5-8d3f-6c6a5cd80f1e/resourceGroups/Softradix-AKS-RG/providers/Microsoft.Network/virtualNetworks/softradix-aks-vnet/subnets/AzureBastionSubnet",
            "network_security_group_id": "/subscriptions/27735e1f-024e-4bb5-8d3f-6c6a5cd80f1e/resourceGroups/Softradix-AKS-RG/providers/Microsoft.Network/networkSecurityGroups/AzureBastionSubnet-nsg",
            "subnet_id": "/subscriptions/27735e1f-024e-4bb5-8d3f-6c6a5cd80f1e/resourceGroups/Softradix-AKS-RG/providers/Microsoft.Network/virtualNetworks/softradix-aks-vnet/subnets/AzureBastionSubnet",
            "timeouts": null
          },
          "sensitive_attributes": [],
          "identity_schema_version": 0,
          "private": "eyJlMmJmYjczMC1lY2FhLTExZTYtOGY4OC0zNDM2M2JjN2M0YzAiOnsiY3JlYXRlIjoxODAwMDAwMDAwMDAwLCJkZWxldGUiOjE4MDAwMDAwMDAwMDAsInJlYWQiOjMwMDAwMDAwMDAwMH19",
          "dependencies": [
            "module.bastion.azurerm_network_security_group.bastion",
            "module.resource_group.azurerm_resource_group.this",
            "module.virtual_network.azurerm_network_security_group.aks_nodes",
            "module.virtual_network.azurerm_network_security_group.private_endpoints",
            "module.virtual_network.azurerm_subnet.aks_nodes",
            "module.virtual_network.azurerm_subnet.bastion",
            "module.virtual_network.azurerm_subnet.private_endpoints",
            "module.virtual_network.azurerm_subnet_network_security_group_association.aks_nodes",
            "module.virtual_network.azurerm_subnet_network_security_group_association.private_endpoints",
            "module.virtual_network.azurerm_virtual_network.this",
            "time_sleep.resource_group_propagation"
          ]
        }
      ]
    },
    {
      "module": "module.key_vault",
      "mode": "data",
      "type": "azurerm_client_config",
      "name": "current",
      "provider": "provider[\"registry.terraform.io/hashicorp/azurerm\"]",
      "instances": [
        {
          "schema_version": 0,
          "attributes": {
            "client_id": "04b07795-8ddb-461a-bbee-02f9e1bf7b46",
            "id": "Y2xpZW50Q29uZmlncy9jbGllbnRJZD0wNGIwNzc5NS04ZGRiLTQ2MWEtYmJlZS0wMmY5ZTFiZjdiNDY7b2JqZWN0SWQ9YmZiYjdmZWUtNTk4YS00YjAzLThkMjYtZWNhZjY4YmEzN2IzO3N1YnNjcmlwdGlvbklkPTI3NzM1ZTFmLTAyNGUtNGJiNS04ZDNmLTZjNmE1Y2Q4MGYxZTt0ZW5hbnRJZD1hMmE3NGMyMi1kNTE0LTQ1NmMtYmU4ZC1iNTNkNzI1MTcyMDE=",
            "object_id": "bfbb7fee-598a-4b03-8d26-ecaf68ba37b3",
            "subscription_id": "27735e1f-024e-4bb5-8d3f-6c6a5cd80f1e",
            "tenant_id": "a2a74c22-d514-456c-be8d-b53d72517201",
            "timeouts": null
          },
          "sensitive_attributes": [],
          "identity_schema_version": 0
        }
      ]
    },
    {
      "module": "module.key_vault",
      "mode": "managed",
      "type": "azurerm_key_vault",
      "name": "this",
      "provider": "provider[\"registry.terraform.io/hashicorp/azurerm\"]",
      "instances": [
        {
          "schema_version": 2,
          "attributes": {
            "access_policy": [],
            "contact": [],
            "enable_rbac_authorization": true,
            "enabled_for_deployment": false,
            "enabled_for_disk_encryption": false,
            "enabled_for_template_deployment": false,
            "id": "/subscriptions/27735e1f-024e-4bb5-8d3f-6c6a5cd80f1e/resourceGroups/Softradix-AKS-RG/providers/Microsoft.KeyVault/vaults/softradix-aks-kv",
            "location": "eastus2",
            "name": "softradix-aks-kv",
            "network_acls": [
              {
                "bypass": "AzureServices",
                "default_action": "Deny",
                "ip_rules": [],
                "virtual_network_subnet_ids": []
              }
            ],
            "public_network_access_enabled": false,
            "purge_protection_enabled": true,
            "rbac_authorization_enabled": true,
            "resource_group_name": "Softradix-AKS-RG",
            "sku_name": "standard",
            "soft_delete_retention_days": 90,
            "tags": {
              "Environment": "Production",
              "Owner": "Yogesh",
              "Project": "Terraform"
            },
            "tenant_id": "a2a74c22-d514-456c-be8d-b53d72517201",
            "timeouts": null,
            "vault_uri": "https://softradix-aks-kv.vault.azure.net/"
          },
          "sensitive_attributes": [],
          "identity_schema_version": 0,
          "identity": {
            "name": "softradix-aks-kv",
            "resource_group_name": "Softradix-AKS-RG",
            "subscription_id": "27735e1f-024e-4bb5-8d3f-6c6a5cd80f1e"
          },
          "private": "eyJlMmJmYjczMC1lY2FhLTExZTYtOGY4OC0zNDM2M2JjN2M0YzAiOnsiY3JlYXRlIjoxODAwMDAwMDAwMDAwLCJkZWxldGUiOjE4MDAwMDAwMDAwMDAsInJlYWQiOjMwMDAwMDAwMDAwMCwidXBkYXRlIjoxODAwMDAwMDAwMDAwfSwic2NoZW1hX3ZlcnNpb24iOiIyIn0=",
          "dependencies": [
            "module.key_vault.data.azurerm_client_config.current",
            "module.resource_group.azurerm_resource_group.this",
            "time_sleep.resource_group_propagation"
          ]
        }
      ]
    },
    {
      "module": "module.log_analytics",
      "mode": "managed",
      "type": "azurerm_log_analytics_solution",
      "name": "container_insights",
      "provider": "provider[\"registry.terraform.io/hashicorp/azurerm\"]",
      "instances": [
        {
          "schema_version": 1,
          "attributes": {
            "id": "/subscriptions/27735e1f-024e-4bb5-8d3f-6c6a5cd80f1e/resourceGroups/Softradix-AKS-RG/providers/Microsoft.OperationsManagement/solutions/ContainerInsights(softradix-aks-law)",
            "location": "eastus2",
            "plan": [
              {
                "name": "ContainerInsights(softradix-aks-law)",
                "product": "OMSGallery/ContainerInsights",
                "promotion_code": "",
                "publisher": "Microsoft"
              }
            ],
            "resource_group_name": "Softradix-AKS-RG",
            "solution_name": "ContainerInsights",
            "tags": {
              "Environment": "Production",
              "Owner": "Yogesh",
              "Project": "Terraform"
            },
            "timeouts": null,
            "workspace_name": "softradix-aks-law",
            "workspace_resource_id": "/subscriptions/27735e1f-024e-4bb5-8d3f-6c6a5cd80f1e/resourceGroups/Softradix-AKS-RG/providers/Microsoft.OperationalInsights/workspaces/softradix-aks-law"
          },
          "sensitive_attributes": [],
          "identity_schema_version": 0,
          "private": "eyJlMmJmYjczMC1lY2FhLTExZTYtOGY4OC0zNDM2M2JjN2M0YzAiOnsiY3JlYXRlIjoxODAwMDAwMDAwMDAwLCJkZWxldGUiOjE4MDAwMDAwMDAwMDAsInJlYWQiOjMwMDAwMDAwMDAwMCwidXBkYXRlIjoxODAwMDAwMDAwMDAwfSwic2NoZW1hX3ZlcnNpb24iOiIxIn0=",
          "dependencies": [
            "module.log_analytics.azurerm_log_analytics_workspace.this",
            "module.resource_group.azurerm_resource_group.this",
            "time_sleep.resource_group_propagation"
          ]
        }
      ]
    },
    {
      "module": "module.log_analytics",
      "mode": "managed",
      "type": "azurerm_log_analytics_workspace",
      "name": "this",
      "provider": "provider[\"registry.terraform.io/hashicorp/azurerm\"]",
      "instances": [
        {
          "schema_version": 3,
          "attributes": {
            "allow_resource_only_permissions": true,
            "cmk_for_query_forced": false,
            "daily_quota_gb": -1,
            "data_collection_rule_id": "",
            "id": "/subscriptions/27735e1f-024e-4bb5-8d3f-6c6a5cd80f1e/resourceGroups/Softradix-AKS-RG/providers/Microsoft.OperationalInsights/workspaces/softradix-aks-law",
            "identity": [],
            "immediate_data_purge_on_30_days_enabled": false,
            "internet_ingestion_enabled": true,
            "internet_query_enabled": true,
            "local_authentication_disabled": false,
            "local_authentication_enabled": true,
            "location": "eastus2",
            "name": "softradix-aks-law",
            "primary_shared_key": "c1hp2Yv9HoyxCHNG8QPKLvMelpdWbjeBbOnQ5ExwtjO1XIpHfFR102XM2AJbng+kK7s2vTuhtp8BPZedjBw3xA==",
            "reservation_capacity_in_gb_per_day": null,
            "resource_group_name": "Softradix-AKS-RG",
            "retention_in_days": 30,
            "secondary_shared_key": "PIcEhpmM98Ajo6FnbBBG3/Y0NQhRU0BJ7eWjInD5V4uSSHV9zW5KJ3NhpXUourahnTBE/6jD97JxtckK16kLKg==",
            "sku": "PerGB2018",
            "tags": {
              "Environment": "Production",
              "Owner": "Yogesh",
              "Project": "Terraform"
            },
            "timeouts": null,
            "workspace_id": "8e461f5f-7dc1-45f2-8011-e319f6f9dcdf"
          },
          "sensitive_attributes": [
            [
              {
                "type": "get_attr",
                "value": "primary_shared_key"
              }
            ],
            [
              {
                "type": "get_attr",
                "value": "secondary_shared_key"
              }
            ]
          ],
          "identity_schema_version": 0,
          "private": "eyJlMmJmYjczMC1lY2FhLTExZTYtOGY4OC0zNDM2M2JjN2M0YzAiOnsiY3JlYXRlIjoxODAwMDAwMDAwMDAwLCJkZWxldGUiOjE4MDAwMDAwMDAwMDAsInJlYWQiOjMwMDAwMDAwMDAwMCwidXBkYXRlIjoxODAwMDAwMDAwMDAwfSwic2NoZW1hX3ZlcnNpb24iOiIzIn0=",
          "dependencies": [
            "module.resource_group.azurerm_resource_group.this",
            "time_sleep.resource_group_propagation"
          ]
        }
      ]
    },
    {
      "module": "module.nat_gateway",
      "mode": "managed",
      "type": "azurerm_nat_gateway",
      "name": "this",
      "provider": "provider[\"registry.terraform.io/hashicorp/azurerm\"]",
      "instances": [
        {
          "schema_version": 0,
          "attributes": {
            "id": "/subscriptions/27735e1f-024e-4bb5-8d3f-6c6a5cd80f1e/resourceGroups/Softradix-AKS-RG/providers/Microsoft.Network/natGateways/softradix-aks-natgw",
            "idle_timeout_in_minutes": 10,
            "location": "eastus2",
            "name": "softradix-aks-natgw",
            "resource_group_name": "Softradix-AKS-RG",
            "resource_guid": "35d4f9e8-7442-470d-848c-03b9d925cf28",
            "sku_name": "Standard",
            "tags": {
              "Environment": "Production",
              "Owner": "Yogesh",
              "Project": "Terraform"
            },
            "timeouts": null,
            "zones": [
              "1"
            ]
          },
          "sensitive_attributes": [],
          "identity_schema_version": 0,
          "identity": {
            "name": "softradix-aks-natgw",
            "resource_group_name": "Softradix-AKS-RG",
            "subscription_id": "27735e1f-024e-4bb5-8d3f-6c6a5cd80f1e"
          },
          "private": "eyJlMmJmYjczMC1lY2FhLTExZTYtOGY4OC0zNDM2M2JjN2M0YzAiOnsiY3JlYXRlIjozNjAwMDAwMDAwMDAwLCJkZWxldGUiOjM2MDAwMDAwMDAwMDAsInJlYWQiOjMwMDAwMDAwMDAwMCwidXBkYXRlIjozNjAwMDAwMDAwMDAwfX0=",
          "dependencies": [
            "module.resource_group.azurerm_resource_group.this",
            "module.virtual_network.azurerm_network_security_group.aks_nodes",
            "module.virtual_network.azurerm_network_security_group.private_endpoints",
            "module.virtual_network.azurerm_subnet.aks_nodes",
            "module.virtual_network.azurerm_subnet.bastion",
            "module.virtual_network.azurerm_subnet.private_endpoints",
            "module.virtual_network.azurerm_subnet_network_security_group_association.aks_nodes",
            "module.virtual_network.azurerm_subnet_network_security_group_association.private_endpoints",
            "module.virtual_network.azurerm_virtual_network.this",
            "time_sleep.resource_group_propagation"
          ]
        }
      ]
    },
    {
      "module": "module.nat_gateway",
      "mode": "managed",
      "type": "azurerm_nat_gateway_public_ip_association",
      "name": "this",
      "provider": "provider[\"registry.terraform.io/hashicorp/azurerm\"]",
      "instances": [
        {
          "schema_version": 0,
          "attributes": {
            "id": "/subscriptions/27735e1f-024e-4bb5-8d3f-6c6a5cd80f1e/resourceGroups/Softradix-AKS-RG/providers/Microsoft.Network/natGateways/softradix-aks-natgw|/subscriptions/27735e1f-024e-4bb5-8d3f-6c6a5cd80f1e/resourceGroups/Softradix-AKS-RG/providers/Microsoft.Network/publicIPAddresses/softradix-aks-natgw-pip",
            "nat_gateway_id": "/subscriptions/27735e1f-024e-4bb5-8d3f-6c6a5cd80f1e/resourceGroups/Softradix-AKS-RG/providers/Microsoft.Network/natGateways/softradix-aks-natgw",
            "public_ip_address_id": "/subscriptions/27735e1f-024e-4bb5-8d3f-6c6a5cd80f1e/resourceGroups/Softradix-AKS-RG/providers/Microsoft.Network/publicIPAddresses/softradix-aks-natgw-pip",
            "timeouts": null
          },
          "sensitive_attributes": [],
          "identity_schema_version": 0,
          "private": "eyJlMmJmYjczMC1lY2FhLTExZTYtOGY4OC0zNDM2M2JjN2M0YzAiOnsiY3JlYXRlIjoxODAwMDAwMDAwMDAwLCJkZWxldGUiOjE4MDAwMDAwMDAwMDAsInJlYWQiOjMwMDAwMDAwMDAwMH19",
          "dependencies": [
            "module.nat_gateway.azurerm_nat_gateway.this",
            "module.nat_gateway.azurerm_public_ip.nat",
            "module.resource_group.azurerm_resource_group.this",
            "module.virtual_network.azurerm_network_security_group.aks_nodes",
            "module.virtual_network.azurerm_network_security_group.private_endpoints",
            "module.virtual_network.azurerm_subnet.aks_nodes",
            "module.virtual_network.azurerm_subnet.bastion",
            "module.virtual_network.azurerm_subnet.private_endpoints",
            "module.virtual_network.azurerm_subnet_network_security_group_association.aks_nodes",
            "module.virtual_network.azurerm_subnet_network_security_group_association.private_endpoints",
            "module.virtual_network.azurerm_virtual_network.this",
            "time_sleep.resource_group_propagation"
          ]
        }
      ]
    },
    {
      "module": "module.nat_gateway",
      "mode": "managed",
      "type": "azurerm_public_ip",
      "name": "nat",
      "provider": "provider[\"registry.terraform.io/hashicorp/azurerm\"]",
      "instances": [
        {
          "schema_version": 0,
          "attributes": {
            "allocation_method": "Static",
            "ddos_protection_mode": "VirtualNetworkInherited",
            "ddos_protection_plan_id": null,
            "domain_name_label": "",
            "domain_name_label_scope": "",
            "edge_zone": "",
            "fqdn": "",
            "id": "/subscriptions/27735e1f-024e-4bb5-8d3f-6c6a5cd80f1e/resourceGroups/Softradix-AKS-RG/providers/Microsoft.Network/publicIPAddresses/softradix-aks-natgw-pip",
            "idle_timeout_in_minutes": 4,
            "ip_address": "172.200.202.41",
            "ip_tags": {},
            "ip_version": "IPv4",
            "location": "eastus2",
            "name": "softradix-aks-natgw-pip",
            "public_ip_prefix_id": null,
            "resource_group_name": "Softradix-AKS-RG",
            "reverse_fqdn": "",
            "sku": "Standard",
            "sku_tier": "Regional",
            "tags": {
              "Environment": "Production",
              "Owner": "Yogesh",
              "Project": "Terraform"
            },
            "timeouts": null,
            "zones": [
              "1"
            ]
          },
          "sensitive_attributes": [],
          "identity_schema_version": 0,
          "identity": {
            "name": "softradix-aks-natgw-pip",
            "resource_group_name": "Softradix-AKS-RG",
            "subscription_id": "27735e1f-024e-4bb5-8d3f-6c6a5cd80f1e"
          },
          "private": "eyJlMmJmYjczMC1lY2FhLTExZTYtOGY4OC0zNDM2M2JjN2M0YzAiOnsiY3JlYXRlIjoxODAwMDAwMDAwMDAwLCJkZWxldGUiOjE4MDAwMDAwMDAwMDAsInJlYWQiOjMwMDAwMDAwMDAwMCwidXBkYXRlIjoxODAwMDAwMDAwMDAwfX0=",
          "dependencies": [
            "module.resource_group.azurerm_resource_group.this",
            "module.virtual_network.azurerm_network_security_group.aks_nodes",
            "module.virtual_network.azurerm_network_security_group.private_endpoints",
            "module.virtual_network.azurerm_subnet.aks_nodes",
            "module.virtual_network.azurerm_subnet.bastion",
            "module.virtual_network.azurerm_subnet.private_endpoints",
            "module.virtual_network.azurerm_subnet_network_security_group_association.aks_nodes",
            "module.virtual_network.azurerm_subnet_network_security_group_association.private_endpoints",
            "module.virtual_network.azurerm_virtual_network.this",
            "time_sleep.resource_group_propagation"
          ]
        }
      ]
    },
    {
      "module": "module.nat_gateway",
      "mode": "managed",
      "type": "azurerm_subnet_nat_gateway_association",
      "name": "aks_nodes",
      "provider": "provider[\"registry.terraform.io/hashicorp/azurerm\"]",
      "instances": [
        {
          "schema_version": 0,
          "attributes": {
            "id": "/subscriptions/27735e1f-024e-4bb5-8d3f-6c6a5cd80f1e/resourceGroups/Softradix-AKS-RG/providers/Microsoft.Network/virtualNetworks/softradix-aks-vnet/subnets/softradix-aks-node-subnet",
            "nat_gateway_id": "/subscriptions/27735e1f-024e-4bb5-8d3f-6c6a5cd80f1e/resourceGroups/Softradix-AKS-RG/providers/Microsoft.Network/natGateways/softradix-aks-natgw",
            "subnet_id": "/subscriptions/27735e1f-024e-4bb5-8d3f-6c6a5cd80f1e/resourceGroups/Softradix-AKS-RG/providers/Microsoft.Network/virtualNetworks/softradix-aks-vnet/subnets/softradix-aks-node-subnet",
            "timeouts": null
          },
          "sensitive_attributes": [],
          "identity_schema_version": 0,
          "private": "eyJlMmJmYjczMC1lY2FhLTExZTYtOGY4OC0zNDM2M2JjN2M0YzAiOnsiY3JlYXRlIjoxODAwMDAwMDAwMDAwLCJkZWxldGUiOjE4MDAwMDAwMDAwMDAsInJlYWQiOjMwMDAwMDAwMDAwMH19",
          "dependencies": [
            "module.nat_gateway.azurerm_nat_gateway.this",
            "module.resource_group.azurerm_resource_group.this",
            "module.virtual_network.azurerm_network_security_group.aks_nodes",
            "module.virtual_network.azurerm_network_security_group.private_endpoints",
            "module.virtual_network.azurerm_subnet.aks_nodes",
            "module.virtual_network.azurerm_subnet.bastion",
            "module.virtual_network.azurerm_subnet.private_endpoints",
            "module.virtual_network.azurerm_subnet_network_security_group_association.aks_nodes",
            "module.virtual_network.azurerm_subnet_network_security_group_association.private_endpoints",
            "module.virtual_network.azurerm_virtual_network.this",
            "time_sleep.resource_group_propagation"
          ]
        }
      ]
    },
    {
      "module": "module.private_endpoints",
      "mode": "managed",
      "type": "azurerm_private_dns_zone",
      "name": "this",
      "provider": "provider[\"registry.terraform.io/hashicorp/azurerm\"]",
      "instances": [
        {
          "index_key": "acr",
          "schema_version": 0,
          "attributes": {
            "id": "/subscriptions/27735e1f-024e-4bb5-8d3f-6c6a5cd80f1e/resourceGroups/Softradix-AKS-RG/providers/Microsoft.Network/privateDnsZones/privatelink.azurecr.io",
            "max_number_of_record_sets": 25000,
            "max_number_of_virtual_network_links": 1000,
            "max_number_of_virtual_network_links_with_registration": 100,
            "name": "privatelink.azurecr.io",
            "number_of_record_sets": 3,
            "resource_group_name": "Softradix-AKS-RG",
            "soa_record": [
              {
                "email": "azureprivatedns-host.microsoft.com",
                "expire_time": 2419200,
                "fqdn": "privatelink.azurecr.io.",
                "host_name": "azureprivatedns.net",
                "minimum_ttl": 10,
                "refresh_time": 3600,
                "retry_time": 300,
                "serial_number": 1,
                "tags": {},
                "ttl": 3600
              }
            ],
            "tags": {
              "Environment": "Production",
              "Owner": "Yogesh",
              "Project": "Terraform"
            },
            "timeouts": null
          },
          "sensitive_attributes": [],
          "identity_schema_version": 0,
          "identity": {
            "name": "privatelink.azurecr.io",
            "resource_group_name": "Softradix-AKS-RG",
            "subscription_id": "27735e1f-024e-4bb5-8d3f-6c6a5cd80f1e"
          },
          "private": "eyJlMmJmYjczMC1lY2FhLTExZTYtOGY4OC0zNDM2M2JjN2M0YzAiOnsiY3JlYXRlIjoxODAwMDAwMDAwMDAwLCJkZWxldGUiOjE4MDAwMDAwMDAwMDAsInJlYWQiOjMwMDAwMDAwMDAwMCwidXBkYXRlIjoxODAwMDAwMDAwMDAwfX0=",
          "dependencies": [
            "module.acr.azurerm_container_registry.this",
            "module.key_vault.azurerm_key_vault.this",
            "module.key_vault.data.azurerm_client_config.current",
            "module.resource_group.azurerm_resource_group.this",
            "module.virtual_network.azurerm_network_security_group.aks_nodes",
            "module.virtual_network.azurerm_network_security_group.private_endpoints",
            "module.virtual_network.azurerm_subnet.aks_nodes",
            "module.virtual_network.azurerm_subnet.bastion",
            "module.virtual_network.azurerm_subnet.private_endpoints",
            "module.virtual_network.azurerm_subnet_network_security_group_association.aks_nodes",
            "module.virtual_network.azurerm_subnet_network_security_group_association.private_endpoints",
            "module.virtual_network.azurerm_virtual_network.this",
            "time_sleep.resource_group_propagation"
          ]
        },
        {
          "index_key": "key_vault",
          "schema_version": 0,
          "attributes": {
            "id": "/subscriptions/27735e1f-024e-4bb5-8d3f-6c6a5cd80f1e/resourceGroups/Softradix-AKS-RG/providers/Microsoft.Network/privateDnsZones/privatelink.vaultcore.azure.net",
            "max_number_of_record_sets": 25000,
            "max_number_of_virtual_network_links": 1000,
            "max_number_of_virtual_network_links_with_registration": 100,
            "name": "privatelink.vaultcore.azure.net",
            "number_of_record_sets": 2,
            "resource_group_name": "Softradix-AKS-RG",
            "soa_record": [
              {
                "email": "azureprivatedns-host.microsoft.com",
                "expire_time": 2419200,
                "fqdn": "privatelink.vaultcore.azure.net.",
                "host_name": "azureprivatedns.net",
                "minimum_ttl": 10,
                "refresh_time": 3600,
                "retry_time": 300,
                "serial_number": 1,
                "tags": {},
                "ttl": 3600
              }
            ],
            "tags": {
              "Environment": "Production",
              "Owner": "Yogesh",
              "Project": "Terraform"
            },
            "timeouts": null
          },
          "sensitive_attributes": [],
          "identity_schema_version": 0,
          "identity": {
            "name": "privatelink.vaultcore.azure.net",
            "resource_group_name": "Softradix-AKS-RG",
            "subscription_id": "27735e1f-024e-4bb5-8d3f-6c6a5cd80f1e"
          },
          "private": "eyJlMmJmYjczMC1lY2FhLTExZTYtOGY4OC0zNDM2M2JjN2M0YzAiOnsiY3JlYXRlIjoxODAwMDAwMDAwMDAwLCJkZWxldGUiOjE4MDAwMDAwMDAwMDAsInJlYWQiOjMwMDAwMDAwMDAwMCwidXBkYXRlIjoxODAwMDAwMDAwMDAwfX0=",
          "dependencies": [
            "module.acr.azurerm_container_registry.this",
            "module.key_vault.azurerm_key_vault.this",
            "module.key_vault.data.azurerm_client_config.current",
            "module.resource_group.azurerm_resource_group.this",
            "module.virtual_network.azurerm_network_security_group.aks_nodes",
            "module.virtual_network.azurerm_network_security_group.private_endpoints",
            "module.virtual_network.azurerm_subnet.aks_nodes",
            "module.virtual_network.azurerm_subnet.bastion",
            "module.virtual_network.azurerm_subnet.private_endpoints",
            "module.virtual_network.azurerm_subnet_network_security_group_association.aks_nodes",
            "module.virtual_network.azurerm_subnet_network_security_group_association.private_endpoints",
            "module.virtual_network.azurerm_virtual_network.this",
            "time_sleep.resource_group_propagation"
          ]
        }
      ]
    },
    {
      "module": "module.private_endpoints",
      "mode": "managed",
      "type": "azurerm_private_dns_zone_virtual_network_link",
      "name": "this",
      "provider": "provider[\"registry.terraform.io/hashicorp/azurerm\"]",
      "instances": [
        {
          "index_key": "acr",
          "schema_version": 0,
          "attributes": {
            "id": "/subscriptions/27735e1f-024e-4bb5-8d3f-6c6a5cd80f1e/resourceGroups/Softradix-AKS-RG/providers/Microsoft.Network/privateDnsZones/privatelink.azurecr.io/virtualNetworkLinks/acr-link",
            "name": "acr-link",
            "private_dns_zone_name": "privatelink.azurecr.io",
            "registration_enabled": false,
            "resolution_policy": "Default",
            "resource_group_name": "Softradix-AKS-RG",
            "tags": {
              "Environment": "Production",
              "Owner": "Yogesh",
              "Project": "Terraform"
            },
            "timeouts": null,
            "virtual_network_id": "/subscriptions/27735e1f-024e-4bb5-8d3f-6c6a5cd80f1e/resourceGroups/Softradix-AKS-RG/providers/Microsoft.Network/virtualNetworks/softradix-aks-vnet"
          },
          "sensitive_attributes": [],
          "identity_schema_version": 0,
          "identity": {
            "name": "acr-link",
            "private_dns_zone_name": "privatelink.azurecr.io",
            "resource_group_name": "Softradix-AKS-RG",
            "subscription_id": "27735e1f-024e-4bb5-8d3f-6c6a5cd80f1e"
          },
          "private": "eyJlMmJmYjczMC1lY2FhLTExZTYtOGY4OC0zNDM2M2JjN2M0YzAiOnsiY3JlYXRlIjoxODAwMDAwMDAwMDAwLCJkZWxldGUiOjE4MDAwMDAwMDAwMDAsInJlYWQiOjMwMDAwMDAwMDAwMCwidXBkYXRlIjoxODAwMDAwMDAwMDAwfX0=",
          "dependencies": [
            "module.acr.azurerm_container_registry.this",
            "module.key_vault.azurerm_key_vault.this",
            "module.key_vault.data.azurerm_client_config.current",
            "module.private_endpoints.azurerm_private_dns_zone.this",
            "module.resource_group.azurerm_resource_group.this",
            "module.virtual_network.azurerm_network_security_group.aks_nodes",
            "module.virtual_network.azurerm_network_security_group.private_endpoints",
            "module.virtual_network.azurerm_subnet.aks_nodes",
            "module.virtual_network.azurerm_subnet.bastion",
            "module.virtual_network.azurerm_subnet.private_endpoints",
            "module.virtual_network.azurerm_subnet_network_security_group_association.aks_nodes",
            "module.virtual_network.azurerm_subnet_network_security_group_association.private_endpoints",
            "module.virtual_network.azurerm_virtual_network.this",
            "time_sleep.resource_group_propagation"
          ]
        },
        {
          "index_key": "key_vault",
          "schema_version": 0,
          "attributes": {
            "id": "/subscriptions/27735e1f-024e-4bb5-8d3f-6c6a5cd80f1e/resourceGroups/Softradix-AKS-RG/providers/Microsoft.Network/privateDnsZones/privatelink.vaultcore.azure.net/virtualNetworkLinks/key_vault-link",
            "name": "key_vault-link",
            "private_dns_zone_name": "privatelink.vaultcore.azure.net",
            "registration_enabled": false,
            "resolution_policy": "Default",
            "resource_group_name": "Softradix-AKS-RG",
            "tags": {
              "Environment": "Production",
              "Owner": "Yogesh",
              "Project": "Terraform"
            },
            "timeouts": null,
            "virtual_network_id": "/subscriptions/27735e1f-024e-4bb5-8d3f-6c6a5cd80f1e/resourceGroups/Softradix-AKS-RG/providers/Microsoft.Network/virtualNetworks/softradix-aks-vnet"
          },
          "sensitive_attributes": [],
          "identity_schema_version": 0,
          "identity": {
            "name": "key_vault-link",
            "private_dns_zone_name": "privatelink.vaultcore.azure.net",
            "resource_group_name": "Softradix-AKS-RG",
            "subscription_id": "27735e1f-024e-4bb5-8d3f-6c6a5cd80f1e"
          },
          "private": "eyJlMmJmYjczMC1lY2FhLTExZTYtOGY4OC0zNDM2M2JjN2M0YzAiOnsiY3JlYXRlIjoxODAwMDAwMDAwMDAwLCJkZWxldGUiOjE4MDAwMDAwMDAwMDAsInJlYWQiOjMwMDAwMDAwMDAwMCwidXBkYXRlIjoxODAwMDAwMDAwMDAwfX0=",
          "dependencies": [
            "module.acr.azurerm_container_registry.this",
            "module.key_vault.azurerm_key_vault.this",
            "module.key_vault.data.azurerm_client_config.current",
            "module.private_endpoints.azurerm_private_dns_zone.this",
            "module.resource_group.azurerm_resource_group.this",
            "module.virtual_network.azurerm_network_security_group.aks_nodes",
            "module.virtual_network.azurerm_network_security_group.private_endpoints",
            "module.virtual_network.azurerm_subnet.aks_nodes",
            "module.virtual_network.azurerm_subnet.bastion",
            "module.virtual_network.azurerm_subnet.private_endpoints",
            "module.virtual_network.azurerm_subnet_network_security_group_association.aks_nodes",
            "module.virtual_network.azurerm_subnet_network_security_group_association.private_endpoints",
            "module.virtual_network.azurerm_virtual_network.this",
            "time_sleep.resource_group_propagation"
          ]
        }
      ]
    },
    {
      "module": "module.private_endpoints",
      "mode": "managed",
      "type": "azurerm_private_endpoint",
      "name": "this",
      "provider": "provider[\"registry.terraform.io/hashicorp/azurerm\"]",
      "instances": [
        {
          "index_key": "acr",
          "schema_version": 0,
          "attributes": {
            "custom_dns_configs": [],
            "custom_network_interface_name": "",
            "id": "/subscriptions/27735e1f-024e-4bb5-8d3f-6c6a5cd80f1e/resourceGroups/Softradix-AKS-RG/providers/Microsoft.Network/privateEndpoints/acr-pe",
            "ip_configuration": [],
            "location": "eastus2",
            "name": "acr-pe",
            "network_interface": [
              {
                "id": "/subscriptions/27735e1f-024e-4bb5-8d3f-6c6a5cd80f1e/resourceGroups/Softradix-AKS-RG/providers/Microsoft.Network/networkInterfaces/acr-pe.nic.46be9da8-92b0-4952-b033-e0aa36f4947b",
                "name": "acr-pe.nic.46be9da8-92b0-4952-b033-e0aa36f4947b"
              }
            ],
            "private_dns_zone_configs": [
              {
                "id": "/subscriptions/27735e1f-024e-4bb5-8d3f-6c6a5cd80f1e/resourceGroups/Softradix-AKS-RG/providers/Microsoft.Network/privateEndpoints/acr-pe/privateDnsZoneGroups/acr-dns-zone-group/privateDnsZoneConfigs/privatelink.azurecr.io",
                "name": "privatelink.azurecr.io",
                "private_dns_zone_id": "/subscriptions/27735e1f-024e-4bb5-8d3f-6c6a5cd80f1e/resourceGroups/Softradix-AKS-RG/providers/Microsoft.Network/privateDnsZones/privatelink.azurecr.io",
                "record_sets": [
                  {
                    "fqdn": "softradixaksacr.eastus2.data.privatelink.azurecr.io",
                    "ip_addresses": [
                      "10.0.3.4"
                    ],
                    "name": "softradixaksacr.eastus2.data",
                    "ttl": 10,
                    "type": "A"
                  },
                  {
                    "fqdn": "softradixaksacr.privatelink.azurecr.io",
                    "ip_addresses": [
                      "10.0.3.5"
                    ],
                    "name": "softradixaksacr",
                    "ttl": 10,
                    "type": "A"
                  }
                ]
              }
            ],
            "private_dns_zone_group": [
              {
                "id": "/subscriptions/27735e1f-024e-4bb5-8d3f-6c6a5cd80f1e/resourceGroups/Softradix-AKS-RG/providers/Microsoft.Network/privateEndpoints/acr-pe/privateDnsZoneGroups/acr-dns-zone-group",
                "name": "acr-dns-zone-group",
                "private_dns_zone_ids": [
                  "/subscriptions/27735e1f-024e-4bb5-8d3f-6c6a5cd80f1e/resourceGroups/Softradix-AKS-RG/providers/Microsoft.Network/privateDnsZones/privatelink.azurecr.io"
                ]
              }
            ],
            "private_service_connection": [
              {
                "is_manual_connection": false,
                "name": "acr-psc",
                "private_connection_resource_alias": "",
                "private_connection_resource_id": "/subscriptions/27735e1f-024e-4bb5-8d3f-6c6a5cd80f1e/resourceGroups/Softradix-AKS-RG/providers/Microsoft.ContainerRegistry/registries/softradixaksacr",
                "private_ip_address": "10.0.3.4",
                "request_message": "",
                "subresource_names": [
                  "registry"
                ]
              }
            ],
            "resource_group_name": "Softradix-AKS-RG",
            "subnet_id": "/subscriptions/27735e1f-024e-4bb5-8d3f-6c6a5cd80f1e/resourceGroups/Softradix-AKS-RG/providers/Microsoft.Network/virtualNetworks/softradix-aks-vnet/subnets/softradix-aks-pe-subnet",
            "tags": {
              "Environment": "Production",
              "Owner": "Yogesh",
              "Project": "Terraform"
            },
            "timeouts": null
          },
          "sensitive_attributes": [],
          "identity_schema_version": 0,
          "identity": {
            "name": "acr-pe",
            "resource_group_name": "Softradix-AKS-RG",
            "subscription_id": "27735e1f-024e-4bb5-8d3f-6c6a5cd80f1e"
          },
          "private": "eyJlMmJmYjczMC1lY2FhLTExZTYtOGY4OC0zNDM2M2JjN2M0YzAiOnsiY3JlYXRlIjozNjAwMDAwMDAwMDAwLCJkZWxldGUiOjM2MDAwMDAwMDAwMDAsInJlYWQiOjMwMDAwMDAwMDAwMCwidXBkYXRlIjozNjAwMDAwMDAwMDAwfX0=",
          "dependencies": [
            "module.acr.azurerm_container_registry.this",
            "module.key_vault.azurerm_key_vault.this",
            "module.key_vault.data.azurerm_client_config.current",
            "module.private_endpoints.azurerm_private_dns_zone.this",
            "module.resource_group.azurerm_resource_group.this",
            "module.virtual_network.azurerm_network_security_group.aks_nodes",
            "module.virtual_network.azurerm_network_security_group.private_endpoints",
            "module.virtual_network.azurerm_subnet.aks_nodes",
            "module.virtual_network.azurerm_subnet.bastion",
            "module.virtual_network.azurerm_subnet.private_endpoints",
            "module.virtual_network.azurerm_subnet_network_security_group_association.aks_nodes",
            "module.virtual_network.azurerm_subnet_network_security_group_association.private_endpoints",
            "module.virtual_network.azurerm_virtual_network.this",
            "time_sleep.resource_group_propagation"
          ]
        },
        {
          "index_key": "key_vault",
          "schema_version": 0,
          "attributes": {
            "custom_dns_configs": [],
            "custom_network_interface_name": "",
            "id": "/subscriptions/27735e1f-024e-4bb5-8d3f-6c6a5cd80f1e/resourceGroups/Softradix-AKS-RG/providers/Microsoft.Network/privateEndpoints/key_vault-pe",
            "ip_configuration": [],
            "location": "eastus2",
            "name": "key_vault-pe",
            "network_interface": [
              {
                "id": "/subscriptions/27735e1f-024e-4bb5-8d3f-6c6a5cd80f1e/resourceGroups/Softradix-AKS-RG/providers/Microsoft.Network/networkInterfaces/key_vault-pe.nic.b97ae203-8089-4f0c-97df-d1e307b5ac9f",
                "name": "key_vault-pe.nic.b97ae203-8089-4f0c-97df-d1e307b5ac9f"
              }
            ],
            "private_dns_zone_configs": [
              {
                "id": "/subscriptions/27735e1f-024e-4bb5-8d3f-6c6a5cd80f1e/resourceGroups/Softradix-AKS-RG/providers/Microsoft.Network/privateEndpoints/key_vault-pe/privateDnsZoneGroups/key_vault-dns-zone-group/privateDnsZoneConfigs/privatelink.vaultcore.azure.net",
                "name": "privatelink.vaultcore.azure.net",
                "private_dns_zone_id": "/subscriptions/27735e1f-024e-4bb5-8d3f-6c6a5cd80f1e/resourceGroups/Softradix-AKS-RG/providers/Microsoft.Network/privateDnsZones/privatelink.vaultcore.azure.net",
                "record_sets": [
                  {
                    "fqdn": "softradix-aks-kv.privatelink.vaultcore.azure.net",
                    "ip_addresses": [
                      "10.0.3.6"
                    ],
                    "name": "softradix-aks-kv",
                    "ttl": 10,
                    "type": "A"
                  }
                ]
              }
            ],
            "private_dns_zone_group": [
              {
                "id": "/subscriptions/27735e1f-024e-4bb5-8d3f-6c6a5cd80f1e/resourceGroups/Softradix-AKS-RG/providers/Microsoft.Network/privateEndpoints/key_vault-pe/privateDnsZoneGroups/key_vault-dns-zone-group",
                "name": "key_vault-dns-zone-group",
                "private_dns_zone_ids": [
                  "/subscriptions/27735e1f-024e-4bb5-8d3f-6c6a5cd80f1e/resourceGroups/Softradix-AKS-RG/providers/Microsoft.Network/privateDnsZones/privatelink.vaultcore.azure.net"
                ]
              }
            ],
            "private_service_connection": [
              {
                "is_manual_connection": false,
                "name": "key_vault-psc",
                "private_connection_resource_alias": "",
                "private_connection_resource_id": "/subscriptions/27735e1f-024e-4bb5-8d3f-6c6a5cd80f1e/resourceGroups/Softradix-AKS-RG/providers/Microsoft.KeyVault/vaults/softradix-aks-kv",
                "private_ip_address": "10.0.3.6",
                "request_message": "",
                "subresource_names": [
                  "vault"
                ]
              }
            ],
            "resource_group_name": "Softradix-AKS-RG",
            "subnet_id": "/subscriptions/27735e1f-024e-4bb5-8d3f-6c6a5cd80f1e/resourceGroups/Softradix-AKS-RG/providers/Microsoft.Network/virtualNetworks/softradix-aks-vnet/subnets/softradix-aks-pe-subnet",
            "tags": {
              "Environment": "Production",
              "Owner": "Yogesh",
              "Project": "Terraform"
            },
            "timeouts": null
          },
          "sensitive_attributes": [],
          "identity_schema_version": 0,
          "identity": {
            "name": "key_vault-pe",
            "resource_group_name": "Softradix-AKS-RG",
            "subscription_id": "27735e1f-024e-4bb5-8d3f-6c6a5cd80f1e"
          },
          "private": "eyJlMmJmYjczMC1lY2FhLTExZTYtOGY4OC0zNDM2M2JjN2M0YzAiOnsiY3JlYXRlIjozNjAwMDAwMDAwMDAwLCJkZWxldGUiOjM2MDAwMDAwMDAwMDAsInJlYWQiOjMwMDAwMDAwMDAwMCwidXBkYXRlIjozNjAwMDAwMDAwMDAwfX0=",
          "dependencies": [
            "module.acr.azurerm_container_registry.this",
            "module.key_vault.azurerm_key_vault.this",
            "module.key_vault.data.azurerm_client_config.current",
            "module.private_endpoints.azurerm_private_dns_zone.this",
            "module.resource_group.azurerm_resource_group.this",
            "module.virtual_network.azurerm_network_security_group.aks_nodes",
            "module.virtual_network.azurerm_network_security_group.private_endpoints",
            "module.virtual_network.azurerm_subnet.aks_nodes",
            "module.virtual_network.azurerm_subnet.bastion",
            "module.virtual_network.azurerm_subnet.private_endpoints",
            "module.virtual_network.azurerm_subnet_network_security_group_association.aks_nodes",
            "module.virtual_network.azurerm_subnet_network_security_group_association.private_endpoints",
            "module.virtual_network.azurerm_virtual_network.this",
            "time_sleep.resource_group_propagation"
          ]
        }
      ]
    },
    {
      "module": "module.resource_group",
      "mode": "managed",
      "type": "azurerm_resource_group",
      "name": "this",
      "provider": "provider[\"registry.terraform.io/hashicorp/azurerm\"]",
      "instances": [
        {
          "schema_version": 0,
          "attributes": {
            "id": "/subscriptions/27735e1f-024e-4bb5-8d3f-6c6a5cd80f1e/resourceGroups/Softradix-AKS-RG",
            "location": "eastus2",
            "managed_by": "",
            "name": "Softradix-AKS-RG",
            "tags": {
              "Environment": "Production",
              "Owner": "Yogesh",
              "Project": "Terraform"
            },
            "timeouts": null
          },
          "sensitive_attributes": [],
          "identity_schema_version": 0,
          "identity": {
            "name": "Softradix-AKS-RG",
            "subscription_id": "27735e1f-024e-4bb5-8d3f-6c6a5cd80f1e"
          },
          "private": "eyJlMmJmYjczMC1lY2FhLTExZTYtOGY4OC0zNDM2M2JjN2M0YzAiOnsiY3JlYXRlIjo1NDAwMDAwMDAwMDAwLCJkZWxldGUiOjU0MDAwMDAwMDAwMDAsInJlYWQiOjMwMDAwMDAwMDAwMCwidXBkYXRlIjo1NDAwMDAwMDAwMDAwfX0="
        }
      ]
    },
    {
      "module": "module.virtual_network",
      "mode": "managed",
      "type": "azurerm_network_security_group",
      "name": "aks_nodes",
      "provider": "provider[\"registry.terraform.io/hashicorp/azurerm\"]",
      "instances": [
        {
          "schema_version": 0,
          "attributes": {
            "id": "/subscriptions/27735e1f-024e-4bb5-8d3f-6c6a5cd80f1e/resourceGroups/Softradix-AKS-RG/providers/Microsoft.Network/networkSecurityGroups/softradix-aks-node-subnet-nsg",
            "location": "eastus2",
            "name": "softradix-aks-node-subnet-nsg",
            "resource_group_name": "Softradix-AKS-RG",
            "security_rule": [
              {
                "access": "Allow",
                "description": "",
                "destination_address_prefix": "*",
                "destination_address_prefixes": [],
                "destination_application_security_group_ids": [],
                "destination_port_range": "*",
                "destination_port_ranges": [],
                "direction": "Inbound",
                "name": "AllowAzureLoadBalancerInBound",
                "priority": 110,
                "protocol": "*",
                "source_address_prefix": "AzureLoadBalancer",
                "source_address_prefixes": [],
                "source_application_security_group_ids": [],
                "source_port_range": "*",
                "source_port_ranges": []
              },
              {
                "access": "Allow",
                "description": "",
                "destination_address_prefix": "VirtualNetwork",
                "destination_address_prefixes": [],
                "destination_application_security_group_ids": [],
                "destination_port_range": "*",
                "destination_port_ranges": [],
                "direction": "Inbound",
                "name": "AllowVnetInBound",
                "priority": 100,
                "protocol": "*",
                "source_address_prefix": "VirtualNetwork",
                "source_address_prefixes": [],
                "source_application_security_group_ids": [],
                "source_port_range": "*",
                "source_port_ranges": []
              },
              {
                "access": "Deny",
                "description": "",
                "destination_address_prefix": "*",
                "destination_address_prefixes": [],
                "destination_application_security_group_ids": [],
                "destination_port_range": "*",
                "destination_port_ranges": [],
                "direction": "Inbound",
                "name": "DenyInternetInBound",
                "priority": 4096,
                "protocol": "*",
                "source_address_prefix": "Internet",
                "source_address_prefixes": [],
                "source_application_security_group_ids": [],
                "source_port_range": "*",
                "source_port_ranges": []
              }
            ],
            "tags": {
              "Environment": "Production",
              "Owner": "Yogesh",
              "Project": "Terraform"
            },
            "timeouts": null
          },
          "sensitive_attributes": [],
          "identity_schema_version": 0,
          "identity": {
            "name": "softradix-aks-node-subnet-nsg",
            "resource_group_name": "Softradix-AKS-RG",
            "subscription_id": "27735e1f-024e-4bb5-8d3f-6c6a5cd80f1e"
          },
          "private": "eyJlMmJmYjczMC1lY2FhLTExZTYtOGY4OC0zNDM2M2JjN2M0YzAiOnsiY3JlYXRlIjoxODAwMDAwMDAwMDAwLCJkZWxldGUiOjE4MDAwMDAwMDAwMDAsInJlYWQiOjMwMDAwMDAwMDAwMCwidXBkYXRlIjoxODAwMDAwMDAwMDAwfX0=",
          "dependencies": [
            "module.resource_group.azurerm_resource_group.this",
            "time_sleep.resource_group_propagation"
          ]
        }
      ]
    },
    {
      "module": "module.virtual_network",
      "mode": "managed",
      "type": "azurerm_network_security_group",
      "name": "private_endpoints",
      "provider": "provider[\"registry.terraform.io/hashicorp/azurerm\"]",
      "instances": [
        {
          "schema_version": 0,
          "attributes": {
            "id": "/subscriptions/27735e1f-024e-4bb5-8d3f-6c6a5cd80f1e/resourceGroups/Softradix-AKS-RG/providers/Microsoft.Network/networkSecurityGroups/softradix-aks-pe-subnet-nsg",
            "location": "eastus2",
            "name": "softradix-aks-pe-subnet-nsg",
            "resource_group_name": "Softradix-AKS-RG",
            "security_rule": [
              {
                "access": "Allow",
                "description": "",
                "destination_address_prefix": "VirtualNetwork",
                "destination_address_prefixes": [],
                "destination_application_security_group_ids": [],
                "destination_port_range": "*",
                "destination_port_ranges": [],
                "direction": "Inbound",
                "name": "AllowVnetInBound",
                "priority": 100,
                "protocol": "*",
                "source_address_prefix": "VirtualNetwork",
                "source_address_prefixes": [],
                "source_application_security_group_ids": [],
                "source_port_range": "*",
                "source_port_ranges": []
              },
              {
                "access": "Deny",
                "description": "",
                "destination_address_prefix": "*",
                "destination_address_prefixes": [],
                "destination_application_security_group_ids": [],
                "destination_port_range": "*",
                "destination_port_ranges": [],
                "direction": "Inbound",
                "name": "DenyInternetInBound",
                "priority": 4096,
                "protocol": "*",
                "source_address_prefix": "Internet",
                "source_address_prefixes": [],
                "source_application_security_group_ids": [],
                "source_port_range": "*",
                "source_port_ranges": []
              }
            ],
            "tags": {
              "Environment": "Production",
              "Owner": "Yogesh",
              "Project": "Terraform"
            },
            "timeouts": null
          },
          "sensitive_attributes": [],
          "identity_schema_version": 0,
          "identity": {
            "name": "softradix-aks-pe-subnet-nsg",
            "resource_group_name": "Softradix-AKS-RG",
            "subscription_id": "27735e1f-024e-4bb5-8d3f-6c6a5cd80f1e"
          },
          "private": "eyJlMmJmYjczMC1lY2FhLTExZTYtOGY4OC0zNDM2M2JjN2M0YzAiOnsiY3JlYXRlIjoxODAwMDAwMDAwMDAwLCJkZWxldGUiOjE4MDAwMDAwMDAwMDAsInJlYWQiOjMwMDAwMDAwMDAwMCwidXBkYXRlIjoxODAwMDAwMDAwMDAwfX0=",
          "dependencies": [
            "module.resource_group.azurerm_resource_group.this",
            "time_sleep.resource_group_propagation"
          ]
        }
      ]
    },
    {
      "module": "module.virtual_network",
      "mode": "managed",
      "type": "azurerm_subnet",
      "name": "aks_nodes",
      "provider": "provider[\"registry.terraform.io/hashicorp/azurerm\"]",
      "instances": [
        {
          "schema_version": 0,
          "attributes": {
            "address_prefixes": [
              "10.0.1.0/24"
            ],
            "default_outbound_access_enabled": true,
            "delegation": [],
            "id": "/subscriptions/27735e1f-024e-4bb5-8d3f-6c6a5cd80f1e/resourceGroups/Softradix-AKS-RG/providers/Microsoft.Network/virtualNetworks/softradix-aks-vnet/subnets/softradix-aks-node-subnet",
            "ip_address_pool": [],
            "name": "softradix-aks-node-subnet",
            "private_endpoint_network_policies": "Disabled",
            "private_link_service_network_policies_enabled": true,
            "resource_group_name": "Softradix-AKS-RG",
            "service_endpoint_policy_ids": [],
            "service_endpoints": [],
            "sharing_scope": "",
            "timeouts": null,
            "virtual_network_name": "softradix-aks-vnet"
          },
          "sensitive_attributes": [],
          "identity_schema_version": 0,
          "identity": {
            "name": "softradix-aks-node-subnet",
            "resource_group_name": "Softradix-AKS-RG",
            "subscription_id": "27735e1f-024e-4bb5-8d3f-6c6a5cd80f1e",
            "virtual_network_name": "softradix-aks-vnet"
          },
          "private": "eyJlMmJmYjczMC1lY2FhLTExZTYtOGY4OC0zNDM2M2JjN2M0YzAiOnsiY3JlYXRlIjoxODAwMDAwMDAwMDAwLCJkZWxldGUiOjE4MDAwMDAwMDAwMDAsInJlYWQiOjMwMDAwMDAwMDAwMCwidXBkYXRlIjoxODAwMDAwMDAwMDAwfX0=",
          "dependencies": [
            "module.resource_group.azurerm_resource_group.this",
            "module.virtual_network.azurerm_virtual_network.this",
            "time_sleep.resource_group_propagation"
          ]
        }
      ]
    },
    {
      "module": "module.virtual_network",
      "mode": "managed",
      "type": "azurerm_subnet",
      "name": "bastion",
      "provider": "provider[\"registry.terraform.io/hashicorp/azurerm\"]",
      "instances": [
        {
          "schema_version": 0,
          "attributes": {
            "address_prefixes": [
              "10.0.2.0/26"
            ],
            "default_outbound_access_enabled": true,
            "delegation": [],
            "id": "/subscriptions/27735e1f-024e-4bb5-8d3f-6c6a5cd80f1e/resourceGroups/Softradix-AKS-RG/providers/Microsoft.Network/virtualNetworks/softradix-aks-vnet/subnets/AzureBastionSubnet",
            "ip_address_pool": [],
            "name": "AzureBastionSubnet",
            "private_endpoint_network_policies": "Disabled",
            "private_link_service_network_policies_enabled": true,
            "resource_group_name": "Softradix-AKS-RG",
            "service_endpoint_policy_ids": [],
            "service_endpoints": [],
            "sharing_scope": "",
            "timeouts": null,
            "virtual_network_name": "softradix-aks-vnet"
          },
          "sensitive_attributes": [],
          "identity_schema_version": 0,
          "identity": {
            "name": "AzureBastionSubnet",
            "resource_group_name": "Softradix-AKS-RG",
            "subscription_id": "27735e1f-024e-4bb5-8d3f-6c6a5cd80f1e",
            "virtual_network_name": "softradix-aks-vnet"
          },
          "private": "eyJlMmJmYjczMC1lY2FhLTExZTYtOGY4OC0zNDM2M2JjN2M0YzAiOnsiY3JlYXRlIjoxODAwMDAwMDAwMDAwLCJkZWxldGUiOjE4MDAwMDAwMDAwMDAsInJlYWQiOjMwMDAwMDAwMDAwMCwidXBkYXRlIjoxODAwMDAwMDAwMDAwfX0=",
          "dependencies": [
            "module.resource_group.azurerm_resource_group.this",
            "module.virtual_network.azurerm_virtual_network.this",
            "time_sleep.resource_group_propagation"
          ]
        }
      ]
    },
    {
      "module": "module.virtual_network",
      "mode": "managed",
      "type": "azurerm_subnet",
      "name": "private_endpoints",
      "provider": "provider[\"registry.terraform.io/hashicorp/azurerm\"]",
      "instances": [
        {
          "schema_version": 0,
          "attributes": {
            "address_prefixes": [
              "10.0.3.0/24"
            ],
            "default_outbound_access_enabled": true,
            "delegation": [],
            "id": "/subscriptions/27735e1f-024e-4bb5-8d3f-6c6a5cd80f1e/resourceGroups/Softradix-AKS-RG/providers/Microsoft.Network/virtualNetworks/softradix-aks-vnet/subnets/softradix-aks-pe-subnet",
            "ip_address_pool": [],
            "name": "softradix-aks-pe-subnet",
            "private_endpoint_network_policies": "Disabled",
            "private_link_service_network_policies_enabled": true,
            "resource_group_name": "Softradix-AKS-RG",
            "service_endpoint_policy_ids": [],
            "service_endpoints": [],
            "sharing_scope": "",
            "timeouts": null,
            "virtual_network_name": "softradix-aks-vnet"
          },
          "sensitive_attributes": [],
          "identity_schema_version": 0,
          "identity": {
            "name": "softradix-aks-pe-subnet",
            "resource_group_name": "Softradix-AKS-RG",
            "subscription_id": "27735e1f-024e-4bb5-8d3f-6c6a5cd80f1e",
            "virtual_network_name": "softradix-aks-vnet"
          },
          "private": "eyJlMmJmYjczMC1lY2FhLTExZTYtOGY4OC0zNDM2M2JjN2M0YzAiOnsiY3JlYXRlIjoxODAwMDAwMDAwMDAwLCJkZWxldGUiOjE4MDAwMDAwMDAwMDAsInJlYWQiOjMwMDAwMDAwMDAwMCwidXBkYXRlIjoxODAwMDAwMDAwMDAwfX0=",
          "dependencies": [
            "module.resource_group.azurerm_resource_group.this",
            "module.virtual_network.azurerm_virtual_network.this",
            "time_sleep.resource_group_propagation"
          ]
        }
      ]
    },
    {
      "module": "module.virtual_network",
      "mode": "managed",
      "type": "azurerm_subnet_network_security_group_association",
      "name": "aks_nodes",
      "provider": "provider[\"registry.terraform.io/hashicorp/azurerm\"]",
      "instances": [
        {
          "schema_version": 0,
          "attributes": {
            "id": "/subscriptions/27735e1f-024e-4bb5-8d3f-6c6a5cd80f1e/resourceGroups/Softradix-AKS-RG/providers/Microsoft.Network/virtualNetworks/softradix-aks-vnet/subnets/softradix-aks-node-subnet",
            "network_security_group_id": "/subscriptions/27735e1f-024e-4bb5-8d3f-6c6a5cd80f1e/resourceGroups/Softradix-AKS-RG/providers/Microsoft.Network/networkSecurityGroups/softradix-aks-node-subnet-nsg",
            "subnet_id": "/subscriptions/27735e1f-024e-4bb5-8d3f-6c6a5cd80f1e/resourceGroups/Softradix-AKS-RG/providers/Microsoft.Network/virtualNetworks/softradix-aks-vnet/subnets/softradix-aks-node-subnet",
            "timeouts": null
          },
          "sensitive_attributes": [],
          "identity_schema_version": 0,
          "private": "eyJlMmJmYjczMC1lY2FhLTExZTYtOGY4OC0zNDM2M2JjN2M0YzAiOnsiY3JlYXRlIjoxODAwMDAwMDAwMDAwLCJkZWxldGUiOjE4MDAwMDAwMDAwMDAsInJlYWQiOjMwMDAwMDAwMDAwMH19",
          "dependencies": [
            "module.resource_group.azurerm_resource_group.this",
            "module.virtual_network.azurerm_network_security_group.aks_nodes",
            "module.virtual_network.azurerm_subnet.aks_nodes",
            "module.virtual_network.azurerm_virtual_network.this",
            "time_sleep.resource_group_propagation"
          ]
        }
      ]
    },
    {
      "module": "module.virtual_network",
      "mode": "managed",
      "type": "azurerm_subnet_network_security_group_association",
      "name": "private_endpoints",
      "provider": "provider[\"registry.terraform.io/hashicorp/azurerm\"]",
      "instances": [
        {
          "schema_version": 0,
          "attributes": {
            "id": "/subscriptions/27735e1f-024e-4bb5-8d3f-6c6a5cd80f1e/resourceGroups/Softradix-AKS-RG/providers/Microsoft.Network/virtualNetworks/softradix-aks-vnet/subnets/softradix-aks-pe-subnet",
            "network_security_group_id": "/subscriptions/27735e1f-024e-4bb5-8d3f-6c6a5cd80f1e/resourceGroups/Softradix-AKS-RG/providers/Microsoft.Network/networkSecurityGroups/softradix-aks-pe-subnet-nsg",
            "subnet_id": "/subscriptions/27735e1f-024e-4bb5-8d3f-6c6a5cd80f1e/resourceGroups/Softradix-AKS-RG/providers/Microsoft.Network/virtualNetworks/softradix-aks-vnet/subnets/softradix-aks-pe-subnet",
            "timeouts": null
          },
          "sensitive_attributes": [],
          "identity_schema_version": 0,
          "private": "eyJlMmJmYjczMC1lY2FhLTExZTYtOGY4OC0zNDM2M2JjN2M0YzAiOnsiY3JlYXRlIjoxODAwMDAwMDAwMDAwLCJkZWxldGUiOjE4MDAwMDAwMDAwMDAsInJlYWQiOjMwMDAwMDAwMDAwMH19",
          "dependencies": [
            "module.resource_group.azurerm_resource_group.this",
            "module.virtual_network.azurerm_network_security_group.private_endpoints",
            "module.virtual_network.azurerm_subnet.private_endpoints",
            "module.virtual_network.azurerm_virtual_network.this",
            "time_sleep.resource_group_propagation"
          ]
        }
      ]
    },
    {
      "module": "module.virtual_network",
      "mode": "managed",
      "type": "azurerm_virtual_network",
      "name": "this",
      "provider": "provider[\"registry.terraform.io/hashicorp/azurerm\"]",
      "instances": [
        {
          "schema_version": 0,
          "attributes": {
            "address_space": [
              "10.0.0.0/16"
            ],
            "bgp_community": "",
            "ddos_protection_plan": [],
            "dns_servers": [],
            "edge_zone": "",
            "encryption": [],
            "flow_timeout_in_minutes": 0,
            "guid": "ea3747f2-1349-4372-b631-90dafaf29d34",
            "id": "/subscriptions/27735e1f-024e-4bb5-8d3f-6c6a5cd80f1e/resourceGroups/Softradix-AKS-RG/providers/Microsoft.Network/virtualNetworks/softradix-aks-vnet",
            "ip_address_pool": [],
            "location": "eastus2",
            "name": "softradix-aks-vnet",
            "private_endpoint_vnet_policies": "Disabled",
            "resource_group_name": "Softradix-AKS-RG",
            "subnet": [
              {
                "address_prefixes": [
                  "10.0.1.0/24"
                ],
                "default_outbound_access_enabled": true,
                "delegation": [],
                "id": "/subscriptions/27735e1f-024e-4bb5-8d3f-6c6a5cd80f1e/resourceGroups/Softradix-AKS-RG/providers/Microsoft.Network/virtualNetworks/softradix-aks-vnet/subnets/softradix-aks-node-subnet",
                "name": "softradix-aks-node-subnet",
                "private_endpoint_network_policies": "Disabled",
                "private_link_service_network_policies_enabled": true,
                "route_table_id": "",
                "security_group": "/subscriptions/27735e1f-024e-4bb5-8d3f-6c6a5cd80f1e/resourceGroups/Softradix-AKS-RG/providers/Microsoft.Network/networkSecurityGroups/softradix-aks-node-subnet-nsg",
                "service_endpoint_policy_ids": [],
                "service_endpoints": []
              },
              {
                "address_prefixes": [
                  "10.0.2.0/26"
                ],
                "default_outbound_access_enabled": true,
                "delegation": [],
                "id": "/subscriptions/27735e1f-024e-4bb5-8d3f-6c6a5cd80f1e/resourceGroups/Softradix-AKS-RG/providers/Microsoft.Network/virtualNetworks/softradix-aks-vnet/subnets/AzureBastionSubnet",
                "name": "AzureBastionSubnet",
                "private_endpoint_network_policies": "Disabled",
                "private_link_service_network_policies_enabled": true,
                "route_table_id": "",
                "security_group": "/subscriptions/27735e1f-024e-4bb5-8d3f-6c6a5cd80f1e/resourceGroups/Softradix-AKS-RG/providers/Microsoft.Network/networkSecurityGroups/AzureBastionSubnet-nsg",
                "service_endpoint_policy_ids": [],
                "service_endpoints": []
              },
              {
                "address_prefixes": [
                  "10.0.3.0/24"
                ],
                "default_outbound_access_enabled": true,
                "delegation": [],
                "id": "/subscriptions/27735e1f-024e-4bb5-8d3f-6c6a5cd80f1e/resourceGroups/Softradix-AKS-RG/providers/Microsoft.Network/virtualNetworks/softradix-aks-vnet/subnets/softradix-aks-pe-subnet",
                "name": "softradix-aks-pe-subnet",
                "private_endpoint_network_policies": "Disabled",
                "private_link_service_network_policies_enabled": true,
                "route_table_id": "",
                "security_group": "/subscriptions/27735e1f-024e-4bb5-8d3f-6c6a5cd80f1e/resourceGroups/Softradix-AKS-RG/providers/Microsoft.Network/networkSecurityGroups/softradix-aks-pe-subnet-nsg",
                "service_endpoint_policy_ids": [],
                "service_endpoints": []
              }
            ],
            "tags": {
              "Environment": "Production",
              "Owner": "Yogesh",
              "Project": "Terraform"
            },
            "timeouts": null
          },
          "sensitive_attributes": [],
          "identity_schema_version": 0,
          "identity": {
            "name": "softradix-aks-vnet",
            "resource_group_name": "Softradix-AKS-RG",
            "subscription_id": "27735e1f-024e-4bb5-8d3f-6c6a5cd80f1e"
          },
          "private": "eyJlMmJmYjczMC1lY2FhLTExZTYtOGY4OC0zNDM2M2JjN2M0YzAiOnsiY3JlYXRlIjoxODAwMDAwMDAwMDAwLCJkZWxldGUiOjE4MDAwMDAwMDAwMDAsInJlYWQiOjMwMDAwMDAwMDAwMCwidXBkYXRlIjoxODAwMDAwMDAwMDAwfX0=",
          "dependencies": [
            "module.resource_group.azurerm_resource_group.this",
            "time_sleep.resource_group_propagation"
          ]
        }
      ]
    }
  ],
  "check_results": null
}
