{
  "version": 4,
  "terraform_version": "1.14.0",
  "serial": 65,
  "lineage": "95ef5afe-dcaa-d1d7-4b5f-d6764c603ab0",
  "outputs": {
    "resource_group_id": {
      "value": "/subscriptions/27735e1f-024e-4bb5-8d3f-6c6a5cd80f1e/resourceGroups/Softradix-AKS-RG",
      "type": "string"
    },
    "resource_group_name": {
      "value": "Softradix-AKS-RG",
      "type": "string"
    }
  },
  "resources": [
    {
      "module": "module.acr",
      "mode": "managed",
      "type": "azurerm_container_registry",
      "name": "this",
      "provider": "provider[\"registry.terraform.io/hashicorp/azurerm\"]",
      "instances": [
        {
          "schema_version": 2,
          "attributes": {
            "admin_enabled": false,
            "admin_password": "",
            "admin_username": "",
            "anonymous_pull_enabled": false,
            "data_endpoint_enabled": false,
            "data_endpoint_host_names": [],
            "encryption": [],
            "export_policy_enabled": true,
            "georeplications": [],
            "id": "/subscriptions/27735e1f-024e-4bb5-8d3f-6c6a5cd80f1e/resourceGroups/Softradix-AKS-RG/providers/Microsoft.ContainerRegistry/registries/softradixaksacr",
            "identity": [],
            "location": "eastus",
            "login_server": "softradixaksacr.azurecr.io",
            "name": "softradixaksacr",
            "network_rule_bypass_option": "AzureServices",
            "network_rule_set": [
              {
                "default_action": "Allow",
                "ip_rule": []
              }
            ],
            "public_network_access_enabled": true,
            "quarantine_policy_enabled": false,
            "resource_group_name": "Softradix-AKS-RG",
            "retention_policy_in_days": 0,
            "sku": "Premium",
            "tags": {
              "Environment": "Development",
              "Owner": "Yogesh",
              "Project": "Terraform"
            },
            "timeouts": null,
            "trust_policy_enabled": false,
            "zone_redundancy_enabled": true
          },
          "sensitive_attributes": [
            [
              {
                "type": "get_attr",
                "value": "admin_password"
              }
            ]
          ],
          "identity_schema_version": 0,
          "private": "eyJlMmJmYjczMC1lY2FhLTExZTYtOGY4OC0zNDM2M2JjN2M0YzAiOnsiY3JlYXRlIjoxODAwMDAwMDAwMDAwLCJkZWxldGUiOjE4MDAwMDAwMDAwMDAsInJlYWQiOjMwMDAwMDAwMDAwMCwidXBkYXRlIjoxODAwMDAwMDAwMDAwfSwic2NoZW1hX3ZlcnNpb24iOiIyIn0=",
          "dependencies": [
            "module.resource_group.azurerm_resource_group.this",
            "module.virtual_network.azurerm_subnet.private",
            "module.virtual_network.azurerm_subnet.public",
            "module.virtual_network.azurerm_virtual_network.this"
          ]
        }
      ]
    },
    {
      "module": "module.aks",
      "mode": "managed",
      "type": "azurerm_kubernetes_cluster",
      "name": "this",
      "provider": "provider[\"registry.terraform.io/hashicorp/azurerm\"]",
      "instances": [
        {
          "schema_version": 2,
          "attributes": {
            "aci_connector_linux": [],
            "ai_toolchain_operator_enabled": false,
            "api_server_access_profile": [],
            "auto_scaler_profile": [
              {
                "balance_similar_node_groups": false,
                "daemonset_eviction_for_empty_nodes_enabled": false,
                "daemonset_eviction_for_occupied_nodes_enabled": true,
                "empty_bulk_delete_max": "10",
                "expander": "random",
                "ignore_daemonsets_utilization_enabled": false,
                "max_graceful_termination_sec": "600",
                "max_node_provisioning_time": "15m",
                "max_unready_nodes": 3,
                "max_unready_percentage": 45,
                "new_pod_scale_up_delay": "0s",
                "scale_down_delay_after_add": "10m",
                "scale_down_delay_after_delete": "10s",
                "scale_down_delay_after_failure": "3m",
                "scale_down_unneeded": "10m",
                "scale_down_unready": "20m",
                "scale_down_utilization_threshold": "0.5",
                "scan_interval": "10s",
                "skip_nodes_with_local_storage": false,
                "skip_nodes_with_system_pods": true
              }
            ],
            "automatic_upgrade_channel": "",
            "azure_active_directory_role_based_access_control": [],
            "azure_policy_enabled": false,
            "bootstrap_profile": [
              {
                "artifact_source": "Direct",
                "container_registry_id": ""
              }
            ],
            "confidential_computing": [],
            "cost_analysis_enabled": false,
            "current_kubernetes_version": "1.36.1",
            "custom_ca_trust_certificates_base64": null,
            "default_node_pool": [
              {
                "auto_scaling_enabled": true,
                "capacity_reservation_group_id": "",
                "fips_enabled": false,
                "gpu_driver": "",
                "gpu_instance": "",
                "host_encryption_enabled": false,
                "host_group_id": "",
                "kubelet_config": [],
                "kubelet_disk_type": "OS",
                "linux_os_config": [],
                "max_count": 1,
                "max_pods": 250,
                "min_count": 1,
                "name": "system",
                "node_count": 1,
                "node_labels": {},
                "node_network_profile": [],
                "node_public_ip_enabled": false,
                "node_public_ip_prefix_id": "",
                "only_critical_addons_enabled": true,
                "orchestrator_version": "1.36.1",
                "os_disk_size_gb": 128,
                "os_disk_type": "Managed",
                "os_sku": "Ubuntu",
                "pod_subnet_id": "",
                "proximity_placement_group_id": "",
                "scale_down_mode": "Delete",
                "snapshot_id": "",
                "tags": null,
                "temporary_name_for_rotation": "sysrotate",
                "type": "VirtualMachineScaleSets",
                "ultra_ssd_enabled": false,
                "upgrade_settings": [
                  {
                    "drain_timeout_in_minutes": 0,
                    "max_surge": "10%",
                    "node_soak_duration_in_minutes": 0,
                    "undrainable_node_behavior": ""
                  }
                ],
                "vm_size": "Standard_D2s_v7",
                "vnet_subnet_id": "/subscriptions/27735e1f-024e-4bb5-8d3f-6c6a5cd80f1e/resourceGroups/Softradix-AKS-RG/providers/Microsoft.Network/virtualNetworks/softradix-aks-vnet/subnets/softradix-aks-private-subnet-01",
                "workload_runtime": "",
                "zones": null
              }
            ],
            "disk_encryption_set_id": "",
            "dns_prefix": "softradix-aks",
            "dns_prefix_private_cluster": "",
            "edge_zone": "",
            "fqdn": "",
            "http_application_routing_enabled": false,
            "http_application_routing_zone_name": "",
            "http_proxy_config": [],
            "id": "/subscriptions/27735e1f-024e-4bb5-8d3f-6c6a5cd80f1e/resourceGroups/Softradix-AKS-RG/providers/Microsoft.ContainerService/managedClusters/softradix-aks-cluster",
            "identity": [
              {
                "identity_ids": null,
                "principal_id": "babc0f13-d9c2-4238-a020-46d6c24bf211",
                "tenant_id": "a2a74c22-d514-456c-be8d-b53d72517201",
                "type": "SystemAssigned"
              }
            ],
            "image_cleaner_enabled": null,
            "image_cleaner_interval_hours": null,
            "ingress_application_gateway": [],
            "key_management_service": [],
            "key_vault_secrets_provider": [],
            "kube_admin_config": [],
            "kube_admin_config_raw": "",
            "kube_config": [
              {
                "client_certificate": "LS0tLS1CRUdJTiBDRVJUSUZJQ0FURS0tLS0tCk1JSUZIVENDQXdXZ0F3SUJBZ0lRVDZsME5nd2N5KzNBYXNUcXhIU1FVekFOQmdrcWhraUc5dzBCQVFzRkFEQU4KTVFzd0NRWURWUVFERXdKallUQWVGdzB5TmpBM01ESXdOekl3TlRsYUZ3MHlPREEzTURJd056TXdOVGxhTURBeApGekFWQmdOVkJBb1REbk41YzNSbGJUcHRZWE4wWlhKek1SVXdFd1lEVlFRREV3eHRZWE4wWlhKamJHbGxiblF3CmdnSWlNQTBHQ1NxR1NJYjNEUUVCQVFVQUE0SUNEd0F3Z2dJS0FvSUNBUURIdjVIZVhOUmNzRTFUUzdwNUVJeHAKckJoRUVVQzZSaEh6M0U0cWd5OEx0dzZ6Z3F0ZVhrZHkvK2djaHRjc3FPeVFkVFRUTFRCUnlJdFJuL1ljcW11bgpJU2RreWRBS0lzU1VLQmhXdHd4RDM1clRhV1lnOE93c1Q0eWZpQ1BKQXBmVlFEZlF1VWxwanI2czEzMjBabldGCjVlQnVXU3J3WU1aZXJPR25kV3JMbkdWU3dFSUw5TUZQR21kUUFrZEdSZ0tiempJZlNSeVBwRWd4czM4U05ic1cKaTRtQTY4aHp2bTdKUmluK2VGbmFuc3ErNnhDNFpQSEUxQy9jT0tSM0liUHBJd0dxV0laOHVFSHdETHJWR2pMRQpLaTdFTkhYY2lxeUNGYUJVYm1NZFdLVG1XUlBsZ3M2ZTV5WEoxL29YZWNNYUVRR05lS2xxdkErWEpZWlE1ZG15Ck5oNGRHVmRVMDFIdDM2aEEyMDVXbFFRWGRhVW9ZZGpMY3IwTDBrV2JmRTlIeTY3a1JJWU5LOXZWVE9IbzRxaEoKQjE2YnBJWVEzNW85TTNjQnBJY1IyTHg3TFc2UElIRjZpYmlmRW81OThCSE1FNEJtN0NjUE01Mk1QMW1nSzA3dgpRalhyS0treiswQmY1RXB6dTd2QmZJZm4rL25uZGFkeWdLL200VmtHQXhPMjNsV1JVM0dqemNqTlFUWDBjZ3FiCm1PZFh3ZjErUHN4bWMwMEZSbDR1d3pwMGlGczRqWTIyQWhZdHNFSGY2MURIa2p0SGFBeXhYL0Z6YWhRRUh0YjMKNjNVMGozN2NRUGtzYnRzWFEwc0duVjBrVld5UVRidk43V1VUL0VndXp0WHQ0eDM4UHk1Sjk3eXk3aVMzN0o5cwp1OG41UzNRYXptbWVMK1lMcjJXSFRRSURBUUFCbzFZd1ZEQU9CZ05WSFE4QkFmOEVCQU1DQmFBd0V3WURWUjBsCkJBd3dDZ1lJS3dZQkJRVUhBd0l3REFZRFZSMFRBUUgvQkFJd0FEQWZCZ05WSFNNRUdEQVdnQlFzRW9ZSjcvY0UKeUpkU1dWUEFGcERDbEdxa3R6QU5CZ2txaGtpRzl3MEJBUXNGQUFPQ0FnRUFvbmd1SE8rS3VZNkFMdnNyNTg1UQpNUWJibGZIL1JkRzNnV09SNVk0eDZVek1zcjAwd21DYzVaUXpSY29aeFM0ZGw2U2Iya1U0U2VYWlFpSU5zSUh1CmxZMS9yaW9scjZxRDRzNmZKVmlIREdtR0pLbllaM2k0aVdMcXg4ZDVMcTBuN240NjA2STlWUXdZZEp6bGtINnUKWURxc1lEancySEdBVWJxZm51SUUvZUU1bXREandHUmVKOUcwSllyZktubklLamxqUlk4WFdzN29ZWVdBSHFPUApxNW4yTHhwS3VDWmluUys5ckllejBtU3ZRZGNBQzRQRTJaRy9zdmhxOFBPTTlMUVV1YXdqUXpCWGFnZDhNaVdyCnV5a0FINUVtT3FRVEtidURWV2tZWHpiQzN0cWVKMjA2M21XdUdUbmF0d3BxSzdYT2RWdjdUT2FiWFZUSmVOalEKVDE3Yy9SUUgrejU2OTFiK2haMzk0UVJxbWJTR25uRDJtWm5hRGx0czRRQkhIZ1NvcVZzWHhSZXRhT3hWMVBOSAp1VlVvcE4vd0pCblVENnd1TW14YnFBRzNUYm5PUWZtbGhnbkdab3NnTkNBVHd5TzVTM2JVQkN0K1lJR21KN2JPCnRKZmkzWXZQYm92V2JGK3lCWExyUWZQNzQwcjgyZ1VHUE9SQkpZaGlRa3VDRklEekxLYUJwMkkrWHdwT1N6WlQKeE12cm04Y0NPVGJJZjdKeU1uOXdYVy83VWNjclRBVnhuYnBSUnlkakZnUkxwcW5hZERwTEdRbWdnWHM2b1dRKwpOa3JJakhxRTBYNmtTQVNPL3Y0WW1sU3N1eW1SZ0Z6bnhMZmU4cVZkSmNObXV2a3dqWklicktsL3dvL2pXZFp6CnFBNUJ1VlNnVEtVRUNMK2ZzSERuT3pjPQotLS0tLUVORCBDRVJUSUZJQ0FURS0tLS0tCg==",
                "client_key": "LS0tLS1CRUdJTiBSU0EgUFJJVkFURSBLRVktLS0tLQpNSUlKS1FJQkFBS0NBZ0VBeDcrUjNselVYTEJOVTB1NmVSQ01hYXdZUkJGQXVrWVI4OXhPS29NdkM3Y09zNEtyClhsNUhjdi9vSEliWExLanNrSFUwMHkwd1VjaUxVWi8ySEtwcnB5RW5aTW5RQ2lMRWxDZ1lWcmNNUTkrYTAybG0KSVBEc0xFK01uNGdqeVFLWDFVQTMwTGxKYVk2K3JOZDl0R1oxaGVYZ2Jsa3E4R0RHWHF6aHAzVnF5NXhsVXNCQwpDL1RCVHhwblVBSkhSa1lDbTg0eUgwa2NqNlJJTWJOL0VqVzdGb3VKZ092SWM3NXV5VVlwL25oWjJwN0t2dXNRCnVHVHh4TlF2M0Rpa2R5R3o2U01CcWxpR2ZMaEI4QXk2MVJveXhDb3V4RFIxM0lxc2doV2dWRzVqSFZpazVsa1QKNVlMT251Y2x5ZGY2RjNuREdoRUJqWGlwYXJ3UGx5V0dVT1hac2pZZUhSbFhWTk5SN2Qrb1FOdE9WcFVFRjNXbApLR0hZeTNLOUM5SkZtM3hQUjh1dTVFU0dEU3ZiMVV6aDZPS29TUWRlbTZTR0VOK2FQVE4zQWFTSEVkaThleTF1Cmp5Qnhlb200bnhLT2ZmQVJ6Qk9BWnV3bkR6T2RqRDlab0N0TzcwSTE2eWlwTS90QVgrUktjN3U3d1h5SDUvdjUKNTNXbmNvQ3Y1dUZaQmdNVHR0NVZrVk54bzgzSXpVRTE5SElLbTVqblY4SDlmajdNWm5OTkJVWmVMc002ZEloYgpPSTJOdGdJV0xiQkIzK3RReDVJN1IyZ01zVi94YzJvVUJCN1c5K3QxTkk5KzNFRDVMRzdiRjBOTEJwMWRKRlZzCmtFMjd6ZTFsRS94SUxzN1Y3ZU1kL0Q4dVNmZThzdTRrdCt5ZmJMdkorVXQwR3M1cG5pL21DNjlsaDAwQ0F3RUEKQVFLQ0FnQURQenRMeTJQWVdJcXBQcU02c2VqV2FaUnJadGNQMnNabjd4T0dOV08xRG1DNnpQWk8yUkY5bVJOWQoyTEwwRXVXUU9PemNQSnZRZUlZVjZaZkNsNGZ3ZGpyWENldDJmcmVHQVFZdTdWZ25CNklvcXZTY3R5TTFCVEN3CkFkMHpEZlpuTjdLd2t6MG5tTWtZczRLNDhBRnhEOFRrMjZZMXRNZXZaUGdMYWlrMlEzQ1NOblhjWStUUWpiUDkKajZGQStkcGVWZ0puNThtdHZCU1ZyNVB5am4rMVpNZEl4VGNZOVR1RkloTGFCQjE4ZWFCVXdpcktGSTlVTjhRZgpadnhRR01nbjZMTWFPeDRwNE5vOE5nNFl4ZzJWTldwVk0zL0crZjl4T0pER28rb1FqQThDS2ozY2pwSjFSWG41CkhLaFZiQWFlaklXTjhJR0YyVkRDT3VYdFlybkxMYzNEeEk5TVVZTFhPRXBzV3lJTGJoMjdHT0o0bFBEMmVGMlgKbFpDRi9XN051eFczYkdkNGxVdWY1YW9Bdi84Q3lxcE5RRmw2R3BMR0tvSU03NjRPV2F6V29rWUVUejdLTGpEeQorVk1RemYra2RKYzZXR1YyZm9uY0hQdXNjTCszeGZIKzl2TzB3K1BzcGZPbjZKRC9CclUySzRhMUZTcExDMUUwCkdRVGc3Snhqd2xHZWRuSUhyWmtEMmVZdG5nai9XMFRuaXRxT1IxYXJFN0JTcDNXeWU1RHBWWkx1ejNiTTUrZDEKOHc5eDMvbTZvb21vU1lRYTZQMjFxMGQ0dWdaWFpWbmJSTDFLcXRJWWtuSlpBOTl0RXpqOWJBeVNMa3YwczRmZworUFhzTktiTkhTTUlSMGRpYzNRenhEZ2RtRmoyalFJSkRKSjlBVWZRMkRNN2dLMVFNUUtDQVFFQTZRM0JVUWhwCkJDU1hZaGlkaUVYNkw5ZllxOTJRQUdMdnBhYVlnSm5oQ3Y4UFdsUmRJOUd1U3ovd2VNaG10dWRIY0pOYTVlK1AKcGplb2FNTlRtcm82WjhHdFFGZ0FyeHluNWhucnZDeHhXOVN5M3lFNWRXSmpNTGI4Q2VoZk9CQUxNRVB4WUE5VgprNkpSVDc3eVFZQldhMEphV3ZjOHRZZ1FOTS9CQjVnTUhzbHM2dTZwcmtCR0Q0YjRUeHBFMTA3RW0wdlQydGFSCnhpOWVFaG1IZ0M0d3pwc1M4TkNWWk5WYWhrUzNjN29wTERXSUp3VVdnTHBNU0t2bys3YVVGVUZKVGo3VjV2Rk0KeS9HZWFFVVFvYmF6WXMrR1ViZEhGZy9KamprVzlKSWZKdFNaNTFleHJtcXQ4cFc1SXF1cXFiK0wzRHNkbE0raQpTTUZZVk50VEp6aGlUd0tDQVFFQTIycFZkT2lBbWQ5T0RHS2dZeDNhUmlLcGZtM1o0alhyZ0g4N3hhRkRHcDFSClRQWDF6QkJvb0NpVllVS1VtQnRVZllvN1RTYThmSFZPb3V1UUpVYS9KODJOdlRFcmRNQjBocXd5b1lIbDRCRHYKTFJRam55OVB2RlBTejBrdWxmaVpCR0kzdHFoYTBTOFJwMkFnQmJXV3RvcU1mWTQzSGRSY0pHZ2paT1MyNC9sMQpnK1JRWnBpcWFJc3MveFBLeVlaUm85VW5DMzV3KzIzK2hZejErZ0lIUTVZeGswL3BaRDk2TzZabk5tMkpZNUVyCksyRzZPOUExdW9ibmJoZEV2b08zK3Nuczd1Z09Ud254aWpXMjlXc1dDVnNvMFpFdmlZQmM3UGhJY1dOd0huaTcKenVJbGZBVGdPV0Y1Mm85ZFFBUlpNTXlGaWpmTDRieEVrZmpaamhGaG93S0NBUUJ6dnc0bEZiMDZmb1hsQlg2dgo0TGxhSzZTRDd6Mkd3NXhzTkNxSHJHVTFsZW5sSGdOSU4rcU5td3J1b2ZGSm8rSTZTaVVhRC9uVFBzOVlnTEkwCkpZdStYbFdTb0dKdWxoZlpVMFJlSitDQkVFbHFRbEVNT0xvMHhweTB1d0VYa2ZoTWwySDVLSVNERjFtMDlvdlEKOWxGMVlmWUlPY1NnRUJ5a2JnNWJuQ3RnMnY5S1N4Qmc1N0VrSXcrT0VlamcybEVSSS83ck1DZ2tPd0JJa3Y5VwpMUnEyY2hSZEgrc2lza2dNYVhLSGVvemFWUmZ5OFRiMDVoSGZBZXByb1lrNGFUMWtMQmNHWlErVU5zTkszQXBmCmxxTFBUMnhSaDJvNXpjdDM1R2kvUFJkVnJMOW5RNG1PcTVNSzZVdVNxWm5RUnI3S3VWMSt2QVRJaDZZOE50VzgKbytkSEFvSUJBUUM0UjB4U2pkdEVZSG5xaVFMdmUra1FzcGZyNlZMdlhCM1lwQU9OYm0wdmN5VVBJQnc2TVNYTwpMWWVZVWhUKzB5Vlk4cm52aURNUnpHd3BCUExoZTlPY0dGV01xamszSzFReXIza3VrQ3lDelhZelJCRE81eXR1Cm5uQVZTLzltVVk0aVVtTThjNVVpendkaXJhYjNaSldaNWk4c1hEOEtQSXJPd08vSkV4WlB6Zm5XdGZDWTJtdDAKdGo4cVZITWlZajg2L0JCNDVNNzdQRnhoeWd2azE4TkdEbVRBdG9Mc2dTdWw0WklaOGxGTFlHY0RYbWJOU1lkMgppMHJmK1lieEF5dUg1QU9zZXhWWmFKNkdWNnE3NEI1MzZTb1ZLSHptWFBxdXc3QUVHMkhWRmMyV2FmVFZmanJiCnRuUmpEYmxoeE1VcjZQblhKaG1FRTF6N3hDYmozTkZGQW9JQkFRRGVza1dzMXdMcXkwU082Z1QvdElxVlRYTnAKMGJZZWpZS1JPZFZVQ1gxWHJWMDcrU2xRajRJZmN3RXNZL0F2OU9IUXdQNjJHS1puMmpxTldEZ3g4Q0FuWVRzbgo5a0dUTHUvTlMzYWpQam1ET1d3a1hFMTQ5Tjc2andxNElESm1XTk5CaXZ6VUJvelJFbXlQRTMxYjMvQ0NmSURaCmRXWi93SXdPTFd2Z0hQWlFPRU5yb0pMNmxySU44QVJmMmVteFlKV0RROFA0Ym5FT2pUR1FkbmkyZkVPUVNxTHIKRnF0cnM3clpSZWpVeUc5UkFHMmFOTm1FSWhzYXdnZ2g2eTIzOG5VY09BenQvbWdkTk1wZExGZmlMOGFtL0JlYgpsd0ZWM1duUzJSNmlEWVViM2QzanF5R3ZrTEdBMG83aElOcmVwSGlQajBTZG9ORmE2cGVDd3gydVpoT0YKLS0tLS1FTkQgUlNBIFBSSVZBVEUgS0VZLS0tLS0K",
                "cluster_ca_certificate": "LS0tLS1CRUdJTiBDRVJUSUZJQ0FURS0tLS0tCk1JSUU2RENDQXRDZ0F3SUJBZ0lRTDZMNDBCL2VMNFk0ZUJaVHZockY1akFOQmdrcWhraUc5dzBCQVFzRkFEQU4KTVFzd0NRWURWUVFERXdKallUQWdGdzB5TmpBM01ESXdOekl3TlRsYUdBOHlNRFUyTURjd01qQTNNekExT1ZvdwpEVEVMTUFrR0ExVUVBeE1DWTJFd2dnSWlNQTBHQ1NxR1NJYjNEUUVCQVFVQUE0SUNEd0F3Z2dJS0FvSUNBUURFCnltRjlIT3hFdStUcTBBQ05RWlpSckkwVGRtUVJ5ZmpyZVYrL3Axekh4b0hUN2RaNW81L2hTUGpXOHhhWTF1cHUKM2krSmtBUkRzTmlFRVplcmNPeHBaamZKRHpmQmIrNWlNektoUUVXc0prRWdFZFJjTlBuT2RNSTdKeWU0V1dxdwovUDNxd3doOEdVRG9HRGRNb0hTYTlwZ1cxdkEwdHBqZkxscGZ5Rkd1bHVYdW5naDRQbmIvQ2xscnc5RG04ZVIzCmE1ejR2ekV6cjlxVlVXdjN4Z1o4dVRqMGZzdW5ZYkZVRU1YcmxjNVhiUktHT1lNWVZtUm0rWUVvQms5cEhiZ08KU24yWFVUMXloRFdFU1VUSlpvWTBMT1NjSGdvblEvU0hXK0tqVFNuQ0M0bjBxQURKQzRuRjdtTUQrazBEbERNQQpYMzhoSFh6N010MUZLS0VGak9IUXpKeTJXVlp1SzhqaEFUM2J1V2Q4OEhzMnhnVWJ4QjV3VXJMREc5dGJLbXVUCmx5U0s3RU44RVBRNDVGazNlU1JGejU3K1BRZS9xOE4rbUpUbEYvdm4wUHM0Y1R5aytNREYxQnhwcWNXcEN1QVgKcHY5K21HRmF6RUdBbnduWVN4anFNYkU3L1JMSGJ3MGZDSWJDREppZ1E5ekF3WXNONHdwbzZXL2RzRUhCSEpacAptWGRiTGJrU2RCZGdTOWY1ZEV0Nms3YnVQaWg4Szl4L0Rzd2R0U09ZNzljTW5jTkhZQUNGcEQ4ZnJFUW1SSm9RCkIxTHdUa1NYUkI2TkpJVyttOXNvMW5HaDBEQmNRM3UyNnJCdUtFb0xNa3gxaExlVkUwT01GOFRZNy9neGt1Z1EKNUZ5b1RqT24xa3FXS204SFgwRnJJQ0tvUnRud212MnFoQVdJaXR4dEN3SURBUUFCbzBJd1FEQU9CZ05WSFE4QgpBZjhFQkFNQ0FxUXdEd1lEVlIwVEFRSC9CQVV3QXdFQi96QWRCZ05WSFE0RUZnUVVMQktHQ2UvM0JNaVhVbGxUCndCYVF3cFJxcExjd0RRWUpLb1pJaHZjTkFRRUxCUUFEZ2dJQkFIMFlIWGZCSjNpUUZRQUJXYXRYcnJId2VsTUkKNUY3ZG1BdTJ3aFViWmhTYTAyS3lUZEpjRmNEY0Rnek5CZFhkQmdUY0ZJemsvb09nSGJmY1JxN3RvVDZFZERXZQpVL1dOanZmclNOVHovRDJXV3lHUHR2WlZUSU5RQ3lQZmJpRjFnQTJoWkNwdHBGOXVPNHJnRmtQUUdpRU9paUZCCkdyZ0g4dGd3ak82VWpzMTd6aWlHNHZ1U1FIdU5Nb2dYS1Z4Qk9MaTF0aUJSYmdhaG9lZ2ZmYXBKQ2dFbVV2V00KS2hudkN4QzZGaVVyaHFlMXkrSnd2WjM4M1hlZUFHeHhPM1hVMjFtMU13dVkzM3ZzVEVkZUgvb1R3em9jL1p1LwpJOEZuTXBtNFU3eWJHN3FGYytkWjhseUo4KzhPejlwZXgzY1g3SWcxQVVxM1RuK3RXUS9EZnQrV3lENFN0RXhDCnhkMXNQanozLzZDcWRxKzdITEI4aHpOQ3k2YVBNQWo5dHZFYkFvaU14b2VEKzlUWFZySVlFTEhJNjNYSGpGYmYKMkNQMEdHOGUyUEtOU2FhUWJpVEIvVEFwU0ROVGoxL0tsWXJxMmtmTWVHT2RkOXBzRW5SMDR5UmwzYS9oWnFYRAp5Z0ZzSzdTNkVCTGJLZEF4U2ZNbU1IVTZsdFBoYkwvZXh4Mkd3WlU1Z3pMMlVXQUNzREJQd0NCTlRBc2tYSS9UCm8rMnNQTHp6UC9qR09Nb0UvWUFvM2FTQTNRaXNiSlB5SElEVTN0QitRU3A3NzA2N2JwZHNIa1lDWFVTdkh2OEwKNGc5SXRVU2hpeTVkNWI0NjBjWGQ5S1JYbGVGS1RsRTl2elREV093bW1USGhySVdpeEhoN1kyVGl2WWZqT0NvUgo5WUZKOEs5dEF3QWl1NlVqCi0tLS0tRU5EIENFUlRJRklDQVRFLS0tLS0K",
                "host": "https://softradix-aks-0ayeqclh.7180a45e-63e4-4e97-a437-68cf5eeafab9.privatelink.eastus.azmk8s.io:443",
                "password": "467l3oqfj4cieay44d9ry0a9z80mapndc54byi85afh3w5g6cx61h6ikoqgxoy373rk77gbecpkzeu6c6eyag5il6mqufa5u6u135mhfm0ckewcjhus4yuulje238i2n",
                "username": "clusterUser_Softradix-AKS-RG_softradix-aks-cluster"
              }
            ],
            "kube_config_raw": "apiVersion: v1\nclusters:\n- cluster:\n    certificate-authority-data: LS0tLS1CRUdJTiBDRVJUSUZJQ0FURS0tLS0tCk1JSUU2RENDQXRDZ0F3SUJBZ0lRTDZMNDBCL2VMNFk0ZUJaVHZockY1akFOQmdrcWhraUc5dzBCQVFzRkFEQU4KTVFzd0NRWURWUVFERXdKallUQWdGdzB5TmpBM01ESXdOekl3TlRsYUdBOHlNRFUyTURjd01qQTNNekExT1ZvdwpEVEVMTUFrR0ExVUVBeE1DWTJFd2dnSWlNQTBHQ1NxR1NJYjNEUUVCQVFVQUE0SUNEd0F3Z2dJS0FvSUNBUURFCnltRjlIT3hFdStUcTBBQ05RWlpSckkwVGRtUVJ5ZmpyZVYrL3Axekh4b0hUN2RaNW81L2hTUGpXOHhhWTF1cHUKM2krSmtBUkRzTmlFRVplcmNPeHBaamZKRHpmQmIrNWlNektoUUVXc0prRWdFZFJjTlBuT2RNSTdKeWU0V1dxdwovUDNxd3doOEdVRG9HRGRNb0hTYTlwZ1cxdkEwdHBqZkxscGZ5Rkd1bHVYdW5naDRQbmIvQ2xscnc5RG04ZVIzCmE1ejR2ekV6cjlxVlVXdjN4Z1o4dVRqMGZzdW5ZYkZVRU1YcmxjNVhiUktHT1lNWVZtUm0rWUVvQms5cEhiZ08KU24yWFVUMXloRFdFU1VUSlpvWTBMT1NjSGdvblEvU0hXK0tqVFNuQ0M0bjBxQURKQzRuRjdtTUQrazBEbERNQQpYMzhoSFh6N010MUZLS0VGak9IUXpKeTJXVlp1SzhqaEFUM2J1V2Q4OEhzMnhnVWJ4QjV3VXJMREc5dGJLbXVUCmx5U0s3RU44RVBRNDVGazNlU1JGejU3K1BRZS9xOE4rbUpUbEYvdm4wUHM0Y1R5aytNREYxQnhwcWNXcEN1QVgKcHY5K21HRmF6RUdBbnduWVN4anFNYkU3L1JMSGJ3MGZDSWJDREppZ1E5ekF3WXNONHdwbzZXL2RzRUhCSEpacAptWGRiTGJrU2RCZGdTOWY1ZEV0Nms3YnVQaWg4Szl4L0Rzd2R0U09ZNzljTW5jTkhZQUNGcEQ4ZnJFUW1SSm9RCkIxTHdUa1NYUkI2TkpJVyttOXNvMW5HaDBEQmNRM3UyNnJCdUtFb0xNa3gxaExlVkUwT01GOFRZNy9neGt1Z1EKNUZ5b1RqT24xa3FXS204SFgwRnJJQ0tvUnRud212MnFoQVdJaXR4dEN3SURBUUFCbzBJd1FEQU9CZ05WSFE4QgpBZjhFQkFNQ0FxUXdEd1lEVlIwVEFRSC9CQVV3QXdFQi96QWRCZ05WSFE0RUZnUVVMQktHQ2UvM0JNaVhVbGxUCndCYVF3cFJxcExjd0RRWUpLb1pJaHZjTkFRRUxCUUFEZ2dJQkFIMFlIWGZCSjNpUUZRQUJXYXRYcnJId2VsTUkKNUY3ZG1BdTJ3aFViWmhTYTAyS3lUZEpjRmNEY0Rnek5CZFhkQmdUY0ZJemsvb09nSGJmY1JxN3RvVDZFZERXZQpVL1dOanZmclNOVHovRDJXV3lHUHR2WlZUSU5RQ3lQZmJpRjFnQTJoWkNwdHBGOXVPNHJnRmtQUUdpRU9paUZCCkdyZ0g4dGd3ak82VWpzMTd6aWlHNHZ1U1FIdU5Nb2dYS1Z4Qk9MaTF0aUJSYmdhaG9lZ2ZmYXBKQ2dFbVV2V00KS2hudkN4QzZGaVVyaHFlMXkrSnd2WjM4M1hlZUFHeHhPM1hVMjFtMU13dVkzM3ZzVEVkZUgvb1R3em9jL1p1LwpJOEZuTXBtNFU3eWJHN3FGYytkWjhseUo4KzhPejlwZXgzY1g3SWcxQVVxM1RuK3RXUS9EZnQrV3lENFN0RXhDCnhkMXNQanozLzZDcWRxKzdITEI4aHpOQ3k2YVBNQWo5dHZFYkFvaU14b2VEKzlUWFZySVlFTEhJNjNYSGpGYmYKMkNQMEdHOGUyUEtOU2FhUWJpVEIvVEFwU0ROVGoxL0tsWXJxMmtmTWVHT2RkOXBzRW5SMDR5UmwzYS9oWnFYRAp5Z0ZzSzdTNkVCTGJLZEF4U2ZNbU1IVTZsdFBoYkwvZXh4Mkd3WlU1Z3pMMlVXQUNzREJQd0NCTlRBc2tYSS9UCm8rMnNQTHp6UC9qR09Nb0UvWUFvM2FTQTNRaXNiSlB5SElEVTN0QitRU3A3NzA2N2JwZHNIa1lDWFVTdkh2OEwKNGc5SXRVU2hpeTVkNWI0NjBjWGQ5S1JYbGVGS1RsRTl2elREV093bW1USGhySVdpeEhoN1kyVGl2WWZqT0NvUgo5WUZKOEs5dEF3QWl1NlVqCi0tLS0tRU5EIENFUlRJRklDQVRFLS0tLS0K\n    server: https://softradix-aks-0ayeqclh.7180a45e-63e4-4e97-a437-68cf5eeafab9.privatelink.eastus.azmk8s.io:443\n  name: softradix-aks-cluster\ncontexts:\n- context:\n    cluster: softradix-aks-cluster\n    user: clusterUser_Softradix-AKS-RG_softradix-aks-cluster\n  name: softradix-aks-cluster\ncurrent-context: softradix-aks-cluster\nkind: Config\nusers:\n- name: clusterUser_Softradix-AKS-RG_softradix-aks-cluster\n  user:\n    client-certificate-data: LS0tLS1CRUdJTiBDRVJUSUZJQ0FURS0tLS0tCk1JSUZIVENDQXdXZ0F3SUJBZ0lRVDZsME5nd2N5KzNBYXNUcXhIU1FVekFOQmdrcWhraUc5dzBCQVFzRkFEQU4KTVFzd0NRWURWUVFERXdKallUQWVGdzB5TmpBM01ESXdOekl3TlRsYUZ3MHlPREEzTURJd056TXdOVGxhTURBeApGekFWQmdOVkJBb1REbk41YzNSbGJUcHRZWE4wWlhKek1SVXdFd1lEVlFRREV3eHRZWE4wWlhKamJHbGxiblF3CmdnSWlNQTBHQ1NxR1NJYjNEUUVCQVFVQUE0SUNEd0F3Z2dJS0FvSUNBUURIdjVIZVhOUmNzRTFUUzdwNUVJeHAKckJoRUVVQzZSaEh6M0U0cWd5OEx0dzZ6Z3F0ZVhrZHkvK2djaHRjc3FPeVFkVFRUTFRCUnlJdFJuL1ljcW11bgpJU2RreWRBS0lzU1VLQmhXdHd4RDM1clRhV1lnOE93c1Q0eWZpQ1BKQXBmVlFEZlF1VWxwanI2czEzMjBabldGCjVlQnVXU3J3WU1aZXJPR25kV3JMbkdWU3dFSUw5TUZQR21kUUFrZEdSZ0tiempJZlNSeVBwRWd4czM4U05ic1cKaTRtQTY4aHp2bTdKUmluK2VGbmFuc3ErNnhDNFpQSEUxQy9jT0tSM0liUHBJd0dxV0laOHVFSHdETHJWR2pMRQpLaTdFTkhYY2lxeUNGYUJVYm1NZFdLVG1XUlBsZ3M2ZTV5WEoxL29YZWNNYUVRR05lS2xxdkErWEpZWlE1ZG15Ck5oNGRHVmRVMDFIdDM2aEEyMDVXbFFRWGRhVW9ZZGpMY3IwTDBrV2JmRTlIeTY3a1JJWU5LOXZWVE9IbzRxaEoKQjE2YnBJWVEzNW85TTNjQnBJY1IyTHg3TFc2UElIRjZpYmlmRW81OThCSE1FNEJtN0NjUE01Mk1QMW1nSzA3dgpRalhyS0treiswQmY1RXB6dTd2QmZJZm4rL25uZGFkeWdLL200VmtHQXhPMjNsV1JVM0dqemNqTlFUWDBjZ3FiCm1PZFh3ZjErUHN4bWMwMEZSbDR1d3pwMGlGczRqWTIyQWhZdHNFSGY2MURIa2p0SGFBeXhYL0Z6YWhRRUh0YjMKNjNVMGozN2NRUGtzYnRzWFEwc0duVjBrVld5UVRidk43V1VUL0VndXp0WHQ0eDM4UHk1Sjk3eXk3aVMzN0o5cwp1OG41UzNRYXptbWVMK1lMcjJXSFRRSURBUUFCbzFZd1ZEQU9CZ05WSFE4QkFmOEVCQU1DQmFBd0V3WURWUjBsCkJBd3dDZ1lJS3dZQkJRVUhBd0l3REFZRFZSMFRBUUgvQkFJd0FEQWZCZ05WSFNNRUdEQVdnQlFzRW9ZSjcvY0UKeUpkU1dWUEFGcERDbEdxa3R6QU5CZ2txaGtpRzl3MEJBUXNGQUFPQ0FnRUFvbmd1SE8rS3VZNkFMdnNyNTg1UQpNUWJibGZIL1JkRzNnV09SNVk0eDZVek1zcjAwd21DYzVaUXpSY29aeFM0ZGw2U2Iya1U0U2VYWlFpSU5zSUh1CmxZMS9yaW9scjZxRDRzNmZKVmlIREdtR0pLbllaM2k0aVdMcXg4ZDVMcTBuN240NjA2STlWUXdZZEp6bGtINnUKWURxc1lEancySEdBVWJxZm51SUUvZUU1bXREandHUmVKOUcwSllyZktubklLamxqUlk4WFdzN29ZWVdBSHFPUApxNW4yTHhwS3VDWmluUys5ckllejBtU3ZRZGNBQzRQRTJaRy9zdmhxOFBPTTlMUVV1YXdqUXpCWGFnZDhNaVdyCnV5a0FINUVtT3FRVEtidURWV2tZWHpiQzN0cWVKMjA2M21XdUdUbmF0d3BxSzdYT2RWdjdUT2FiWFZUSmVOalEKVDE3Yy9SUUgrejU2OTFiK2haMzk0UVJxbWJTR25uRDJtWm5hRGx0czRRQkhIZ1NvcVZzWHhSZXRhT3hWMVBOSAp1VlVvcE4vd0pCblVENnd1TW14YnFBRzNUYm5PUWZtbGhnbkdab3NnTkNBVHd5TzVTM2JVQkN0K1lJR21KN2JPCnRKZmkzWXZQYm92V2JGK3lCWExyUWZQNzQwcjgyZ1VHUE9SQkpZaGlRa3VDRklEekxLYUJwMkkrWHdwT1N6WlQKeE12cm04Y0NPVGJJZjdKeU1uOXdYVy83VWNjclRBVnhuYnBSUnlkakZnUkxwcW5hZERwTEdRbWdnWHM2b1dRKwpOa3JJakhxRTBYNmtTQVNPL3Y0WW1sU3N1eW1SZ0Z6bnhMZmU4cVZkSmNObXV2a3dqWklicktsL3dvL2pXZFp6CnFBNUJ1VlNnVEtVRUNMK2ZzSERuT3pjPQotLS0tLUVORCBDRVJUSUZJQ0FURS0tLS0tCg==\n    client-key-data: LS0tLS1CRUdJTiBSU0EgUFJJVkFURSBLRVktLS0tLQpNSUlKS1FJQkFBS0NBZ0VBeDcrUjNselVYTEJOVTB1NmVSQ01hYXdZUkJGQXVrWVI4OXhPS29NdkM3Y09zNEtyClhsNUhjdi9vSEliWExLanNrSFUwMHkwd1VjaUxVWi8ySEtwcnB5RW5aTW5RQ2lMRWxDZ1lWcmNNUTkrYTAybG0KSVBEc0xFK01uNGdqeVFLWDFVQTMwTGxKYVk2K3JOZDl0R1oxaGVYZ2Jsa3E4R0RHWHF6aHAzVnF5NXhsVXNCQwpDL1RCVHhwblVBSkhSa1lDbTg0eUgwa2NqNlJJTWJOL0VqVzdGb3VKZ092SWM3NXV5VVlwL25oWjJwN0t2dXNRCnVHVHh4TlF2M0Rpa2R5R3o2U01CcWxpR2ZMaEI4QXk2MVJveXhDb3V4RFIxM0lxc2doV2dWRzVqSFZpazVsa1QKNVlMT251Y2x5ZGY2RjNuREdoRUJqWGlwYXJ3UGx5V0dVT1hac2pZZUhSbFhWTk5SN2Qrb1FOdE9WcFVFRjNXbApLR0hZeTNLOUM5SkZtM3hQUjh1dTVFU0dEU3ZiMVV6aDZPS29TUWRlbTZTR0VOK2FQVE4zQWFTSEVkaThleTF1Cmp5Qnhlb200bnhLT2ZmQVJ6Qk9BWnV3bkR6T2RqRDlab0N0TzcwSTE2eWlwTS90QVgrUktjN3U3d1h5SDUvdjUKNTNXbmNvQ3Y1dUZaQmdNVHR0NVZrVk54bzgzSXpVRTE5SElLbTVqblY4SDlmajdNWm5OTkJVWmVMc002ZEloYgpPSTJOdGdJV0xiQkIzK3RReDVJN1IyZ01zVi94YzJvVUJCN1c5K3QxTkk5KzNFRDVMRzdiRjBOTEJwMWRKRlZzCmtFMjd6ZTFsRS94SUxzN1Y3ZU1kL0Q4dVNmZThzdTRrdCt5ZmJMdkorVXQwR3M1cG5pL21DNjlsaDAwQ0F3RUEKQVFLQ0FnQURQenRMeTJQWVdJcXBQcU02c2VqV2FaUnJadGNQMnNabjd4T0dOV08xRG1DNnpQWk8yUkY5bVJOWQoyTEwwRXVXUU9PemNQSnZRZUlZVjZaZkNsNGZ3ZGpyWENldDJmcmVHQVFZdTdWZ25CNklvcXZTY3R5TTFCVEN3CkFkMHpEZlpuTjdLd2t6MG5tTWtZczRLNDhBRnhEOFRrMjZZMXRNZXZaUGdMYWlrMlEzQ1NOblhjWStUUWpiUDkKajZGQStkcGVWZ0puNThtdHZCU1ZyNVB5am4rMVpNZEl4VGNZOVR1RkloTGFCQjE4ZWFCVXdpcktGSTlVTjhRZgpadnhRR01nbjZMTWFPeDRwNE5vOE5nNFl4ZzJWTldwVk0zL0crZjl4T0pER28rb1FqQThDS2ozY2pwSjFSWG41CkhLaFZiQWFlaklXTjhJR0YyVkRDT3VYdFlybkxMYzNEeEk5TVVZTFhPRXBzV3lJTGJoMjdHT0o0bFBEMmVGMlgKbFpDRi9XN051eFczYkdkNGxVdWY1YW9Bdi84Q3lxcE5RRmw2R3BMR0tvSU03NjRPV2F6V29rWUVUejdLTGpEeQorVk1RemYra2RKYzZXR1YyZm9uY0hQdXNjTCszeGZIKzl2TzB3K1BzcGZPbjZKRC9CclUySzRhMUZTcExDMUUwCkdRVGc3Snhqd2xHZWRuSUhyWmtEMmVZdG5nai9XMFRuaXRxT1IxYXJFN0JTcDNXeWU1RHBWWkx1ejNiTTUrZDEKOHc5eDMvbTZvb21vU1lRYTZQMjFxMGQ0dWdaWFpWbmJSTDFLcXRJWWtuSlpBOTl0RXpqOWJBeVNMa3YwczRmZworUFhzTktiTkhTTUlSMGRpYzNRenhEZ2RtRmoyalFJSkRKSjlBVWZRMkRNN2dLMVFNUUtDQVFFQTZRM0JVUWhwCkJDU1hZaGlkaUVYNkw5ZllxOTJRQUdMdnBhYVlnSm5oQ3Y4UFdsUmRJOUd1U3ovd2VNaG10dWRIY0pOYTVlK1AKcGplb2FNTlRtcm82WjhHdFFGZ0FyeHluNWhucnZDeHhXOVN5M3lFNWRXSmpNTGI4Q2VoZk9CQUxNRVB4WUE5VgprNkpSVDc3eVFZQldhMEphV3ZjOHRZZ1FOTS9CQjVnTUhzbHM2dTZwcmtCR0Q0YjRUeHBFMTA3RW0wdlQydGFSCnhpOWVFaG1IZ0M0d3pwc1M4TkNWWk5WYWhrUzNjN29wTERXSUp3VVdnTHBNU0t2bys3YVVGVUZKVGo3VjV2Rk0KeS9HZWFFVVFvYmF6WXMrR1ViZEhGZy9KamprVzlKSWZKdFNaNTFleHJtcXQ4cFc1SXF1cXFiK0wzRHNkbE0raQpTTUZZVk50VEp6aGlUd0tDQVFFQTIycFZkT2lBbWQ5T0RHS2dZeDNhUmlLcGZtM1o0alhyZ0g4N3hhRkRHcDFSClRQWDF6QkJvb0NpVllVS1VtQnRVZllvN1RTYThmSFZPb3V1UUpVYS9KODJOdlRFcmRNQjBocXd5b1lIbDRCRHYKTFJRam55OVB2RlBTejBrdWxmaVpCR0kzdHFoYTBTOFJwMkFnQmJXV3RvcU1mWTQzSGRSY0pHZ2paT1MyNC9sMQpnK1JRWnBpcWFJc3MveFBLeVlaUm85VW5DMzV3KzIzK2hZejErZ0lIUTVZeGswL3BaRDk2TzZabk5tMkpZNUVyCksyRzZPOUExdW9ibmJoZEV2b08zK3Nuczd1Z09Ud254aWpXMjlXc1dDVnNvMFpFdmlZQmM3UGhJY1dOd0huaTcKenVJbGZBVGdPV0Y1Mm85ZFFBUlpNTXlGaWpmTDRieEVrZmpaamhGaG93S0NBUUJ6dnc0bEZiMDZmb1hsQlg2dgo0TGxhSzZTRDd6Mkd3NXhzTkNxSHJHVTFsZW5sSGdOSU4rcU5td3J1b2ZGSm8rSTZTaVVhRC9uVFBzOVlnTEkwCkpZdStYbFdTb0dKdWxoZlpVMFJlSitDQkVFbHFRbEVNT0xvMHhweTB1d0VYa2ZoTWwySDVLSVNERjFtMDlvdlEKOWxGMVlmWUlPY1NnRUJ5a2JnNWJuQ3RnMnY5S1N4Qmc1N0VrSXcrT0VlamcybEVSSS83ck1DZ2tPd0JJa3Y5VwpMUnEyY2hSZEgrc2lza2dNYVhLSGVvemFWUmZ5OFRiMDVoSGZBZXByb1lrNGFUMWtMQmNHWlErVU5zTkszQXBmCmxxTFBUMnhSaDJvNXpjdDM1R2kvUFJkVnJMOW5RNG1PcTVNSzZVdVNxWm5RUnI3S3VWMSt2QVRJaDZZOE50VzgKbytkSEFvSUJBUUM0UjB4U2pkdEVZSG5xaVFMdmUra1FzcGZyNlZMdlhCM1lwQU9OYm0wdmN5VVBJQnc2TVNYTwpMWWVZVWhUKzB5Vlk4cm52aURNUnpHd3BCUExoZTlPY0dGV01xamszSzFReXIza3VrQ3lDelhZelJCRE81eXR1Cm5uQVZTLzltVVk0aVVtTThjNVVpendkaXJhYjNaSldaNWk4c1hEOEtQSXJPd08vSkV4WlB6Zm5XdGZDWTJtdDAKdGo4cVZITWlZajg2L0JCNDVNNzdQRnhoeWd2azE4TkdEbVRBdG9Mc2dTdWw0WklaOGxGTFlHY0RYbWJOU1lkMgppMHJmK1lieEF5dUg1QU9zZXhWWmFKNkdWNnE3NEI1MzZTb1ZLSHptWFBxdXc3QUVHMkhWRmMyV2FmVFZmanJiCnRuUmpEYmxoeE1VcjZQblhKaG1FRTF6N3hDYmozTkZGQW9JQkFRRGVza1dzMXdMcXkwU082Z1QvdElxVlRYTnAKMGJZZWpZS1JPZFZVQ1gxWHJWMDcrU2xRajRJZmN3RXNZL0F2OU9IUXdQNjJHS1puMmpxTldEZ3g4Q0FuWVRzbgo5a0dUTHUvTlMzYWpQam1ET1d3a1hFMTQ5Tjc2andxNElESm1XTk5CaXZ6VUJvelJFbXlQRTMxYjMvQ0NmSURaCmRXWi93SXdPTFd2Z0hQWlFPRU5yb0pMNmxySU44QVJmMmVteFlKV0RROFA0Ym5FT2pUR1FkbmkyZkVPUVNxTHIKRnF0cnM3clpSZWpVeUc5UkFHMmFOTm1FSWhzYXdnZ2g2eTIzOG5VY09BenQvbWdkTk1wZExGZmlMOGFtL0JlYgpsd0ZWM1duUzJSNmlEWVViM2QzanF5R3ZrTEdBMG83aElOcmVwSGlQajBTZG9ORmE2cGVDd3gydVpoT0YKLS0tLS1FTkQgUlNBIFBSSVZBVEUgS0VZLS0tLS0K\n    token: 467l3oqfj4cieay44d9ry0a9z80mapndc54byi85afh3w5g6cx61h6ikoqgxoy373rk77gbecpkzeu6c6eyag5il6mqufa5u6u135mhfm0ckewcjhus4yuulje238i2n\n",
            "kubelet_identity": [
              {
                "client_id": "78eee7be-ddb3-4c38-a767-ad2f5c9a3c58",
                "object_id": "6d2b8733-2fc9-4ed7-9d7a-a0dd555012fe",
                "user_assigned_identity_id": "/subscriptions/27735e1f-024e-4bb5-8d3f-6c6a5cd80f1e/resourceGroups/MC_Softradix-AKS-RG_softradix-aks-cluster_eastus/providers/Microsoft.ManagedIdentity/userAssignedIdentities/softradix-aks-cluster-agentpool"
              }
            ],
            "kubernetes_version": "1.36.1",
            "linux_profile": [],
            "local_account_disabled": false,
            "location": "eastus",
            "maintenance_window": [],
            "maintenance_window_auto_upgrade": [],
            "maintenance_window_node_os": [],
            "microsoft_defender": [],
            "monitor_metrics": [],
            "name": "softradix-aks-cluster",
            "network_profile": [
              {
                "advanced_networking": [],
                "dns_service_ip": "172.16.0.10",
                "ip_versions": [
                  "IPv4"
                ],
                "load_balancer_profile": [
                  {
                    "backend_pool_type": "NodeIPConfiguration",
                    "effective_outbound_ips": [
                      "/subscriptions/27735e1f-024e-4bb5-8d3f-6c6a5cd80f1e/resourceGroups/MC_Softradix-AKS-RG_softradix-aks-cluster_eastus/providers/Microsoft.Network/publicIPAddresses/b6d46773-6a66-4173-b97b-f497aa39b3bc"
                    ],
                    "idle_timeout_in_minutes": 0,
                    "managed_outbound_ip_count": 1,
                    "managed_outbound_ipv6_count": 0,
                    "outbound_ip_address_ids": [],
                    "outbound_ip_prefix_ids": [],
                    "outbound_ports_allocated": 0
                  }
                ],
                "load_balancer_sku": "standard",
                "nat_gateway_profile": [],
                "network_data_plane": "azure",
                "network_mode": "",
                "network_plugin": "azure",
                "network_plugin_mode": "overlay",
                "network_policy": "",
                "outbound_type": "loadBalancer",
                "pod_cidr": "192.168.0.0/16",
                "pod_cidrs": [
                  "192.168.0.0/16"
                ],
                "service_cidr": "172.16.0.0/16",
                "service_cidrs": [
                  "172.16.0.0/16"
                ]
              }
            ],
            "node_os_upgrade_channel": "NodeImage",
            "node_provisioning_profile": [
              {
                "default_node_pools": "",
                "mode": "Manual"
              }
            ],
            "node_resource_group": "MC_Softradix-AKS-RG_softradix-aks-cluster_eastus",
            "node_resource_group_id": "/subscriptions/27735e1f-024e-4bb5-8d3f-6c6a5cd80f1e/resourceGroups/MC_Softradix-AKS-RG_softradix-aks-cluster_eastus",
            "oidc_issuer_enabled": true,
            "oidc_issuer_url": "https://eastus.oic.prod-aks.azure.com/a2a74c22-d514-456c-be8d-b53d72517201/e8e5f8c9-eecb-4499-b162-85e55270550c/",
            "oms_agent": [],
            "open_service_mesh_enabled": false,
            "portal_fqdn": "40fb73cba76a106503ca23191a689a73-priv.portal.hcp.eastus.azmk8s.io",
            "private_cluster_enabled": true,
            "private_cluster_public_fqdn_enabled": false,
            "private_dns_zone_id": "System",
            "private_fqdn": "softradix-aks-0ayeqclh.7180a45e-63e4-4e97-a437-68cf5eeafab9.privatelink.eastus.azmk8s.io",
            "resource_group_name": "Softradix-AKS-RG",
            "role_based_access_control_enabled": true,
            "run_command_enabled": true,
            "service_mesh_profile": [],
            "service_principal": [],
            "sku_tier": "Standard",
            "storage_profile": [],
            "support_plan": "KubernetesOfficial",
            "tags": {
              "Environment": "Development",
              "Owner": "Yogesh",
              "Project": "Terraform"
            },
            "timeouts": null,
            "upgrade_override": [],
            "web_app_routing": [],
            "windows_profile": [
              {
                "admin_password": "",
                "admin_username": "azureuser",
                "gmsa": [],
                "license": ""
              }
            ],
            "workload_autoscaler_profile": [],
            "workload_identity_enabled": true
          },
          "sensitive_attributes": [
            [
              {
                "type": "get_attr",
                "value": "kube_admin_config"
              }
            ],
            [
              {
                "type": "get_attr",
                "value": "kube_admin_config_raw"
              }
            ],
            [
              {
                "type": "get_attr",
                "value": "kube_config"
              }
            ],
            [
              {
                "type": "get_attr",
                "value": "kube_config_raw"
              }
            ],
            [
              {
                "type": "get_attr",
                "value": "windows_profile"
              },
              {
                "type": "index",
                "value": {
                  "value": 0,
                  "type": "number"
                }
              },
              {
                "type": "get_attr",
                "value": "admin_password"
              }
            ]
          ],
          "identity_schema_version": 0,
          "private": "eyJlMmJmYjczMC1lY2FhLTExZTYtOGY4OC0zNDM2M2JjN2M0YzAiOnsiY3JlYXRlIjo1NDAwMDAwMDAwMDAwLCJkZWxldGUiOjU0MDAwMDAwMDAwMDAsInJlYWQiOjMwMDAwMDAwMDAwMCwidXBkYXRlIjo1NDAwMDAwMDAwMDAwfSwic2NoZW1hX3ZlcnNpb24iOiIyIn0=",
          "dependencies": [
            "module.acr.azurerm_container_registry.this",
            "module.resource_group.azurerm_resource_group.this",
            "module.virtual_network.azurerm_subnet.private",
            "module.virtual_network.azurerm_subnet.public",
            "module.virtual_network.azurerm_virtual_network.this"
          ]
        }
      ]
    },
    {
      "module": "module.resource_group",
      "mode": "managed",
      "type": "azurerm_resource_group",
      "name": "this",
      "provider": "provider[\"registry.terraform.io/hashicorp/azurerm\"]",
      "instances": [
        {
          "schema_version": 0,
          "attributes": {
            "id": "/subscriptions/27735e1f-024e-4bb5-8d3f-6c6a5cd80f1e/resourceGroups/Softradix-AKS-RG",
            "location": "eastus",
            "managed_by": "",
            "name": "Softradix-AKS-RG",
            "tags": {
              "Environment": "Development",
              "Owner": "Yogesh",
              "Project": "Terraform"
            },
            "timeouts": null
          },
          "sensitive_attributes": [],
          "identity_schema_version": 0,
          "identity": {
            "name": "Softradix-AKS-RG",
            "subscription_id": "27735e1f-024e-4bb5-8d3f-6c6a5cd80f1e"
          },
          "private": "eyJlMmJmYjczMC1lY2FhLTExZTYtOGY4OC0zNDM2M2JjN2M0YzAiOnsiY3JlYXRlIjo1NDAwMDAwMDAwMDAwLCJkZWxldGUiOjU0MDAwMDAwMDAwMDAsInJlYWQiOjMwMDAwMDAwMDAwMCwidXBkYXRlIjo1NDAwMDAwMDAwMDAwfX0="
        }
      ]
    },
    {
      "module": "module.virtual_network",
      "mode": "managed",
      "type": "azurerm_subnet",
      "name": "private",
      "provider": "provider[\"registry.terraform.io/hashicorp/azurerm\"]",
      "instances": [
        {
          "index_key": "softradix-aks-private-subnet-01",
          "schema_version": 0,
          "attributes": {
            "address_prefixes": [
              "10.0.10.0/24"
            ],
            "default_outbound_access_enabled": true,
            "delegation": [],
            "id": "/subscriptions/27735e1f-024e-4bb5-8d3f-6c6a5cd80f1e/resourceGroups/Softradix-AKS-RG/providers/Microsoft.Network/virtualNetworks/softradix-aks-vnet/subnets/softradix-aks-private-subnet-01",
            "ip_address_pool": [],
            "name": "softradix-aks-private-subnet-01",
            "private_endpoint_network_policies": "Disabled",
            "private_link_service_network_policies_enabled": true,
            "resource_group_name": "Softradix-AKS-RG",
            "service_endpoint_policy_ids": [],
            "service_endpoints": [],
            "sharing_scope": "",
            "timeouts": null,
            "virtual_network_name": "softradix-aks-vnet"
          },
          "sensitive_attributes": [],
          "identity_schema_version": 0,
          "identity": {
            "name": "softradix-aks-private-subnet-01",
            "resource_group_name": "Softradix-AKS-RG",
            "subscription_id": "27735e1f-024e-4bb5-8d3f-6c6a5cd80f1e",
            "virtual_network_name": "softradix-aks-vnet"
          },
          "private": "eyJlMmJmYjczMC1lY2FhLTExZTYtOGY4OC0zNDM2M2JjN2M0YzAiOnsiY3JlYXRlIjoxODAwMDAwMDAwMDAwLCJkZWxldGUiOjE4MDAwMDAwMDAwMDAsInJlYWQiOjMwMDAwMDAwMDAwMCwidXBkYXRlIjoxODAwMDAwMDAwMDAwfX0=",
          "dependencies": [
            "module.resource_group.azurerm_resource_group.this",
            "module.virtual_network.azurerm_virtual_network.this"
          ]
        },
        {
          "index_key": "softradix-aks-private-subnet-02",
          "schema_version": 0,
          "attributes": {
            "address_prefixes": [
              "10.0.20.0/24"
            ],
            "default_outbound_access_enabled": true,
            "delegation": [],
            "id": "/subscriptions/27735e1f-024e-4bb5-8d3f-6c6a5cd80f1e/resourceGroups/Softradix-AKS-RG/providers/Microsoft.Network/virtualNetworks/softradix-aks-vnet/subnets/softradix-aks-private-subnet-02",
            "ip_address_pool": [],
            "name": "softradix-aks-private-subnet-02",
            "private_endpoint_network_policies": "Disabled",
            "private_link_service_network_policies_enabled": true,
            "resource_group_name": "Softradix-AKS-RG",
            "service_endpoint_policy_ids": [],
            "service_endpoints": [],
            "sharing_scope": "",
            "timeouts": null,
            "virtual_network_name": "softradix-aks-vnet"
          },
          "sensitive_attributes": [],
          "identity_schema_version": 0,
          "identity": {
            "name": "softradix-aks-private-subnet-02",
            "resource_group_name": "Softradix-AKS-RG",
            "subscription_id": "27735e1f-024e-4bb5-8d3f-6c6a5cd80f1e",
            "virtual_network_name": "softradix-aks-vnet"
          },
          "private": "eyJlMmJmYjczMC1lY2FhLTExZTYtOGY4OC0zNDM2M2JjN2M0YzAiOnsiY3JlYXRlIjoxODAwMDAwMDAwMDAwLCJkZWxldGUiOjE4MDAwMDAwMDAwMDAsInJlYWQiOjMwMDAwMDAwMDAwMCwidXBkYXRlIjoxODAwMDAwMDAwMDAwfX0=",
          "dependencies": [
            "module.resource_group.azurerm_resource_group.this",
            "module.virtual_network.azurerm_virtual_network.this"
          ]
        },
        {
          "index_key": "softradix-aks-private-subnet-03",
          "schema_version": 0,
          "attributes": {
            "address_prefixes": [
              "10.0.30.0/24"
            ],
            "default_outbound_access_enabled": true,
            "delegation": [],
            "id": "/subscriptions/27735e1f-024e-4bb5-8d3f-6c6a5cd80f1e/resourceGroups/Softradix-AKS-RG/providers/Microsoft.Network/virtualNetworks/softradix-aks-vnet/subnets/softradix-aks-private-subnet-03",
            "ip_address_pool": [],
            "name": "softradix-aks-private-subnet-03",
            "private_endpoint_network_policies": "Disabled",
            "private_link_service_network_policies_enabled": true,
            "resource_group_name": "Softradix-AKS-RG",
            "service_endpoint_policy_ids": [],
            "service_endpoints": [],
            "sharing_scope": "",
            "timeouts": null,
            "virtual_network_name": "softradix-aks-vnet"
          },
          "sensitive_attributes": [],
          "identity_schema_version": 0,
          "identity": {
            "name": "softradix-aks-private-subnet-03",
            "resource_group_name": "Softradix-AKS-RG",
            "subscription_id": "27735e1f-024e-4bb5-8d3f-6c6a5cd80f1e",
            "virtual_network_name": "softradix-aks-vnet"
          },
          "private": "eyJlMmJmYjczMC1lY2FhLTExZTYtOGY4OC0zNDM2M2JjN2M0YzAiOnsiY3JlYXRlIjoxODAwMDAwMDAwMDAwLCJkZWxldGUiOjE4MDAwMDAwMDAwMDAsInJlYWQiOjMwMDAwMDAwMDAwMCwidXBkYXRlIjoxODAwMDAwMDAwMDAwfX0=",
          "dependencies": [
            "module.resource_group.azurerm_resource_group.this",
            "module.virtual_network.azurerm_virtual_network.this"
          ]
        }
      ]
    },
    {
      "module": "module.virtual_network",
      "mode": "managed",
      "type": "azurerm_subnet",
      "name": "public",
      "provider": "provider[\"registry.terraform.io/hashicorp/azurerm\"]",
      "instances": [
        {
          "index_key": "softradix-aks-public-subnet-01",
          "schema_version": 0,
          "attributes": {
            "address_prefixes": [
              "10.0.1.0/24"
            ],
            "default_outbound_access_enabled": true,
            "delegation": [],
            "id": "/subscriptions/27735e1f-024e-4bb5-8d3f-6c6a5cd80f1e/resourceGroups/Softradix-AKS-RG/providers/Microsoft.Network/virtualNetworks/softradix-aks-vnet/subnets/softradix-aks-public-subnet-01",
            "ip_address_pool": [],
            "name": "softradix-aks-public-subnet-01",
            "private_endpoint_network_policies": "Disabled",
            "private_link_service_network_policies_enabled": true,
            "resource_group_name": "Softradix-AKS-RG",
            "service_endpoint_policy_ids": [],
            "service_endpoints": [],
            "sharing_scope": "",
            "timeouts": null,
            "virtual_network_name": "softradix-aks-vnet"
          },
          "sensitive_attributes": [],
          "identity_schema_version": 0,
          "identity": {
            "name": "softradix-aks-public-subnet-01",
            "resource_group_name": "Softradix-AKS-RG",
            "subscription_id": "27735e1f-024e-4bb5-8d3f-6c6a5cd80f1e",
            "virtual_network_name": "softradix-aks-vnet"
          },
          "private": "eyJlMmJmYjczMC1lY2FhLTExZTYtOGY4OC0zNDM2M2JjN2M0YzAiOnsiY3JlYXRlIjoxODAwMDAwMDAwMDAwLCJkZWxldGUiOjE4MDAwMDAwMDAwMDAsInJlYWQiOjMwMDAwMDAwMDAwMCwidXBkYXRlIjoxODAwMDAwMDAwMDAwfX0=",
          "dependencies": [
            "module.resource_group.azurerm_resource_group.this",
            "module.virtual_network.azurerm_virtual_network.this"
          ]
        },
        {
          "index_key": "softradix-aks-public-subnet-02",
          "schema_version": 0,
          "attributes": {
            "address_prefixes": [
              "10.0.2.0/24"
            ],
            "default_outbound_access_enabled": true,
            "delegation": [],
            "id": "/subscriptions/27735e1f-024e-4bb5-8d3f-6c6a5cd80f1e/resourceGroups/Softradix-AKS-RG/providers/Microsoft.Network/virtualNetworks/softradix-aks-vnet/subnets/softradix-aks-public-subnet-02",
            "ip_address_pool": [],
            "name": "softradix-aks-public-subnet-02",
            "private_endpoint_network_policies": "Disabled",
            "private_link_service_network_policies_enabled": true,
            "resource_group_name": "Softradix-AKS-RG",
            "service_endpoint_policy_ids": [],
            "service_endpoints": [],
            "sharing_scope": "",
            "timeouts": null,
            "virtual_network_name": "softradix-aks-vnet"
          },
          "sensitive_attributes": [],
          "identity_schema_version": 0,
          "identity": {
            "name": "softradix-aks-public-subnet-02",
            "resource_group_name": "Softradix-AKS-RG",
            "subscription_id": "27735e1f-024e-4bb5-8d3f-6c6a5cd80f1e",
            "virtual_network_name": "softradix-aks-vnet"
          },
          "private": "eyJlMmJmYjczMC1lY2FhLTExZTYtOGY4OC0zNDM2M2JjN2M0YzAiOnsiY3JlYXRlIjoxODAwMDAwMDAwMDAwLCJkZWxldGUiOjE4MDAwMDAwMDAwMDAsInJlYWQiOjMwMDAwMDAwMDAwMCwidXBkYXRlIjoxODAwMDAwMDAwMDAwfX0=",
          "dependencies": [
            "module.resource_group.azurerm_resource_group.this",
            "module.virtual_network.azurerm_virtual_network.this"
          ]
        },
        {
          "index_key": "softradix-aks-public-subnet-03",
          "schema_version": 0,
          "attributes": {
            "address_prefixes": [
              "10.0.3.0/24"
            ],
            "default_outbound_access_enabled": true,
            "delegation": [],
            "id": "/subscriptions/27735e1f-024e-4bb5-8d3f-6c6a5cd80f1e/resourceGroups/Softradix-AKS-RG/providers/Microsoft.Network/virtualNetworks/softradix-aks-vnet/subnets/softradix-aks-public-subnet-03",
            "ip_address_pool": [],
            "name": "softradix-aks-public-subnet-03",
            "private_endpoint_network_policies": "Disabled",
            "private_link_service_network_policies_enabled": true,
            "resource_group_name": "Softradix-AKS-RG",
            "service_endpoint_policy_ids": [],
            "service_endpoints": [],
            "sharing_scope": "",
            "timeouts": null,
            "virtual_network_name": "softradix-aks-vnet"
          },
          "sensitive_attributes": [],
          "identity_schema_version": 0,
          "identity": {
            "name": "softradix-aks-public-subnet-03",
            "resource_group_name": "Softradix-AKS-RG",
            "subscription_id": "27735e1f-024e-4bb5-8d3f-6c6a5cd80f1e",
            "virtual_network_name": "softradix-aks-vnet"
          },
          "private": "eyJlMmJmYjczMC1lY2FhLTExZTYtOGY4OC0zNDM2M2JjN2M0YzAiOnsiY3JlYXRlIjoxODAwMDAwMDAwMDAwLCJkZWxldGUiOjE4MDAwMDAwMDAwMDAsInJlYWQiOjMwMDAwMDAwMDAwMCwidXBkYXRlIjoxODAwMDAwMDAwMDAwfX0=",
          "dependencies": [
            "module.resource_group.azurerm_resource_group.this",
            "module.virtual_network.azurerm_virtual_network.this"
          ]
        }
      ]
    },
    {
      "module": "module.virtual_network",
      "mode": "managed",
      "type": "azurerm_virtual_network",
      "name": "this",
      "provider": "provider[\"registry.terraform.io/hashicorp/azurerm\"]",
      "instances": [
        {
          "schema_version": 0,
          "attributes": {
            "address_space": [
              "10.0.0.0/16"
            ],
            "bgp_community": "",
            "ddos_protection_plan": [],
            "dns_servers": [],
            "edge_zone": "",
            "encryption": [],
            "flow_timeout_in_minutes": 0,
            "guid": "5fc9f83d-dc5e-44fa-8dea-ab7a593bc253",
            "id": "/subscriptions/27735e1f-024e-4bb5-8d3f-6c6a5cd80f1e/resourceGroups/Softradix-AKS-RG/providers/Microsoft.Network/virtualNetworks/softradix-aks-vnet",
            "ip_address_pool": [],
            "location": "eastus",
            "name": "softradix-aks-vnet",
            "private_endpoint_vnet_policies": "Disabled",
            "resource_group_name": "Softradix-AKS-RG",
            "subnet": [
              {
                "address_prefixes": [
                  "10.0.1.0/24"
                ],
                "default_outbound_access_enabled": true,
                "delegation": [],
                "id": "/subscriptions/27735e1f-024e-4bb5-8d3f-6c6a5cd80f1e/resourceGroups/Softradix-AKS-RG/providers/Microsoft.Network/virtualNetworks/softradix-aks-vnet/subnets/softradix-aks-public-subnet-01",
                "name": "softradix-aks-public-subnet-01",
                "private_endpoint_network_policies": "Disabled",
                "private_link_service_network_policies_enabled": true,
                "route_table_id": "",
                "security_group": "",
                "service_endpoint_policy_ids": [],
                "service_endpoints": []
              },
              {
                "address_prefixes": [
                  "10.0.10.0/24"
                ],
                "default_outbound_access_enabled": true,
                "delegation": [],
                "id": "/subscriptions/27735e1f-024e-4bb5-8d3f-6c6a5cd80f1e/resourceGroups/Softradix-AKS-RG/providers/Microsoft.Network/virtualNetworks/softradix-aks-vnet/subnets/softradix-aks-private-subnet-01",
                "name": "softradix-aks-private-subnet-01",
                "private_endpoint_network_policies": "Disabled",
                "private_link_service_network_policies_enabled": true,
                "route_table_id": "",
                "security_group": "",
                "service_endpoint_policy_ids": [],
                "service_endpoints": []
              },
              {
                "address_prefixes": [
                  "10.0.2.0/24"
                ],
                "default_outbound_access_enabled": true,
                "delegation": [],
                "id": "/subscriptions/27735e1f-024e-4bb5-8d3f-6c6a5cd80f1e/resourceGroups/Softradix-AKS-RG/providers/Microsoft.Network/virtualNetworks/softradix-aks-vnet/subnets/softradix-aks-public-subnet-02",
                "name": "softradix-aks-public-subnet-02",
                "private_endpoint_network_policies": "Disabled",
                "private_link_service_network_policies_enabled": true,
                "route_table_id": "",
                "security_group": "",
                "service_endpoint_policy_ids": [],
                "service_endpoints": []
              },
              {
                "address_prefixes": [
                  "10.0.20.0/24"
                ],
                "default_outbound_access_enabled": true,
                "delegation": [],
                "id": "/subscriptions/27735e1f-024e-4bb5-8d3f-6c6a5cd80f1e/resourceGroups/Softradix-AKS-RG/providers/Microsoft.Network/virtualNetworks/softradix-aks-vnet/subnets/softradix-aks-private-subnet-02",
                "name": "softradix-aks-private-subnet-02",
                "private_endpoint_network_policies": "Disabled",
                "private_link_service_network_policies_enabled": true,
                "route_table_id": "",
                "security_group": "",
                "service_endpoint_policy_ids": [],
                "service_endpoints": []
              },
              {
                "address_prefixes": [
                  "10.0.3.0/24"
                ],
                "default_outbound_access_enabled": true,
                "delegation": [],
                "id": "/subscriptions/27735e1f-024e-4bb5-8d3f-6c6a5cd80f1e/resourceGroups/Softradix-AKS-RG/providers/Microsoft.Network/virtualNetworks/softradix-aks-vnet/subnets/softradix-aks-public-subnet-03",
                "name": "softradix-aks-public-subnet-03",
                "private_endpoint_network_policies": "Disabled",
                "private_link_service_network_policies_enabled": true,
                "route_table_id": "",
                "security_group": "",
                "service_endpoint_policy_ids": [],
                "service_endpoints": []
              },
              {
                "address_prefixes": [
                  "10.0.30.0/24"
                ],
                "default_outbound_access_enabled": true,
                "delegation": [],
                "id": "/subscriptions/27735e1f-024e-4bb5-8d3f-6c6a5cd80f1e/resourceGroups/Softradix-AKS-RG/providers/Microsoft.Network/virtualNetworks/softradix-aks-vnet/subnets/softradix-aks-private-subnet-03",
                "name": "softradix-aks-private-subnet-03",
                "private_endpoint_network_policies": "Disabled",
                "private_link_service_network_policies_enabled": true,
                "route_table_id": "",
                "security_group": "",
                "service_endpoint_policy_ids": [],
                "service_endpoints": []
              }
            ],
            "tags": {
              "Environment": "Development",
              "Owner": "Yogesh",
              "Project": "Terraform"
            },
            "timeouts": null
          },
          "sensitive_attributes": [],
          "identity_schema_version": 0,
          "identity": {
            "name": "softradix-aks-vnet",
            "resource_group_name": "Softradix-AKS-RG",
            "subscription_id": "27735e1f-024e-4bb5-8d3f-6c6a5cd80f1e"
          },
          "private": "eyJlMmJmYjczMC1lY2FhLTExZTYtOGY4OC0zNDM2M2JjN2M0YzAiOnsiY3JlYXRlIjoxODAwMDAwMDAwMDAwLCJkZWxldGUiOjE4MDAwMDAwMDAwMDAsInJlYWQiOjMwMDAwMDAwMDAwMCwidXBkYXRlIjoxODAwMDAwMDAwMDAwfX0=",
          "dependencies": [
            "module.resource_group.azurerm_resource_group.this"
          ]
        }
      ]
    }
  ],
  "check_results": null
}
