{
  "version": 4,
  "terraform_version": "1.14.0",
  "serial": 74,
  "lineage": "95ef5afe-dcaa-d1d7-4b5f-d6764c603ab0",
  "outputs": {
    "resource_group_id": {
      "value": "/subscriptions/27735e1f-024e-4bb5-8d3f-6c6a5cd80f1e/resourceGroups/Softradix-AKS-RG",
      "type": "string"
    },
    "resource_group_name": {
      "value": "Softradix-AKS-RG",
      "type": "string"
    }
  },
  "resources": [
    {
      "module": "module.acr",
      "mode": "managed",
      "type": "azurerm_container_registry",
      "name": "this",
      "provider": "provider[\"registry.terraform.io/hashicorp/azurerm\"]",
      "instances": [
        {
          "schema_version": 2,
          "attributes": {
            "admin_enabled": false,
            "admin_password": "",
            "admin_username": "",
            "anonymous_pull_enabled": false,
            "data_endpoint_enabled": false,
            "data_endpoint_host_names": [],
            "encryption": [],
            "export_policy_enabled": true,
            "georeplications": [],
            "id": "/subscriptions/27735e1f-024e-4bb5-8d3f-6c6a5cd80f1e/resourceGroups/Softradix-AKS-RG/providers/Microsoft.ContainerRegistry/registries/softradixaksacr",
            "identity": [],
            "location": "eastus",
            "login_server": "softradixaksacr.azurecr.io",
            "name": "softradixaksacr",
            "network_rule_bypass_option": "AzureServices",
            "network_rule_set": [
              {
                "default_action": "Allow",
                "ip_rule": []
              }
            ],
            "public_network_access_enabled": true,
            "quarantine_policy_enabled": false,
            "resource_group_name": "Softradix-AKS-RG",
            "retention_policy_in_days": 0,
            "sku": "Premium",
            "tags": {
              "Environment": "Development",
              "Owner": "Yogesh",
              "Project": "Terraform"
            },
            "timeouts": null,
            "trust_policy_enabled": false,
            "zone_redundancy_enabled": true
          },
          "sensitive_attributes": [
            [
              {
                "type": "get_attr",
                "value": "admin_password"
              }
            ]
          ],
          "identity_schema_version": 0,
          "private": "eyJlMmJmYjczMC1lY2FhLTExZTYtOGY4OC0zNDM2M2JjN2M0YzAiOnsiY3JlYXRlIjoxODAwMDAwMDAwMDAwLCJkZWxldGUiOjE4MDAwMDAwMDAwMDAsInJlYWQiOjMwMDAwMDAwMDAwMCwidXBkYXRlIjoxODAwMDAwMDAwMDAwfSwic2NoZW1hX3ZlcnNpb24iOiIyIn0=",
          "dependencies": [
            "module.resource_group.azurerm_resource_group.this",
            "module.virtual_network.azurerm_subnet.private",
            "module.virtual_network.azurerm_subnet.public",
            "module.virtual_network.azurerm_virtual_network.this"
          ]
        }
      ]
    },
    {
      "module": "module.aks",
      "mode": "managed",
      "type": "azurerm_kubernetes_cluster",
      "name": "this",
      "provider": "provider[\"registry.terraform.io/hashicorp/azurerm\"]",
      "instances": [
        {
          "schema_version": 2,
          "attributes": {
            "aci_connector_linux": [],
            "ai_toolchain_operator_enabled": false,
            "api_server_access_profile": [
              {
                "authorized_ip_ranges": [
                  "61.247.230.182/32"
                ],
                "subnet_id": "",
                "virtual_network_integration_enabled": false
              }
            ],
            "auto_scaler_profile": [
              {
                "balance_similar_node_groups": false,
                "daemonset_eviction_for_empty_nodes_enabled": false,
                "daemonset_eviction_for_occupied_nodes_enabled": true,
                "empty_bulk_delete_max": "10",
                "expander": "random",
                "ignore_daemonsets_utilization_enabled": false,
                "max_graceful_termination_sec": "600",
                "max_node_provisioning_time": "15m",
                "max_unready_nodes": 3,
                "max_unready_percentage": 45,
                "new_pod_scale_up_delay": "0s",
                "scale_down_delay_after_add": "10m",
                "scale_down_delay_after_delete": "10s",
                "scale_down_delay_after_failure": "3m",
                "scale_down_unneeded": "10m",
                "scale_down_unready": "20m",
                "scale_down_utilization_threshold": "0.5",
                "scan_interval": "10s",
                "skip_nodes_with_local_storage": false,
                "skip_nodes_with_system_pods": true
              }
            ],
            "automatic_upgrade_channel": "",
            "azure_active_directory_role_based_access_control": [],
            "azure_policy_enabled": false,
            "bootstrap_profile": [
              {
                "artifact_source": "Direct",
                "container_registry_id": ""
              }
            ],
            "confidential_computing": [],
            "cost_analysis_enabled": false,
            "current_kubernetes_version": "1.36.1",
            "custom_ca_trust_certificates_base64": [],
            "default_node_pool": [
              {
                "auto_scaling_enabled": true,
                "capacity_reservation_group_id": "",
                "fips_enabled": false,
                "gpu_driver": "",
                "gpu_instance": "",
                "host_encryption_enabled": false,
                "host_group_id": "",
                "kubelet_config": [],
                "kubelet_disk_type": "OS",
                "linux_os_config": [],
                "max_count": 1,
                "max_pods": 250,
                "min_count": 1,
                "name": "system",
                "node_count": 1,
                "node_labels": {},
                "node_network_profile": [],
                "node_public_ip_enabled": false,
                "node_public_ip_prefix_id": "",
                "only_critical_addons_enabled": true,
                "orchestrator_version": "1.36.1",
                "os_disk_size_gb": 128,
                "os_disk_type": "Managed",
                "os_sku": "Ubuntu",
                "pod_subnet_id": "",
                "proximity_placement_group_id": "",
                "scale_down_mode": "Delete",
                "snapshot_id": "",
                "tags": {},
                "temporary_name_for_rotation": "sysrotate",
                "type": "VirtualMachineScaleSets",
                "ultra_ssd_enabled": false,
                "upgrade_settings": [
                  {
                    "drain_timeout_in_minutes": 0,
                    "max_surge": "10%",
                    "node_soak_duration_in_minutes": 0,
                    "undrainable_node_behavior": ""
                  }
                ],
                "vm_size": "Standard_D2s_v7",
                "vnet_subnet_id": "/subscriptions/27735e1f-024e-4bb5-8d3f-6c6a5cd80f1e/resourceGroups/Softradix-AKS-RG/providers/Microsoft.Network/virtualNetworks/softradix-aks-vnet/subnets/softradix-aks-private-subnet-01",
                "workload_runtime": "",
                "zones": []
              }
            ],
            "disk_encryption_set_id": "",
            "dns_prefix": "softradix-aks",
            "dns_prefix_private_cluster": "",
            "edge_zone": "",
            "fqdn": "softradix-aks-uvoujb0t.hcp.eastus.azmk8s.io",
            "http_application_routing_enabled": false,
            "http_application_routing_zone_name": "",
            "http_proxy_config": [],
            "id": "/subscriptions/27735e1f-024e-4bb5-8d3f-6c6a5cd80f1e/resourceGroups/Softradix-AKS-RG/providers/Microsoft.ContainerService/managedClusters/softradix-aks-cluster",
            "identity": [
              {
                "identity_ids": [],
                "principal_id": "aa118a30-c87f-4bfe-ac01-c4f3b1563373",
                "tenant_id": "a2a74c22-d514-456c-be8d-b53d72517201",
                "type": "SystemAssigned"
              }
            ],
            "image_cleaner_enabled": null,
            "image_cleaner_interval_hours": null,
            "ingress_application_gateway": [],
            "key_management_service": [],
            "key_vault_secrets_provider": [],
            "kube_admin_config": [],
            "kube_admin_config_raw": "",
            "kube_config": [
              {
                "client_certificate": "LS0tLS1CRUdJTiBDRVJUSUZJQ0FURS0tLS0tCk1JSUZIVENDQXdXZ0F3SUJBZ0lRVmRkczBJWjlWR3d2MllRckY2eTRiVEFOQmdrcWhraUc5dzBCQVFzRkFEQU4KTVFzd0NRWURWUVFERXdKallUQWVGdzB5TmpBM01ESXdPREUwTVRsYUZ3MHlPREEzTURJd09ESTBNVGxhTURBeApGekFWQmdOVkJBb1REbk41YzNSbGJUcHRZWE4wWlhKek1SVXdFd1lEVlFRREV3eHRZWE4wWlhKamJHbGxiblF3CmdnSWlNQTBHQ1NxR1NJYjNEUUVCQVFVQUE0SUNEd0F3Z2dJS0FvSUNBUUNuYTNaak9xbnNVTDYzUnZjYlJaR0IKZmNqUXhrQjJ0WDBRdlZDUkorSS96MDNDNHZBNTdkNGFGTjhEVjJDT3pmQUhFSzVCRFRwamZMcldRbkZwR2x5TworRzU0S3dLUUQzc1hKd1Y0eS96d3N2OGVobXI1cFFVd0FnckQzbHdnd0VGM1gzRTB4a3Z5TytqcmVBMTduVDI4CkxqbDR3c0htOEVLT0VBSEZ5aHNGVEVYWk9CQkFBWml3d1kxWGg2UmtJaGNtcTFOQXlKZmduSWNpZUFOZElpZjAKNzRCVkRSMk1UK2NtNVNnb25yRXpGMzZza25yRmt0QUVxQ015K3phNXBvYXhzVXg0dTR5alBjYTh5WHdZQWFReQp5bnBLL2xHSWhNdnRzUjZtcFlMdjRWQnY3NEl2cktsZkY4eDlFQjB0T213TGJubmowWEtpdWpyV245R2JVQ2VnCi9EY1pKR0w4UVpTcmNHVDIvT2x4V1BYWm9aK3FJb0MwWlZ3RWorbkRYWlJBTEppQUVtaVVNajRWcmREakplaEsKWkRtVEVnWTl6UThCSTk2cnBnUUMyTmFwVm9PdkFMLzR6enFtUkJCd1Rva2J0N3pqSGw5L0Z4M2JFcHFaOHBoWgpFQTBjNGc4MXNUMDhrYkFhQXBiYUVJSWg4TUp3bDhyOXJMUG9ITEVPSkkxTzdKUUlocmEzRks1bnQvZUJ3Yk5OCkwxYW9MVDY5SWpIUjJocE5XYzE4Q2o1dEtsVGNDVzRNZXRUSFhGeVVYanhpZXN6WHhIQ1NhN0Jxb05TakxoVGoKNXZLd0JsNmkzaEV1Z0FaT04xeld4LythRlZ4OUFZUGt1RGwwM3Y1UU93MlZMRVBtSnVXSlA1V2V4Sjk5Tk0zeAp3LzlVR3VTMlZack1OOWxqRDJaNTNRSURBUUFCbzFZd1ZEQU9CZ05WSFE4QkFmOEVCQU1DQmFBd0V3WURWUjBsCkJBd3dDZ1lJS3dZQkJRVUhBd0l3REFZRFZSMFRBUUgvQkFJd0FEQWZCZ05WSFNNRUdEQVdnQlNsUzFTNGZyd1cKMXg3eWo2cmpRTGdiTWdCb2F6QU5CZ2txaGtpRzl3MEJBUXNGQUFPQ0FnRUFBaURKMGFZUUwrWHlJZkxaUXJtOApiVWYxUS82ZGhwQUtINFVTd2NqKyt3cytPTXhNZENIUHh6YmZoeERMenhONWZDUEJPZTA1LzdNWG5HWFdMN0tSCmp6cjNyN1VkT3Ayc1VMa0M1d2NPM0s3ZlUyUU9qRy9SbWZqb090RHFJZm9yTWVjTGpsMGhGaGg1MllvZlVxamkKbjV3S2o1UHhaZmZNNWx2a2RLY05uVVdvZUNwM0IrN1AxQzZLMHd6dk8zMmplNnAydFlCQ2JlU25yTGM3MW9GZApITEZGUnVvMDhEdm9Nd0tUcFlGNEVrRWhEM2FZcHpHZndlNENIUW5rWlFJdzY2RGwrNFBQcFNic1g2NGswMUhZClBGblJwMGxiTFc0RS8yaHNwY1FCWUtwWUFPbHhISkFBanFxVGwySjlFU29ZZDlQTDFUcGkveWo0YXJOSW91RGMKWUdYTU43SExGSmRXaEZiWGt6eDFyZnZtbkduUytxVkZkTFZTdUVHbFpZSnFRT1RIM1NYMSs1WVJibUxxZ2hrbwp4UE9XNFRIbnNTUnNWQm9XYVdiVXhYbGV6clFObUxLOS9XWVcrS2FrckZ4L2NJWk56ZnRzTkhkMldlSFVMZDNBCkxVM1p4QUFVbHY4NHB6RmpRaTdiYlN4aUptK0ZmaU04MWRLZkNIQXJSV0NZSHRkYkMyWW1Ia0dMSGpFaGlNcTAKSStNdGxTV2Y3Z2g0SVJ1OW5YT2xHT0ppR2d6ZEVSenB4VGMrQ3Nna1dTUjZJZEFLZ2trUyt2VTZxQW1BNVkwaApRVCtwd2dkdEpja2xJbjhtSnJEKzZkWnpIM1JNa0treGpvN21pZHUrNnhYcUMrdklzRWptTUNVeFFXaE9nc3JOClJvc09SdUhSWEJ2RCtSVndIejZVd0tzPQotLS0tLUVORCBDRVJUSUZJQ0FURS0tLS0tCg==",
                "client_key": "LS0tLS1CRUdJTiBSU0EgUFJJVkFURSBLRVktLS0tLQpNSUlKS0FJQkFBS0NBZ0VBcDJ0Mll6cXA3RkMrdDBiM0cwV1JnWDNJME1aQWRyVjlFTDFRa1NmaVA4OU53dUx3Ck9lM2VHaFRmQTFkZ2pzM3dCeEN1UVEwNlkzeTYxa0p4YVJwY2p2aHVlQ3NDa0E5N0Z5Y0ZlTXY4OExML0hvWnEKK2FVRk1BSUt3OTVjSU1CQmQxOXhOTVpMOGp2bzYzZ05lNTA5dkM0NWVNTEI1dkJDamhBQnhjb2JCVXhGMlRnUQpRQUdZc01HTlY0ZWtaQ0lYSnF0VFFNaVg0SnlISW5nRFhTSW45TytBVlEwZGpFL25KdVVvS0o2eE14ZCtySko2CnhaTFFCS2dqTXZzMnVhYUdzYkZNZUx1TW96M0d2TWw4R0FHa01zcDZTdjVSaUlUTDdiRWVwcVdDNytGUWIrK0MKTDZ5cFh4Zk1mUkFkTFRwc0MyNTU0OUZ5b3JvNjFwL1JtMUFub1B3M0dTUmkvRUdVcTNCazl2enBjVmoxMmFHZgpxaUtBdEdWY0JJL3B3MTJVUUN5WWdCSm9sREkrRmEzUTR5WG9TbVE1a3hJR1BjMFBBU1BlcTZZRUF0aldxVmFECnJ3Qy8rTTg2cGtRUWNFNkpHN2U4NHg1ZmZ4Y2QyeEthbWZLWVdSQU5IT0lQTmJFOVBKR3dHZ0tXMmhDQ0lmREMKY0pmSy9heXo2Qnl4RGlTTlR1eVVDSWEydHhTdVo3ZjNnY0d6VFM5V3FDMCt2U0l4MGRvYVRWbk5mQW8rYlNwVQozQWx1REhyVXgxeGNsRjQ4WW5yTTE4UndrbXV3YXFEVW95NFU0K2J5c0FaZW90NFJMb0FHVGpkYzFzZi9taFZjCmZRR0Q1TGc1ZE43K1VEc05sU3hENWlibGlUK1Zuc1NmZlRUTjhjUC9WQnJrdGxXYXpEZlpZdzltZWQwQ0F3RUEKQVFLQ0FnQUNBYzRoTWIwdHdiNE01bTNrbkNNNndTNUhkUjVRRGdHYUozQXdKL2FVdTBCOFpmUytvbCszbDZrZwp4TXNQTmVBbHhZa1dsZU90bzZZb2JCTFRVV2RBcU52SGdhOG9nNkdwelE3MHZCcWoxcndyajloTklUR25EMW5mCnIrcG5maHZnSkNYRm5keEtqWFg2WDFoblhmZzFLYWRlRDVUOExCbmEwczJpb3d5Z2kweUp1OGFvd3h3aktsUXUKYzNMV0VjNk42Ujg0dDBROWcyMko5K212dm5scUowdUxqcyt4aWUwRWUxb2k1VEYzVFFCNHd5ZHpvanlhTEZzdApBUFA1VlI5bmxwbzF3YWNxOXllZ2NHM3JhbXhKMWtHUnVwWWNUb2lVcUpDWEs0UWVxaE1wSHdtWmdXRmxGc2VkCnpEUDlWeVpLY01yeDlKQ0NRT2RKckJBbGppMXd3ZjUrbjU4Q2ZhK1pMT0ZaRVB5OEZyRXl1OXZxV1hZZytrM1gKaHlnY0xhQkJhT25QOVhxR3dFNmZpYjBxVXliLzhzaHpFdGl3MVFmS0VWMm9nS3luem1qa2NNOG85UzRIT01lego5YnFCeElyY0wwbU9aa3NRY1U5dnF4d3VNcEFEajRJcWhhYytYTHhuL0JNUzAyYzBkbHlrN3NzYVFFU0hYQ2RCCmdXWE9NVVdnWlpXRlUvQmtSY0hhZ2V3Z05OV0hwb2p6Nm1XN1Yyd1JCNFZ0emVyNW96NEJ1STdYaC9EbjlNYTgKakh6aCtHTzZLeEIzMUtBOGtiT3F3eEdDOWExT2Fidk1DM3BxMkNDZWtjbjJoNmZweGlzOVNZbWRBamJUU0lJagpZLzJITENtTlp6NTltdi9vNXFHWnU0dzZSbUNITitQYnp4UUpiZk9uc2ViMU1keG5JUUtDQVFFQTBVTGtHRGxvCjRhUm1iVTRYT3RsUnhPSitrU2JaSHdMYWF0emJXTE1mUmFpWVdvenExVldjMlVFYTFGZGtpQmZ0aTgvWXpqd1oKaVByZzBtdTB2Z2l1Rzk5Q3JQN2dMVXVOcUpyQXBFaHJSUjJ4SFAxaDA3Y3Q3TmQzQUMzT1pnVFJRVXBSc2hXeQpOOVlTejJtSDJIK3dtUUdxNmcvVlpJUk8zT1VQU2xLdEhFck9BRk5NbkRxN0RBYjE3OVE1S2loY0NyWXZ6ci9aCk0zN0tZYk1iVlNaWHY2TkljNFFwK1AzWW9TUzRQWDdXWkFucTN4Nng2UWFraitxSGVLZWlRZGhSeFU2T2FFNmoKeXF3Z0JYUDdjRG5jUE9zMFJyVVdKVUdrQUc1SkdjQUpsS1ZPa2dQVXFsWnd6TFp4NDlrV2huMldndmZIOGptdwpWQko5R3ZaUmZJZlJCUUtDQVFFQXpOQXA3bW5XZk9pMlAycUY3MCtIUmVQQTBOU2lnMlBieXQvaGlDT2lIYVR2CjRsK1ZDUC9HaHJOa0ZmVzZDRjJpaVc0Nk9RRlFJSytFMThpWUZtcWNacmV4czcvNEdNRVRxK3ExQ3RSMUFCZHcKYStsc1JSTmk5dFVCbVhyUWhUcjRtRGZDY3RrSWlBaFRvcWFDSnRKME9ZN1FmUzY4YkhwbEt0ZUozVmlKOURtMApqY2xsdnJJNHp2Q1FLR0VtbS9raWJwelpCMlVFVzRFKy8wSmcwMm9qUGp0QUhpUEJWemhNNzBzTlQwYURQT0FRCjBlTkxNRytEY0N0bHk2aEZFZkozdWIwdk5vTTg2b09SSFlqRktaelBnWVJ5SnpTak1sV0lTeWI3U1k5YlIxb3cKWnp5a1I1cjNlSzZka2RPWjI0K1huVzhMZVROR2hvNHVQU1pFcmtNOCtRS0NBUUVBaE52TVI1a0RmdWRLNUxFRQp6S2MzWkNKTkswa1g1cm1BQlFMdC9KWFZEL3ZucHUzN0ZyRkJZU29WcDZWSXZhTTdmVjNjRDZ4V3BnSnFoUTQrCjlidzdGcFVjRnd2SE50cldPS3J3RGgyd2hYUkJnOTlYb2Z5V0d0Mzl2czVXVWExVFVmbW1mc09Kb0N1NVM1aDcKMkRmUjNvTVJpWU85L3hDRnBYZUV5ckpOR0Q1aUpoQzgvaC9IcSs0cmJUWTNpUTJReW5nN1NDL0Q3ZzdjM1VUQwo0TC8wVEVhVjlFbUFBSWJpYUFVUk9ISDBHaFcxMml6NTFiSVMveEJ2TEdwNStRWW5mSGJRc1dia1ZRUU5YSWp6CnBhQUd0V0s3a1B6ZDc0K0tXWCtyeDc2R0Zxc1JoR0VNUDQyY0ZrenJhRGJuTjBJN01qR3c3NWd5M0YzVXNpNmIKTTg1akpRS0NBUUFETG5DWVRYaVJkQ1B3bEQwRVhKM2pUZ2hldGc3WUw2TG9ZZFhsQVhpeE1UQ3d1WDlkSm12MQpCN0JVVHY3V3htMlI2TzVxbUVTZ1hWbVk2SHJFVGwramtOTG4wZUdPc09FWFdJdjdZUlY0TE9VSUtCWVFkSjZpCjZ1Z2RkRFRzL04rRHJjb05jcVdaUjFmVlBQVGttWHhJc0prNGVKTmdzLzRDVGxyTDMyWTFMdmhKQTRuYkRuV24KY1VFci8yWlVJZWlSQTBxenZMUDJuK2xVbWJsYlQxakF6TGJRUVFudHl1Z1hCM2xyYzlMeURTRDF3YXdYVW9RZQpKKzVxM1hCRk9SajIvNk5PRzNmRXhNcHFSUWVhLzk2UlNuZGplSVBZY2srdHF5dFlGeXY1emNMV3Q3QnRsRkNuCnhUNlpWMG9haVA1MzZaT3FERXZhSnpjOHArMkZMM0l4QW9JQkFBWllqcExDM3pVblhMMk0xSWlmYTRhVmE2anIKeE82OUhDdTI5S3FtbzhaUFBRTkZic1ZhRVc2Z21jdUtHcWFKdnlFaldIcGhmY2VnK0lUalpPeEREcDd1NlJYYgphSG4vM0NnMHBsWStCT2EyMG5RS3pLU3JOc3pFQi9Uc1g4MjRzNHNqNXh1d0Y1NURWSFAxeDJoemhlbTV1aWhFCnlxdjJ6bld1Q2VDZEhhb3RlbDFhc3YvWXErYzFVbG5QdmRXOUZmYWxsd0F0RjFwMkp2aHh0WFFsaG0zdzUyaG4KR0dRNFVWRjdnTTJMeElxWDNwU3pvSDY4dzV2V0lURlZINVd1bjJVQWFHWnpQQno2elY1OXZ6c1hFT2IvUmxpbwp1Qjg4bVNhRS9oQ2pLV0FjZHAxNGRQS0MyeUk4aEo4ZHgwL2ROdERtSmllNFlNZGZXNHB4Tnd4bkd3Zz0KLS0tLS1FTkQgUlNBIFBSSVZBVEUgS0VZLS0tLS0K",
                "cluster_ca_certificate": "LS0tLS1CRUdJTiBDRVJUSUZJQ0FURS0tLS0tCk1JSUU2RENDQXRDZ0F3SUJBZ0lRWXhKd3hOcmYyVSt3Rmt1Wm9wWjlPVEFOQmdrcWhraUc5dzBCQVFzRkFEQU4KTVFzd0NRWURWUVFERXdKallUQWdGdzB5TmpBM01ESXdPREUwTVRsYUdBOHlNRFUyTURjd01qQTRNalF4T1ZvdwpEVEVMTUFrR0ExVUVBeE1DWTJFd2dnSWlNQTBHQ1NxR1NJYjNEUUVCQVFVQUE0SUNEd0F3Z2dJS0FvSUNBUURCCndqUzh3OWRlMlhMVkxUdlp4YkFxS3IwbXIyOVdwcjRlNGEvdzBQQ1YvYi9pQUVWMTRFU0piZ1JySEs0bi94M1EKL0JUU1JvYkk1Z20yMWtjd2ZWbGRiRVo1WkxnMnFkMmcwS2JneXJBeVVjS2g0UWptRTN0M2l0M0ZMSUx6WnBaOQpkWlVUSFh4dmp1d3FzZUlrMStpS3BvQUJ1bHJ3ZXE5NERkbHB1RVI5eXdxUllnRVV6dlc5L3RMRjh1cForT2dMCmRLaCt0MEVZSXJIQjVrLzNrY3JqVmsvUlZHUlFUekE0aHlxaThwQThDRWhtWGFDQUV0SVFkYW1QeVpkVkg1NloKdzlsOW8vQ29HUDBLdFU1SDZhaEsveVM1eXlHUm1xdGZXM1FZRWE2eWROc0o4aGEyaFMxcGdUdjRzM3phNVhrYQppV3AwQitwTzRLRnFMQ0hEWkJzWm5BRE5yTnUzQS9iZlFCb1lhT09QTlNsVW9VdHVRR3NxUnZmYm9sK0RscGpsCjdwSElvR2xlRGhub3RuY0ZHRUw3Z0U3QUMvVkptckl4N1NLZGI5MDRFbElRbTB3WEpnYlVkWnJrcnBFTldTcVgKTnFqa2F5dFlyaG1rTFJNYVFJT3lUOTBtVTVLcUdQSVI2US9yK3YwS1R1VkZwS2cxNHZXbEovYjU0MFJHUllGdwpWWUFmY0FCdmkwN3NaZjMrc3huRE5ZK1UzSWxQeXdxZm1oWnc0TUVjZXdqdDZmL0xQQjIwcmxHMVBxYktxRld5CnJXNTNyai9GdmJjYUlZRzVvbWlZSXN5WkFxWGR1RlRWTVVlMmtIdGF5a1MzaFNlMTZldXNrQ0FFNU9BS0ZxbDIKT0I4V0o2QnZsOVk2QlB2ejVYdW13c1BGZHlCRWRyK2JESE56TFQ3cGRRSURBUUFCbzBJd1FEQU9CZ05WSFE4QgpBZjhFQkFNQ0FxUXdEd1lEVlIwVEFRSC9CQVV3QXdFQi96QWRCZ05WSFE0RUZnUVVwVXRVdUg2OEZ0Y2U4bytxCjQwQzRHeklBYUdzd0RRWUpLb1pJaHZjTkFRRUxCUUFEZ2dJQkFEM3gxaWdyZmU5U01UOHVDbU1nSmtNTjlHckIKWWpZUk53Si9iUERjNGNabC9ZQVFDeDAvQUs5VHI3MUNCdXZ6L2wxZFlDcUZDclgrOG9seGFSRTE5VmJ5TkhRcApPbXlGbWNtdnk4MldwMGRrZkVpTDZGNmU2bzBLd3YyTGF6elE5MXlMQW11N1pTVmlzSWIrRVRqemFoUnM5UjExCndTcWlGb0UyZ0RFV1Jkay9mWnNVMWswanJBVkxGdkJIcnhEVGRrb0FEWE5HSVYxSVVxMGU3UEtKQWF3aG14U3UKczFpU3IzSHIwZG92cWVETER2UE85QXYwaG5zQkFYdEwxZVMxNUFMQ3dIblFheGViMnZUdFhoaURvMEZqdHIxYwpyeU95bzBwM2ZrZldTVHdsMTFzM3AySytlSDdaTm9hb0U0SVJXVFhiVER6Z2RJMWE4UEt4UGg1R3p4d2pXUnp4Cm1IaHFqWUpMMDZzVlk2WUgxU3ROVVdIQjZpZ2JoQ3Zvd25nZjExSndRUGdEcWN2TlRtY1I2VnRWZC94VWNla3oKKzN2dVRtc21rdjlXcGtsdlhwTWZaelk3YVdETWlRRVdwdXI0U0t3TFhNcjgyVTJkWUtOSmpPRkhScGxrOHFDUQpIeTc0eGxCalZHWENaSmN3SWpwRUVDT3llcWU3dXFBN1BaR1Q5aWtsT1d5dHNMQjlYQ3FNRitIbkgyRTRmdk5CCjJsZ0VEM0NDTTZpcFVIVjY2Tjl4WHFFbFliOE92RGlacHRFNlJTMXFRQmdzMVc0eEtaOVlwVjg1MERGaUVXM0gKdkdBMmEzcFBsSXA0MkJPdkhITXNHMW9SWUhZVjdmT2VPNTJnZ01OOFZubHRiQXpKWldtaDZYakRiNjJPaW11YQpKbzRRT08xNFlKUjJWc0V4Ci0tLS0tRU5EIENFUlRJRklDQVRFLS0tLS0K",
                "host": "https://softradix-aks-uvoujb0t.hcp.eastus.azmk8s.io:443",
                "password": "p2xt075bms8el10yl448984747t49vuthxvh2y0q1mdxqbzkeo776k8083092n6htjzejg05nzacjvuhz58ogn4xdx7v2s9wuhoe81aw7irwmsf33r1pdal1utassesl",
                "username": "clusterUser_Softradix-AKS-RG_softradix-aks-cluster"
              }
            ],
            "kube_config_raw": "apiVersion: v1\nclusters:\n- cluster:\n    certificate-authority-data: LS0tLS1CRUdJTiBDRVJUSUZJQ0FURS0tLS0tCk1JSUU2RENDQXRDZ0F3SUJBZ0lRWXhKd3hOcmYyVSt3Rmt1Wm9wWjlPVEFOQmdrcWhraUc5dzBCQVFzRkFEQU4KTVFzd0NRWURWUVFERXdKallUQWdGdzB5TmpBM01ESXdPREUwTVRsYUdBOHlNRFUyTURjd01qQTRNalF4T1ZvdwpEVEVMTUFrR0ExVUVBeE1DWTJFd2dnSWlNQTBHQ1NxR1NJYjNEUUVCQVFVQUE0SUNEd0F3Z2dJS0FvSUNBUURCCndqUzh3OWRlMlhMVkxUdlp4YkFxS3IwbXIyOVdwcjRlNGEvdzBQQ1YvYi9pQUVWMTRFU0piZ1JySEs0bi94M1EKL0JUU1JvYkk1Z20yMWtjd2ZWbGRiRVo1WkxnMnFkMmcwS2JneXJBeVVjS2g0UWptRTN0M2l0M0ZMSUx6WnBaOQpkWlVUSFh4dmp1d3FzZUlrMStpS3BvQUJ1bHJ3ZXE5NERkbHB1RVI5eXdxUllnRVV6dlc5L3RMRjh1cForT2dMCmRLaCt0MEVZSXJIQjVrLzNrY3JqVmsvUlZHUlFUekE0aHlxaThwQThDRWhtWGFDQUV0SVFkYW1QeVpkVkg1NloKdzlsOW8vQ29HUDBLdFU1SDZhaEsveVM1eXlHUm1xdGZXM1FZRWE2eWROc0o4aGEyaFMxcGdUdjRzM3phNVhrYQppV3AwQitwTzRLRnFMQ0hEWkJzWm5BRE5yTnUzQS9iZlFCb1lhT09QTlNsVW9VdHVRR3NxUnZmYm9sK0RscGpsCjdwSElvR2xlRGhub3RuY0ZHRUw3Z0U3QUMvVkptckl4N1NLZGI5MDRFbElRbTB3WEpnYlVkWnJrcnBFTldTcVgKTnFqa2F5dFlyaG1rTFJNYVFJT3lUOTBtVTVLcUdQSVI2US9yK3YwS1R1VkZwS2cxNHZXbEovYjU0MFJHUllGdwpWWUFmY0FCdmkwN3NaZjMrc3huRE5ZK1UzSWxQeXdxZm1oWnc0TUVjZXdqdDZmL0xQQjIwcmxHMVBxYktxRld5CnJXNTNyai9GdmJjYUlZRzVvbWlZSXN5WkFxWGR1RlRWTVVlMmtIdGF5a1MzaFNlMTZldXNrQ0FFNU9BS0ZxbDIKT0I4V0o2QnZsOVk2QlB2ejVYdW13c1BGZHlCRWRyK2JESE56TFQ3cGRRSURBUUFCbzBJd1FEQU9CZ05WSFE4QgpBZjhFQkFNQ0FxUXdEd1lEVlIwVEFRSC9CQVV3QXdFQi96QWRCZ05WSFE0RUZnUVVwVXRVdUg2OEZ0Y2U4bytxCjQwQzRHeklBYUdzd0RRWUpLb1pJaHZjTkFRRUxCUUFEZ2dJQkFEM3gxaWdyZmU5U01UOHVDbU1nSmtNTjlHckIKWWpZUk53Si9iUERjNGNabC9ZQVFDeDAvQUs5VHI3MUNCdXZ6L2wxZFlDcUZDclgrOG9seGFSRTE5VmJ5TkhRcApPbXlGbWNtdnk4MldwMGRrZkVpTDZGNmU2bzBLd3YyTGF6elE5MXlMQW11N1pTVmlzSWIrRVRqemFoUnM5UjExCndTcWlGb0UyZ0RFV1Jkay9mWnNVMWswanJBVkxGdkJIcnhEVGRrb0FEWE5HSVYxSVVxMGU3UEtKQWF3aG14U3UKczFpU3IzSHIwZG92cWVETER2UE85QXYwaG5zQkFYdEwxZVMxNUFMQ3dIblFheGViMnZUdFhoaURvMEZqdHIxYwpyeU95bzBwM2ZrZldTVHdsMTFzM3AySytlSDdaTm9hb0U0SVJXVFhiVER6Z2RJMWE4UEt4UGg1R3p4d2pXUnp4Cm1IaHFqWUpMMDZzVlk2WUgxU3ROVVdIQjZpZ2JoQ3Zvd25nZjExSndRUGdEcWN2TlRtY1I2VnRWZC94VWNla3oKKzN2dVRtc21rdjlXcGtsdlhwTWZaelk3YVdETWlRRVdwdXI0U0t3TFhNcjgyVTJkWUtOSmpPRkhScGxrOHFDUQpIeTc0eGxCalZHWENaSmN3SWpwRUVDT3llcWU3dXFBN1BaR1Q5aWtsT1d5dHNMQjlYQ3FNRitIbkgyRTRmdk5CCjJsZ0VEM0NDTTZpcFVIVjY2Tjl4WHFFbFliOE92RGlacHRFNlJTMXFRQmdzMVc0eEtaOVlwVjg1MERGaUVXM0gKdkdBMmEzcFBsSXA0MkJPdkhITXNHMW9SWUhZVjdmT2VPNTJnZ01OOFZubHRiQXpKWldtaDZYakRiNjJPaW11YQpKbzRRT08xNFlKUjJWc0V4Ci0tLS0tRU5EIENFUlRJRklDQVRFLS0tLS0K\n    server: https://softradix-aks-uvoujb0t.hcp.eastus.azmk8s.io:443\n  name: softradix-aks-cluster\ncontexts:\n- context:\n    cluster: softradix-aks-cluster\n    user: clusterUser_Softradix-AKS-RG_softradix-aks-cluster\n  name: softradix-aks-cluster\ncurrent-context: softradix-aks-cluster\nkind: Config\nusers:\n- name: clusterUser_Softradix-AKS-RG_softradix-aks-cluster\n  user:\n    client-certificate-data: LS0tLS1CRUdJTiBDRVJUSUZJQ0FURS0tLS0tCk1JSUZIVENDQXdXZ0F3SUJBZ0lRVmRkczBJWjlWR3d2MllRckY2eTRiVEFOQmdrcWhraUc5dzBCQVFzRkFEQU4KTVFzd0NRWURWUVFERXdKallUQWVGdzB5TmpBM01ESXdPREUwTVRsYUZ3MHlPREEzTURJd09ESTBNVGxhTURBeApGekFWQmdOVkJBb1REbk41YzNSbGJUcHRZWE4wWlhKek1SVXdFd1lEVlFRREV3eHRZWE4wWlhKamJHbGxiblF3CmdnSWlNQTBHQ1NxR1NJYjNEUUVCQVFVQUE0SUNEd0F3Z2dJS0FvSUNBUUNuYTNaak9xbnNVTDYzUnZjYlJaR0IKZmNqUXhrQjJ0WDBRdlZDUkorSS96MDNDNHZBNTdkNGFGTjhEVjJDT3pmQUhFSzVCRFRwamZMcldRbkZwR2x5TworRzU0S3dLUUQzc1hKd1Y0eS96d3N2OGVobXI1cFFVd0FnckQzbHdnd0VGM1gzRTB4a3Z5TytqcmVBMTduVDI4CkxqbDR3c0htOEVLT0VBSEZ5aHNGVEVYWk9CQkFBWml3d1kxWGg2UmtJaGNtcTFOQXlKZmduSWNpZUFOZElpZjAKNzRCVkRSMk1UK2NtNVNnb25yRXpGMzZza25yRmt0QUVxQ015K3phNXBvYXhzVXg0dTR5alBjYTh5WHdZQWFReQp5bnBLL2xHSWhNdnRzUjZtcFlMdjRWQnY3NEl2cktsZkY4eDlFQjB0T213TGJubmowWEtpdWpyV245R2JVQ2VnCi9EY1pKR0w4UVpTcmNHVDIvT2x4V1BYWm9aK3FJb0MwWlZ3RWorbkRYWlJBTEppQUVtaVVNajRWcmREakplaEsKWkRtVEVnWTl6UThCSTk2cnBnUUMyTmFwVm9PdkFMLzR6enFtUkJCd1Rva2J0N3pqSGw5L0Z4M2JFcHFaOHBoWgpFQTBjNGc4MXNUMDhrYkFhQXBiYUVJSWg4TUp3bDhyOXJMUG9ITEVPSkkxTzdKUUlocmEzRks1bnQvZUJ3Yk5OCkwxYW9MVDY5SWpIUjJocE5XYzE4Q2o1dEtsVGNDVzRNZXRUSFhGeVVYanhpZXN6WHhIQ1NhN0Jxb05TakxoVGoKNXZLd0JsNmkzaEV1Z0FaT04xeld4LythRlZ4OUFZUGt1RGwwM3Y1UU93MlZMRVBtSnVXSlA1V2V4Sjk5Tk0zeAp3LzlVR3VTMlZack1OOWxqRDJaNTNRSURBUUFCbzFZd1ZEQU9CZ05WSFE4QkFmOEVCQU1DQmFBd0V3WURWUjBsCkJBd3dDZ1lJS3dZQkJRVUhBd0l3REFZRFZSMFRBUUgvQkFJd0FEQWZCZ05WSFNNRUdEQVdnQlNsUzFTNGZyd1cKMXg3eWo2cmpRTGdiTWdCb2F6QU5CZ2txaGtpRzl3MEJBUXNGQUFPQ0FnRUFBaURKMGFZUUwrWHlJZkxaUXJtOApiVWYxUS82ZGhwQUtINFVTd2NqKyt3cytPTXhNZENIUHh6YmZoeERMenhONWZDUEJPZTA1LzdNWG5HWFdMN0tSCmp6cjNyN1VkT3Ayc1VMa0M1d2NPM0s3ZlUyUU9qRy9SbWZqb090RHFJZm9yTWVjTGpsMGhGaGg1MllvZlVxamkKbjV3S2o1UHhaZmZNNWx2a2RLY05uVVdvZUNwM0IrN1AxQzZLMHd6dk8zMmplNnAydFlCQ2JlU25yTGM3MW9GZApITEZGUnVvMDhEdm9Nd0tUcFlGNEVrRWhEM2FZcHpHZndlNENIUW5rWlFJdzY2RGwrNFBQcFNic1g2NGswMUhZClBGblJwMGxiTFc0RS8yaHNwY1FCWUtwWUFPbHhISkFBanFxVGwySjlFU29ZZDlQTDFUcGkveWo0YXJOSW91RGMKWUdYTU43SExGSmRXaEZiWGt6eDFyZnZtbkduUytxVkZkTFZTdUVHbFpZSnFRT1RIM1NYMSs1WVJibUxxZ2hrbwp4UE9XNFRIbnNTUnNWQm9XYVdiVXhYbGV6clFObUxLOS9XWVcrS2FrckZ4L2NJWk56ZnRzTkhkMldlSFVMZDNBCkxVM1p4QUFVbHY4NHB6RmpRaTdiYlN4aUptK0ZmaU04MWRLZkNIQXJSV0NZSHRkYkMyWW1Ia0dMSGpFaGlNcTAKSStNdGxTV2Y3Z2g0SVJ1OW5YT2xHT0ppR2d6ZEVSenB4VGMrQ3Nna1dTUjZJZEFLZ2trUyt2VTZxQW1BNVkwaApRVCtwd2dkdEpja2xJbjhtSnJEKzZkWnpIM1JNa0treGpvN21pZHUrNnhYcUMrdklzRWptTUNVeFFXaE9nc3JOClJvc09SdUhSWEJ2RCtSVndIejZVd0tzPQotLS0tLUVORCBDRVJUSUZJQ0FURS0tLS0tCg==\n    client-key-data: LS0tLS1CRUdJTiBSU0EgUFJJVkFURSBLRVktLS0tLQpNSUlKS0FJQkFBS0NBZ0VBcDJ0Mll6cXA3RkMrdDBiM0cwV1JnWDNJME1aQWRyVjlFTDFRa1NmaVA4OU53dUx3Ck9lM2VHaFRmQTFkZ2pzM3dCeEN1UVEwNlkzeTYxa0p4YVJwY2p2aHVlQ3NDa0E5N0Z5Y0ZlTXY4OExML0hvWnEKK2FVRk1BSUt3OTVjSU1CQmQxOXhOTVpMOGp2bzYzZ05lNTA5dkM0NWVNTEI1dkJDamhBQnhjb2JCVXhGMlRnUQpRQUdZc01HTlY0ZWtaQ0lYSnF0VFFNaVg0SnlISW5nRFhTSW45TytBVlEwZGpFL25KdVVvS0o2eE14ZCtySko2CnhaTFFCS2dqTXZzMnVhYUdzYkZNZUx1TW96M0d2TWw4R0FHa01zcDZTdjVSaUlUTDdiRWVwcVdDNytGUWIrK0MKTDZ5cFh4Zk1mUkFkTFRwc0MyNTU0OUZ5b3JvNjFwL1JtMUFub1B3M0dTUmkvRUdVcTNCazl2enBjVmoxMmFHZgpxaUtBdEdWY0JJL3B3MTJVUUN5WWdCSm9sREkrRmEzUTR5WG9TbVE1a3hJR1BjMFBBU1BlcTZZRUF0aldxVmFECnJ3Qy8rTTg2cGtRUWNFNkpHN2U4NHg1ZmZ4Y2QyeEthbWZLWVdSQU5IT0lQTmJFOVBKR3dHZ0tXMmhDQ0lmREMKY0pmSy9heXo2Qnl4RGlTTlR1eVVDSWEydHhTdVo3ZjNnY0d6VFM5V3FDMCt2U0l4MGRvYVRWbk5mQW8rYlNwVQozQWx1REhyVXgxeGNsRjQ4WW5yTTE4UndrbXV3YXFEVW95NFU0K2J5c0FaZW90NFJMb0FHVGpkYzFzZi9taFZjCmZRR0Q1TGc1ZE43K1VEc05sU3hENWlibGlUK1Zuc1NmZlRUTjhjUC9WQnJrdGxXYXpEZlpZdzltZWQwQ0F3RUEKQVFLQ0FnQUNBYzRoTWIwdHdiNE01bTNrbkNNNndTNUhkUjVRRGdHYUozQXdKL2FVdTBCOFpmUytvbCszbDZrZwp4TXNQTmVBbHhZa1dsZU90bzZZb2JCTFRVV2RBcU52SGdhOG9nNkdwelE3MHZCcWoxcndyajloTklUR25EMW5mCnIrcG5maHZnSkNYRm5keEtqWFg2WDFoblhmZzFLYWRlRDVUOExCbmEwczJpb3d5Z2kweUp1OGFvd3h3aktsUXUKYzNMV0VjNk42Ujg0dDBROWcyMko5K212dm5scUowdUxqcyt4aWUwRWUxb2k1VEYzVFFCNHd5ZHpvanlhTEZzdApBUFA1VlI5bmxwbzF3YWNxOXllZ2NHM3JhbXhKMWtHUnVwWWNUb2lVcUpDWEs0UWVxaE1wSHdtWmdXRmxGc2VkCnpEUDlWeVpLY01yeDlKQ0NRT2RKckJBbGppMXd3ZjUrbjU4Q2ZhK1pMT0ZaRVB5OEZyRXl1OXZxV1hZZytrM1gKaHlnY0xhQkJhT25QOVhxR3dFNmZpYjBxVXliLzhzaHpFdGl3MVFmS0VWMm9nS3luem1qa2NNOG85UzRIT01lego5YnFCeElyY0wwbU9aa3NRY1U5dnF4d3VNcEFEajRJcWhhYytYTHhuL0JNUzAyYzBkbHlrN3NzYVFFU0hYQ2RCCmdXWE9NVVdnWlpXRlUvQmtSY0hhZ2V3Z05OV0hwb2p6Nm1XN1Yyd1JCNFZ0emVyNW96NEJ1STdYaC9EbjlNYTgKakh6aCtHTzZLeEIzMUtBOGtiT3F3eEdDOWExT2Fidk1DM3BxMkNDZWtjbjJoNmZweGlzOVNZbWRBamJUU0lJagpZLzJITENtTlp6NTltdi9vNXFHWnU0dzZSbUNITitQYnp4UUpiZk9uc2ViMU1keG5JUUtDQVFFQTBVTGtHRGxvCjRhUm1iVTRYT3RsUnhPSitrU2JaSHdMYWF0emJXTE1mUmFpWVdvenExVldjMlVFYTFGZGtpQmZ0aTgvWXpqd1oKaVByZzBtdTB2Z2l1Rzk5Q3JQN2dMVXVOcUpyQXBFaHJSUjJ4SFAxaDA3Y3Q3TmQzQUMzT1pnVFJRVXBSc2hXeQpOOVlTejJtSDJIK3dtUUdxNmcvVlpJUk8zT1VQU2xLdEhFck9BRk5NbkRxN0RBYjE3OVE1S2loY0NyWXZ6ci9aCk0zN0tZYk1iVlNaWHY2TkljNFFwK1AzWW9TUzRQWDdXWkFucTN4Nng2UWFraitxSGVLZWlRZGhSeFU2T2FFNmoKeXF3Z0JYUDdjRG5jUE9zMFJyVVdKVUdrQUc1SkdjQUpsS1ZPa2dQVXFsWnd6TFp4NDlrV2huMldndmZIOGptdwpWQko5R3ZaUmZJZlJCUUtDQVFFQXpOQXA3bW5XZk9pMlAycUY3MCtIUmVQQTBOU2lnMlBieXQvaGlDT2lIYVR2CjRsK1ZDUC9HaHJOa0ZmVzZDRjJpaVc0Nk9RRlFJSytFMThpWUZtcWNacmV4czcvNEdNRVRxK3ExQ3RSMUFCZHcKYStsc1JSTmk5dFVCbVhyUWhUcjRtRGZDY3RrSWlBaFRvcWFDSnRKME9ZN1FmUzY4YkhwbEt0ZUozVmlKOURtMApqY2xsdnJJNHp2Q1FLR0VtbS9raWJwelpCMlVFVzRFKy8wSmcwMm9qUGp0QUhpUEJWemhNNzBzTlQwYURQT0FRCjBlTkxNRytEY0N0bHk2aEZFZkozdWIwdk5vTTg2b09SSFlqRktaelBnWVJ5SnpTak1sV0lTeWI3U1k5YlIxb3cKWnp5a1I1cjNlSzZka2RPWjI0K1huVzhMZVROR2hvNHVQU1pFcmtNOCtRS0NBUUVBaE52TVI1a0RmdWRLNUxFRQp6S2MzWkNKTkswa1g1cm1BQlFMdC9KWFZEL3ZucHUzN0ZyRkJZU29WcDZWSXZhTTdmVjNjRDZ4V3BnSnFoUTQrCjlidzdGcFVjRnd2SE50cldPS3J3RGgyd2hYUkJnOTlYb2Z5V0d0Mzl2czVXVWExVFVmbW1mc09Kb0N1NVM1aDcKMkRmUjNvTVJpWU85L3hDRnBYZUV5ckpOR0Q1aUpoQzgvaC9IcSs0cmJUWTNpUTJReW5nN1NDL0Q3ZzdjM1VUQwo0TC8wVEVhVjlFbUFBSWJpYUFVUk9ISDBHaFcxMml6NTFiSVMveEJ2TEdwNStRWW5mSGJRc1dia1ZRUU5YSWp6CnBhQUd0V0s3a1B6ZDc0K0tXWCtyeDc2R0Zxc1JoR0VNUDQyY0ZrenJhRGJuTjBJN01qR3c3NWd5M0YzVXNpNmIKTTg1akpRS0NBUUFETG5DWVRYaVJkQ1B3bEQwRVhKM2pUZ2hldGc3WUw2TG9ZZFhsQVhpeE1UQ3d1WDlkSm12MQpCN0JVVHY3V3htMlI2TzVxbUVTZ1hWbVk2SHJFVGwramtOTG4wZUdPc09FWFdJdjdZUlY0TE9VSUtCWVFkSjZpCjZ1Z2RkRFRzL04rRHJjb05jcVdaUjFmVlBQVGttWHhJc0prNGVKTmdzLzRDVGxyTDMyWTFMdmhKQTRuYkRuV24KY1VFci8yWlVJZWlSQTBxenZMUDJuK2xVbWJsYlQxakF6TGJRUVFudHl1Z1hCM2xyYzlMeURTRDF3YXdYVW9RZQpKKzVxM1hCRk9SajIvNk5PRzNmRXhNcHFSUWVhLzk2UlNuZGplSVBZY2srdHF5dFlGeXY1emNMV3Q3QnRsRkNuCnhUNlpWMG9haVA1MzZaT3FERXZhSnpjOHArMkZMM0l4QW9JQkFBWllqcExDM3pVblhMMk0xSWlmYTRhVmE2anIKeE82OUhDdTI5S3FtbzhaUFBRTkZic1ZhRVc2Z21jdUtHcWFKdnlFaldIcGhmY2VnK0lUalpPeEREcDd1NlJYYgphSG4vM0NnMHBsWStCT2EyMG5RS3pLU3JOc3pFQi9Uc1g4MjRzNHNqNXh1d0Y1NURWSFAxeDJoemhlbTV1aWhFCnlxdjJ6bld1Q2VDZEhhb3RlbDFhc3YvWXErYzFVbG5QdmRXOUZmYWxsd0F0RjFwMkp2aHh0WFFsaG0zdzUyaG4KR0dRNFVWRjdnTTJMeElxWDNwU3pvSDY4dzV2V0lURlZINVd1bjJVQWFHWnpQQno2elY1OXZ6c1hFT2IvUmxpbwp1Qjg4bVNhRS9oQ2pLV0FjZHAxNGRQS0MyeUk4aEo4ZHgwL2ROdERtSmllNFlNZGZXNHB4Tnd4bkd3Zz0KLS0tLS1FTkQgUlNBIFBSSVZBVEUgS0VZLS0tLS0K\n    token: p2xt075bms8el10yl448984747t49vuthxvh2y0q1mdxqbzkeo776k8083092n6htjzejg05nzacjvuhz58ogn4xdx7v2s9wuhoe81aw7irwmsf33r1pdal1utassesl\n",
            "kubelet_identity": [
              {
                "client_id": "3a15d769-fabf-45be-aeb8-8e296b63267f",
                "object_id": "1a94ef7e-f9f9-415c-aa74-19344e444e75",
                "user_assigned_identity_id": "/subscriptions/27735e1f-024e-4bb5-8d3f-6c6a5cd80f1e/resourceGroups/MC_Softradix-AKS-RG_softradix-aks-cluster_eastus/providers/Microsoft.ManagedIdentity/userAssignedIdentities/softradix-aks-cluster-agentpool"
              }
            ],
            "kubernetes_version": "1.36.1",
            "linux_profile": [],
            "local_account_disabled": false,
            "location": "eastus",
            "maintenance_window": [],
            "maintenance_window_auto_upgrade": [],
            "maintenance_window_node_os": [],
            "microsoft_defender": [],
            "monitor_metrics": [],
            "name": "softradix-aks-cluster",
            "network_profile": [
              {
                "advanced_networking": [],
                "dns_service_ip": "172.16.0.10",
                "ip_versions": [
                  "IPv4"
                ],
                "load_balancer_profile": [
                  {
                    "backend_pool_type": "NodeIPConfiguration",
                    "effective_outbound_ips": [
                      "/subscriptions/27735e1f-024e-4bb5-8d3f-6c6a5cd80f1e/resourceGroups/MC_Softradix-AKS-RG_softradix-aks-cluster_eastus/providers/Microsoft.Network/publicIPAddresses/f8b72ae4-8793-469e-9977-9db5bfea5539"
                    ],
                    "idle_timeout_in_minutes": 0,
                    "managed_outbound_ip_count": 1,
                    "managed_outbound_ipv6_count": 0,
                    "outbound_ip_address_ids": [],
                    "outbound_ip_prefix_ids": [],
                    "outbound_ports_allocated": 0
                  }
                ],
                "load_balancer_sku": "standard",
                "nat_gateway_profile": [],
                "network_data_plane": "azure",
                "network_mode": "",
                "network_plugin": "azure",
                "network_plugin_mode": "overlay",
                "network_policy": "",
                "outbound_type": "loadBalancer",
                "pod_cidr": "192.168.0.0/16",
                "pod_cidrs": [
                  "192.168.0.0/16"
                ],
                "service_cidr": "172.16.0.0/16",
                "service_cidrs": [
                  "172.16.0.0/16"
                ]
              }
            ],
            "node_os_upgrade_channel": "NodeImage",
            "node_provisioning_profile": [
              {
                "default_node_pools": "",
                "mode": "Manual"
              }
            ],
            "node_resource_group": "MC_Softradix-AKS-RG_softradix-aks-cluster_eastus",
            "node_resource_group_id": "/subscriptions/27735e1f-024e-4bb5-8d3f-6c6a5cd80f1e/resourceGroups/MC_Softradix-AKS-RG_softradix-aks-cluster_eastus",
            "oidc_issuer_enabled": true,
            "oidc_issuer_url": "https://eastus.oic.prod-aks.azure.com/a2a74c22-d514-456c-be8d-b53d72517201/6e6cb1ef-2632-41b1-ba5c-d13de1a5e48e/",
            "oms_agent": [],
            "open_service_mesh_enabled": false,
            "portal_fqdn": "softradix-aks-uvoujb0t.portal.hcp.eastus.azmk8s.io",
            "private_cluster_enabled": false,
            "private_cluster_public_fqdn_enabled": false,
            "private_dns_zone_id": "",
            "private_fqdn": "",
            "resource_group_name": "Softradix-AKS-RG",
            "role_based_access_control_enabled": true,
            "run_command_enabled": true,
            "service_mesh_profile": [],
            "service_principal": [],
            "sku_tier": "Standard",
            "storage_profile": [],
            "support_plan": "KubernetesOfficial",
            "tags": {
              "Environment": "Development",
              "Owner": "Yogesh",
              "Project": "Terraform"
            },
            "timeouts": null,
            "upgrade_override": [],
            "web_app_routing": [],
            "windows_profile": [
              {
                "admin_password": "",
                "admin_username": "azureuser",
                "gmsa": [],
                "license": ""
              }
            ],
            "workload_autoscaler_profile": [],
            "workload_identity_enabled": true
          },
          "sensitive_attributes": [
            [
              {
                "type": "get_attr",
                "value": "kube_admin_config"
              }
            ],
            [
              {
                "type": "get_attr",
                "value": "kube_admin_config_raw"
              }
            ],
            [
              {
                "type": "get_attr",
                "value": "kube_config"
              }
            ],
            [
              {
                "type": "get_attr",
                "value": "kube_config_raw"
              }
            ],
            [
              {
                "type": "get_attr",
                "value": "windows_profile"
              },
              {
                "type": "index",
                "value": {
                  "value": 0,
                  "type": "number"
                }
              },
              {
                "type": "get_attr",
                "value": "admin_password"
              }
            ]
          ],
          "identity_schema_version": 0,
          "private": "eyJlMmJmYjczMC1lY2FhLTExZTYtOGY4OC0zNDM2M2JjN2M0YzAiOnsiY3JlYXRlIjo1NDAwMDAwMDAwMDAwLCJkZWxldGUiOjU0MDAwMDAwMDAwMDAsInJlYWQiOjMwMDAwMDAwMDAwMCwidXBkYXRlIjo1NDAwMDAwMDAwMDAwfSwic2NoZW1hX3ZlcnNpb24iOiIyIn0=",
          "dependencies": [
            "module.acr.azurerm_container_registry.this",
            "module.resource_group.azurerm_resource_group.this",
            "module.virtual_network.azurerm_subnet.private",
            "module.virtual_network.azurerm_subnet.public",
            "module.virtual_network.azurerm_virtual_network.this"
          ]
        }
      ]
    },
    {
      "module": "module.resource_group",
      "mode": "managed",
      "type": "azurerm_resource_group",
      "name": "this",
      "provider": "provider[\"registry.terraform.io/hashicorp/azurerm\"]",
      "instances": [
        {
          "schema_version": 0,
          "attributes": {
            "id": "/subscriptions/27735e1f-024e-4bb5-8d3f-6c6a5cd80f1e/resourceGroups/Softradix-AKS-RG",
            "location": "eastus",
            "managed_by": "",
            "name": "Softradix-AKS-RG",
            "tags": {
              "Environment": "Development",
              "Owner": "Yogesh",
              "Project": "Terraform"
            },
            "timeouts": null
          },
          "sensitive_attributes": [],
          "identity_schema_version": 0,
          "identity": {
            "name": "Softradix-AKS-RG",
            "subscription_id": "27735e1f-024e-4bb5-8d3f-6c6a5cd80f1e"
          },
          "private": "eyJlMmJmYjczMC1lY2FhLTExZTYtOGY4OC0zNDM2M2JjN2M0YzAiOnsiY3JlYXRlIjo1NDAwMDAwMDAwMDAwLCJkZWxldGUiOjU0MDAwMDAwMDAwMDAsInJlYWQiOjMwMDAwMDAwMDAwMCwidXBkYXRlIjo1NDAwMDAwMDAwMDAwfX0="
        }
      ]
    },
    {
      "module": "module.virtual_network",
      "mode": "managed",
      "type": "azurerm_subnet",
      "name": "private",
      "provider": "provider[\"registry.terraform.io/hashicorp/azurerm\"]",
      "instances": [
        {
          "index_key": "softradix-aks-private-subnet-01",
          "schema_version": 0,
          "attributes": {
            "address_prefixes": [
              "10.0.10.0/24"
            ],
            "default_outbound_access_enabled": true,
            "delegation": [],
            "id": "/subscriptions/27735e1f-024e-4bb5-8d3f-6c6a5cd80f1e/resourceGroups/Softradix-AKS-RG/providers/Microsoft.Network/virtualNetworks/softradix-aks-vnet/subnets/softradix-aks-private-subnet-01",
            "ip_address_pool": [],
            "name": "softradix-aks-private-subnet-01",
            "private_endpoint_network_policies": "Disabled",
            "private_link_service_network_policies_enabled": true,
            "resource_group_name": "Softradix-AKS-RG",
            "service_endpoint_policy_ids": [],
            "service_endpoints": [],
            "sharing_scope": "",
            "timeouts": null,
            "virtual_network_name": "softradix-aks-vnet"
          },
          "sensitive_attributes": [],
          "identity_schema_version": 0,
          "identity": {
            "name": "softradix-aks-private-subnet-01",
            "resource_group_name": "Softradix-AKS-RG",
            "subscription_id": "27735e1f-024e-4bb5-8d3f-6c6a5cd80f1e",
            "virtual_network_name": "softradix-aks-vnet"
          },
          "private": "eyJlMmJmYjczMC1lY2FhLTExZTYtOGY4OC0zNDM2M2JjN2M0YzAiOnsiY3JlYXRlIjoxODAwMDAwMDAwMDAwLCJkZWxldGUiOjE4MDAwMDAwMDAwMDAsInJlYWQiOjMwMDAwMDAwMDAwMCwidXBkYXRlIjoxODAwMDAwMDAwMDAwfX0=",
          "dependencies": [
            "module.resource_group.azurerm_resource_group.this",
            "module.virtual_network.azurerm_virtual_network.this"
          ]
        },
        {
          "index_key": "softradix-aks-private-subnet-02",
          "schema_version": 0,
          "attributes": {
            "address_prefixes": [
              "10.0.20.0/24"
            ],
            "default_outbound_access_enabled": true,
            "delegation": [],
            "id": "/subscriptions/27735e1f-024e-4bb5-8d3f-6c6a5cd80f1e/resourceGroups/Softradix-AKS-RG/providers/Microsoft.Network/virtualNetworks/softradix-aks-vnet/subnets/softradix-aks-private-subnet-02",
            "ip_address_pool": [],
            "name": "softradix-aks-private-subnet-02",
            "private_endpoint_network_policies": "Disabled",
            "private_link_service_network_policies_enabled": true,
            "resource_group_name": "Softradix-AKS-RG",
            "service_endpoint_policy_ids": [],
            "service_endpoints": [],
            "sharing_scope": "",
            "timeouts": null,
            "virtual_network_name": "softradix-aks-vnet"
          },
          "sensitive_attributes": [],
          "identity_schema_version": 0,
          "identity": {
            "name": "softradix-aks-private-subnet-02",
            "resource_group_name": "Softradix-AKS-RG",
            "subscription_id": "27735e1f-024e-4bb5-8d3f-6c6a5cd80f1e",
            "virtual_network_name": "softradix-aks-vnet"
          },
          "private": "eyJlMmJmYjczMC1lY2FhLTExZTYtOGY4OC0zNDM2M2JjN2M0YzAiOnsiY3JlYXRlIjoxODAwMDAwMDAwMDAwLCJkZWxldGUiOjE4MDAwMDAwMDAwMDAsInJlYWQiOjMwMDAwMDAwMDAwMCwidXBkYXRlIjoxODAwMDAwMDAwMDAwfX0=",
          "dependencies": [
            "module.resource_group.azurerm_resource_group.this",
            "module.virtual_network.azurerm_virtual_network.this"
          ]
        },
        {
          "index_key": "softradix-aks-private-subnet-03",
          "schema_version": 0,
          "attributes": {
            "address_prefixes": [
              "10.0.30.0/24"
            ],
            "default_outbound_access_enabled": true,
            "delegation": [],
            "id": "/subscriptions/27735e1f-024e-4bb5-8d3f-6c6a5cd80f1e/resourceGroups/Softradix-AKS-RG/providers/Microsoft.Network/virtualNetworks/softradix-aks-vnet/subnets/softradix-aks-private-subnet-03",
            "ip_address_pool": [],
            "name": "softradix-aks-private-subnet-03",
            "private_endpoint_network_policies": "Disabled",
            "private_link_service_network_policies_enabled": true,
            "resource_group_name": "Softradix-AKS-RG",
            "service_endpoint_policy_ids": [],
            "service_endpoints": [],
            "sharing_scope": "",
            "timeouts": null,
            "virtual_network_name": "softradix-aks-vnet"
          },
          "sensitive_attributes": [],
          "identity_schema_version": 0,
          "identity": {
            "name": "softradix-aks-private-subnet-03",
            "resource_group_name": "Softradix-AKS-RG",
            "subscription_id": "27735e1f-024e-4bb5-8d3f-6c6a5cd80f1e",
            "virtual_network_name": "softradix-aks-vnet"
          },
          "private": "eyJlMmJmYjczMC1lY2FhLTExZTYtOGY4OC0zNDM2M2JjN2M0YzAiOnsiY3JlYXRlIjoxODAwMDAwMDAwMDAwLCJkZWxldGUiOjE4MDAwMDAwMDAwMDAsInJlYWQiOjMwMDAwMDAwMDAwMCwidXBkYXRlIjoxODAwMDAwMDAwMDAwfX0=",
          "dependencies": [
            "module.resource_group.azurerm_resource_group.this",
            "module.virtual_network.azurerm_virtual_network.this"
          ]
        }
      ]
    },
    {
      "module": "module.virtual_network",
      "mode": "managed",
      "type": "azurerm_subnet",
      "name": "public",
      "provider": "provider[\"registry.terraform.io/hashicorp/azurerm\"]",
      "instances": [
        {
          "index_key": "softradix-aks-public-subnet-01",
          "schema_version": 0,
          "attributes": {
            "address_prefixes": [
              "10.0.1.0/24"
            ],
            "default_outbound_access_enabled": true,
            "delegation": [],
            "id": "/subscriptions/27735e1f-024e-4bb5-8d3f-6c6a5cd80f1e/resourceGroups/Softradix-AKS-RG/providers/Microsoft.Network/virtualNetworks/softradix-aks-vnet/subnets/softradix-aks-public-subnet-01",
            "ip_address_pool": [],
            "name": "softradix-aks-public-subnet-01",
            "private_endpoint_network_policies": "Disabled",
            "private_link_service_network_policies_enabled": true,
            "resource_group_name": "Softradix-AKS-RG",
            "service_endpoint_policy_ids": [],
            "service_endpoints": [],
            "sharing_scope": "",
            "timeouts": null,
            "virtual_network_name": "softradix-aks-vnet"
          },
          "sensitive_attributes": [],
          "identity_schema_version": 0,
          "identity": {
            "name": "softradix-aks-public-subnet-01",
            "resource_group_name": "Softradix-AKS-RG",
            "subscription_id": "27735e1f-024e-4bb5-8d3f-6c6a5cd80f1e",
            "virtual_network_name": "softradix-aks-vnet"
          },
          "private": "eyJlMmJmYjczMC1lY2FhLTExZTYtOGY4OC0zNDM2M2JjN2M0YzAiOnsiY3JlYXRlIjoxODAwMDAwMDAwMDAwLCJkZWxldGUiOjE4MDAwMDAwMDAwMDAsInJlYWQiOjMwMDAwMDAwMDAwMCwidXBkYXRlIjoxODAwMDAwMDAwMDAwfX0=",
          "dependencies": [
            "module.resource_group.azurerm_resource_group.this",
            "module.virtual_network.azurerm_virtual_network.this"
          ]
        },
        {
          "index_key": "softradix-aks-public-subnet-02",
          "schema_version": 0,
          "attributes": {
            "address_prefixes": [
              "10.0.2.0/24"
            ],
            "default_outbound_access_enabled": true,
            "delegation": [],
            "id": "/subscriptions/27735e1f-024e-4bb5-8d3f-6c6a5cd80f1e/resourceGroups/Softradix-AKS-RG/providers/Microsoft.Network/virtualNetworks/softradix-aks-vnet/subnets/softradix-aks-public-subnet-02",
            "ip_address_pool": [],
            "name": "softradix-aks-public-subnet-02",
            "private_endpoint_network_policies": "Disabled",
            "private_link_service_network_policies_enabled": true,
            "resource_group_name": "Softradix-AKS-RG",
            "service_endpoint_policy_ids": [],
            "service_endpoints": [],
            "sharing_scope": "",
            "timeouts": null,
            "virtual_network_name": "softradix-aks-vnet"
          },
          "sensitive_attributes": [],
          "identity_schema_version": 0,
          "identity": {
            "name": "softradix-aks-public-subnet-02",
            "resource_group_name": "Softradix-AKS-RG",
            "subscription_id": "27735e1f-024e-4bb5-8d3f-6c6a5cd80f1e",
            "virtual_network_name": "softradix-aks-vnet"
          },
          "private": "eyJlMmJmYjczMC1lY2FhLTExZTYtOGY4OC0zNDM2M2JjN2M0YzAiOnsiY3JlYXRlIjoxODAwMDAwMDAwMDAwLCJkZWxldGUiOjE4MDAwMDAwMDAwMDAsInJlYWQiOjMwMDAwMDAwMDAwMCwidXBkYXRlIjoxODAwMDAwMDAwMDAwfX0=",
          "dependencies": [
            "module.resource_group.azurerm_resource_group.this",
            "module.virtual_network.azurerm_virtual_network.this"
          ]
        },
        {
          "index_key": "softradix-aks-public-subnet-03",
          "schema_version": 0,
          "attributes": {
            "address_prefixes": [
              "10.0.3.0/24"
            ],
            "default_outbound_access_enabled": true,
            "delegation": [],
            "id": "/subscriptions/27735e1f-024e-4bb5-8d3f-6c6a5cd80f1e/resourceGroups/Softradix-AKS-RG/providers/Microsoft.Network/virtualNetworks/softradix-aks-vnet/subnets/softradix-aks-public-subnet-03",
            "ip_address_pool": [],
            "name": "softradix-aks-public-subnet-03",
            "private_endpoint_network_policies": "Disabled",
            "private_link_service_network_policies_enabled": true,
            "resource_group_name": "Softradix-AKS-RG",
            "service_endpoint_policy_ids": [],
            "service_endpoints": [],
            "sharing_scope": "",
            "timeouts": null,
            "virtual_network_name": "softradix-aks-vnet"
          },
          "sensitive_attributes": [],
          "identity_schema_version": 0,
          "identity": {
            "name": "softradix-aks-public-subnet-03",
            "resource_group_name": "Softradix-AKS-RG",
            "subscription_id": "27735e1f-024e-4bb5-8d3f-6c6a5cd80f1e",
            "virtual_network_name": "softradix-aks-vnet"
          },
          "private": "eyJlMmJmYjczMC1lY2FhLTExZTYtOGY4OC0zNDM2M2JjN2M0YzAiOnsiY3JlYXRlIjoxODAwMDAwMDAwMDAwLCJkZWxldGUiOjE4MDAwMDAwMDAwMDAsInJlYWQiOjMwMDAwMDAwMDAwMCwidXBkYXRlIjoxODAwMDAwMDAwMDAwfX0=",
          "dependencies": [
            "module.resource_group.azurerm_resource_group.this",
            "module.virtual_network.azurerm_virtual_network.this"
          ]
        }
      ]
    },
    {
      "module": "module.virtual_network",
      "mode": "managed",
      "type": "azurerm_virtual_network",
      "name": "this",
      "provider": "provider[\"registry.terraform.io/hashicorp/azurerm\"]",
      "instances": [
        {
          "schema_version": 0,
          "attributes": {
            "address_space": [
              "10.0.0.0/16"
            ],
            "bgp_community": "",
            "ddos_protection_plan": [],
            "dns_servers": [],
            "edge_zone": "",
            "encryption": [],
            "flow_timeout_in_minutes": 0,
            "guid": "5fc9f83d-dc5e-44fa-8dea-ab7a593bc253",
            "id": "/subscriptions/27735e1f-024e-4bb5-8d3f-6c6a5cd80f1e/resourceGroups/Softradix-AKS-RG/providers/Microsoft.Network/virtualNetworks/softradix-aks-vnet",
            "ip_address_pool": [],
            "location": "eastus",
            "name": "softradix-aks-vnet",
            "private_endpoint_vnet_policies": "Disabled",
            "resource_group_name": "Softradix-AKS-RG",
            "subnet": [
              {
                "address_prefixes": [
                  "10.0.1.0/24"
                ],
                "default_outbound_access_enabled": true,
                "delegation": [],
                "id": "/subscriptions/27735e1f-024e-4bb5-8d3f-6c6a5cd80f1e/resourceGroups/Softradix-AKS-RG/providers/Microsoft.Network/virtualNetworks/softradix-aks-vnet/subnets/softradix-aks-public-subnet-01",
                "name": "softradix-aks-public-subnet-01",
                "private_endpoint_network_policies": "Disabled",
                "private_link_service_network_policies_enabled": true,
                "route_table_id": "",
                "security_group": "",
                "service_endpoint_policy_ids": [],
                "service_endpoints": []
              },
              {
                "address_prefixes": [
                  "10.0.10.0/24"
                ],
                "default_outbound_access_enabled": true,
                "delegation": [],
                "id": "/subscriptions/27735e1f-024e-4bb5-8d3f-6c6a5cd80f1e/resourceGroups/Softradix-AKS-RG/providers/Microsoft.Network/virtualNetworks/softradix-aks-vnet/subnets/softradix-aks-private-subnet-01",
                "name": "softradix-aks-private-subnet-01",
                "private_endpoint_network_policies": "Disabled",
                "private_link_service_network_policies_enabled": true,
                "route_table_id": "",
                "security_group": "",
                "service_endpoint_policy_ids": [],
                "service_endpoints": []
              },
              {
                "address_prefixes": [
                  "10.0.2.0/24"
                ],
                "default_outbound_access_enabled": true,
                "delegation": [],
                "id": "/subscriptions/27735e1f-024e-4bb5-8d3f-6c6a5cd80f1e/resourceGroups/Softradix-AKS-RG/providers/Microsoft.Network/virtualNetworks/softradix-aks-vnet/subnets/softradix-aks-public-subnet-02",
                "name": "softradix-aks-public-subnet-02",
                "private_endpoint_network_policies": "Disabled",
                "private_link_service_network_policies_enabled": true,
                "route_table_id": "",
                "security_group": "",
                "service_endpoint_policy_ids": [],
                "service_endpoints": []
              },
              {
                "address_prefixes": [
                  "10.0.20.0/24"
                ],
                "default_outbound_access_enabled": true,
                "delegation": [],
                "id": "/subscriptions/27735e1f-024e-4bb5-8d3f-6c6a5cd80f1e/resourceGroups/Softradix-AKS-RG/providers/Microsoft.Network/virtualNetworks/softradix-aks-vnet/subnets/softradix-aks-private-subnet-02",
                "name": "softradix-aks-private-subnet-02",
                "private_endpoint_network_policies": "Disabled",
                "private_link_service_network_policies_enabled": true,
                "route_table_id": "",
                "security_group": "",
                "service_endpoint_policy_ids": [],
                "service_endpoints": []
              },
              {
                "address_prefixes": [
                  "10.0.3.0/24"
                ],
                "default_outbound_access_enabled": true,
                "delegation": [],
                "id": "/subscriptions/27735e1f-024e-4bb5-8d3f-6c6a5cd80f1e/resourceGroups/Softradix-AKS-RG/providers/Microsoft.Network/virtualNetworks/softradix-aks-vnet/subnets/softradix-aks-public-subnet-03",
                "name": "softradix-aks-public-subnet-03",
                "private_endpoint_network_policies": "Disabled",
                "private_link_service_network_policies_enabled": true,
                "route_table_id": "",
                "security_group": "",
                "service_endpoint_policy_ids": [],
                "service_endpoints": []
              },
              {
                "address_prefixes": [
                  "10.0.30.0/24"
                ],
                "default_outbound_access_enabled": true,
                "delegation": [],
                "id": "/subscriptions/27735e1f-024e-4bb5-8d3f-6c6a5cd80f1e/resourceGroups/Softradix-AKS-RG/providers/Microsoft.Network/virtualNetworks/softradix-aks-vnet/subnets/softradix-aks-private-subnet-03",
                "name": "softradix-aks-private-subnet-03",
                "private_endpoint_network_policies": "Disabled",
                "private_link_service_network_policies_enabled": true,
                "route_table_id": "",
                "security_group": "",
                "service_endpoint_policy_ids": [],
                "service_endpoints": []
              }
            ],
            "tags": {
              "Environment": "Development",
              "Owner": "Yogesh",
              "Project": "Terraform"
            },
            "timeouts": null
          },
          "sensitive_attributes": [],
          "identity_schema_version": 0,
          "identity": {
            "name": "softradix-aks-vnet",
            "resource_group_name": "Softradix-AKS-RG",
            "subscription_id": "27735e1f-024e-4bb5-8d3f-6c6a5cd80f1e"
          },
          "private": "eyJlMmJmYjczMC1lY2FhLTExZTYtOGY4OC0zNDM2M2JjN2M0YzAiOnsiY3JlYXRlIjoxODAwMDAwMDAwMDAwLCJkZWxldGUiOjE4MDAwMDAwMDAwMDAsInJlYWQiOjMwMDAwMDAwMDAwMCwidXBkYXRlIjoxODAwMDAwMDAwMDAwfX0=",
          "dependencies": [
            "module.resource_group.azurerm_resource_group.this"
          ]
        }
      ]
    }
  ],
  "check_results": null
}
