{
  "version": 4,
  "terraform_version": "1.14.0",
  "serial": 6,
  "lineage": "95ef5afe-dcaa-d1d7-4b5f-d6764c603ab0",
  "outputs": {
    "resource_group_id": {
      "value": "/subscriptions/27735e1f-024e-4bb5-8d3f-6c6a5cd80f1e/resourceGroups/Softradix-AKS-RG",
      "type": "string"
    },
    "resource_group_name": {
      "value": "Softradix-AKS-RG",
      "type": "string"
    }
  },
  "resources": [
    {
      "module": "module.resource_group",
      "mode": "managed",
      "type": "azurerm_resource_group",
      "name": "this",
      "provider": "provider[\"registry.terraform.io/hashicorp/azurerm\"]",
      "instances": [
        {
          "schema_version": 0,
          "attributes": {
            "id": "/subscriptions/27735e1f-024e-4bb5-8d3f-6c6a5cd80f1e/resourceGroups/Softradix-AKS-RG",
            "location": "eastus2",
            "managed_by": "",
            "name": "Softradix-AKS-RG",
            "tags": {
              "Environment": "Development",
              "Owner": "Yogesh",
              "Project": "Terraform"
            },
            "timeouts": null
          },
          "sensitive_attributes": [],
          "identity_schema_version": 0,
          "identity": {
            "name": "Softradix-AKS-RG",
            "subscription_id": "27735e1f-024e-4bb5-8d3f-6c6a5cd80f1e"
          },
          "private": "eyJlMmJmYjczMC1lY2FhLTExZTYtOGY4OC0zNDM2M2JjN2M0YzAiOnsiY3JlYXRlIjo1NDAwMDAwMDAwMDAwLCJkZWxldGUiOjU0MDAwMDAwMDAwMDAsInJlYWQiOjMwMDAwMDAwMDAwMCwidXBkYXRlIjo1NDAwMDAwMDAwMDAwfX0="
        }
      ]
    }
  ],
  "check_results": null
}
