{
  "version": 4,
  "terraform_version": "1.14.0",
  "serial": 194,
  "lineage": "95ef5afe-dcaa-d1d7-4b5f-d6764c603ab0",
  "outputs": {
    "acr_login_server": {
      "value": "softradixaksacr.azurecr.io",
      "type": "string"
    },
    "aks_name": {
      "value": "softradix-aks-cluster",
      "type": "string"
    },
    "aks_subnet_id": {
      "value": "/subscriptions/27735e1f-024e-4bb5-8d3f-6c6a5cd80f1e/resourceGroups/Softradix-AKS-RG/providers/Microsoft.Network/virtualNetworks/softradix-aks-vnet/subnets/softradix-aks-node-subnet",
      "type": "string"
    },
    "bastion_fqdn": {
      "value": "bst-5ce6fcfb-60be-42ca-b1c4-1918e15c304c.bastion.azure.com",
      "type": "string"
    },
    "get_credentials_command": {
      "value": "az aks get-credentials --resource-group Softradix-AKS-RG --name softradix-aks-cluster --overwrite-existing",
      "type": "string"
    },
    "key_vault_uri": {
      "value": "https://softradix-aks-kv.vault.azure.net/",
      "type": "string"
    },
    "log_analytics_workspace_id": {
      "value": "/subscriptions/27735e1f-024e-4bb5-8d3f-6c6a5cd80f1e/resourceGroups/Softradix-AKS-RG/providers/Microsoft.OperationalInsights/workspaces/softradix-aks-law",
      "type": "string"
    },
    "nat_gateway_public_ip": {
      "value": "172.200.202.41",
      "type": "string"
    },
    "resource_group_id": {
      "value": "/subscriptions/27735e1f-024e-4bb5-8d3f-6c6a5cd80f1e/resourceGroups/Softradix-AKS-RG",
      "type": "string"
    },
    "resource_group_name": {
      "value": "Softradix-AKS-RG",
      "type": "string"
    },
    "vnet_id": {
      "value": "/subscriptions/27735e1f-024e-4bb5-8d3f-6c6a5cd80f1e/resourceGroups/Softradix-AKS-RG/providers/Microsoft.Network/virtualNetworks/softradix-aks-vnet",
      "type": "string"
    }
  },
  "resources": [
    {
      "mode": "managed",
      "type": "time_sleep",
      "name": "resource_group_propagation",
      "provider": "provider[\"registry.terraform.io/hashicorp/time\"]",
      "instances": [
        {
          "schema_version": 0,
          "attributes": {
            "create_duration": "30s",
            "destroy_duration": null,
            "id": "2026-07-03T06:30:04Z",
            "triggers": null
          },
          "sensitive_attributes": [],
          "identity_schema_version": 0,
          "dependencies": [
            "module.resource_group.azurerm_resource_group.this"
          ]
        }
      ]
    },
    {
      "module": "module.acr",
      "mode": "managed",
      "type": "azurerm_container_registry",
      "name": "this",
      "provider": "provider[\"registry.terraform.io/hashicorp/azurerm\"]",
      "instances": [
        {
          "schema_version": 2,
          "attributes": {
            "admin_enabled": false,
            "admin_password": "",
            "admin_username": "",
            "anonymous_pull_enabled": false,
            "data_endpoint_enabled": false,
            "data_endpoint_host_names": [],
            "encryption": [],
            "export_policy_enabled": true,
            "georeplications": [],
            "id": "/subscriptions/27735e1f-024e-4bb5-8d3f-6c6a5cd80f1e/resourceGroups/Softradix-AKS-RG/providers/Microsoft.ContainerRegistry/registries/softradixaksacr",
            "identity": [],
            "location": "eastus2",
            "login_server": "softradixaksacr.azurecr.io",
            "name": "softradixaksacr",
            "network_rule_bypass_option": "AzureServices",
            "network_rule_set": [
              {
                "default_action": "Deny",
                "ip_rule": []
              }
            ],
            "public_network_access_enabled": false,
            "quarantine_policy_enabled": false,
            "resource_group_name": "Softradix-AKS-RG",
            "retention_policy_in_days": 0,
            "sku": "Premium",
            "tags": {
              "Environment": "Production",
              "Owner": "Yogesh",
              "Project": "Terraform"
            },
            "timeouts": null,
            "trust_policy_enabled": false,
            "zone_redundancy_enabled": true
          },
          "sensitive_attributes": [
            [
              {
                "type": "get_attr",
                "value": "admin_password"
              }
            ]
          ],
          "identity_schema_version": 0,
          "private": "eyJlMmJmYjczMC1lY2FhLTExZTYtOGY4OC0zNDM2M2JjN2M0YzAiOnsiY3JlYXRlIjoxODAwMDAwMDAwMDAwLCJkZWxldGUiOjE4MDAwMDAwMDAwMDAsInJlYWQiOjMwMDAwMDAwMDAwMCwidXBkYXRlIjoxODAwMDAwMDAwMDAwfSwic2NoZW1hX3ZlcnNpb24iOiIyIn0=",
          "dependencies": [
            "module.resource_group.azurerm_resource_group.this",
            "module.virtual_network.azurerm_network_security_group.aks_nodes",
            "module.virtual_network.azurerm_network_security_group.private_endpoints",
            "module.virtual_network.azurerm_subnet.aks_nodes",
            "module.virtual_network.azurerm_subnet.bastion",
            "module.virtual_network.azurerm_subnet.private_endpoints",
            "module.virtual_network.azurerm_subnet_network_security_group_association.aks_nodes",
            "module.virtual_network.azurerm_subnet_network_security_group_association.private_endpoints",
            "module.virtual_network.azurerm_virtual_network.this",
            "time_sleep.resource_group_propagation"
          ]
        }
      ]
    },
    {
      "module": "module.bastion",
      "mode": "managed",
      "type": "azurerm_bastion_host",
      "name": "this",
      "provider": "provider[\"registry.terraform.io/hashicorp/azurerm\"]",
      "instances": [
        {
          "index_key": 0,
          "schema_version": 0,
          "attributes": {
            "copy_paste_enabled": true,
            "dns_name": "bst-5ce6fcfb-60be-42ca-b1c4-1918e15c304c.bastion.azure.com",
            "file_copy_enabled": false,
            "id": "/subscriptions/27735e1f-024e-4bb5-8d3f-6c6a5cd80f1e/resourceGroups/Softradix-AKS-RG/providers/Microsoft.Network/bastionHosts/softradix-aks-bastion",
            "ip_configuration": [
              {
                "name": "bastion-ipconfig",
                "public_ip_address_id": "/subscriptions/27735e1f-024e-4bb5-8d3f-6c6a5cd80f1e/resourceGroups/Softradix-AKS-RG/providers/Microsoft.Network/publicIPAddresses/softradix-aks-bastion-pip",
                "subnet_id": "/subscriptions/27735e1f-024e-4bb5-8d3f-6c6a5cd80f1e/resourceGroups/Softradix-AKS-RG/providers/Microsoft.Network/virtualNetworks/softradix-aks-vnet/subnets/AzureBastionSubnet"
              }
            ],
            "ip_connect_enabled": false,
            "kerberos_enabled": false,
            "location": "eastus2",
            "name": "softradix-aks-bastion",
            "private_only_enabled": false,
            "resource_group_name": "Softradix-AKS-RG",
            "scale_units": 2,
            "session_recording_enabled": false,
            "shareable_link_enabled": false,
            "sku": "Standard",
            "tags": {
              "Environment": "Production",
              "Owner": "Yogesh",
              "Project": "Terraform"
            },
            "timeouts": null,
            "tunneling_enabled": false,
            "virtual_network_id": "",
            "zones": null
          },
          "sensitive_attributes": [],
          "identity_schema_version": 0,
          "identity": {
            "name": "softradix-aks-bastion",
            "resource_group_name": "Softradix-AKS-RG",
            "subscription_id": "27735e1f-024e-4bb5-8d3f-6c6a5cd80f1e"
          },
          "private": "eyJlMmJmYjczMC1lY2FhLTExZTYtOGY4OC0zNDM2M2JjN2M0YzAiOnsiY3JlYXRlIjoxODAwMDAwMDAwMDAwLCJkZWxldGUiOjE4MDAwMDAwMDAwMDAsInJlYWQiOjMwMDAwMDAwMDAwMCwidXBkYXRlIjoxODAwMDAwMDAwMDAwfX0=",
          "dependencies": [
            "module.bastion.azurerm_network_security_group.bastion",
            "module.bastion.azurerm_public_ip.bastion",
            "module.bastion.azurerm_subnet_network_security_group_association.bastion",
            "module.resource_group.azurerm_resource_group.this",
            "module.virtual_network.azurerm_network_security_group.aks_nodes",
            "module.virtual_network.azurerm_network_security_group.private_endpoints",
            "module.virtual_network.azurerm_subnet.aks_nodes",
            "module.virtual_network.azurerm_subnet.bastion",
            "module.virtual_network.azurerm_subnet.private_endpoints",
            "module.virtual_network.azurerm_subnet_network_security_group_association.aks_nodes",
            "module.virtual_network.azurerm_subnet_network_security_group_association.private_endpoints",
            "module.virtual_network.azurerm_virtual_network.this",
            "time_sleep.resource_group_propagation"
          ]
        }
      ]
    },
    {
      "module": "module.bastion",
      "mode": "managed",
      "type": "azurerm_network_security_group",
      "name": "bastion",
      "provider": "provider[\"registry.terraform.io/hashicorp/azurerm\"]",
      "instances": [
        {
          "index_key": 0,
          "schema_version": 0,
          "attributes": {
            "id": "/subscriptions/27735e1f-024e-4bb5-8d3f-6c6a5cd80f1e/resourceGroups/Softradix-AKS-RG/providers/Microsoft.Network/networkSecurityGroups/AzureBastionSubnet-nsg",
            "location": "eastus2",
            "name": "AzureBastionSubnet-nsg",
            "resource_group_name": "Softradix-AKS-RG",
            "security_rule": [
              {
                "access": "Allow",
                "description": "",
                "destination_address_prefix": "*",
                "destination_address_prefixes": [],
                "destination_application_security_group_ids": [],
                "destination_port_range": "443",
                "destination_port_ranges": [],
                "direction": "Inbound",
                "name": "AllowAzureLoadBalancerInbound",
                "priority": 120,
                "protocol": "Tcp",
                "source_address_prefix": "AzureLoadBalancer",
                "source_address_prefixes": [],
                "source_application_security_group_ids": [],
                "source_port_range": "*",
                "source_port_ranges": []
              },
              {
                "access": "Allow",
                "description": "",
                "destination_address_prefix": "*",
                "destination_address_prefixes": [],
                "destination_application_security_group_ids": [],
                "destination_port_range": "443",
                "destination_port_ranges": [],
                "direction": "Inbound",
                "name": "AllowGatewayManagerInbound",
                "priority": 110,
                "protocol": "Tcp",
                "source_address_prefix": "GatewayManager",
                "source_address_prefixes": [],
                "source_application_security_group_ids": [],
                "source_port_range": "*",
                "source_port_ranges": []
              },
              {
                "access": "Allow",
                "description": "",
                "destination_address_prefix": "*",
                "destination_address_prefixes": [],
                "destination_application_security_group_ids": [],
                "destination_port_range": "443",
                "destination_port_ranges": [],
                "direction": "Inbound",
                "name": "AllowHttpsInbound",
                "priority": 100,
                "protocol": "Tcp",
                "source_address_prefix": "Internet",
                "source_address_prefixes": [],
                "source_application_security_group_ids": [],
                "source_port_range": "*",
                "source_port_ranges": []
              },
              {
                "access": "Allow",
                "description": "",
                "destination_address_prefix": "AzureCloud",
                "destination_address_prefixes": [],
                "destination_application_security_group_ids": [],
                "destination_port_range": "443",
                "destination_port_ranges": [],
                "direction": "Outbound",
                "name": "AllowAzureCloudOutbound",
                "priority": 110,
                "protocol": "Tcp",
                "source_address_prefix": "*",
                "source_address_prefixes": [],
                "source_application_security_group_ids": [],
                "source_port_range": "*",
                "source_port_ranges": []
              },
              {
                "access": "Allow",
                "description": "",
                "destination_address_prefix": "Internet",
                "destination_address_prefixes": [],
                "destination_application_security_group_ids": [],
                "destination_port_range": "80",
                "destination_port_ranges": [],
                "direction": "Outbound",
                "name": "AllowGetSessionInformationOutbound",
                "priority": 130,
                "protocol": "*",
                "source_address_prefix": "*",
                "source_address_prefixes": [],
                "source_application_security_group_ids": [],
                "source_port_range": "*",
                "source_port_ranges": []
              },
              {
                "access": "Allow",
                "description": "",
                "destination_address_prefix": "VirtualNetwork",
                "destination_address_prefixes": [],
                "destination_application_security_group_ids": [],
                "destination_port_range": "",
                "destination_port_ranges": [
                  "22",
                  "3389"
                ],
                "direction": "Outbound",
                "name": "AllowSshRdpOutbound",
                "priority": 100,
                "protocol": "Tcp",
                "source_address_prefix": "*",
                "source_address_prefixes": [],
                "source_application_security_group_ids": [],
                "source_port_range": "*",
                "source_port_ranges": []
              },
              {
                "access": "Allow",
                "description": "",
                "destination_address_prefix": "VirtualNetwork",
                "destination_address_prefixes": [],
                "destination_application_security_group_ids": [],
                "destination_port_range": "",
                "destination_port_ranges": [
                  "5701",
                  "8080"
                ],
                "direction": "Inbound",
                "name": "AllowBastionHostCommunicationInbound",
                "priority": 130,
                "protocol": "*",
                "source_address_prefix": "VirtualNetwork",
                "source_address_prefixes": [],
                "source_application_security_group_ids": [],
                "source_port_range": "*",
                "source_port_ranges": []
              },
              {
                "access": "Allow",
                "description": "",
                "destination_address_prefix": "VirtualNetwork",
                "destination_address_prefixes": [],
                "destination_application_security_group_ids": [],
                "destination_port_range": "",
                "destination_port_ranges": [
                  "5701",
                  "8080"
                ],
                "direction": "Outbound",
                "name": "AllowBastionHostCommunicationOutbound",
                "priority": 120,
                "protocol": "*",
                "source_address_prefix": "VirtualNetwork",
                "source_address_prefixes": [],
                "source_application_security_group_ids": [],
                "source_port_range": "*",
                "source_port_ranges": []
              },
              {
                "access": "Deny",
                "description": "",
                "destination_address_prefix": "*",
                "destination_address_prefixes": [],
                "destination_application_security_group_ids": [],
                "destination_port_range": "*",
                "destination_port_ranges": [],
                "direction": "Inbound",
                "name": "DenyAllInbound",
                "priority": 4096,
                "protocol": "*",
                "source_address_prefix": "*",
                "source_address_prefixes": [],
                "source_application_security_group_ids": [],
                "source_port_range": "*",
                "source_port_ranges": []
              }
            ],
            "tags": {
              "Environment": "Production",
              "Owner": "Yogesh",
              "Project": "Terraform"
            },
            "timeouts": null
          },
          "sensitive_attributes": [],
          "identity_schema_version": 0,
          "identity": {
            "name": "AzureBastionSubnet-nsg",
            "resource_group_name": "Softradix-AKS-RG",
            "subscription_id": "27735e1f-024e-4bb5-8d3f-6c6a5cd80f1e"
          },
          "private": "eyJlMmJmYjczMC1lY2FhLTExZTYtOGY4OC0zNDM2M2JjN2M0YzAiOnsiY3JlYXRlIjoxODAwMDAwMDAwMDAwLCJkZWxldGUiOjE4MDAwMDAwMDAwMDAsInJlYWQiOjMwMDAwMDAwMDAwMCwidXBkYXRlIjoxODAwMDAwMDAwMDAwfX0=",
          "dependencies": [
            "module.resource_group.azurerm_resource_group.this",
            "module.virtual_network.azurerm_network_security_group.aks_nodes",
            "module.virtual_network.azurerm_network_security_group.private_endpoints",
            "module.virtual_network.azurerm_subnet.aks_nodes",
            "module.virtual_network.azurerm_subnet.bastion",
            "module.virtual_network.azurerm_subnet.private_endpoints",
            "module.virtual_network.azurerm_subnet_network_security_group_association.aks_nodes",
            "module.virtual_network.azurerm_subnet_network_security_group_association.private_endpoints",
            "module.virtual_network.azurerm_virtual_network.this",
            "time_sleep.resource_group_propagation"
          ]
        }
      ]
    },
    {
      "module": "module.bastion",
      "mode": "managed",
      "type": "azurerm_public_ip",
      "name": "bastion",
      "provider": "provider[\"registry.terraform.io/hashicorp/azurerm\"]",
      "instances": [
        {
          "index_key": 0,
          "schema_version": 0,
          "attributes": {
            "allocation_method": "Static",
            "ddos_protection_mode": "VirtualNetworkInherited",
            "ddos_protection_plan_id": null,
            "domain_name_label": "",
            "domain_name_label_scope": "",
            "edge_zone": "",
            "fqdn": "",
            "id": "/subscriptions/27735e1f-024e-4bb5-8d3f-6c6a5cd80f1e/resourceGroups/Softradix-AKS-RG/providers/Microsoft.Network/publicIPAddresses/softradix-aks-bastion-pip",
            "idle_timeout_in_minutes": 4,
            "ip_address": "40.75.26.117",
            "ip_tags": null,
            "ip_version": "IPv4",
            "location": "eastus2",
            "name": "softradix-aks-bastion-pip",
            "public_ip_prefix_id": null,
            "resource_group_name": "Softradix-AKS-RG",
            "reverse_fqdn": "",
            "sku": "Standard",
            "sku_tier": "Regional",
            "tags": {
              "Environment": "Production",
              "Owner": "Yogesh",
              "Project": "Terraform"
            },
            "timeouts": null,
            "zones": null
          },
          "sensitive_attributes": [],
          "identity_schema_version": 0,
          "identity": {
            "name": "softradix-aks-bastion-pip",
            "resource_group_name": "Softradix-AKS-RG",
            "subscription_id": "27735e1f-024e-4bb5-8d3f-6c6a5cd80f1e"
          },
          "private": "eyJlMmJmYjczMC1lY2FhLTExZTYtOGY4OC0zNDM2M2JjN2M0YzAiOnsiY3JlYXRlIjoxODAwMDAwMDAwMDAwLCJkZWxldGUiOjE4MDAwMDAwMDAwMDAsInJlYWQiOjMwMDAwMDAwMDAwMCwidXBkYXRlIjoxODAwMDAwMDAwMDAwfX0=",
          "dependencies": [
            "module.resource_group.azurerm_resource_group.this",
            "module.virtual_network.azurerm_network_security_group.aks_nodes",
            "module.virtual_network.azurerm_network_security_group.private_endpoints",
            "module.virtual_network.azurerm_subnet.aks_nodes",
            "module.virtual_network.azurerm_subnet.bastion",
            "module.virtual_network.azurerm_subnet.private_endpoints",
            "module.virtual_network.azurerm_subnet_network_security_group_association.aks_nodes",
            "module.virtual_network.azurerm_subnet_network_security_group_association.private_endpoints",
            "module.virtual_network.azurerm_virtual_network.this",
            "time_sleep.resource_group_propagation"
          ]
        }
      ]
    },
    {
      "module": "module.bastion",
      "mode": "managed",
      "type": "azurerm_subnet_network_security_group_association",
      "name": "bastion",
      "provider": "provider[\"registry.terraform.io/hashicorp/azurerm\"]",
      "instances": [
        {
          "index_key": 0,
          "schema_version": 0,
          "attributes": {
            "id": "/subscriptions/27735e1f-024e-4bb5-8d3f-6c6a5cd80f1e/resourceGroups/Softradix-AKS-RG/providers/Microsoft.Network/virtualNetworks/softradix-aks-vnet/subnets/AzureBastionSubnet",
            "network_security_group_id": "/subscriptions/27735e1f-024e-4bb5-8d3f-6c6a5cd80f1e/resourceGroups/Softradix-AKS-RG/providers/Microsoft.Network/networkSecurityGroups/AzureBastionSubnet-nsg",
            "subnet_id": "/subscriptions/27735e1f-024e-4bb5-8d3f-6c6a5cd80f1e/resourceGroups/Softradix-AKS-RG/providers/Microsoft.Network/virtualNetworks/softradix-aks-vnet/subnets/AzureBastionSubnet",
            "timeouts": null
          },
          "sensitive_attributes": [],
          "identity_schema_version": 0,
          "private": "eyJlMmJmYjczMC1lY2FhLTExZTYtOGY4OC0zNDM2M2JjN2M0YzAiOnsiY3JlYXRlIjoxODAwMDAwMDAwMDAwLCJkZWxldGUiOjE4MDAwMDAwMDAwMDAsInJlYWQiOjMwMDAwMDAwMDAwMH19",
          "dependencies": [
            "module.bastion.azurerm_network_security_group.bastion",
            "module.resource_group.azurerm_resource_group.this",
            "module.virtual_network.azurerm_network_security_group.aks_nodes",
            "module.virtual_network.azurerm_network_security_group.private_endpoints",
            "module.virtual_network.azurerm_subnet.aks_nodes",
            "module.virtual_network.azurerm_subnet.bastion",
            "module.virtual_network.azurerm_subnet.private_endpoints",
            "module.virtual_network.azurerm_subnet_network_security_group_association.aks_nodes",
            "module.virtual_network.azurerm_subnet_network_security_group_association.private_endpoints",
            "module.virtual_network.azurerm_virtual_network.this",
            "time_sleep.resource_group_propagation"
          ]
        }
      ]
    },
    {
      "module": "module.key_vault",
      "mode": "data",
      "type": "azurerm_client_config",
      "name": "current",
      "provider": "provider[\"registry.terraform.io/hashicorp/azurerm\"]",
      "instances": [
        {
          "schema_version": 0,
          "attributes": {
            "client_id": "04b07795-8ddb-461a-bbee-02f9e1bf7b46",
            "id": "Y2xpZW50Q29uZmlncy9jbGllbnRJZD0wNGIwNzc5NS04ZGRiLTQ2MWEtYmJlZS0wMmY5ZTFiZjdiNDY7b2JqZWN0SWQ9YmZiYjdmZWUtNTk4YS00YjAzLThkMjYtZWNhZjY4YmEzN2IzO3N1YnNjcmlwdGlvbklkPTI3NzM1ZTFmLTAyNGUtNGJiNS04ZDNmLTZjNmE1Y2Q4MGYxZTt0ZW5hbnRJZD1hMmE3NGMyMi1kNTE0LTQ1NmMtYmU4ZC1iNTNkNzI1MTcyMDE=",
            "object_id": "bfbb7fee-598a-4b03-8d26-ecaf68ba37b3",
            "subscription_id": "27735e1f-024e-4bb5-8d3f-6c6a5cd80f1e",
            "tenant_id": "a2a74c22-d514-456c-be8d-b53d72517201",
            "timeouts": null
          },
          "sensitive_attributes": [],
          "identity_schema_version": 0
        }
      ]
    },
    {
      "module": "module.key_vault",
      "mode": "managed",
      "type": "azurerm_key_vault",
      "name": "this",
      "provider": "provider[\"registry.terraform.io/hashicorp/azurerm\"]",
      "instances": [
        {
          "schema_version": 2,
          "attributes": {
            "access_policy": [],
            "contact": [],
            "enable_rbac_authorization": true,
            "enabled_for_deployment": false,
            "enabled_for_disk_encryption": false,
            "enabled_for_template_deployment": false,
            "id": "/subscriptions/27735e1f-024e-4bb5-8d3f-6c6a5cd80f1e/resourceGroups/Softradix-AKS-RG/providers/Microsoft.KeyVault/vaults/softradix-aks-kv",
            "location": "eastus2",
            "name": "softradix-aks-kv",
            "network_acls": [
              {
                "bypass": "AzureServices",
                "default_action": "Deny",
                "ip_rules": null,
                "virtual_network_subnet_ids": null
              }
            ],
            "public_network_access_enabled": false,
            "purge_protection_enabled": true,
            "rbac_authorization_enabled": true,
            "resource_group_name": "Softradix-AKS-RG",
            "sku_name": "standard",
            "soft_delete_retention_days": 90,
            "tags": {
              "Environment": "Production",
              "Owner": "Yogesh",
              "Project": "Terraform"
            },
            "tenant_id": "a2a74c22-d514-456c-be8d-b53d72517201",
            "timeouts": null,
            "vault_uri": "https://softradix-aks-kv.vault.azure.net/"
          },
          "sensitive_attributes": [],
          "identity_schema_version": 0,
          "identity": {
            "name": "softradix-aks-kv",
            "resource_group_name": "Softradix-AKS-RG",
            "subscription_id": "27735e1f-024e-4bb5-8d3f-6c6a5cd80f1e"
          },
          "private": "eyJlMmJmYjczMC1lY2FhLTExZTYtOGY4OC0zNDM2M2JjN2M0YzAiOnsiY3JlYXRlIjoxODAwMDAwMDAwMDAwLCJkZWxldGUiOjE4MDAwMDAwMDAwMDAsInJlYWQiOjMwMDAwMDAwMDAwMCwidXBkYXRlIjoxODAwMDAwMDAwMDAwfSwic2NoZW1hX3ZlcnNpb24iOiIyIn0=",
          "dependencies": [
            "module.key_vault.data.azurerm_client_config.current",
            "module.resource_group.azurerm_resource_group.this",
            "time_sleep.resource_group_propagation"
          ]
        }
      ]
    },
    {
      "module": "module.log_analytics",
      "mode": "managed",
      "type": "azurerm_log_analytics_solution",
      "name": "container_insights",
      "provider": "provider[\"registry.terraform.io/hashicorp/azurerm\"]",
      "instances": [
        {
          "schema_version": 1,
          "attributes": {
            "id": "/subscriptions/27735e1f-024e-4bb5-8d3f-6c6a5cd80f1e/resourceGroups/Softradix-AKS-RG/providers/Microsoft.OperationsManagement/solutions/ContainerInsights(softradix-aks-law)",
            "location": "eastus2",
            "plan": [
              {
                "name": "ContainerInsights(softradix-aks-law)",
                "product": "OMSGallery/ContainerInsights",
                "promotion_code": "",
                "publisher": "Microsoft"
              }
            ],
            "resource_group_name": "Softradix-AKS-RG",
            "solution_name": "ContainerInsights",
            "tags": {
              "Environment": "Production",
              "Owner": "Yogesh",
              "Project": "Terraform"
            },
            "timeouts": null,
            "workspace_name": "softradix-aks-law",
            "workspace_resource_id": "/subscriptions/27735e1f-024e-4bb5-8d3f-6c6a5cd80f1e/resourceGroups/Softradix-AKS-RG/providers/Microsoft.OperationalInsights/workspaces/softradix-aks-law"
          },
          "sensitive_attributes": [],
          "identity_schema_version": 0,
          "private": "eyJlMmJmYjczMC1lY2FhLTExZTYtOGY4OC0zNDM2M2JjN2M0YzAiOnsiY3JlYXRlIjoxODAwMDAwMDAwMDAwLCJkZWxldGUiOjE4MDAwMDAwMDAwMDAsInJlYWQiOjMwMDAwMDAwMDAwMCwidXBkYXRlIjoxODAwMDAwMDAwMDAwfSwic2NoZW1hX3ZlcnNpb24iOiIxIn0=",
          "dependencies": [
            "module.log_analytics.azurerm_log_analytics_workspace.this",
            "module.resource_group.azurerm_resource_group.this",
            "time_sleep.resource_group_propagation"
          ]
        }
      ]
    },
    {
      "module": "module.log_analytics",
      "mode": "managed",
      "type": "azurerm_log_analytics_workspace",
      "name": "this",
      "provider": "provider[\"registry.terraform.io/hashicorp/azurerm\"]",
      "instances": [
        {
          "schema_version": 3,
          "attributes": {
            "allow_resource_only_permissions": true,
            "cmk_for_query_forced": false,
            "daily_quota_gb": -1,
            "data_collection_rule_id": "",
            "id": "/subscriptions/27735e1f-024e-4bb5-8d3f-6c6a5cd80f1e/resourceGroups/Softradix-AKS-RG/providers/Microsoft.OperationalInsights/workspaces/softradix-aks-law",
            "identity": [],
            "immediate_data_purge_on_30_days_enabled": false,
            "internet_ingestion_enabled": true,
            "internet_query_enabled": true,
            "local_authentication_disabled": false,
            "local_authentication_enabled": true,
            "location": "eastus2",
            "name": "softradix-aks-law",
            "primary_shared_key": "c1hp2Yv9HoyxCHNG8QPKLvMelpdWbjeBbOnQ5ExwtjO1XIpHfFR102XM2AJbng+kK7s2vTuhtp8BPZedjBw3xA==",
            "reservation_capacity_in_gb_per_day": null,
            "resource_group_name": "Softradix-AKS-RG",
            "retention_in_days": 30,
            "secondary_shared_key": "PIcEhpmM98Ajo6FnbBBG3/Y0NQhRU0BJ7eWjInD5V4uSSHV9zW5KJ3NhpXUourahnTBE/6jD97JxtckK16kLKg==",
            "sku": "PerGB2018",
            "tags": {
              "Environment": "Production",
              "Owner": "Yogesh",
              "Project": "Terraform"
            },
            "timeouts": null,
            "workspace_id": "8e461f5f-7dc1-45f2-8011-e319f6f9dcdf"
          },
          "sensitive_attributes": [
            [
              {
                "type": "get_attr",
                "value": "primary_shared_key"
              }
            ],
            [
              {
                "type": "get_attr",
                "value": "secondary_shared_key"
              }
            ]
          ],
          "identity_schema_version": 0,
          "private": "eyJlMmJmYjczMC1lY2FhLTExZTYtOGY4OC0zNDM2M2JjN2M0YzAiOnsiY3JlYXRlIjoxODAwMDAwMDAwMDAwLCJkZWxldGUiOjE4MDAwMDAwMDAwMDAsInJlYWQiOjMwMDAwMDAwMDAwMCwidXBkYXRlIjoxODAwMDAwMDAwMDAwfSwic2NoZW1hX3ZlcnNpb24iOiIzIn0=",
          "dependencies": [
            "module.resource_group.azurerm_resource_group.this",
            "time_sleep.resource_group_propagation"
          ]
        }
      ]
    },
    {
      "module": "module.nat_gateway",
      "mode": "managed",
      "type": "azurerm_nat_gateway",
      "name": "this",
      "provider": "provider[\"registry.terraform.io/hashicorp/azurerm\"]",
      "instances": [
        {
          "schema_version": 0,
          "attributes": {
            "id": "/subscriptions/27735e1f-024e-4bb5-8d3f-6c6a5cd80f1e/resourceGroups/Softradix-AKS-RG/providers/Microsoft.Network/natGateways/softradix-aks-natgw",
            "idle_timeout_in_minutes": 10,
            "location": "eastus2",
            "name": "softradix-aks-natgw",
            "resource_group_name": "Softradix-AKS-RG",
            "resource_guid": "35d4f9e8-7442-470d-848c-03b9d925cf28",
            "sku_name": "Standard",
            "tags": {
              "Environment": "Production",
              "Owner": "Yogesh",
              "Project": "Terraform"
            },
            "timeouts": null,
            "zones": [
              "1"
            ]
          },
          "sensitive_attributes": [],
          "identity_schema_version": 0,
          "identity": {
            "name": "softradix-aks-natgw",
            "resource_group_name": "Softradix-AKS-RG",
            "subscription_id": "27735e1f-024e-4bb5-8d3f-6c6a5cd80f1e"
          },
          "private": "eyJlMmJmYjczMC1lY2FhLTExZTYtOGY4OC0zNDM2M2JjN2M0YzAiOnsiY3JlYXRlIjozNjAwMDAwMDAwMDAwLCJkZWxldGUiOjM2MDAwMDAwMDAwMDAsInJlYWQiOjMwMDAwMDAwMDAwMCwidXBkYXRlIjozNjAwMDAwMDAwMDAwfX0=",
          "dependencies": [
            "module.resource_group.azurerm_resource_group.this",
            "module.virtual_network.azurerm_network_security_group.aks_nodes",
            "module.virtual_network.azurerm_network_security_group.private_endpoints",
            "module.virtual_network.azurerm_subnet.aks_nodes",
            "module.virtual_network.azurerm_subnet.bastion",
            "module.virtual_network.azurerm_subnet.private_endpoints",
            "module.virtual_network.azurerm_subnet_network_security_group_association.aks_nodes",
            "module.virtual_network.azurerm_subnet_network_security_group_association.private_endpoints",
            "module.virtual_network.azurerm_virtual_network.this",
            "time_sleep.resource_group_propagation"
          ]
        }
      ]
    },
    {
      "module": "module.nat_gateway",
      "mode": "managed",
      "type": "azurerm_nat_gateway_public_ip_association",
      "name": "this",
      "provider": "provider[\"registry.terraform.io/hashicorp/azurerm\"]",
      "instances": [
        {
          "schema_version": 0,
          "attributes": {
            "id": "/subscriptions/27735e1f-024e-4bb5-8d3f-6c6a5cd80f1e/resourceGroups/Softradix-AKS-RG/providers/Microsoft.Network/natGateways/softradix-aks-natgw|/subscriptions/27735e1f-024e-4bb5-8d3f-6c6a5cd80f1e/resourceGroups/Softradix-AKS-RG/providers/Microsoft.Network/publicIPAddresses/softradix-aks-natgw-pip",
            "nat_gateway_id": "/subscriptions/27735e1f-024e-4bb5-8d3f-6c6a5cd80f1e/resourceGroups/Softradix-AKS-RG/providers/Microsoft.Network/natGateways/softradix-aks-natgw",
            "public_ip_address_id": "/subscriptions/27735e1f-024e-4bb5-8d3f-6c6a5cd80f1e/resourceGroups/Softradix-AKS-RG/providers/Microsoft.Network/publicIPAddresses/softradix-aks-natgw-pip",
            "timeouts": null
          },
          "sensitive_attributes": [],
          "identity_schema_version": 0,
          "private": "eyJlMmJmYjczMC1lY2FhLTExZTYtOGY4OC0zNDM2M2JjN2M0YzAiOnsiY3JlYXRlIjoxODAwMDAwMDAwMDAwLCJkZWxldGUiOjE4MDAwMDAwMDAwMDAsInJlYWQiOjMwMDAwMDAwMDAwMH19",
          "dependencies": [
            "module.nat_gateway.azurerm_nat_gateway.this",
            "module.nat_gateway.azurerm_public_ip.nat",
            "module.resource_group.azurerm_resource_group.this",
            "module.virtual_network.azurerm_network_security_group.aks_nodes",
            "module.virtual_network.azurerm_network_security_group.private_endpoints",
            "module.virtual_network.azurerm_subnet.aks_nodes",
            "module.virtual_network.azurerm_subnet.bastion",
            "module.virtual_network.azurerm_subnet.private_endpoints",
            "module.virtual_network.azurerm_subnet_network_security_group_association.aks_nodes",
            "module.virtual_network.azurerm_subnet_network_security_group_association.private_endpoints",
            "module.virtual_network.azurerm_virtual_network.this",
            "time_sleep.resource_group_propagation"
          ]
        }
      ]
    },
    {
      "module": "module.nat_gateway",
      "mode": "managed",
      "type": "azurerm_public_ip",
      "name": "nat",
      "provider": "provider[\"registry.terraform.io/hashicorp/azurerm\"]",
      "instances": [
        {
          "schema_version": 0,
          "attributes": {
            "allocation_method": "Static",
            "ddos_protection_mode": "VirtualNetworkInherited",
            "ddos_protection_plan_id": null,
            "domain_name_label": "",
            "domain_name_label_scope": "",
            "edge_zone": "",
            "fqdn": "",
            "id": "/subscriptions/27735e1f-024e-4bb5-8d3f-6c6a5cd80f1e/resourceGroups/Softradix-AKS-RG/providers/Microsoft.Network/publicIPAddresses/softradix-aks-natgw-pip",
            "idle_timeout_in_minutes": 4,
            "ip_address": "172.200.202.41",
            "ip_tags": null,
            "ip_version": "IPv4",
            "location": "eastus2",
            "name": "softradix-aks-natgw-pip",
            "public_ip_prefix_id": null,
            "resource_group_name": "Softradix-AKS-RG",
            "reverse_fqdn": "",
            "sku": "Standard",
            "sku_tier": "Regional",
            "tags": {
              "Environment": "Production",
              "Owner": "Yogesh",
              "Project": "Terraform"
            },
            "timeouts": null,
            "zones": [
              "1"
            ]
          },
          "sensitive_attributes": [],
          "identity_schema_version": 0,
          "identity": {
            "name": "softradix-aks-natgw-pip",
            "resource_group_name": "Softradix-AKS-RG",
            "subscription_id": "27735e1f-024e-4bb5-8d3f-6c6a5cd80f1e"
          },
          "private": "eyJlMmJmYjczMC1lY2FhLTExZTYtOGY4OC0zNDM2M2JjN2M0YzAiOnsiY3JlYXRlIjoxODAwMDAwMDAwMDAwLCJkZWxldGUiOjE4MDAwMDAwMDAwMDAsInJlYWQiOjMwMDAwMDAwMDAwMCwidXBkYXRlIjoxODAwMDAwMDAwMDAwfX0=",
          "dependencies": [
            "module.resource_group.azurerm_resource_group.this",
            "module.virtual_network.azurerm_network_security_group.aks_nodes",
            "module.virtual_network.azurerm_network_security_group.private_endpoints",
            "module.virtual_network.azurerm_subnet.aks_nodes",
            "module.virtual_network.azurerm_subnet.bastion",
            "module.virtual_network.azurerm_subnet.private_endpoints",
            "module.virtual_network.azurerm_subnet_network_security_group_association.aks_nodes",
            "module.virtual_network.azurerm_subnet_network_security_group_association.private_endpoints",
            "module.virtual_network.azurerm_virtual_network.this",
            "time_sleep.resource_group_propagation"
          ]
        }
      ]
    },
    {
      "module": "module.nat_gateway",
      "mode": "managed",
      "type": "azurerm_subnet_nat_gateway_association",
      "name": "aks_nodes",
      "provider": "provider[\"registry.terraform.io/hashicorp/azurerm\"]",
      "instances": [
        {
          "schema_version": 0,
          "attributes": {
            "id": "/subscriptions/27735e1f-024e-4bb5-8d3f-6c6a5cd80f1e/resourceGroups/Softradix-AKS-RG/providers/Microsoft.Network/virtualNetworks/softradix-aks-vnet/subnets/softradix-aks-node-subnet",
            "nat_gateway_id": "/subscriptions/27735e1f-024e-4bb5-8d3f-6c6a5cd80f1e/resourceGroups/Softradix-AKS-RG/providers/Microsoft.Network/natGateways/softradix-aks-natgw",
            "subnet_id": "/subscriptions/27735e1f-024e-4bb5-8d3f-6c6a5cd80f1e/resourceGroups/Softradix-AKS-RG/providers/Microsoft.Network/virtualNetworks/softradix-aks-vnet/subnets/softradix-aks-node-subnet",
            "timeouts": null
          },
          "sensitive_attributes": [],
          "identity_schema_version": 0,
          "private": "eyJlMmJmYjczMC1lY2FhLTExZTYtOGY4OC0zNDM2M2JjN2M0YzAiOnsiY3JlYXRlIjoxODAwMDAwMDAwMDAwLCJkZWxldGUiOjE4MDAwMDAwMDAwMDAsInJlYWQiOjMwMDAwMDAwMDAwMH19",
          "dependencies": [
            "module.nat_gateway.azurerm_nat_gateway.this",
            "module.resource_group.azurerm_resource_group.this",
            "module.virtual_network.azurerm_network_security_group.aks_nodes",
            "module.virtual_network.azurerm_network_security_group.private_endpoints",
            "module.virtual_network.azurerm_subnet.aks_nodes",
            "module.virtual_network.azurerm_subnet.bastion",
            "module.virtual_network.azurerm_subnet.private_endpoints",
            "module.virtual_network.azurerm_subnet_network_security_group_association.aks_nodes",
            "module.virtual_network.azurerm_subnet_network_security_group_association.private_endpoints",
            "module.virtual_network.azurerm_virtual_network.this",
            "time_sleep.resource_group_propagation"
          ]
        }
      ]
    },
    {
      "module": "module.private_endpoints",
      "mode": "managed",
      "type": "azurerm_private_dns_zone",
      "name": "this",
      "provider": "provider[\"registry.terraform.io/hashicorp/azurerm\"]",
      "instances": [
        {
          "index_key": "acr",
          "schema_version": 0,
          "attributes": {
            "id": "/subscriptions/27735e1f-024e-4bb5-8d3f-6c6a5cd80f1e/resourceGroups/Softradix-AKS-RG/providers/Microsoft.Network/privateDnsZones/privatelink.azurecr.io",
            "max_number_of_record_sets": 25000,
            "max_number_of_virtual_network_links": 1000,
            "max_number_of_virtual_network_links_with_registration": 100,
            "name": "privatelink.azurecr.io",
            "number_of_record_sets": 1,
            "resource_group_name": "Softradix-AKS-RG",
            "soa_record": [
              {
                "email": "azureprivatedns-host.microsoft.com",
                "expire_time": 2419200,
                "fqdn": "privatelink.azurecr.io.",
                "host_name": "azureprivatedns.net",
                "minimum_ttl": 10,
                "refresh_time": 3600,
                "retry_time": 300,
                "serial_number": 1,
                "tags": {},
                "ttl": 3600
              }
            ],
            "tags": {
              "Environment": "Production",
              "Owner": "Yogesh",
              "Project": "Terraform"
            },
            "timeouts": null
          },
          "sensitive_attributes": [],
          "identity_schema_version": 0,
          "identity": {
            "name": "privatelink.azurecr.io",
            "resource_group_name": "Softradix-AKS-RG",
            "subscription_id": "27735e1f-024e-4bb5-8d3f-6c6a5cd80f1e"
          },
          "private": "eyJlMmJmYjczMC1lY2FhLTExZTYtOGY4OC0zNDM2M2JjN2M0YzAiOnsiY3JlYXRlIjoxODAwMDAwMDAwMDAwLCJkZWxldGUiOjE4MDAwMDAwMDAwMDAsInJlYWQiOjMwMDAwMDAwMDAwMCwidXBkYXRlIjoxODAwMDAwMDAwMDAwfX0=",
          "dependencies": [
            "module.acr.azurerm_container_registry.this",
            "module.key_vault.azurerm_key_vault.this",
            "module.key_vault.data.azurerm_client_config.current",
            "module.resource_group.azurerm_resource_group.this",
            "module.virtual_network.azurerm_network_security_group.aks_nodes",
            "module.virtual_network.azurerm_network_security_group.private_endpoints",
            "module.virtual_network.azurerm_subnet.aks_nodes",
            "module.virtual_network.azurerm_subnet.bastion",
            "module.virtual_network.azurerm_subnet.private_endpoints",
            "module.virtual_network.azurerm_subnet_network_security_group_association.aks_nodes",
            "module.virtual_network.azurerm_subnet_network_security_group_association.private_endpoints",
            "module.virtual_network.azurerm_virtual_network.this",
            "time_sleep.resource_group_propagation"
          ]
        },
        {
          "index_key": "key_vault",
          "schema_version": 0,
          "attributes": {
            "id": "/subscriptions/27735e1f-024e-4bb5-8d3f-6c6a5cd80f1e/resourceGroups/Softradix-AKS-RG/providers/Microsoft.Network/privateDnsZones/privatelink.vaultcore.azure.net",
            "max_number_of_record_sets": 25000,
            "max_number_of_virtual_network_links": 1000,
            "max_number_of_virtual_network_links_with_registration": 100,
            "name": "privatelink.vaultcore.azure.net",
            "number_of_record_sets": 1,
            "resource_group_name": "Softradix-AKS-RG",
            "soa_record": [
              {
                "email": "azureprivatedns-host.microsoft.com",
                "expire_time": 2419200,
                "fqdn": "privatelink.vaultcore.azure.net.",
                "host_name": "azureprivatedns.net",
                "minimum_ttl": 10,
                "refresh_time": 3600,
                "retry_time": 300,
                "serial_number": 1,
                "tags": {},
                "ttl": 3600
              }
            ],
            "tags": {
              "Environment": "Production",
              "Owner": "Yogesh",
              "Project": "Terraform"
            },
            "timeouts": null
          },
          "sensitive_attributes": [],
          "identity_schema_version": 0,
          "identity": {
            "name": "privatelink.vaultcore.azure.net",
            "resource_group_name": "Softradix-AKS-RG",
            "subscription_id": "27735e1f-024e-4bb5-8d3f-6c6a5cd80f1e"
          },
          "private": "eyJlMmJmYjczMC1lY2FhLTExZTYtOGY4OC0zNDM2M2JjN2M0YzAiOnsiY3JlYXRlIjoxODAwMDAwMDAwMDAwLCJkZWxldGUiOjE4MDAwMDAwMDAwMDAsInJlYWQiOjMwMDAwMDAwMDAwMCwidXBkYXRlIjoxODAwMDAwMDAwMDAwfX0=",
          "dependencies": [
            "module.acr.azurerm_container_registry.this",
            "module.key_vault.azurerm_key_vault.this",
            "module.key_vault.data.azurerm_client_config.current",
            "module.resource_group.azurerm_resource_group.this",
            "module.virtual_network.azurerm_network_security_group.aks_nodes",
            "module.virtual_network.azurerm_network_security_group.private_endpoints",
            "module.virtual_network.azurerm_subnet.aks_nodes",
            "module.virtual_network.azurerm_subnet.bastion",
            "module.virtual_network.azurerm_subnet.private_endpoints",
            "module.virtual_network.azurerm_subnet_network_security_group_association.aks_nodes",
            "module.virtual_network.azurerm_subnet_network_security_group_association.private_endpoints",
            "module.virtual_network.azurerm_virtual_network.this",
            "time_sleep.resource_group_propagation"
          ]
        }
      ]
    },
    {
      "module": "module.private_endpoints",
      "mode": "managed",
      "type": "azurerm_private_dns_zone_virtual_network_link",
      "name": "this",
      "provider": "provider[\"registry.terraform.io/hashicorp/azurerm\"]",
      "instances": [
        {
          "index_key": "acr",
          "schema_version": 0,
          "attributes": {
            "id": "/subscriptions/27735e1f-024e-4bb5-8d3f-6c6a5cd80f1e/resourceGroups/Softradix-AKS-RG/providers/Microsoft.Network/privateDnsZones/privatelink.azurecr.io/virtualNetworkLinks/acr-link",
            "name": "acr-link",
            "private_dns_zone_name": "privatelink.azurecr.io",
            "registration_enabled": false,
            "resolution_policy": "Default",
            "resource_group_name": "Softradix-AKS-RG",
            "tags": {
              "Environment": "Production",
              "Owner": "Yogesh",
              "Project": "Terraform"
            },
            "timeouts": null,
            "virtual_network_id": "/subscriptions/27735e1f-024e-4bb5-8d3f-6c6a5cd80f1e/resourceGroups/Softradix-AKS-RG/providers/Microsoft.Network/virtualNetworks/softradix-aks-vnet"
          },
          "sensitive_attributes": [],
          "identity_schema_version": 0,
          "identity": {
            "name": "acr-link",
            "private_dns_zone_name": "privatelink.azurecr.io",
            "resource_group_name": "Softradix-AKS-RG",
            "subscription_id": "27735e1f-024e-4bb5-8d3f-6c6a5cd80f1e"
          },
          "private": "eyJlMmJmYjczMC1lY2FhLTExZTYtOGY4OC0zNDM2M2JjN2M0YzAiOnsiY3JlYXRlIjoxODAwMDAwMDAwMDAwLCJkZWxldGUiOjE4MDAwMDAwMDAwMDAsInJlYWQiOjMwMDAwMDAwMDAwMCwidXBkYXRlIjoxODAwMDAwMDAwMDAwfX0=",
          "dependencies": [
            "module.acr.azurerm_container_registry.this",
            "module.key_vault.azurerm_key_vault.this",
            "module.key_vault.data.azurerm_client_config.current",
            "module.private_endpoints.azurerm_private_dns_zone.this",
            "module.resource_group.azurerm_resource_group.this",
            "module.virtual_network.azurerm_network_security_group.aks_nodes",
            "module.virtual_network.azurerm_network_security_group.private_endpoints",
            "module.virtual_network.azurerm_subnet.aks_nodes",
            "module.virtual_network.azurerm_subnet.bastion",
            "module.virtual_network.azurerm_subnet.private_endpoints",
            "module.virtual_network.azurerm_subnet_network_security_group_association.aks_nodes",
            "module.virtual_network.azurerm_subnet_network_security_group_association.private_endpoints",
            "module.virtual_network.azurerm_virtual_network.this",
            "time_sleep.resource_group_propagation"
          ]
        },
        {
          "index_key": "key_vault",
          "schema_version": 0,
          "attributes": {
            "id": "/subscriptions/27735e1f-024e-4bb5-8d3f-6c6a5cd80f1e/resourceGroups/Softradix-AKS-RG/providers/Microsoft.Network/privateDnsZones/privatelink.vaultcore.azure.net/virtualNetworkLinks/key_vault-link",
            "name": "key_vault-link",
            "private_dns_zone_name": "privatelink.vaultcore.azure.net",
            "registration_enabled": false,
            "resolution_policy": "Default",
            "resource_group_name": "Softradix-AKS-RG",
            "tags": {
              "Environment": "Production",
              "Owner": "Yogesh",
              "Project": "Terraform"
            },
            "timeouts": null,
            "virtual_network_id": "/subscriptions/27735e1f-024e-4bb5-8d3f-6c6a5cd80f1e/resourceGroups/Softradix-AKS-RG/providers/Microsoft.Network/virtualNetworks/softradix-aks-vnet"
          },
          "sensitive_attributes": [],
          "identity_schema_version": 0,
          "identity": {
            "name": "key_vault-link",
            "private_dns_zone_name": "privatelink.vaultcore.azure.net",
            "resource_group_name": "Softradix-AKS-RG",
            "subscription_id": "27735e1f-024e-4bb5-8d3f-6c6a5cd80f1e"
          },
          "private": "eyJlMmJmYjczMC1lY2FhLTExZTYtOGY4OC0zNDM2M2JjN2M0YzAiOnsiY3JlYXRlIjoxODAwMDAwMDAwMDAwLCJkZWxldGUiOjE4MDAwMDAwMDAwMDAsInJlYWQiOjMwMDAwMDAwMDAwMCwidXBkYXRlIjoxODAwMDAwMDAwMDAwfX0=",
          "dependencies": [
            "module.acr.azurerm_container_registry.this",
            "module.key_vault.azurerm_key_vault.this",
            "module.key_vault.data.azurerm_client_config.current",
            "module.private_endpoints.azurerm_private_dns_zone.this",
            "module.resource_group.azurerm_resource_group.this",
            "module.virtual_network.azurerm_network_security_group.aks_nodes",
            "module.virtual_network.azurerm_network_security_group.private_endpoints",
            "module.virtual_network.azurerm_subnet.aks_nodes",
            "module.virtual_network.azurerm_subnet.bastion",
            "module.virtual_network.azurerm_subnet.private_endpoints",
            "module.virtual_network.azurerm_subnet_network_security_group_association.aks_nodes",
            "module.virtual_network.azurerm_subnet_network_security_group_association.private_endpoints",
            "module.virtual_network.azurerm_virtual_network.this",
            "time_sleep.resource_group_propagation"
          ]
        }
      ]
    },
    {
      "module": "module.private_endpoints",
      "mode": "managed",
      "type": "azurerm_private_endpoint",
      "name": "this",
      "provider": "provider[\"registry.terraform.io/hashicorp/azurerm\"]",
      "instances": [
        {
          "index_key": "acr",
          "schema_version": 0,
          "attributes": {
            "custom_dns_configs": [],
            "custom_network_interface_name": "",
            "id": "/subscriptions/27735e1f-024e-4bb5-8d3f-6c6a5cd80f1e/resourceGroups/Softradix-AKS-RG/providers/Microsoft.Network/privateEndpoints/acr-pe",
            "ip_configuration": [],
            "location": "eastus2",
            "name": "acr-pe",
            "network_interface": [
              {
                "id": "/subscriptions/27735e1f-024e-4bb5-8d3f-6c6a5cd80f1e/resourceGroups/Softradix-AKS-RG/providers/Microsoft.Network/networkInterfaces/acr-pe.nic.46be9da8-92b0-4952-b033-e0aa36f4947b",
                "name": "acr-pe.nic.46be9da8-92b0-4952-b033-e0aa36f4947b"
              }
            ],
            "private_dns_zone_configs": [
              {
                "id": "/subscriptions/27735e1f-024e-4bb5-8d3f-6c6a5cd80f1e/resourceGroups/Softradix-AKS-RG/providers/Microsoft.Network/privateEndpoints/acr-pe/privateDnsZoneGroups/acr-dns-zone-group/privateDnsZoneConfigs/privatelink.azurecr.io",
                "name": "privatelink.azurecr.io",
                "private_dns_zone_id": "/subscriptions/27735e1f-024e-4bb5-8d3f-6c6a5cd80f1e/resourceGroups/Softradix-AKS-RG/providers/Microsoft.Network/privateDnsZones/privatelink.azurecr.io",
                "record_sets": [
                  {
                    "fqdn": "softradixaksacr.eastus2.data.privatelink.azurecr.io",
                    "ip_addresses": [
                      "10.0.3.4"
                    ],
                    "name": "softradixaksacr.eastus2.data",
                    "ttl": 10,
                    "type": "A"
                  },
                  {
                    "fqdn": "softradixaksacr.privatelink.azurecr.io",
                    "ip_addresses": [
                      "10.0.3.5"
                    ],
                    "name": "softradixaksacr",
                    "ttl": 10,
                    "type": "A"
                  }
                ]
              }
            ],
            "private_dns_zone_group": [
              {
                "id": "/subscriptions/27735e1f-024e-4bb5-8d3f-6c6a5cd80f1e/resourceGroups/Softradix-AKS-RG/providers/Microsoft.Network/privateEndpoints/acr-pe/privateDnsZoneGroups/acr-dns-zone-group",
                "name": "acr-dns-zone-group",
                "private_dns_zone_ids": [
                  "/subscriptions/27735e1f-024e-4bb5-8d3f-6c6a5cd80f1e/resourceGroups/Softradix-AKS-RG/providers/Microsoft.Network/privateDnsZones/privatelink.azurecr.io"
                ]
              }
            ],
            "private_service_connection": [
              {
                "is_manual_connection": false,
                "name": "acr-psc",
                "private_connection_resource_alias": "",
                "private_connection_resource_id": "/subscriptions/27735e1f-024e-4bb5-8d3f-6c6a5cd80f1e/resourceGroups/Softradix-AKS-RG/providers/Microsoft.ContainerRegistry/registries/softradixaksacr",
                "private_ip_address": "10.0.3.4",
                "request_message": "",
                "subresource_names": [
                  "registry"
                ]
              }
            ],
            "resource_group_name": "Softradix-AKS-RG",
            "subnet_id": "/subscriptions/27735e1f-024e-4bb5-8d3f-6c6a5cd80f1e/resourceGroups/Softradix-AKS-RG/providers/Microsoft.Network/virtualNetworks/softradix-aks-vnet/subnets/softradix-aks-pe-subnet",
            "tags": {
              "Environment": "Production",
              "Owner": "Yogesh",
              "Project": "Terraform"
            },
            "timeouts": null
          },
          "sensitive_attributes": [],
          "identity_schema_version": 0,
          "identity": {
            "name": "acr-pe",
            "resource_group_name": "Softradix-AKS-RG",
            "subscription_id": "27735e1f-024e-4bb5-8d3f-6c6a5cd80f1e"
          },
          "private": "eyJlMmJmYjczMC1lY2FhLTExZTYtOGY4OC0zNDM2M2JjN2M0YzAiOnsiY3JlYXRlIjozNjAwMDAwMDAwMDAwLCJkZWxldGUiOjM2MDAwMDAwMDAwMDAsInJlYWQiOjMwMDAwMDAwMDAwMCwidXBkYXRlIjozNjAwMDAwMDAwMDAwfX0=",
          "dependencies": [
            "module.acr.azurerm_container_registry.this",
            "module.key_vault.azurerm_key_vault.this",
            "module.key_vault.data.azurerm_client_config.current",
            "module.private_endpoints.azurerm_private_dns_zone.this",
            "module.resource_group.azurerm_resource_group.this",
            "module.virtual_network.azurerm_network_security_group.aks_nodes",
            "module.virtual_network.azurerm_network_security_group.private_endpoints",
            "module.virtual_network.azurerm_subnet.aks_nodes",
            "module.virtual_network.azurerm_subnet.bastion",
            "module.virtual_network.azurerm_subnet.private_endpoints",
            "module.virtual_network.azurerm_subnet_network_security_group_association.aks_nodes",
            "module.virtual_network.azurerm_subnet_network_security_group_association.private_endpoints",
            "module.virtual_network.azurerm_virtual_network.this",
            "time_sleep.resource_group_propagation"
          ]
        },
        {
          "index_key": "key_vault",
          "schema_version": 0,
          "attributes": {
            "custom_dns_configs": [],
            "custom_network_interface_name": "",
            "id": "/subscriptions/27735e1f-024e-4bb5-8d3f-6c6a5cd80f1e/resourceGroups/Softradix-AKS-RG/providers/Microsoft.Network/privateEndpoints/key_vault-pe",
            "ip_configuration": [],
            "location": "eastus2",
            "name": "key_vault-pe",
            "network_interface": [
              {
                "id": "/subscriptions/27735e1f-024e-4bb5-8d3f-6c6a5cd80f1e/resourceGroups/Softradix-AKS-RG/providers/Microsoft.Network/networkInterfaces/key_vault-pe.nic.b97ae203-8089-4f0c-97df-d1e307b5ac9f",
                "name": "key_vault-pe.nic.b97ae203-8089-4f0c-97df-d1e307b5ac9f"
              }
            ],
            "private_dns_zone_configs": [
              {
                "id": "/subscriptions/27735e1f-024e-4bb5-8d3f-6c6a5cd80f1e/resourceGroups/Softradix-AKS-RG/providers/Microsoft.Network/privateEndpoints/key_vault-pe/privateDnsZoneGroups/key_vault-dns-zone-group/privateDnsZoneConfigs/privatelink.vaultcore.azure.net",
                "name": "privatelink.vaultcore.azure.net",
                "private_dns_zone_id": "/subscriptions/27735e1f-024e-4bb5-8d3f-6c6a5cd80f1e/resourceGroups/Softradix-AKS-RG/providers/Microsoft.Network/privateDnsZones/privatelink.vaultcore.azure.net",
                "record_sets": [
                  {
                    "fqdn": "softradix-aks-kv.privatelink.vaultcore.azure.net",
                    "ip_addresses": [
                      "10.0.3.6"
                    ],
                    "name": "softradix-aks-kv",
                    "ttl": 10,
                    "type": "A"
                  }
                ]
              }
            ],
            "private_dns_zone_group": [
              {
                "id": "/subscriptions/27735e1f-024e-4bb5-8d3f-6c6a5cd80f1e/resourceGroups/Softradix-AKS-RG/providers/Microsoft.Network/privateEndpoints/key_vault-pe/privateDnsZoneGroups/key_vault-dns-zone-group",
                "name": "key_vault-dns-zone-group",
                "private_dns_zone_ids": [
                  "/subscriptions/27735e1f-024e-4bb5-8d3f-6c6a5cd80f1e/resourceGroups/Softradix-AKS-RG/providers/Microsoft.Network/privateDnsZones/privatelink.vaultcore.azure.net"
                ]
              }
            ],
            "private_service_connection": [
              {
                "is_manual_connection": false,
                "name": "key_vault-psc",
                "private_connection_resource_alias": "",
                "private_connection_resource_id": "/subscriptions/27735e1f-024e-4bb5-8d3f-6c6a5cd80f1e/resourceGroups/Softradix-AKS-RG/providers/Microsoft.KeyVault/vaults/softradix-aks-kv",
                "private_ip_address": "10.0.3.6",
                "request_message": "",
                "subresource_names": [
                  "vault"
                ]
              }
            ],
            "resource_group_name": "Softradix-AKS-RG",
            "subnet_id": "/subscriptions/27735e1f-024e-4bb5-8d3f-6c6a5cd80f1e/resourceGroups/Softradix-AKS-RG/providers/Microsoft.Network/virtualNetworks/softradix-aks-vnet/subnets/softradix-aks-pe-subnet",
            "tags": {
              "Environment": "Production",
              "Owner": "Yogesh",
              "Project": "Terraform"
            },
            "timeouts": null
          },
          "sensitive_attributes": [],
          "identity_schema_version": 0,
          "identity": {
            "name": "key_vault-pe",
            "resource_group_name": "Softradix-AKS-RG",
            "subscription_id": "27735e1f-024e-4bb5-8d3f-6c6a5cd80f1e"
          },
          "private": "eyJlMmJmYjczMC1lY2FhLTExZTYtOGY4OC0zNDM2M2JjN2M0YzAiOnsiY3JlYXRlIjozNjAwMDAwMDAwMDAwLCJkZWxldGUiOjM2MDAwMDAwMDAwMDAsInJlYWQiOjMwMDAwMDAwMDAwMCwidXBkYXRlIjozNjAwMDAwMDAwMDAwfX0=",
          "dependencies": [
            "module.acr.azurerm_container_registry.this",
            "module.key_vault.azurerm_key_vault.this",
            "module.key_vault.data.azurerm_client_config.current",
            "module.private_endpoints.azurerm_private_dns_zone.this",
            "module.resource_group.azurerm_resource_group.this",
            "module.virtual_network.azurerm_network_security_group.aks_nodes",
            "module.virtual_network.azurerm_network_security_group.private_endpoints",
            "module.virtual_network.azurerm_subnet.aks_nodes",
            "module.virtual_network.azurerm_subnet.bastion",
            "module.virtual_network.azurerm_subnet.private_endpoints",
            "module.virtual_network.azurerm_subnet_network_security_group_association.aks_nodes",
            "module.virtual_network.azurerm_subnet_network_security_group_association.private_endpoints",
            "module.virtual_network.azurerm_virtual_network.this",
            "time_sleep.resource_group_propagation"
          ]
        }
      ]
    },
    {
      "module": "module.resource_group",
      "mode": "managed",
      "type": "azurerm_resource_group",
      "name": "this",
      "provider": "provider[\"registry.terraform.io/hashicorp/azurerm\"]",
      "instances": [
        {
          "schema_version": 0,
          "attributes": {
            "id": "/subscriptions/27735e1f-024e-4bb5-8d3f-6c6a5cd80f1e/resourceGroups/Softradix-AKS-RG",
            "location": "eastus2",
            "managed_by": "",
            "name": "Softradix-AKS-RG",
            "tags": {
              "Environment": "Production",
              "Owner": "Yogesh",
              "Project": "Terraform"
            },
            "timeouts": null
          },
          "sensitive_attributes": [],
          "identity_schema_version": 0,
          "identity": {
            "name": "Softradix-AKS-RG",
            "subscription_id": "27735e1f-024e-4bb5-8d3f-6c6a5cd80f1e"
          },
          "private": "eyJlMmJmYjczMC1lY2FhLTExZTYtOGY4OC0zNDM2M2JjN2M0YzAiOnsiY3JlYXRlIjo1NDAwMDAwMDAwMDAwLCJkZWxldGUiOjU0MDAwMDAwMDAwMDAsInJlYWQiOjMwMDAwMDAwMDAwMCwidXBkYXRlIjo1NDAwMDAwMDAwMDAwfX0="
        }
      ]
    },
    {
      "module": "module.virtual_network",
      "mode": "managed",
      "type": "azurerm_network_security_group",
      "name": "aks_nodes",
      "provider": "provider[\"registry.terraform.io/hashicorp/azurerm\"]",
      "instances": [
        {
          "schema_version": 0,
          "attributes": {
            "id": "/subscriptions/27735e1f-024e-4bb5-8d3f-6c6a5cd80f1e/resourceGroups/Softradix-AKS-RG/providers/Microsoft.Network/networkSecurityGroups/softradix-aks-node-subnet-nsg",
            "location": "eastus2",
            "name": "softradix-aks-node-subnet-nsg",
            "resource_group_name": "Softradix-AKS-RG",
            "security_rule": [
              {
                "access": "Allow",
                "description": "",
                "destination_address_prefix": "*",
                "destination_address_prefixes": [],
                "destination_application_security_group_ids": [],
                "destination_port_range": "*",
                "destination_port_ranges": [],
                "direction": "Inbound",
                "name": "AllowAzureLoadBalancerInBound",
                "priority": 110,
                "protocol": "*",
                "source_address_prefix": "AzureLoadBalancer",
                "source_address_prefixes": [],
                "source_application_security_group_ids": [],
                "source_port_range": "*",
                "source_port_ranges": []
              },
              {
                "access": "Allow",
                "description": "",
                "destination_address_prefix": "VirtualNetwork",
                "destination_address_prefixes": [],
                "destination_application_security_group_ids": [],
                "destination_port_range": "*",
                "destination_port_ranges": [],
                "direction": "Inbound",
                "name": "AllowVnetInBound",
                "priority": 100,
                "protocol": "*",
                "source_address_prefix": "VirtualNetwork",
                "source_address_prefixes": [],
                "source_application_security_group_ids": [],
                "source_port_range": "*",
                "source_port_ranges": []
              },
              {
                "access": "Deny",
                "description": "",
                "destination_address_prefix": "*",
                "destination_address_prefixes": [],
                "destination_application_security_group_ids": [],
                "destination_port_range": "*",
                "destination_port_ranges": [],
                "direction": "Inbound",
                "name": "DenyInternetInBound",
                "priority": 4096,
                "protocol": "*",
                "source_address_prefix": "Internet",
                "source_address_prefixes": [],
                "source_application_security_group_ids": [],
                "source_port_range": "*",
                "source_port_ranges": []
              }
            ],
            "tags": {
              "Environment": "Production",
              "Owner": "Yogesh",
              "Project": "Terraform"
            },
            "timeouts": null
          },
          "sensitive_attributes": [],
          "identity_schema_version": 0,
          "identity": {
            "name": "softradix-aks-node-subnet-nsg",
            "resource_group_name": "Softradix-AKS-RG",
            "subscription_id": "27735e1f-024e-4bb5-8d3f-6c6a5cd80f1e"
          },
          "private": "eyJlMmJmYjczMC1lY2FhLTExZTYtOGY4OC0zNDM2M2JjN2M0YzAiOnsiY3JlYXRlIjoxODAwMDAwMDAwMDAwLCJkZWxldGUiOjE4MDAwMDAwMDAwMDAsInJlYWQiOjMwMDAwMDAwMDAwMCwidXBkYXRlIjoxODAwMDAwMDAwMDAwfX0=",
          "dependencies": [
            "module.resource_group.azurerm_resource_group.this",
            "time_sleep.resource_group_propagation"
          ]
        }
      ]
    },
    {
      "module": "module.virtual_network",
      "mode": "managed",
      "type": "azurerm_network_security_group",
      "name": "private_endpoints",
      "provider": "provider[\"registry.terraform.io/hashicorp/azurerm\"]",
      "instances": [
        {
          "schema_version": 0,
          "attributes": {
            "id": "/subscriptions/27735e1f-024e-4bb5-8d3f-6c6a5cd80f1e/resourceGroups/Softradix-AKS-RG/providers/Microsoft.Network/networkSecurityGroups/softradix-aks-pe-subnet-nsg",
            "location": "eastus2",
            "name": "softradix-aks-pe-subnet-nsg",
            "resource_group_name": "Softradix-AKS-RG",
            "security_rule": [
              {
                "access": "Allow",
                "description": "",
                "destination_address_prefix": "VirtualNetwork",
                "destination_address_prefixes": [],
                "destination_application_security_group_ids": [],
                "destination_port_range": "*",
                "destination_port_ranges": [],
                "direction": "Inbound",
                "name": "AllowVnetInBound",
                "priority": 100,
                "protocol": "*",
                "source_address_prefix": "VirtualNetwork",
                "source_address_prefixes": [],
                "source_application_security_group_ids": [],
                "source_port_range": "*",
                "source_port_ranges": []
              },
              {
                "access": "Deny",
                "description": "",
                "destination_address_prefix": "*",
                "destination_address_prefixes": [],
                "destination_application_security_group_ids": [],
                "destination_port_range": "*",
                "destination_port_ranges": [],
                "direction": "Inbound",
                "name": "DenyInternetInBound",
                "priority": 4096,
                "protocol": "*",
                "source_address_prefix": "Internet",
                "source_address_prefixes": [],
                "source_application_security_group_ids": [],
                "source_port_range": "*",
                "source_port_ranges": []
              }
            ],
            "tags": {
              "Environment": "Production",
              "Owner": "Yogesh",
              "Project": "Terraform"
            },
            "timeouts": null
          },
          "sensitive_attributes": [],
          "identity_schema_version": 0,
          "identity": {
            "name": "softradix-aks-pe-subnet-nsg",
            "resource_group_name": "Softradix-AKS-RG",
            "subscription_id": "27735e1f-024e-4bb5-8d3f-6c6a5cd80f1e"
          },
          "private": "eyJlMmJmYjczMC1lY2FhLTExZTYtOGY4OC0zNDM2M2JjN2M0YzAiOnsiY3JlYXRlIjoxODAwMDAwMDAwMDAwLCJkZWxldGUiOjE4MDAwMDAwMDAwMDAsInJlYWQiOjMwMDAwMDAwMDAwMCwidXBkYXRlIjoxODAwMDAwMDAwMDAwfX0=",
          "dependencies": [
            "module.resource_group.azurerm_resource_group.this",
            "time_sleep.resource_group_propagation"
          ]
        }
      ]
    },
    {
      "module": "module.virtual_network",
      "mode": "managed",
      "type": "azurerm_subnet",
      "name": "aks_nodes",
      "provider": "provider[\"registry.terraform.io/hashicorp/azurerm\"]",
      "instances": [
        {
          "schema_version": 0,
          "attributes": {
            "address_prefixes": [
              "10.0.1.0/24"
            ],
            "default_outbound_access_enabled": true,
            "delegation": [],
            "id": "/subscriptions/27735e1f-024e-4bb5-8d3f-6c6a5cd80f1e/resourceGroups/Softradix-AKS-RG/providers/Microsoft.Network/virtualNetworks/softradix-aks-vnet/subnets/softradix-aks-node-subnet",
            "ip_address_pool": [],
            "name": "softradix-aks-node-subnet",
            "private_endpoint_network_policies": "Disabled",
            "private_link_service_network_policies_enabled": true,
            "resource_group_name": "Softradix-AKS-RG",
            "service_endpoint_policy_ids": null,
            "service_endpoints": null,
            "sharing_scope": "",
            "timeouts": null,
            "virtual_network_name": "softradix-aks-vnet"
          },
          "sensitive_attributes": [],
          "identity_schema_version": 0,
          "identity": {
            "name": "softradix-aks-node-subnet",
            "resource_group_name": "Softradix-AKS-RG",
            "subscription_id": "27735e1f-024e-4bb5-8d3f-6c6a5cd80f1e",
            "virtual_network_name": "softradix-aks-vnet"
          },
          "private": "eyJlMmJmYjczMC1lY2FhLTExZTYtOGY4OC0zNDM2M2JjN2M0YzAiOnsiY3JlYXRlIjoxODAwMDAwMDAwMDAwLCJkZWxldGUiOjE4MDAwMDAwMDAwMDAsInJlYWQiOjMwMDAwMDAwMDAwMCwidXBkYXRlIjoxODAwMDAwMDAwMDAwfX0=",
          "dependencies": [
            "module.resource_group.azurerm_resource_group.this",
            "module.virtual_network.azurerm_virtual_network.this",
            "time_sleep.resource_group_propagation"
          ]
        }
      ]
    },
    {
      "module": "module.virtual_network",
      "mode": "managed",
      "type": "azurerm_subnet",
      "name": "bastion",
      "provider": "provider[\"registry.terraform.io/hashicorp/azurerm\"]",
      "instances": [
        {
          "schema_version": 0,
          "attributes": {
            "address_prefixes": [
              "10.0.2.0/26"
            ],
            "default_outbound_access_enabled": true,
            "delegation": [],
            "id": "/subscriptions/27735e1f-024e-4bb5-8d3f-6c6a5cd80f1e/resourceGroups/Softradix-AKS-RG/providers/Microsoft.Network/virtualNetworks/softradix-aks-vnet/subnets/AzureBastionSubnet",
            "ip_address_pool": [],
            "name": "AzureBastionSubnet",
            "private_endpoint_network_policies": "Disabled",
            "private_link_service_network_policies_enabled": true,
            "resource_group_name": "Softradix-AKS-RG",
            "service_endpoint_policy_ids": null,
            "service_endpoints": null,
            "sharing_scope": "",
            "timeouts": null,
            "virtual_network_name": "softradix-aks-vnet"
          },
          "sensitive_attributes": [],
          "identity_schema_version": 0,
          "identity": {
            "name": "AzureBastionSubnet",
            "resource_group_name": "Softradix-AKS-RG",
            "subscription_id": "27735e1f-024e-4bb5-8d3f-6c6a5cd80f1e",
            "virtual_network_name": "softradix-aks-vnet"
          },
          "private": "eyJlMmJmYjczMC1lY2FhLTExZTYtOGY4OC0zNDM2M2JjN2M0YzAiOnsiY3JlYXRlIjoxODAwMDAwMDAwMDAwLCJkZWxldGUiOjE4MDAwMDAwMDAwMDAsInJlYWQiOjMwMDAwMDAwMDAwMCwidXBkYXRlIjoxODAwMDAwMDAwMDAwfX0=",
          "dependencies": [
            "module.resource_group.azurerm_resource_group.this",
            "module.virtual_network.azurerm_virtual_network.this",
            "time_sleep.resource_group_propagation"
          ]
        }
      ]
    },
    {
      "module": "module.virtual_network",
      "mode": "managed",
      "type": "azurerm_subnet",
      "name": "private_endpoints",
      "provider": "provider[\"registry.terraform.io/hashicorp/azurerm\"]",
      "instances": [
        {
          "schema_version": 0,
          "attributes": {
            "address_prefixes": [
              "10.0.3.0/24"
            ],
            "default_outbound_access_enabled": true,
            "delegation": [],
            "id": "/subscriptions/27735e1f-024e-4bb5-8d3f-6c6a5cd80f1e/resourceGroups/Softradix-AKS-RG/providers/Microsoft.Network/virtualNetworks/softradix-aks-vnet/subnets/softradix-aks-pe-subnet",
            "ip_address_pool": [],
            "name": "softradix-aks-pe-subnet",
            "private_endpoint_network_policies": "Disabled",
            "private_link_service_network_policies_enabled": true,
            "resource_group_name": "Softradix-AKS-RG",
            "service_endpoint_policy_ids": null,
            "service_endpoints": null,
            "sharing_scope": "",
            "timeouts": null,
            "virtual_network_name": "softradix-aks-vnet"
          },
          "sensitive_attributes": [],
          "identity_schema_version": 0,
          "identity": {
            "name": "softradix-aks-pe-subnet",
            "resource_group_name": "Softradix-AKS-RG",
            "subscription_id": "27735e1f-024e-4bb5-8d3f-6c6a5cd80f1e",
            "virtual_network_name": "softradix-aks-vnet"
          },
          "private": "eyJlMmJmYjczMC1lY2FhLTExZTYtOGY4OC0zNDM2M2JjN2M0YzAiOnsiY3JlYXRlIjoxODAwMDAwMDAwMDAwLCJkZWxldGUiOjE4MDAwMDAwMDAwMDAsInJlYWQiOjMwMDAwMDAwMDAwMCwidXBkYXRlIjoxODAwMDAwMDAwMDAwfX0=",
          "dependencies": [
            "module.resource_group.azurerm_resource_group.this",
            "module.virtual_network.azurerm_virtual_network.this",
            "time_sleep.resource_group_propagation"
          ]
        }
      ]
    },
    {
      "module": "module.virtual_network",
      "mode": "managed",
      "type": "azurerm_subnet_network_security_group_association",
      "name": "aks_nodes",
      "provider": "provider[\"registry.terraform.io/hashicorp/azurerm\"]",
      "instances": [
        {
          "schema_version": 0,
          "attributes": {
            "id": "/subscriptions/27735e1f-024e-4bb5-8d3f-6c6a5cd80f1e/resourceGroups/Softradix-AKS-RG/providers/Microsoft.Network/virtualNetworks/softradix-aks-vnet/subnets/softradix-aks-node-subnet",
            "network_security_group_id": "/subscriptions/27735e1f-024e-4bb5-8d3f-6c6a5cd80f1e/resourceGroups/Softradix-AKS-RG/providers/Microsoft.Network/networkSecurityGroups/softradix-aks-node-subnet-nsg",
            "subnet_id": "/subscriptions/27735e1f-024e-4bb5-8d3f-6c6a5cd80f1e/resourceGroups/Softradix-AKS-RG/providers/Microsoft.Network/virtualNetworks/softradix-aks-vnet/subnets/softradix-aks-node-subnet",
            "timeouts": null
          },
          "sensitive_attributes": [],
          "identity_schema_version": 0,
          "private": "eyJlMmJmYjczMC1lY2FhLTExZTYtOGY4OC0zNDM2M2JjN2M0YzAiOnsiY3JlYXRlIjoxODAwMDAwMDAwMDAwLCJkZWxldGUiOjE4MDAwMDAwMDAwMDAsInJlYWQiOjMwMDAwMDAwMDAwMH19",
          "dependencies": [
            "module.resource_group.azurerm_resource_group.this",
            "module.virtual_network.azurerm_network_security_group.aks_nodes",
            "module.virtual_network.azurerm_subnet.aks_nodes",
            "module.virtual_network.azurerm_virtual_network.this",
            "time_sleep.resource_group_propagation"
          ]
        }
      ]
    },
    {
      "module": "module.virtual_network",
      "mode": "managed",
      "type": "azurerm_subnet_network_security_group_association",
      "name": "private_endpoints",
      "provider": "provider[\"registry.terraform.io/hashicorp/azurerm\"]",
      "instances": [
        {
          "schema_version": 0,
          "attributes": {
            "id": "/subscriptions/27735e1f-024e-4bb5-8d3f-6c6a5cd80f1e/resourceGroups/Softradix-AKS-RG/providers/Microsoft.Network/virtualNetworks/softradix-aks-vnet/subnets/softradix-aks-pe-subnet",
            "network_security_group_id": "/subscriptions/27735e1f-024e-4bb5-8d3f-6c6a5cd80f1e/resourceGroups/Softradix-AKS-RG/providers/Microsoft.Network/networkSecurityGroups/softradix-aks-pe-subnet-nsg",
            "subnet_id": "/subscriptions/27735e1f-024e-4bb5-8d3f-6c6a5cd80f1e/resourceGroups/Softradix-AKS-RG/providers/Microsoft.Network/virtualNetworks/softradix-aks-vnet/subnets/softradix-aks-pe-subnet",
            "timeouts": null
          },
          "sensitive_attributes": [],
          "identity_schema_version": 0,
          "private": "eyJlMmJmYjczMC1lY2FhLTExZTYtOGY4OC0zNDM2M2JjN2M0YzAiOnsiY3JlYXRlIjoxODAwMDAwMDAwMDAwLCJkZWxldGUiOjE4MDAwMDAwMDAwMDAsInJlYWQiOjMwMDAwMDAwMDAwMH19",
          "dependencies": [
            "module.resource_group.azurerm_resource_group.this",
            "module.virtual_network.azurerm_network_security_group.private_endpoints",
            "module.virtual_network.azurerm_subnet.private_endpoints",
            "module.virtual_network.azurerm_virtual_network.this",
            "time_sleep.resource_group_propagation"
          ]
        }
      ]
    },
    {
      "module": "module.virtual_network",
      "mode": "managed",
      "type": "azurerm_virtual_network",
      "name": "this",
      "provider": "provider[\"registry.terraform.io/hashicorp/azurerm\"]",
      "instances": [
        {
          "schema_version": 0,
          "attributes": {
            "address_space": [
              "10.0.0.0/16"
            ],
            "bgp_community": "",
            "ddos_protection_plan": [],
            "dns_servers": [],
            "edge_zone": "",
            "encryption": [],
            "flow_timeout_in_minutes": 0,
            "guid": "ea3747f2-1349-4372-b631-90dafaf29d34",
            "id": "/subscriptions/27735e1f-024e-4bb5-8d3f-6c6a5cd80f1e/resourceGroups/Softradix-AKS-RG/providers/Microsoft.Network/virtualNetworks/softradix-aks-vnet",
            "ip_address_pool": [],
            "location": "eastus2",
            "name": "softradix-aks-vnet",
            "private_endpoint_vnet_policies": "Disabled",
            "resource_group_name": "Softradix-AKS-RG",
            "subnet": [],
            "tags": {
              "Environment": "Production",
              "Owner": "Yogesh",
              "Project": "Terraform"
            },
            "timeouts": null
          },
          "sensitive_attributes": [],
          "identity_schema_version": 0,
          "identity": {
            "name": "softradix-aks-vnet",
            "resource_group_name": "Softradix-AKS-RG",
            "subscription_id": "27735e1f-024e-4bb5-8d3f-6c6a5cd80f1e"
          },
          "private": "eyJlMmJmYjczMC1lY2FhLTExZTYtOGY4OC0zNDM2M2JjN2M0YzAiOnsiY3JlYXRlIjoxODAwMDAwMDAwMDAwLCJkZWxldGUiOjE4MDAwMDAwMDAwMDAsInJlYWQiOjMwMDAwMDAwMDAwMCwidXBkYXRlIjoxODAwMDAwMDAwMDAwfX0=",
          "dependencies": [
            "module.resource_group.azurerm_resource_group.this",
            "time_sleep.resource_group_propagation"
          ]
        }
      ]
    }
  ],
  "check_results": null
}
