{
  "version": 4,
  "terraform_version": "1.14.0",
  "serial": 132,
  "lineage": "95ef5afe-dcaa-d1d7-4b5f-d6764c603ab0",
  "outputs": {
    "acr_login_server": {
      "value": "softradixaksacr.azurecr.io",
      "type": "string"
    },
    "aks_fqdn": {
      "value": "softradix-aks-fk5asf2k.hcp.eastus2.azmk8s.io",
      "type": "string"
    },
    "aks_name": {
      "value": "softradix-aks-cluster",
      "type": "string"
    },
    "aks_node_resource_group": {
      "value": "MC_Softradix-AKS-RG_softradix-aks-cluster_eastus2",
      "type": "string"
    },
    "aks_oidc_issuer_url": {
      "value": "https://eastus2.oic.prod-aks.azure.com/a2a74c22-d514-456c-be8d-b53d72517201/3423795a-a338-4380-a919-56306b0a6abc/",
      "type": "string"
    },
    "aks_subnet_id": {
      "value": "/subscriptions/27735e1f-024e-4bb5-8d3f-6c6a5cd80f1e/resourceGroups/Softradix-AKS-RG/providers/Microsoft.Network/virtualNetworks/softradix-aks-vnet/subnets/softradix-aks-node-subnet",
      "type": "string"
    },
    "bastion_fqdn": {
      "value": "bst-74c679aa-d06b-4624-96b5-6e96ae95c948.bastion.azure.com",
      "type": "string"
    },
    "get_credentials_command": {
      "value": "az aks get-credentials --resource-group Softradix-AKS-RG --name softradix-aks-cluster --overwrite-existing",
      "type": "string"
    },
    "key_vault_uri": {
      "value": "https://softradix-aks-kv.vault.azure.net/",
      "type": "string"
    },
    "log_analytics_workspace_id": {
      "value": "/subscriptions/27735e1f-024e-4bb5-8d3f-6c6a5cd80f1e/resourceGroups/Softradix-AKS-RG/providers/Microsoft.OperationalInsights/workspaces/softradix-aks-law",
      "type": "string"
    },
    "nat_gateway_public_ip": {
      "value": "20.161.56.160",
      "type": "string"
    },
    "resource_group_id": {
      "value": "/subscriptions/27735e1f-024e-4bb5-8d3f-6c6a5cd80f1e/resourceGroups/Softradix-AKS-RG",
      "type": "string"
    },
    "resource_group_name": {
      "value": "Softradix-AKS-RG",
      "type": "string"
    },
    "vnet_id": {
      "value": "/subscriptions/27735e1f-024e-4bb5-8d3f-6c6a5cd80f1e/resourceGroups/Softradix-AKS-RG/providers/Microsoft.Network/virtualNetworks/softradix-aks-vnet",
      "type": "string"
    }
  },
  "resources": [
    {
      "mode": "managed",
      "type": "time_sleep",
      "name": "resource_group_propagation",
      "provider": "provider[\"registry.terraform.io/hashicorp/time\"]",
      "instances": [
        {
          "schema_version": 0,
          "attributes": {
            "create_duration": "30s",
            "destroy_duration": null,
            "id": "2026-07-02T11:30:48Z",
            "triggers": null
          },
          "sensitive_attributes": [],
          "identity_schema_version": 0,
          "dependencies": [
            "module.resource_group.azurerm_resource_group.this"
          ]
        }
      ]
    },
    {
      "module": "module.acr",
      "mode": "managed",
      "type": "azurerm_container_registry",
      "name": "this",
      "provider": "provider[\"registry.terraform.io/hashicorp/azurerm\"]",
      "instances": [
        {
          "schema_version": 2,
          "attributes": {
            "admin_enabled": false,
            "admin_password": "",
            "admin_username": "",
            "anonymous_pull_enabled": false,
            "data_endpoint_enabled": false,
            "data_endpoint_host_names": [
              "softradixaksacr.eastus2.data.azurecr.io"
            ],
            "encryption": [],
            "export_policy_enabled": true,
            "georeplications": [],
            "id": "/subscriptions/27735e1f-024e-4bb5-8d3f-6c6a5cd80f1e/resourceGroups/Softradix-AKS-RG/providers/Microsoft.ContainerRegistry/registries/softradixaksacr",
            "identity": [],
            "location": "eastus2",
            "login_server": "softradixaksacr.azurecr.io",
            "name": "softradixaksacr",
            "network_rule_bypass_option": "AzureServices",
            "network_rule_set": [
              {
                "default_action": "Deny",
                "ip_rule": []
              }
            ],
            "public_network_access_enabled": false,
            "quarantine_policy_enabled": false,
            "resource_group_name": "Softradix-AKS-RG",
            "retention_policy_in_days": 0,
            "sku": "Premium",
            "tags": {
              "Environment": "Production",
              "Owner": "Yogesh",
              "Project": "Terraform"
            },
            "timeouts": null,
            "trust_policy_enabled": false,
            "zone_redundancy_enabled": true
          },
          "sensitive_attributes": [
            [
              {
                "type": "get_attr",
                "value": "admin_password"
              }
            ]
          ],
          "identity_schema_version": 0,
          "private": "eyJlMmJmYjczMC1lY2FhLTExZTYtOGY4OC0zNDM2M2JjN2M0YzAiOnsiY3JlYXRlIjoxODAwMDAwMDAwMDAwLCJkZWxldGUiOjE4MDAwMDAwMDAwMDAsInJlYWQiOjMwMDAwMDAwMDAwMCwidXBkYXRlIjoxODAwMDAwMDAwMDAwfSwic2NoZW1hX3ZlcnNpb24iOiIyIn0=",
          "dependencies": [
            "module.resource_group.azurerm_resource_group.this",
            "module.virtual_network.azurerm_network_security_group.aks_nodes",
            "module.virtual_network.azurerm_network_security_group.private_endpoints",
            "module.virtual_network.azurerm_subnet.aks_nodes",
            "module.virtual_network.azurerm_subnet.bastion",
            "module.virtual_network.azurerm_subnet.private_endpoints",
            "module.virtual_network.azurerm_subnet_network_security_group_association.aks_nodes",
            "module.virtual_network.azurerm_subnet_network_security_group_association.private_endpoints",
            "module.virtual_network.azurerm_virtual_network.this",
            "time_sleep.resource_group_propagation"
          ]
        }
      ]
    },
    {
      "module": "module.aks",
      "mode": "managed",
      "type": "azurerm_kubernetes_cluster",
      "name": "this",
      "provider": "provider[\"registry.terraform.io/hashicorp/azurerm\"]",
      "instances": [
        {
          "schema_version": 2,
          "attributes": {
            "aci_connector_linux": [],
            "ai_toolchain_operator_enabled": false,
            "api_server_access_profile": [
              {
                "authorized_ip_ranges": [
                  "61.247.230.182/32"
                ],
                "subnet_id": "",
                "virtual_network_integration_enabled": false
              }
            ],
            "auto_scaler_profile": [
              {
                "balance_similar_node_groups": false,
                "daemonset_eviction_for_empty_nodes_enabled": false,
                "daemonset_eviction_for_occupied_nodes_enabled": true,
                "empty_bulk_delete_max": "10",
                "expander": "random",
                "ignore_daemonsets_utilization_enabled": false,
                "max_graceful_termination_sec": "600",
                "max_node_provisioning_time": "15m",
                "max_unready_nodes": 3,
                "max_unready_percentage": 45,
                "new_pod_scale_up_delay": "0s",
                "scale_down_delay_after_add": "10m",
                "scale_down_delay_after_delete": "10s",
                "scale_down_delay_after_failure": "3m",
                "scale_down_unneeded": "10m",
                "scale_down_unready": "20m",
                "scale_down_utilization_threshold": "0.5",
                "scan_interval": "10s",
                "skip_nodes_with_local_storage": false,
                "skip_nodes_with_system_pods": true
              }
            ],
            "automatic_upgrade_channel": "",
            "azure_active_directory_role_based_access_control": [],
            "azure_policy_enabled": false,
            "bootstrap_profile": [
              {
                "artifact_source": "Direct",
                "container_registry_id": ""
              }
            ],
            "confidential_computing": [],
            "cost_analysis_enabled": false,
            "current_kubernetes_version": "1.36.1",
            "custom_ca_trust_certificates_base64": [],
            "default_node_pool": [
              {
                "auto_scaling_enabled": true,
                "capacity_reservation_group_id": "",
                "fips_enabled": false,
                "gpu_driver": "",
                "gpu_instance": "",
                "host_encryption_enabled": false,
                "host_group_id": "",
                "kubelet_config": [],
                "kubelet_disk_type": "OS",
                "linux_os_config": [],
                "max_count": 3,
                "max_pods": 250,
                "min_count": 1,
                "name": "system",
                "node_count": 1,
                "node_labels": {},
                "node_network_profile": [],
                "node_public_ip_enabled": false,
                "node_public_ip_prefix_id": "",
                "only_critical_addons_enabled": true,
                "orchestrator_version": "1.36.1",
                "os_disk_size_gb": 128,
                "os_disk_type": "Managed",
                "os_sku": "Ubuntu",
                "pod_subnet_id": "",
                "proximity_placement_group_id": "",
                "scale_down_mode": "Delete",
                "snapshot_id": "",
                "tags": {},
                "temporary_name_for_rotation": "sysrotate",
                "type": "VirtualMachineScaleSets",
                "ultra_ssd_enabled": false,
                "upgrade_settings": [
                  {
                    "drain_timeout_in_minutes": 0,
                    "max_surge": "10%",
                    "node_soak_duration_in_minutes": 0,
                    "undrainable_node_behavior": ""
                  }
                ],
                "vm_size": "Standard_D2s_v7",
                "vnet_subnet_id": "/subscriptions/27735e1f-024e-4bb5-8d3f-6c6a5cd80f1e/resourceGroups/Softradix-AKS-RG/providers/Microsoft.Network/virtualNetworks/softradix-aks-vnet/subnets/softradix-aks-node-subnet",
                "workload_runtime": "",
                "zones": []
              }
            ],
            "disk_encryption_set_id": "",
            "dns_prefix": "softradix-aks",
            "dns_prefix_private_cluster": "",
            "edge_zone": "",
            "fqdn": "softradix-aks-fk5asf2k.hcp.eastus2.azmk8s.io",
            "http_application_routing_enabled": false,
            "http_application_routing_zone_name": "",
            "http_proxy_config": [],
            "id": "/subscriptions/27735e1f-024e-4bb5-8d3f-6c6a5cd80f1e/resourceGroups/Softradix-AKS-RG/providers/Microsoft.ContainerService/managedClusters/softradix-aks-cluster",
            "identity": [
              {
                "identity_ids": [],
                "principal_id": "93c37351-5352-4359-a798-b33675fe5e2e",
                "tenant_id": "a2a74c22-d514-456c-be8d-b53d72517201",
                "type": "SystemAssigned"
              }
            ],
            "image_cleaner_enabled": null,
            "image_cleaner_interval_hours": null,
            "ingress_application_gateway": [],
            "key_management_service": [],
            "key_vault_secrets_provider": [
              {
                "secret_identity": [
                  {
                    "client_id": "04185122-916f-40a2-bfd5-0a6304243044",
                    "object_id": "7d47f1cb-8fba-4df8-b7db-83a3105b8aa0",
                    "user_assigned_identity_id": "/subscriptions/27735e1f-024e-4bb5-8d3f-6c6a5cd80f1e/resourcegroups/MC_Softradix-AKS-RG_softradix-aks-cluster_eastus2/providers/Microsoft.ManagedIdentity/userAssignedIdentities/azurekeyvaultsecretsprovider-softradix-aks-cluster"
                  }
                ],
                "secret_rotation_enabled": true,
                "secret_rotation_interval": "2m"
              }
            ],
            "kube_admin_config": [],
            "kube_admin_config_raw": "",
            "kube_config": [
              {
                "client_certificate": "LS0tLS1CRUdJTiBDRVJUSUZJQ0FURS0tLS0tCk1JSUZIakNDQXdhZ0F3SUJBZ0lSQUxRRzNFQWQweU4waUhhY3ZMT2ZYeVl3RFFZSktvWklodmNOQVFFTEJRQXcKRFRFTE1Ba0dBMVVFQXhNQ1kyRXdIaGNOTWpZd056QXlNVEUxT1RNNVdoY05Namd3TnpBeU1USXdPVE01V2pBdwpNUmN3RlFZRFZRUUtFdzV6ZVhOMFpXMDZiV0Z6ZEdWeWN6RVZNQk1HQTFVRUF4TU1iV0Z6ZEdWeVkyeHBaVzUwCk1JSUNJakFOQmdrcWhraUc5dzBCQVFFRkFBT0NBZzhBTUlJQ0NnS0NBZ0VBa3p2eVM5bHVHT09Xd2lHaG1PZTUKUkFxaHN2cnBwalNhcDlocG5NZXY4NkxSRmxqSHBUOGNKdWcxU1JiU3BrZGUxbnZxa0RCRkVsdkFzTWJlTjdZKwpnSVZrSG0zMytpWDBMZGZOVVBRekJLbWFydVNBMUVoby9qSDJDem5PcjgxTkIrWFUzU1V5eGdLUjMyUXNtMUxICmxsbjNsR0ZQdy9aTGhmclF3WVNFdC8zVTRvNHZWK3ZOYTNZbkJhWGxEK1UxcFJIQXZkVHVYaGppcndTeXg2bnMKbm84R2VZWlloZTNUcUV4WGROV1JNczJENjhTY1I0VjhrUEgxNWRhK2oxUEVkdTR5Q21vRzcwQXMxTjNMY3ZZbApYdjBwalAxYjVYcmVzaUwxRmRKR21oKzNQZHR2TFdrMVVrYXkzc2VaQjFkY0dPYUJ2anJ5OHhQOEtTekZvNTVHCmpUanBNOW9ZL0VKSVAyKzRxbG9FSUpheHNYeDg4Zk1JZGdqckhrUFdTaUt3Q0o0V0plc2JGYlZUa0FlaWVWQTIKbTIxaTc1OFc3cEtMSCsrazY4blV4NTMyRE1WMXd6Vm5TUGdHclNGQ0g3aXZmcUF3eEYzYkJGc0UzaDkxOFpEUwpNdGErOU5rY29ud3YzdDdhS3hDSTJmRjFodHpNeUtqNU1yWnpCdklGS0xEZktrajFrRTV4NFJQVnVXbHpDK1ptCkhmeGorbjVZeHNQWTAvTnVGQ2JYbmVwZWx3UUJWdHpvMnJTSUZleGNSVDdEcGZTZ3BGRC9DZWMrTHlUSzRDSHAKNUN6NVNxUFNPcUZLMElmQmxEN0NudzlXRXgyYkgyYWVjODZ4dUpzaG1aRGpTQW1uUEdYakN4MzVhdTNIQVQyNQpqdnNqNkViS2pWYXZVazYzNU94M2ZRc0NBd0VBQWFOV01GUXdEZ1lEVlIwUEFRSC9CQVFEQWdXZ01CTUdBMVVkCkpRUU1NQW9HQ0NzR0FRVUZCd01DTUF3R0ExVWRFd0VCL3dRQ01BQXdId1lEVlIwakJCZ3dGb0FVYUU0WWZleVoKR1RqSnRneXFob293ZUNwUUVNNHdEUVlKS29aSWh2Y05BUUVMQlFBRGdnSUJBQzF0b29lZm1DaHBQVndCZHNQcwpTMHlTM01kbEpPemlXK1hoRjg5TmlsNkZ4cDhUc3F0N2JKRGVuMm1xNjg3RHhqWlIvYnZRTFAyZWNLbCtOSXBCClFCdjl1ZFZGQnorNGNkOWFyamxNT0tIdjM1aFN3MTFmdFU3cU92cWFRelQ5alhoVUNvcVJLbERVcFZFL1VLOE4KdHF6Y2NQU0lpeTZkc0E0Ym1mSVhQSlNqREV3YW5nTkE1Z3l0MHNQQWpRTFJhdmhwaUhVUDBnWTQySzNQSm1ZegpJVjlOTXhDMjAzelVadDRDc25LZXdNUmhINXZPUzYyWHFzTnYxREUrVlVMb2hVTjVOUURiYlBLSm53S1g0MHlvCnlTa1g2RXgzS3lvZ1M5b3JyVllybVZ6NVJHVmRpL0RmRDE1cWJlbkxSVlhFU1paWE52SFJGK0lub1lnaHRVaDAKNkxJeUEzOXRudUliaUxHeEVSemNhK21DeDFJRVR6dDUrM2VVN3VBTkdib1JNRVdWdURBRHpxeU5Oc0dHaklVMQpOMngzT042Sm1vNkZKN2lvNUZMcWlEK2I2UlA1eDNTNGtaMUh0M1ZJWU5xVndvQVdwWHQzN2kvOFZCdW5ldFhhClRTMmZ0R3locCtnS09SNFNOem9VWTBNYWM4M2pGYWhCTFJ0MGtSK0JVeVc3VGdBNlJWQ0dZSnJtL0xPYTR3aEUKUVZuWVZiUU1DdjVTUXUveDBIbUZqUTRLVkxCRnhZYUtlTXpHYTQ5SnZjQmRMY1ZjQTZXQ1RLeUpyU1hWNExCMgpZZTgyQ0d0QWRlb0NnSzhuLzZjSDlBQnhCWGhMMFVrQjd5dEVyU21tdS91anhpL2JQSW1vNmpSZGRiUUp5VmJBClN2QjhoWkF1MFBSeVFsOWlWTWd5aFltVAotLS0tLUVORCBDRVJUSUZJQ0FURS0tLS0tCg==",
                "client_key": "LS0tLS1CRUdJTiBSU0EgUFJJVkFURSBLRVktLS0tLQpNSUlKS0FJQkFBS0NBZ0VBa3p2eVM5bHVHT09Xd2lHaG1PZTVSQXFoc3ZycHBqU2FwOWhwbk1ldjg2TFJGbGpICnBUOGNKdWcxU1JiU3BrZGUxbnZxa0RCRkVsdkFzTWJlTjdZK2dJVmtIbTMzK2lYMExkZk5VUFF6QkttYXJ1U0EKMUVoby9qSDJDem5PcjgxTkIrWFUzU1V5eGdLUjMyUXNtMUxIbGxuM2xHRlB3L1pMaGZyUXdZU0V0LzNVNG80dgpWK3ZOYTNZbkJhWGxEK1UxcFJIQXZkVHVYaGppcndTeXg2bnNubzhHZVlaWWhlM1RxRXhYZE5XUk1zMkQ2OFNjClI0VjhrUEgxNWRhK2oxUEVkdTR5Q21vRzcwQXMxTjNMY3ZZbFh2MHBqUDFiNVhyZXNpTDFGZEpHbWgrM1BkdHYKTFdrMVVrYXkzc2VaQjFkY0dPYUJ2anJ5OHhQOEtTekZvNTVHalRqcE05b1kvRUpJUDIrNHFsb0VJSmF4c1h4OAo4Zk1JZGdqckhrUFdTaUt3Q0o0V0plc2JGYlZUa0FlaWVWQTJtMjFpNzU4VzdwS0xIKytrNjhuVXg1MzJETVYxCnd6Vm5TUGdHclNGQ0g3aXZmcUF3eEYzYkJGc0UzaDkxOFpEU010YSs5Tmtjb253djN0N2FLeENJMmZGMWh0ek0KeUtqNU1yWnpCdklGS0xEZktrajFrRTV4NFJQVnVXbHpDK1ptSGZ4aituNVl4c1BZMC9OdUZDYlhuZXBlbHdRQgpWdHpvMnJTSUZleGNSVDdEcGZTZ3BGRC9DZWMrTHlUSzRDSHA1Q3o1U3FQU09xRkswSWZCbEQ3Q253OVdFeDJiCkgyYWVjODZ4dUpzaG1aRGpTQW1uUEdYakN4MzVhdTNIQVQyNWp2c2o2RWJLalZhdlVrNjM1T3gzZlFzQ0F3RUEKQVFLQ0FnQW52V0ZydVpjdTNwYjlkUWhoOWdHYWJPZ3lIK2xhdEE0ZVNacFA5OUgxQjdnNXVPTENKbU9aMk1reApIaGpqU3BZOWZCcldxa0NxY050MG0yaTFUdHBWNUNzZXozM0VKZVJmVDBVYW1aNy9uaXVqRXdmMnhFaWFlNisyClhmYjhtb1ExSW9LdTRmQnZZNWd0M0tMeGxZbExlcU1KaUs1MzdRMTdielJUVjBwZlF3TG4xNHJOeDFhZHI3bGUKbStWVXdnQVZ1dEgwS3ZuZnFnWGRTWDVieC9DVzUzSE84VVVKZVNUTTR6WWowZFVzQ2k2V1AyNFRHK09BVjk2UQpGOE05ZWxXbjZDalhpTUN3YVBqd3g2QzNPZHJpWmFDR2JvZ1VTM0s2VUJjb3VhWFd5Y0t5em55V25EUUpMZzN2CmRaNUhUZndNdUlMQ2JyVE9pVkZoWjdVOHNXYkhKSXM3VUtvNXpsZmJzVVh6aEVvdWxYOUhpOWFZVmJXQlY2bGgKV0hDUkg0WWc1L0w5U0JickFkYzBXSVprWnBhZSsrbGcveGJwRXZ3Y2tFeGY0WUZKbnNtRWFtQVU4NkNIU25TNAppK0FKTENSR2Y4bE9LY2U2SElXY1Y5Tm5Za0o1U2tOY0tQN1cxVEIyc2w1SWQ2SllSbldzcU5XaFo1RUlEOGdsClBNMFZ0UVkyeVpsNld1Y0hDSlRhVXNibDJrRVJoZmFjY280Snh5Yjd2VGpIQ0JLOEc0aUxENHg4WWI1eHNvc0IKNURrTFpaMzNwNzBJc0RiS0lwM2dqckpiZkoyZ0ZzNzVGamVXbzM0eGQxZzFBMS9TUVBORm9YSWk2dk9uUnVRZApzS3FBOFNpZ0pmSXhFT040NFozak9EWTA3bGdNdDJGUGR2UEZvNTJZL0NiV0hMbkdJUUtDQVFFQXhBTFpZdXZKCmlMNWhDSkwxdUREbGRoa08yYi9jYUw3aXdtYndyR3U2cUgxRXJFYmt1c3BvTnU1dThzblBEMkx2d1I1MFNTcmcKOFM0Tk5vdVJSUitLaFBCMDQyaFpZODNrZHJ2ZlFKNWtVcnFxTCtDc2cxMURDSmljcmduSU5UbWhTRlFFUk8yZgozYTlURXFLdEdteXlBRjFFUFl6MFpQUkN3WlFGV3BZU1VRTWxncDNyQmlFdnZXNEhSdmJSZDUyNDNlbHdvNzBjCjRoK1loRW8vaFZTbTU1TTRqQllQdS9wUDBOT2tXTUw0Uyt0NWE5L09xRlM3azJPa1JySDVhbXdLZjZTQkI4MU8KcUVHRk1XNUNYWmtsdnFyVTc3dy84MU9ZVTlST0oyZTBhVmtsdjZoeVJJSFJVTHQ1VG9YN05sUzloaitrT1dyUAppL1hLcTZ1NWxFMS8wUUtDQVFFQXdFdUFpeWVwdFNFZU1kMlVMb3NhWGVObC9zUUhRR3haOW4wWjNrMTk4em5zClJ4VHJ1cFNRMCtFeWdvekp1dzh2ejcrT0tFTnZOK2JFMDgwZ0k1VUZoZXgzYkZ0UUYxenhiNjNsVkJPU3N4MjAKYVNNdnUwTDhIb1BOMFZrdmRKc3FadHNKTFRMdlNLWDVHRUVlVkcyeHNSSDJqR2I1STJERTd1UWRXYUgyN0xScApLRHFkYXlUNUVWaFQ0ZFdkUnJJY1pUdE5uakdiSWJrd3VNQy84QTVVaXBRTUltVDlteTU5TnA3cXgwdHgvUERZCllkZUJxSC9JQ0pHWmhRbEJDZUZ3TW1jZ0c0S1ozdFJYUVN2MjdXaHZBNkFhOVMraktGakRDdmxlS3hLU2lZSTIKa2lZckgxVFhRajA0KzhFc1pzQjhGQllVNWRVUzhPMlhwWmprMDgxaUd3S0NBUUJMb0dYTG12bnBQcnNsbWI0ZwowUXpYb2hkdXdHNEVKQkpOdTNZRXNKUVdTaTdpNFgrQzZuR0hNRHV5aFZiVXN2R2FhMnVtaDFxKzgydTVyZVBnCjdhaCtYbUJiRlhuWDNpclYvT3JJZmRScmJ3WVc3dkxneEcwR3RndE53d3h5TE1nanBmYjN1VTlETTFBMEVud0QKaEFpeHgwcDdEUldHbGcvanJIN2NVcWJDaHhwRDZUWXk2VDhJTVpteE1hM2tId0NpN2x5OWNFdmlteG8zZ0lZOQpwVW00Yzc4UG5idDRaYjNCN3Nhc1VKMklmVlFkNFA1VlNFd1BOQlRBQ2c4WGxwUCtaN1E1RkdmUzEyVFNpNTRqCml1RmJUWUpXOVNVZmR4T0ExSnRLN09KWSswSnJUa3k0VGZZNjFmcVo1MnZqckpKclo4YXZPSnpYZllBeStGRGoKL1hyaEFvSUJBUUNQblZRSm1idkRqVkp4eDUwT0RkSEpZVFloeWVIb21ZT3U5Y3ZHSFhYOW03cjljNENDdnNaVAptQk1UTVhiUWdBMGpTVnN3Y3Z5emNXUjdFdTMzNVNwVTFVQno2dGFzUER3TlBvRFNCRFJDRmVOUnluZXhrZHVlCkpxNG10a2NjL1czemw0OEk5TXVGSklBZlB6TVp0enRJbGJQZk5HREpyVkluWUxNUzZFWDBqdUVpckhRNU8wblIKVEhpSlovS29oQWwxQ1k5MG9IUE9BZk9EYUdGeE5pS3B4Tnd6SzkzRWNqb04reTQ1WGYxcC9hNTlsR2cvb2YrUgpkcnlEZ1YvVHMwMEtONzdoRE85Q1hyQXorbFBYQjNJeDhQZHhPdnpOKzB6ZisxSDdOVW0vN1VJNGNNMHYvenN0Ck8zQTloZzVWUjFqajM0SUlETlN5bjUvc2kzNExPWThWQW9JQkFCY3VPVDBYYWI3TDJPWmlRSGQ2dzVzdnhSeDcKc1JTSFlVNndncHQ5dFUxeXZJc0VmVzhFOXp2bGRPUVdHQmlpUzVhVlhGOVA4ZVMvS0ZyYW8vUDN2d0xydjNkZgpsZHA0TWE3NHQ2di9PMy84aDZNejFPS0V2ZVBXS3l3Q2VQVFBVZi9XeDdmUEMzTVkvYVBUNjJEa2VVWEt6OHV6Clo3VmsxSUR4djRqd2Q0YUJ2REQ4MGYxVnk5bVFud0xQaFFaVFhBem5mWXNYa3lab3hQaS9zVW1vZnMzalAvUXgKb3o1VUhWT1ZZNEVWcUJySDkxVGduMXh3akgwdnFuZm1Qb1dGMSs5SmFNUkZjYzBrL0s2MWFFVk9FUkNrMUczSgpLT1l3K0tnajFURzJkT0lTZXFYMURYc1EvUWJWREc1anRGT2xmR2I1NlhzK3VxMU5NbFhMM0ZVUG81MD0KLS0tLS1FTkQgUlNBIFBSSVZBVEUgS0VZLS0tLS0K",
                "cluster_ca_certificate": "LS0tLS1CRUdJTiBDRVJUSUZJQ0FURS0tLS0tCk1JSUU2VENDQXRHZ0F3SUJBZ0lSQU9zcks4aVNFWkhDZFdYeGdDNEVjaWd3RFFZSktvWklodmNOQVFFTEJRQXcKRFRFTE1Ba0dBMVVFQXhNQ1kyRXdJQmNOTWpZd056QXlNVEUxT1RNNVdoZ1BNakExTmpBM01ESXhNakE1TXpsYQpNQTB4Q3pBSkJnTlZCQU1UQW1OaE1JSUNJakFOQmdrcWhraUc5dzBCQVFFRkFBT0NBZzhBTUlJQ0NnS0NBZ0VBCjBGcE1obVVmT3VRMDMrS3JsVzJLdGtCVVZOeFlEREZQNDVkeUdkRXcxWU9PWTBEUWVGT05FaFRLU0JtWitDY1AKNXB3VHBsM3g4ZkE5Vzd3Z0Z0M016YlVwSVVXQkZtcGVlN0R3b0NwMGI0SUJkY3N6UE9WY1VDQkJKRlRNYjNjKwp5bmNlT0g2Mkw1RTNQYlQ4OUZvaTFyOW9idm1jRkt3dXFSaFBwOVRsU3NWU3JOb283SVVOMGkrN2hVMWJiNmQ5CnJHMmg5M2c4TEkzSTliKzFLYW51U1pmYjRLbEVvZURQS0xuWE4wTkFJbkRlM015aHRUUzhCUnJ2WFpiMFdENU8KdEMvaGRsbytSZSt6S2lBRVh2NXJKKy9JWUk1OU5jdE5tdVpnZjVQbTRKN0NoSHRSQ1F1T29veHA1MExwNTJ6YwpBV2svYWlBbWQzTTM2Qithc3ZySnZIaUlRLzhrcjVGZDVxWVJRK2w1cndYbDgvVFpNOHR1QkxuR0N0Ym9nc0pTCnB0YkplR3NodGpKMU9XUFpaYU9hd0l3S0hjeitIcmhGd3hpUkdTNUtBdUlIckFuTG9kQk0xZWkzYjgvbVoyaTAKVmNoVStwMWFockxFWjFvQzF0ZGRwMWtCaUN0WENaMEJNUWdUM1RLWVJkeGc1bGMxOEcrUFIzRW9aajloRGlLQgpSRkNIUUpKc2ZyT3FWR0dxVk96anA3T2Z2L2xkRFgvSU8zdi8vRTEvV1dWR3V1MGRDdGloQzBZS2RBcW8zK1k3CjIvWFQvVFZFQWxZMDhkL0lzbldtUkwzUndtYnd5Q0ZmV0IycCtqY3hrZm1xd2RTaG5Lc3BiejUzb1EvYkFGeUYKbWUxZHl5OTd1cmhiQ3B1ZmFyM215akg1cWpDRTFPVkFReEdxdUpPWHBPVUNBd0VBQWFOQ01FQXdEZ1lEVlIwUApBUUgvQkFRREFnS2tNQThHQTFVZEV3RUIvd1FGTUFNQkFmOHdIUVlEVlIwT0JCWUVGR2hPR0gzc21SazR5YllNCnFvYUtNSGdxVUJET01BMEdDU3FHU0liM0RRRUJDd1VBQTRJQ0FRQWxxK2xiWlY4UzB0M2RxbjNWanNDTDlHMkUKcm1FRXpvK0ZaOU5MZmlMekU2SDMvLzJoMHNFYTNxRXNYODRvMjI1Z2dvSWtRT292MnRON3p2SVBDbzBMTGhYMwpFVncrK3gzcWF6MDZ1aXUxM0JBVnZuUzhXTTBHaFl3MTV0cHA5YW0xYVFuUVc4NlNzYUg2Mmh3YXhnVlVYbkRLCjIra0FwODcxY29vaFBHQkhFSkhEZjN1bE9zTDJ5MnBZTVExZ0hKeUtBV3hCK0pHa0piY2hPYnJjSXBRNGw2TXkKWnhpTE4vVXVjeWYxUkEvL0tNeVlFdXBGYTE0ekZuWGoxMjl2bW82bWRqT0pKcnVLUVpqR2l0Y01FenhkSlRvUwo5T1NPRzNQYjVQbWxiZDhaWjJxMkRQU1VGWjlibzNoVDlTODZQcjlJTTMxRmxRYmxSNjRoQ0ZQY2Zheko1dHFuCkJObDVlazNmMWdrNlhMTzdZK3RrejREdUcyQy9hMC9hUzU2emN4aGFKeEZhYUxPR0duUmxMdnJKSDJMK1oyMkkKTTlxczJDQWM5QlloejVvTitUVHJOZHc2ZWhUb1BFdnZyenplV0YzWDdla29VQkhjRDh6eFozcmNSejJCcE0yTwpZbFM0RGJEUmJKdTZYcUxlSHoySDRUUFRiKzFoeEkxSHlLM0R4Yk56emFiWWpBNjR1bUpjMEJYbzhmZjhab0t6CnVRTzgrUmZCaUdrR0V6MjlDQ2RKdE9kRnRQZHFuR1dYRlB4RFl3OHlPekx0MzZlMjBFeGpUbFl5L0ZhWHpBWU0KVjFzSXh4VWtkY3RMZk1NT1lVc012WDl4STNxcEh2a3gzenhKdHNqTHNYRXFsdi9idmdqTEFEeDRzd2dpRmZTcQpraTArWW0ySkpCL3NtWXRXcHc9PQotLS0tLUVORCBDRVJUSUZJQ0FURS0tLS0tCg==",
                "host": "https://softradix-aks-fk5asf2k.hcp.eastus2.azmk8s.io:443",
                "password": "am0ubyrfs6w4h8j8bwxorcuyn78cvqmh4qmx0c6izaadj3z0e92mldfful8mup32hv02rism8gmjmqwd3fxgkcwoi1h7fy121e25ccksrz8hoeqfsdu4inmqdsfqe34s",
                "username": "clusterUser_Softradix-AKS-RG_softradix-aks-cluster"
              }
            ],
            "kube_config_raw": "apiVersion: v1\nclusters:\n- cluster:\n    certificate-authority-data: LS0tLS1CRUdJTiBDRVJUSUZJQ0FURS0tLS0tCk1JSUU2VENDQXRHZ0F3SUJBZ0lSQU9zcks4aVNFWkhDZFdYeGdDNEVjaWd3RFFZSktvWklodmNOQVFFTEJRQXcKRFRFTE1Ba0dBMVVFQXhNQ1kyRXdJQmNOTWpZd056QXlNVEUxT1RNNVdoZ1BNakExTmpBM01ESXhNakE1TXpsYQpNQTB4Q3pBSkJnTlZCQU1UQW1OaE1JSUNJakFOQmdrcWhraUc5dzBCQVFFRkFBT0NBZzhBTUlJQ0NnS0NBZ0VBCjBGcE1obVVmT3VRMDMrS3JsVzJLdGtCVVZOeFlEREZQNDVkeUdkRXcxWU9PWTBEUWVGT05FaFRLU0JtWitDY1AKNXB3VHBsM3g4ZkE5Vzd3Z0Z0M016YlVwSVVXQkZtcGVlN0R3b0NwMGI0SUJkY3N6UE9WY1VDQkJKRlRNYjNjKwp5bmNlT0g2Mkw1RTNQYlQ4OUZvaTFyOW9idm1jRkt3dXFSaFBwOVRsU3NWU3JOb283SVVOMGkrN2hVMWJiNmQ5CnJHMmg5M2c4TEkzSTliKzFLYW51U1pmYjRLbEVvZURQS0xuWE4wTkFJbkRlM015aHRUUzhCUnJ2WFpiMFdENU8KdEMvaGRsbytSZSt6S2lBRVh2NXJKKy9JWUk1OU5jdE5tdVpnZjVQbTRKN0NoSHRSQ1F1T29veHA1MExwNTJ6YwpBV2svYWlBbWQzTTM2Qithc3ZySnZIaUlRLzhrcjVGZDVxWVJRK2w1cndYbDgvVFpNOHR1QkxuR0N0Ym9nc0pTCnB0YkplR3NodGpKMU9XUFpaYU9hd0l3S0hjeitIcmhGd3hpUkdTNUtBdUlIckFuTG9kQk0xZWkzYjgvbVoyaTAKVmNoVStwMWFockxFWjFvQzF0ZGRwMWtCaUN0WENaMEJNUWdUM1RLWVJkeGc1bGMxOEcrUFIzRW9aajloRGlLQgpSRkNIUUpKc2ZyT3FWR0dxVk96anA3T2Z2L2xkRFgvSU8zdi8vRTEvV1dWR3V1MGRDdGloQzBZS2RBcW8zK1k3CjIvWFQvVFZFQWxZMDhkL0lzbldtUkwzUndtYnd5Q0ZmV0IycCtqY3hrZm1xd2RTaG5Lc3BiejUzb1EvYkFGeUYKbWUxZHl5OTd1cmhiQ3B1ZmFyM215akg1cWpDRTFPVkFReEdxdUpPWHBPVUNBd0VBQWFOQ01FQXdEZ1lEVlIwUApBUUgvQkFRREFnS2tNQThHQTFVZEV3RUIvd1FGTUFNQkFmOHdIUVlEVlIwT0JCWUVGR2hPR0gzc21SazR5YllNCnFvYUtNSGdxVUJET01BMEdDU3FHU0liM0RRRUJDd1VBQTRJQ0FRQWxxK2xiWlY4UzB0M2RxbjNWanNDTDlHMkUKcm1FRXpvK0ZaOU5MZmlMekU2SDMvLzJoMHNFYTNxRXNYODRvMjI1Z2dvSWtRT292MnRON3p2SVBDbzBMTGhYMwpFVncrK3gzcWF6MDZ1aXUxM0JBVnZuUzhXTTBHaFl3MTV0cHA5YW0xYVFuUVc4NlNzYUg2Mmh3YXhnVlVYbkRLCjIra0FwODcxY29vaFBHQkhFSkhEZjN1bE9zTDJ5MnBZTVExZ0hKeUtBV3hCK0pHa0piY2hPYnJjSXBRNGw2TXkKWnhpTE4vVXVjeWYxUkEvL0tNeVlFdXBGYTE0ekZuWGoxMjl2bW82bWRqT0pKcnVLUVpqR2l0Y01FenhkSlRvUwo5T1NPRzNQYjVQbWxiZDhaWjJxMkRQU1VGWjlibzNoVDlTODZQcjlJTTMxRmxRYmxSNjRoQ0ZQY2Zheko1dHFuCkJObDVlazNmMWdrNlhMTzdZK3RrejREdUcyQy9hMC9hUzU2emN4aGFKeEZhYUxPR0duUmxMdnJKSDJMK1oyMkkKTTlxczJDQWM5QlloejVvTitUVHJOZHc2ZWhUb1BFdnZyenplV0YzWDdla29VQkhjRDh6eFozcmNSejJCcE0yTwpZbFM0RGJEUmJKdTZYcUxlSHoySDRUUFRiKzFoeEkxSHlLM0R4Yk56emFiWWpBNjR1bUpjMEJYbzhmZjhab0t6CnVRTzgrUmZCaUdrR0V6MjlDQ2RKdE9kRnRQZHFuR1dYRlB4RFl3OHlPekx0MzZlMjBFeGpUbFl5L0ZhWHpBWU0KVjFzSXh4VWtkY3RMZk1NT1lVc012WDl4STNxcEh2a3gzenhKdHNqTHNYRXFsdi9idmdqTEFEeDRzd2dpRmZTcQpraTArWW0ySkpCL3NtWXRXcHc9PQotLS0tLUVORCBDRVJUSUZJQ0FURS0tLS0tCg==\n    server: https://softradix-aks-fk5asf2k.hcp.eastus2.azmk8s.io:443\n  name: softradix-aks-cluster\ncontexts:\n- context:\n    cluster: softradix-aks-cluster\n    user: clusterUser_Softradix-AKS-RG_softradix-aks-cluster\n  name: softradix-aks-cluster\ncurrent-context: softradix-aks-cluster\nkind: Config\nusers:\n- name: clusterUser_Softradix-AKS-RG_softradix-aks-cluster\n  user:\n    client-certificate-data: LS0tLS1CRUdJTiBDRVJUSUZJQ0FURS0tLS0tCk1JSUZIakNDQXdhZ0F3SUJBZ0lSQUxRRzNFQWQweU4waUhhY3ZMT2ZYeVl3RFFZSktvWklodmNOQVFFTEJRQXcKRFRFTE1Ba0dBMVVFQXhNQ1kyRXdIaGNOTWpZd056QXlNVEUxT1RNNVdoY05Namd3TnpBeU1USXdPVE01V2pBdwpNUmN3RlFZRFZRUUtFdzV6ZVhOMFpXMDZiV0Z6ZEdWeWN6RVZNQk1HQTFVRUF4TU1iV0Z6ZEdWeVkyeHBaVzUwCk1JSUNJakFOQmdrcWhraUc5dzBCQVFFRkFBT0NBZzhBTUlJQ0NnS0NBZ0VBa3p2eVM5bHVHT09Xd2lHaG1PZTUKUkFxaHN2cnBwalNhcDlocG5NZXY4NkxSRmxqSHBUOGNKdWcxU1JiU3BrZGUxbnZxa0RCRkVsdkFzTWJlTjdZKwpnSVZrSG0zMytpWDBMZGZOVVBRekJLbWFydVNBMUVoby9qSDJDem5PcjgxTkIrWFUzU1V5eGdLUjMyUXNtMUxICmxsbjNsR0ZQdy9aTGhmclF3WVNFdC8zVTRvNHZWK3ZOYTNZbkJhWGxEK1UxcFJIQXZkVHVYaGppcndTeXg2bnMKbm84R2VZWlloZTNUcUV4WGROV1JNczJENjhTY1I0VjhrUEgxNWRhK2oxUEVkdTR5Q21vRzcwQXMxTjNMY3ZZbApYdjBwalAxYjVYcmVzaUwxRmRKR21oKzNQZHR2TFdrMVVrYXkzc2VaQjFkY0dPYUJ2anJ5OHhQOEtTekZvNTVHCmpUanBNOW9ZL0VKSVAyKzRxbG9FSUpheHNYeDg4Zk1JZGdqckhrUFdTaUt3Q0o0V0plc2JGYlZUa0FlaWVWQTIKbTIxaTc1OFc3cEtMSCsrazY4blV4NTMyRE1WMXd6Vm5TUGdHclNGQ0g3aXZmcUF3eEYzYkJGc0UzaDkxOFpEUwpNdGErOU5rY29ud3YzdDdhS3hDSTJmRjFodHpNeUtqNU1yWnpCdklGS0xEZktrajFrRTV4NFJQVnVXbHpDK1ptCkhmeGorbjVZeHNQWTAvTnVGQ2JYbmVwZWx3UUJWdHpvMnJTSUZleGNSVDdEcGZTZ3BGRC9DZWMrTHlUSzRDSHAKNUN6NVNxUFNPcUZLMElmQmxEN0NudzlXRXgyYkgyYWVjODZ4dUpzaG1aRGpTQW1uUEdYakN4MzVhdTNIQVQyNQpqdnNqNkViS2pWYXZVazYzNU94M2ZRc0NBd0VBQWFOV01GUXdEZ1lEVlIwUEFRSC9CQVFEQWdXZ01CTUdBMVVkCkpRUU1NQW9HQ0NzR0FRVUZCd01DTUF3R0ExVWRFd0VCL3dRQ01BQXdId1lEVlIwakJCZ3dGb0FVYUU0WWZleVoKR1RqSnRneXFob293ZUNwUUVNNHdEUVlKS29aSWh2Y05BUUVMQlFBRGdnSUJBQzF0b29lZm1DaHBQVndCZHNQcwpTMHlTM01kbEpPemlXK1hoRjg5TmlsNkZ4cDhUc3F0N2JKRGVuMm1xNjg3RHhqWlIvYnZRTFAyZWNLbCtOSXBCClFCdjl1ZFZGQnorNGNkOWFyamxNT0tIdjM1aFN3MTFmdFU3cU92cWFRelQ5alhoVUNvcVJLbERVcFZFL1VLOE4KdHF6Y2NQU0lpeTZkc0E0Ym1mSVhQSlNqREV3YW5nTkE1Z3l0MHNQQWpRTFJhdmhwaUhVUDBnWTQySzNQSm1ZegpJVjlOTXhDMjAzelVadDRDc25LZXdNUmhINXZPUzYyWHFzTnYxREUrVlVMb2hVTjVOUURiYlBLSm53S1g0MHlvCnlTa1g2RXgzS3lvZ1M5b3JyVllybVZ6NVJHVmRpL0RmRDE1cWJlbkxSVlhFU1paWE52SFJGK0lub1lnaHRVaDAKNkxJeUEzOXRudUliaUxHeEVSemNhK21DeDFJRVR6dDUrM2VVN3VBTkdib1JNRVdWdURBRHpxeU5Oc0dHaklVMQpOMngzT042Sm1vNkZKN2lvNUZMcWlEK2I2UlA1eDNTNGtaMUh0M1ZJWU5xVndvQVdwWHQzN2kvOFZCdW5ldFhhClRTMmZ0R3locCtnS09SNFNOem9VWTBNYWM4M2pGYWhCTFJ0MGtSK0JVeVc3VGdBNlJWQ0dZSnJtL0xPYTR3aEUKUVZuWVZiUU1DdjVTUXUveDBIbUZqUTRLVkxCRnhZYUtlTXpHYTQ5SnZjQmRMY1ZjQTZXQ1RLeUpyU1hWNExCMgpZZTgyQ0d0QWRlb0NnSzhuLzZjSDlBQnhCWGhMMFVrQjd5dEVyU21tdS91anhpL2JQSW1vNmpSZGRiUUp5VmJBClN2QjhoWkF1MFBSeVFsOWlWTWd5aFltVAotLS0tLUVORCBDRVJUSUZJQ0FURS0tLS0tCg==\n    client-key-data: LS0tLS1CRUdJTiBSU0EgUFJJVkFURSBLRVktLS0tLQpNSUlKS0FJQkFBS0NBZ0VBa3p2eVM5bHVHT09Xd2lHaG1PZTVSQXFoc3ZycHBqU2FwOWhwbk1ldjg2TFJGbGpICnBUOGNKdWcxU1JiU3BrZGUxbnZxa0RCRkVsdkFzTWJlTjdZK2dJVmtIbTMzK2lYMExkZk5VUFF6QkttYXJ1U0EKMUVoby9qSDJDem5PcjgxTkIrWFUzU1V5eGdLUjMyUXNtMUxIbGxuM2xHRlB3L1pMaGZyUXdZU0V0LzNVNG80dgpWK3ZOYTNZbkJhWGxEK1UxcFJIQXZkVHVYaGppcndTeXg2bnNubzhHZVlaWWhlM1RxRXhYZE5XUk1zMkQ2OFNjClI0VjhrUEgxNWRhK2oxUEVkdTR5Q21vRzcwQXMxTjNMY3ZZbFh2MHBqUDFiNVhyZXNpTDFGZEpHbWgrM1BkdHYKTFdrMVVrYXkzc2VaQjFkY0dPYUJ2anJ5OHhQOEtTekZvNTVHalRqcE05b1kvRUpJUDIrNHFsb0VJSmF4c1h4OAo4Zk1JZGdqckhrUFdTaUt3Q0o0V0plc2JGYlZUa0FlaWVWQTJtMjFpNzU4VzdwS0xIKytrNjhuVXg1MzJETVYxCnd6Vm5TUGdHclNGQ0g3aXZmcUF3eEYzYkJGc0UzaDkxOFpEU010YSs5Tmtjb253djN0N2FLeENJMmZGMWh0ek0KeUtqNU1yWnpCdklGS0xEZktrajFrRTV4NFJQVnVXbHpDK1ptSGZ4aituNVl4c1BZMC9OdUZDYlhuZXBlbHdRQgpWdHpvMnJTSUZleGNSVDdEcGZTZ3BGRC9DZWMrTHlUSzRDSHA1Q3o1U3FQU09xRkswSWZCbEQ3Q253OVdFeDJiCkgyYWVjODZ4dUpzaG1aRGpTQW1uUEdYakN4MzVhdTNIQVQyNWp2c2o2RWJLalZhdlVrNjM1T3gzZlFzQ0F3RUEKQVFLQ0FnQW52V0ZydVpjdTNwYjlkUWhoOWdHYWJPZ3lIK2xhdEE0ZVNacFA5OUgxQjdnNXVPTENKbU9aMk1reApIaGpqU3BZOWZCcldxa0NxY050MG0yaTFUdHBWNUNzZXozM0VKZVJmVDBVYW1aNy9uaXVqRXdmMnhFaWFlNisyClhmYjhtb1ExSW9LdTRmQnZZNWd0M0tMeGxZbExlcU1KaUs1MzdRMTdielJUVjBwZlF3TG4xNHJOeDFhZHI3bGUKbStWVXdnQVZ1dEgwS3ZuZnFnWGRTWDVieC9DVzUzSE84VVVKZVNUTTR6WWowZFVzQ2k2V1AyNFRHK09BVjk2UQpGOE05ZWxXbjZDalhpTUN3YVBqd3g2QzNPZHJpWmFDR2JvZ1VTM0s2VUJjb3VhWFd5Y0t5em55V25EUUpMZzN2CmRaNUhUZndNdUlMQ2JyVE9pVkZoWjdVOHNXYkhKSXM3VUtvNXpsZmJzVVh6aEVvdWxYOUhpOWFZVmJXQlY2bGgKV0hDUkg0WWc1L0w5U0JickFkYzBXSVprWnBhZSsrbGcveGJwRXZ3Y2tFeGY0WUZKbnNtRWFtQVU4NkNIU25TNAppK0FKTENSR2Y4bE9LY2U2SElXY1Y5Tm5Za0o1U2tOY0tQN1cxVEIyc2w1SWQ2SllSbldzcU5XaFo1RUlEOGdsClBNMFZ0UVkyeVpsNld1Y0hDSlRhVXNibDJrRVJoZmFjY280Snh5Yjd2VGpIQ0JLOEc0aUxENHg4WWI1eHNvc0IKNURrTFpaMzNwNzBJc0RiS0lwM2dqckpiZkoyZ0ZzNzVGamVXbzM0eGQxZzFBMS9TUVBORm9YSWk2dk9uUnVRZApzS3FBOFNpZ0pmSXhFT040NFozak9EWTA3bGdNdDJGUGR2UEZvNTJZL0NiV0hMbkdJUUtDQVFFQXhBTFpZdXZKCmlMNWhDSkwxdUREbGRoa08yYi9jYUw3aXdtYndyR3U2cUgxRXJFYmt1c3BvTnU1dThzblBEMkx2d1I1MFNTcmcKOFM0Tk5vdVJSUitLaFBCMDQyaFpZODNrZHJ2ZlFKNWtVcnFxTCtDc2cxMURDSmljcmduSU5UbWhTRlFFUk8yZgozYTlURXFLdEdteXlBRjFFUFl6MFpQUkN3WlFGV3BZU1VRTWxncDNyQmlFdnZXNEhSdmJSZDUyNDNlbHdvNzBjCjRoK1loRW8vaFZTbTU1TTRqQllQdS9wUDBOT2tXTUw0Uyt0NWE5L09xRlM3azJPa1JySDVhbXdLZjZTQkI4MU8KcUVHRk1XNUNYWmtsdnFyVTc3dy84MU9ZVTlST0oyZTBhVmtsdjZoeVJJSFJVTHQ1VG9YN05sUzloaitrT1dyUAppL1hLcTZ1NWxFMS8wUUtDQVFFQXdFdUFpeWVwdFNFZU1kMlVMb3NhWGVObC9zUUhRR3haOW4wWjNrMTk4em5zClJ4VHJ1cFNRMCtFeWdvekp1dzh2ejcrT0tFTnZOK2JFMDgwZ0k1VUZoZXgzYkZ0UUYxenhiNjNsVkJPU3N4MjAKYVNNdnUwTDhIb1BOMFZrdmRKc3FadHNKTFRMdlNLWDVHRUVlVkcyeHNSSDJqR2I1STJERTd1UWRXYUgyN0xScApLRHFkYXlUNUVWaFQ0ZFdkUnJJY1pUdE5uakdiSWJrd3VNQy84QTVVaXBRTUltVDlteTU5TnA3cXgwdHgvUERZCllkZUJxSC9JQ0pHWmhRbEJDZUZ3TW1jZ0c0S1ozdFJYUVN2MjdXaHZBNkFhOVMraktGakRDdmxlS3hLU2lZSTIKa2lZckgxVFhRajA0KzhFc1pzQjhGQllVNWRVUzhPMlhwWmprMDgxaUd3S0NBUUJMb0dYTG12bnBQcnNsbWI0ZwowUXpYb2hkdXdHNEVKQkpOdTNZRXNKUVdTaTdpNFgrQzZuR0hNRHV5aFZiVXN2R2FhMnVtaDFxKzgydTVyZVBnCjdhaCtYbUJiRlhuWDNpclYvT3JJZmRScmJ3WVc3dkxneEcwR3RndE53d3h5TE1nanBmYjN1VTlETTFBMEVud0QKaEFpeHgwcDdEUldHbGcvanJIN2NVcWJDaHhwRDZUWXk2VDhJTVpteE1hM2tId0NpN2x5OWNFdmlteG8zZ0lZOQpwVW00Yzc4UG5idDRaYjNCN3Nhc1VKMklmVlFkNFA1VlNFd1BOQlRBQ2c4WGxwUCtaN1E1RkdmUzEyVFNpNTRqCml1RmJUWUpXOVNVZmR4T0ExSnRLN09KWSswSnJUa3k0VGZZNjFmcVo1MnZqckpKclo4YXZPSnpYZllBeStGRGoKL1hyaEFvSUJBUUNQblZRSm1idkRqVkp4eDUwT0RkSEpZVFloeWVIb21ZT3U5Y3ZHSFhYOW03cjljNENDdnNaVAptQk1UTVhiUWdBMGpTVnN3Y3Z5emNXUjdFdTMzNVNwVTFVQno2dGFzUER3TlBvRFNCRFJDRmVOUnluZXhrZHVlCkpxNG10a2NjL1czemw0OEk5TXVGSklBZlB6TVp0enRJbGJQZk5HREpyVkluWUxNUzZFWDBqdUVpckhRNU8wblIKVEhpSlovS29oQWwxQ1k5MG9IUE9BZk9EYUdGeE5pS3B4Tnd6SzkzRWNqb04reTQ1WGYxcC9hNTlsR2cvb2YrUgpkcnlEZ1YvVHMwMEtONzdoRE85Q1hyQXorbFBYQjNJeDhQZHhPdnpOKzB6ZisxSDdOVW0vN1VJNGNNMHYvenN0Ck8zQTloZzVWUjFqajM0SUlETlN5bjUvc2kzNExPWThWQW9JQkFCY3VPVDBYYWI3TDJPWmlRSGQ2dzVzdnhSeDcKc1JTSFlVNndncHQ5dFUxeXZJc0VmVzhFOXp2bGRPUVdHQmlpUzVhVlhGOVA4ZVMvS0ZyYW8vUDN2d0xydjNkZgpsZHA0TWE3NHQ2di9PMy84aDZNejFPS0V2ZVBXS3l3Q2VQVFBVZi9XeDdmUEMzTVkvYVBUNjJEa2VVWEt6OHV6Clo3VmsxSUR4djRqd2Q0YUJ2REQ4MGYxVnk5bVFud0xQaFFaVFhBem5mWXNYa3lab3hQaS9zVW1vZnMzalAvUXgKb3o1VUhWT1ZZNEVWcUJySDkxVGduMXh3akgwdnFuZm1Qb1dGMSs5SmFNUkZjYzBrL0s2MWFFVk9FUkNrMUczSgpLT1l3K0tnajFURzJkT0lTZXFYMURYc1EvUWJWREc1anRGT2xmR2I1NlhzK3VxMU5NbFhMM0ZVUG81MD0KLS0tLS1FTkQgUlNBIFBSSVZBVEUgS0VZLS0tLS0K\n    token: am0ubyrfs6w4h8j8bwxorcuyn78cvqmh4qmx0c6izaadj3z0e92mldfful8mup32hv02rism8gmjmqwd3fxgkcwoi1h7fy121e25ccksrz8hoeqfsdu4inmqdsfqe34s\n",
            "kubelet_identity": [
              {
                "client_id": "895dbc50-7f2f-4fa1-aa6d-2696a30d153f",
                "object_id": "a54163df-6710-4c5b-abe5-45182c50b3b2",
                "user_assigned_identity_id": "/subscriptions/27735e1f-024e-4bb5-8d3f-6c6a5cd80f1e/resourceGroups/MC_Softradix-AKS-RG_softradix-aks-cluster_eastus2/providers/Microsoft.ManagedIdentity/userAssignedIdentities/softradix-aks-cluster-agentpool"
              }
            ],
            "kubernetes_version": "1.36.1",
            "linux_profile": [],
            "local_account_disabled": false,
            "location": "eastus2",
            "maintenance_window": [],
            "maintenance_window_auto_upgrade": [],
            "maintenance_window_node_os": [],
            "microsoft_defender": [],
            "monitor_metrics": [],
            "name": "softradix-aks-cluster",
            "network_profile": [
              {
                "advanced_networking": [],
                "dns_service_ip": "172.16.0.10",
                "ip_versions": [
                  "IPv4"
                ],
                "load_balancer_profile": [
                  {
                    "backend_pool_type": "NodeIPConfiguration",
                    "effective_outbound_ips": [],
                    "idle_timeout_in_minutes": 0,
                    "managed_outbound_ip_count": 0,
                    "managed_outbound_ipv6_count": 0,
                    "outbound_ip_address_ids": [],
                    "outbound_ip_prefix_ids": [],
                    "outbound_ports_allocated": 0
                  }
                ],
                "load_balancer_sku": "standard",
                "nat_gateway_profile": [],
                "network_data_plane": "azure",
                "network_mode": "",
                "network_plugin": "azure",
                "network_plugin_mode": "overlay",
                "network_policy": "",
                "outbound_type": "userAssignedNATGateway",
                "pod_cidr": "192.168.0.0/16",
                "pod_cidrs": [
                  "192.168.0.0/16"
                ],
                "service_cidr": "172.16.0.0/16",
                "service_cidrs": [
                  "172.16.0.0/16"
                ]
              }
            ],
            "node_os_upgrade_channel": "NodeImage",
            "node_provisioning_profile": [
              {
                "default_node_pools": "Auto",
                "mode": "Manual"
              }
            ],
            "node_resource_group": "MC_Softradix-AKS-RG_softradix-aks-cluster_eastus2",
            "node_resource_group_id": "/subscriptions/27735e1f-024e-4bb5-8d3f-6c6a5cd80f1e/resourceGroups/MC_Softradix-AKS-RG_softradix-aks-cluster_eastus2",
            "oidc_issuer_enabled": true,
            "oidc_issuer_url": "https://eastus2.oic.prod-aks.azure.com/a2a74c22-d514-456c-be8d-b53d72517201/3423795a-a338-4380-a919-56306b0a6abc/",
            "oms_agent": [
              {
                "log_analytics_workspace_id": "/subscriptions/27735e1f-024e-4bb5-8d3f-6c6a5cd80f1e/resourceGroups/Softradix-AKS-RG/providers/Microsoft.OperationalInsights/workspaces/softradix-aks-law",
                "msi_auth_for_monitoring_enabled": false,
                "oms_agent_identity": [
                  {
                    "client_id": "5a8322c2-11f4-4272-ae3a-38b54129e680",
                    "object_id": "206598e6-0d70-40c1-b208-d8d5ff2c34f2",
                    "user_assigned_identity_id": "/subscriptions/27735e1f-024e-4bb5-8d3f-6c6a5cd80f1e/resourcegroups/MC_Softradix-AKS-RG_softradix-aks-cluster_eastus2/providers/Microsoft.ManagedIdentity/userAssignedIdentities/omsagent-softradix-aks-cluster"
                  }
                ]
              }
            ],
            "open_service_mesh_enabled": false,
            "portal_fqdn": "softradix-aks-fk5asf2k.portal.hcp.eastus2.azmk8s.io",
            "private_cluster_enabled": false,
            "private_cluster_public_fqdn_enabled": false,
            "private_dns_zone_id": "",
            "private_fqdn": "",
            "resource_group_name": "Softradix-AKS-RG",
            "role_based_access_control_enabled": true,
            "run_command_enabled": true,
            "service_mesh_profile": [],
            "service_principal": [],
            "sku_tier": "Standard",
            "storage_profile": [],
            "support_plan": "KubernetesOfficial",
            "tags": {
              "Environment": "Production",
              "Owner": "Yogesh",
              "Project": "Terraform"
            },
            "timeouts": null,
            "upgrade_override": [],
            "web_app_routing": [],
            "windows_profile": [
              {
                "admin_password": "",
                "admin_username": "azureuser",
                "gmsa": [],
                "license": ""
              }
            ],
            "workload_autoscaler_profile": [],
            "workload_identity_enabled": true
          },
          "sensitive_attributes": [
            [
              {
                "type": "get_attr",
                "value": "kube_admin_config"
              }
            ],
            [
              {
                "type": "get_attr",
                "value": "kube_admin_config_raw"
              }
            ],
            [
              {
                "type": "get_attr",
                "value": "kube_config"
              }
            ],
            [
              {
                "type": "get_attr",
                "value": "kube_config_raw"
              }
            ],
            [
              {
                "type": "get_attr",
                "value": "windows_profile"
              },
              {
                "type": "index",
                "value": {
                  "value": 0,
                  "type": "number"
                }
              },
              {
                "type": "get_attr",
                "value": "admin_password"
              }
            ]
          ],
          "identity_schema_version": 0,
          "private": "eyJlMmJmYjczMC1lY2FhLTExZTYtOGY4OC0zNDM2M2JjN2M0YzAiOnsiY3JlYXRlIjo1NDAwMDAwMDAwMDAwLCJkZWxldGUiOjU0MDAwMDAwMDAwMDAsInJlYWQiOjMwMDAwMDAwMDAwMCwidXBkYXRlIjo1NDAwMDAwMDAwMDAwfSwic2NoZW1hX3ZlcnNpb24iOiIyIn0=",
          "dependencies": [
            "module.acr.azurerm_container_registry.this",
            "module.log_analytics.azurerm_log_analytics_solution.container_insights",
            "module.log_analytics.azurerm_log_analytics_workspace.this",
            "module.nat_gateway.azurerm_nat_gateway.this",
            "module.nat_gateway.azurerm_nat_gateway_public_ip_association.this",
            "module.nat_gateway.azurerm_public_ip.nat",
            "module.nat_gateway.azurerm_subnet_nat_gateway_association.aks_nodes",
            "module.resource_group.azurerm_resource_group.this",
            "module.virtual_network.azurerm_network_security_group.aks_nodes",
            "module.virtual_network.azurerm_network_security_group.private_endpoints",
            "module.virtual_network.azurerm_subnet.aks_nodes",
            "module.virtual_network.azurerm_subnet.bastion",
            "module.virtual_network.azurerm_subnet.private_endpoints",
            "module.virtual_network.azurerm_subnet_network_security_group_association.aks_nodes",
            "module.virtual_network.azurerm_subnet_network_security_group_association.private_endpoints",
            "module.virtual_network.azurerm_virtual_network.this",
            "time_sleep.resource_group_propagation"
          ]
        }
      ]
    },
    {
      "module": "module.bastion",
      "mode": "managed",
      "type": "azurerm_bastion_host",
      "name": "this",
      "provider": "provider[\"registry.terraform.io/hashicorp/azurerm\"]",
      "instances": [
        {
          "index_key": 0,
          "schema_version": 0,
          "attributes": {
            "copy_paste_enabled": true,
            "dns_name": "bst-74c679aa-d06b-4624-96b5-6e96ae95c948.bastion.azure.com",
            "file_copy_enabled": false,
            "id": "/subscriptions/27735e1f-024e-4bb5-8d3f-6c6a5cd80f1e/resourceGroups/Softradix-AKS-RG/providers/Microsoft.Network/bastionHosts/softradix-aks-bastion",
            "ip_configuration": [
              {
                "name": "bastion-ipconfig",
                "public_ip_address_id": "/subscriptions/27735e1f-024e-4bb5-8d3f-6c6a5cd80f1e/resourceGroups/Softradix-AKS-RG/providers/Microsoft.Network/publicIPAddresses/softradix-aks-bastion-pip",
                "subnet_id": "/subscriptions/27735e1f-024e-4bb5-8d3f-6c6a5cd80f1e/resourceGroups/Softradix-AKS-RG/providers/Microsoft.Network/virtualNetworks/softradix-aks-vnet/subnets/AzureBastionSubnet"
              }
            ],
            "ip_connect_enabled": false,
            "kerberos_enabled": false,
            "location": "eastus2",
            "name": "softradix-aks-bastion",
            "private_only_enabled": false,
            "resource_group_name": "Softradix-AKS-RG",
            "scale_units": 2,
            "session_recording_enabled": false,
            "shareable_link_enabled": false,
            "sku": "Standard",
            "tags": {
              "Environment": "Production",
              "Owner": "Yogesh",
              "Project": "Terraform"
            },
            "timeouts": null,
            "tunneling_enabled": false,
            "virtual_network_id": "",
            "zones": []
          },
          "sensitive_attributes": [],
          "identity_schema_version": 0,
          "identity": {
            "name": "softradix-aks-bastion",
            "resource_group_name": "Softradix-AKS-RG",
            "subscription_id": "27735e1f-024e-4bb5-8d3f-6c6a5cd80f1e"
          },
          "private": "eyJlMmJmYjczMC1lY2FhLTExZTYtOGY4OC0zNDM2M2JjN2M0YzAiOnsiY3JlYXRlIjoxODAwMDAwMDAwMDAwLCJkZWxldGUiOjE4MDAwMDAwMDAwMDAsInJlYWQiOjMwMDAwMDAwMDAwMCwidXBkYXRlIjoxODAwMDAwMDAwMDAwfX0=",
          "dependencies": [
            "module.bastion.azurerm_network_security_group.bastion",
            "module.bastion.azurerm_public_ip.bastion",
            "module.bastion.azurerm_subnet_network_security_group_association.bastion",
            "module.resource_group.azurerm_resource_group.this",
            "module.virtual_network.azurerm_network_security_group.aks_nodes",
            "module.virtual_network.azurerm_network_security_group.private_endpoints",
            "module.virtual_network.azurerm_subnet.aks_nodes",
            "module.virtual_network.azurerm_subnet.bastion",
            "module.virtual_network.azurerm_subnet.private_endpoints",
            "module.virtual_network.azurerm_subnet_network_security_group_association.aks_nodes",
            "module.virtual_network.azurerm_subnet_network_security_group_association.private_endpoints",
            "module.virtual_network.azurerm_virtual_network.this",
            "time_sleep.resource_group_propagation"
          ]
        }
      ]
    },
    {
      "module": "module.bastion",
      "mode": "managed",
      "type": "azurerm_network_security_group",
      "name": "bastion",
      "provider": "provider[\"registry.terraform.io/hashicorp/azurerm\"]",
      "instances": [
        {
          "index_key": 0,
          "schema_version": 0,
          "attributes": {
            "id": "/subscriptions/27735e1f-024e-4bb5-8d3f-6c6a5cd80f1e/resourceGroups/Softradix-AKS-RG/providers/Microsoft.Network/networkSecurityGroups/AzureBastionSubnet-nsg",
            "location": "eastus2",
            "name": "AzureBastionSubnet-nsg",
            "resource_group_name": "Softradix-AKS-RG",
            "security_rule": [
              {
                "access": "Allow",
                "description": "",
                "destination_address_prefix": "*",
                "destination_address_prefixes": [],
                "destination_application_security_group_ids": [],
                "destination_port_range": "443",
                "destination_port_ranges": [],
                "direction": "Inbound",
                "name": "AllowAzureLoadBalancerInbound",
                "priority": 120,
                "protocol": "Tcp",
                "source_address_prefix": "AzureLoadBalancer",
                "source_address_prefixes": [],
                "source_application_security_group_ids": [],
                "source_port_range": "*",
                "source_port_ranges": []
              },
              {
                "access": "Allow",
                "description": "",
                "destination_address_prefix": "*",
                "destination_address_prefixes": [],
                "destination_application_security_group_ids": [],
                "destination_port_range": "443",
                "destination_port_ranges": [],
                "direction": "Inbound",
                "name": "AllowGatewayManagerInbound",
                "priority": 110,
                "protocol": "Tcp",
                "source_address_prefix": "GatewayManager",
                "source_address_prefixes": [],
                "source_application_security_group_ids": [],
                "source_port_range": "*",
                "source_port_ranges": []
              },
              {
                "access": "Allow",
                "description": "",
                "destination_address_prefix": "*",
                "destination_address_prefixes": [],
                "destination_application_security_group_ids": [],
                "destination_port_range": "443",
                "destination_port_ranges": [],
                "direction": "Inbound",
                "name": "AllowHttpsInbound",
                "priority": 100,
                "protocol": "Tcp",
                "source_address_prefix": "Internet",
                "source_address_prefixes": [],
                "source_application_security_group_ids": [],
                "source_port_range": "*",
                "source_port_ranges": []
              },
              {
                "access": "Allow",
                "description": "",
                "destination_address_prefix": "AzureCloud",
                "destination_address_prefixes": [],
                "destination_application_security_group_ids": [],
                "destination_port_range": "443",
                "destination_port_ranges": [],
                "direction": "Outbound",
                "name": "AllowAzureCloudOutbound",
                "priority": 110,
                "protocol": "Tcp",
                "source_address_prefix": "*",
                "source_address_prefixes": [],
                "source_application_security_group_ids": [],
                "source_port_range": "*",
                "source_port_ranges": []
              },
              {
                "access": "Allow",
                "description": "",
                "destination_address_prefix": "Internet",
                "destination_address_prefixes": [],
                "destination_application_security_group_ids": [],
                "destination_port_range": "80",
                "destination_port_ranges": [],
                "direction": "Outbound",
                "name": "AllowGetSessionInformationOutbound",
                "priority": 130,
                "protocol": "*",
                "source_address_prefix": "*",
                "source_address_prefixes": [],
                "source_application_security_group_ids": [],
                "source_port_range": "*",
                "source_port_ranges": []
              },
              {
                "access": "Allow",
                "description": "",
                "destination_address_prefix": "VirtualNetwork",
                "destination_address_prefixes": [],
                "destination_application_security_group_ids": [],
                "destination_port_range": "",
                "destination_port_ranges": [
                  "22",
                  "3389"
                ],
                "direction": "Outbound",
                "name": "AllowSshRdpOutbound",
                "priority": 100,
                "protocol": "Tcp",
                "source_address_prefix": "*",
                "source_address_prefixes": [],
                "source_application_security_group_ids": [],
                "source_port_range": "*",
                "source_port_ranges": []
              },
              {
                "access": "Allow",
                "description": "",
                "destination_address_prefix": "VirtualNetwork",
                "destination_address_prefixes": [],
                "destination_application_security_group_ids": [],
                "destination_port_range": "",
                "destination_port_ranges": [
                  "5701",
                  "8080"
                ],
                "direction": "Inbound",
                "name": "AllowBastionHostCommunicationInbound",
                "priority": 130,
                "protocol": "*",
                "source_address_prefix": "VirtualNetwork",
                "source_address_prefixes": [],
                "source_application_security_group_ids": [],
                "source_port_range": "*",
                "source_port_ranges": []
              },
              {
                "access": "Allow",
                "description": "",
                "destination_address_prefix": "VirtualNetwork",
                "destination_address_prefixes": [],
                "destination_application_security_group_ids": [],
                "destination_port_range": "",
                "destination_port_ranges": [
                  "5701",
                  "8080"
                ],
                "direction": "Outbound",
                "name": "AllowBastionHostCommunicationOutbound",
                "priority": 120,
                "protocol": "*",
                "source_address_prefix": "VirtualNetwork",
                "source_address_prefixes": [],
                "source_application_security_group_ids": [],
                "source_port_range": "*",
                "source_port_ranges": []
              },
              {
                "access": "Deny",
                "description": "",
                "destination_address_prefix": "*",
                "destination_address_prefixes": [],
                "destination_application_security_group_ids": [],
                "destination_port_range": "*",
                "destination_port_ranges": [],
                "direction": "Inbound",
                "name": "DenyAllInbound",
                "priority": 4096,
                "protocol": "*",
                "source_address_prefix": "*",
                "source_address_prefixes": [],
                "source_application_security_group_ids": [],
                "source_port_range": "*",
                "source_port_ranges": []
              }
            ],
            "tags": {
              "Environment": "Production",
              "Owner": "Yogesh",
              "Project": "Terraform"
            },
            "timeouts": null
          },
          "sensitive_attributes": [],
          "identity_schema_version": 0,
          "identity": {
            "name": "AzureBastionSubnet-nsg",
            "resource_group_name": "Softradix-AKS-RG",
            "subscription_id": "27735e1f-024e-4bb5-8d3f-6c6a5cd80f1e"
          },
          "private": "eyJlMmJmYjczMC1lY2FhLTExZTYtOGY4OC0zNDM2M2JjN2M0YzAiOnsiY3JlYXRlIjoxODAwMDAwMDAwMDAwLCJkZWxldGUiOjE4MDAwMDAwMDAwMDAsInJlYWQiOjMwMDAwMDAwMDAwMCwidXBkYXRlIjoxODAwMDAwMDAwMDAwfX0=",
          "dependencies": [
            "module.resource_group.azurerm_resource_group.this",
            "module.virtual_network.azurerm_network_security_group.aks_nodes",
            "module.virtual_network.azurerm_network_security_group.private_endpoints",
            "module.virtual_network.azurerm_subnet.aks_nodes",
            "module.virtual_network.azurerm_subnet.bastion",
            "module.virtual_network.azurerm_subnet.private_endpoints",
            "module.virtual_network.azurerm_subnet_network_security_group_association.aks_nodes",
            "module.virtual_network.azurerm_subnet_network_security_group_association.private_endpoints",
            "module.virtual_network.azurerm_virtual_network.this",
            "time_sleep.resource_group_propagation"
          ]
        }
      ]
    },
    {
      "module": "module.bastion",
      "mode": "managed",
      "type": "azurerm_public_ip",
      "name": "bastion",
      "provider": "provider[\"registry.terraform.io/hashicorp/azurerm\"]",
      "instances": [
        {
          "index_key": 0,
          "schema_version": 0,
          "attributes": {
            "allocation_method": "Static",
            "ddos_protection_mode": "VirtualNetworkInherited",
            "ddos_protection_plan_id": null,
            "domain_name_label": "",
            "domain_name_label_scope": "",
            "edge_zone": "",
            "fqdn": "",
            "id": "/subscriptions/27735e1f-024e-4bb5-8d3f-6c6a5cd80f1e/resourceGroups/Softradix-AKS-RG/providers/Microsoft.Network/publicIPAddresses/softradix-aks-bastion-pip",
            "idle_timeout_in_minutes": 4,
            "ip_address": "40.70.79.97",
            "ip_tags": {},
            "ip_version": "IPv4",
            "location": "eastus2",
            "name": "softradix-aks-bastion-pip",
            "public_ip_prefix_id": null,
            "resource_group_name": "Softradix-AKS-RG",
            "reverse_fqdn": "",
            "sku": "Standard",
            "sku_tier": "Regional",
            "tags": {
              "Environment": "Production",
              "Owner": "Yogesh",
              "Project": "Terraform"
            },
            "timeouts": null,
            "zones": []
          },
          "sensitive_attributes": [],
          "identity_schema_version": 0,
          "identity": {
            "name": "softradix-aks-bastion-pip",
            "resource_group_name": "Softradix-AKS-RG",
            "subscription_id": "27735e1f-024e-4bb5-8d3f-6c6a5cd80f1e"
          },
          "private": "eyJlMmJmYjczMC1lY2FhLTExZTYtOGY4OC0zNDM2M2JjN2M0YzAiOnsiY3JlYXRlIjoxODAwMDAwMDAwMDAwLCJkZWxldGUiOjE4MDAwMDAwMDAwMDAsInJlYWQiOjMwMDAwMDAwMDAwMCwidXBkYXRlIjoxODAwMDAwMDAwMDAwfX0=",
          "dependencies": [
            "module.resource_group.azurerm_resource_group.this",
            "module.virtual_network.azurerm_network_security_group.aks_nodes",
            "module.virtual_network.azurerm_network_security_group.private_endpoints",
            "module.virtual_network.azurerm_subnet.aks_nodes",
            "module.virtual_network.azurerm_subnet.bastion",
            "module.virtual_network.azurerm_subnet.private_endpoints",
            "module.virtual_network.azurerm_subnet_network_security_group_association.aks_nodes",
            "module.virtual_network.azurerm_subnet_network_security_group_association.private_endpoints",
            "module.virtual_network.azurerm_virtual_network.this",
            "time_sleep.resource_group_propagation"
          ]
        }
      ]
    },
    {
      "module": "module.bastion",
      "mode": "managed",
      "type": "azurerm_subnet_network_security_group_association",
      "name": "bastion",
      "provider": "provider[\"registry.terraform.io/hashicorp/azurerm\"]",
      "instances": [
        {
          "index_key": 0,
          "schema_version": 0,
          "attributes": {
            "id": "/subscriptions/27735e1f-024e-4bb5-8d3f-6c6a5cd80f1e/resourceGroups/Softradix-AKS-RG/providers/Microsoft.Network/virtualNetworks/softradix-aks-vnet/subnets/AzureBastionSubnet",
            "network_security_group_id": "/subscriptions/27735e1f-024e-4bb5-8d3f-6c6a5cd80f1e/resourceGroups/Softradix-AKS-RG/providers/Microsoft.Network/networkSecurityGroups/AzureBastionSubnet-nsg",
            "subnet_id": "/subscriptions/27735e1f-024e-4bb5-8d3f-6c6a5cd80f1e/resourceGroups/Softradix-AKS-RG/providers/Microsoft.Network/virtualNetworks/softradix-aks-vnet/subnets/AzureBastionSubnet",
            "timeouts": null
          },
          "sensitive_attributes": [],
          "identity_schema_version": 0,
          "private": "eyJlMmJmYjczMC1lY2FhLTExZTYtOGY4OC0zNDM2M2JjN2M0YzAiOnsiY3JlYXRlIjoxODAwMDAwMDAwMDAwLCJkZWxldGUiOjE4MDAwMDAwMDAwMDAsInJlYWQiOjMwMDAwMDAwMDAwMH19",
          "dependencies": [
            "module.bastion.azurerm_network_security_group.bastion",
            "module.resource_group.azurerm_resource_group.this",
            "module.virtual_network.azurerm_network_security_group.aks_nodes",
            "module.virtual_network.azurerm_network_security_group.private_endpoints",
            "module.virtual_network.azurerm_subnet.aks_nodes",
            "module.virtual_network.azurerm_subnet.bastion",
            "module.virtual_network.azurerm_subnet.private_endpoints",
            "module.virtual_network.azurerm_subnet_network_security_group_association.aks_nodes",
            "module.virtual_network.azurerm_subnet_network_security_group_association.private_endpoints",
            "module.virtual_network.azurerm_virtual_network.this",
            "time_sleep.resource_group_propagation"
          ]
        }
      ]
    },
    {
      "module": "module.key_vault",
      "mode": "data",
      "type": "azurerm_client_config",
      "name": "current",
      "provider": "provider[\"registry.terraform.io/hashicorp/azurerm\"]",
      "instances": [
        {
          "schema_version": 0,
          "attributes": {
            "client_id": "04b07795-8ddb-461a-bbee-02f9e1bf7b46",
            "id": "Y2xpZW50Q29uZmlncy9jbGllbnRJZD0wNGIwNzc5NS04ZGRiLTQ2MWEtYmJlZS0wMmY5ZTFiZjdiNDY7b2JqZWN0SWQ9YmZiYjdmZWUtNTk4YS00YjAzLThkMjYtZWNhZjY4YmEzN2IzO3N1YnNjcmlwdGlvbklkPTI3NzM1ZTFmLTAyNGUtNGJiNS04ZDNmLTZjNmE1Y2Q4MGYxZTt0ZW5hbnRJZD1hMmE3NGMyMi1kNTE0LTQ1NmMtYmU4ZC1iNTNkNzI1MTcyMDE=",
            "object_id": "bfbb7fee-598a-4b03-8d26-ecaf68ba37b3",
            "subscription_id": "27735e1f-024e-4bb5-8d3f-6c6a5cd80f1e",
            "tenant_id": "a2a74c22-d514-456c-be8d-b53d72517201",
            "timeouts": null
          },
          "sensitive_attributes": [],
          "identity_schema_version": 0
        }
      ]
    },
    {
      "module": "module.key_vault",
      "mode": "managed",
      "type": "azurerm_key_vault",
      "name": "this",
      "provider": "provider[\"registry.terraform.io/hashicorp/azurerm\"]",
      "instances": [
        {
          "schema_version": 2,
          "attributes": {
            "access_policy": [],
            "contact": [],
            "enable_rbac_authorization": true,
            "enabled_for_deployment": false,
            "enabled_for_disk_encryption": false,
            "enabled_for_template_deployment": false,
            "id": "/subscriptions/27735e1f-024e-4bb5-8d3f-6c6a5cd80f1e/resourceGroups/Softradix-AKS-RG/providers/Microsoft.KeyVault/vaults/softradix-aks-kv",
            "location": "eastus2",
            "name": "softradix-aks-kv",
            "network_acls": [
              {
                "bypass": "AzureServices",
                "default_action": "Deny",
                "ip_rules": [],
                "virtual_network_subnet_ids": []
              }
            ],
            "public_network_access_enabled": false,
            "purge_protection_enabled": true,
            "rbac_authorization_enabled": true,
            "resource_group_name": "Softradix-AKS-RG",
            "sku_name": "standard",
            "soft_delete_retention_days": 90,
            "tags": {
              "Environment": "Production",
              "Owner": "Yogesh",
              "Project": "Terraform"
            },
            "tenant_id": "a2a74c22-d514-456c-be8d-b53d72517201",
            "timeouts": null,
            "vault_uri": "https://softradix-aks-kv.vault.azure.net/"
          },
          "sensitive_attributes": [],
          "identity_schema_version": 0,
          "identity": {
            "name": "softradix-aks-kv",
            "resource_group_name": "Softradix-AKS-RG",
            "subscription_id": "27735e1f-024e-4bb5-8d3f-6c6a5cd80f1e"
          },
          "private": "eyJlMmJmYjczMC1lY2FhLTExZTYtOGY4OC0zNDM2M2JjN2M0YzAiOnsiY3JlYXRlIjoxODAwMDAwMDAwMDAwLCJkZWxldGUiOjE4MDAwMDAwMDAwMDAsInJlYWQiOjMwMDAwMDAwMDAwMCwidXBkYXRlIjoxODAwMDAwMDAwMDAwfSwic2NoZW1hX3ZlcnNpb24iOiIyIn0=",
          "dependencies": [
            "module.key_vault.data.azurerm_client_config.current",
            "module.resource_group.azurerm_resource_group.this",
            "time_sleep.resource_group_propagation"
          ]
        }
      ]
    },
    {
      "module": "module.log_analytics",
      "mode": "managed",
      "type": "azurerm_log_analytics_solution",
      "name": "container_insights",
      "provider": "provider[\"registry.terraform.io/hashicorp/azurerm\"]",
      "instances": [
        {
          "schema_version": 1,
          "attributes": {
            "id": "/subscriptions/27735e1f-024e-4bb5-8d3f-6c6a5cd80f1e/resourceGroups/Softradix-AKS-RG/providers/Microsoft.OperationsManagement/solutions/ContainerInsights(softradix-aks-law)",
            "location": "eastus2",
            "plan": [
              {
                "name": "ContainerInsights(softradix-aks-law)",
                "product": "OMSGallery/ContainerInsights",
                "promotion_code": "",
                "publisher": "Microsoft"
              }
            ],
            "resource_group_name": "Softradix-AKS-RG",
            "solution_name": "ContainerInsights",
            "tags": {
              "Environment": "Production",
              "Owner": "Yogesh",
              "Project": "Terraform"
            },
            "timeouts": null,
            "workspace_name": "softradix-aks-law",
            "workspace_resource_id": "/subscriptions/27735e1f-024e-4bb5-8d3f-6c6a5cd80f1e/resourceGroups/Softradix-AKS-RG/providers/Microsoft.OperationalInsights/workspaces/softradix-aks-law"
          },
          "sensitive_attributes": [],
          "identity_schema_version": 0,
          "private": "eyJlMmJmYjczMC1lY2FhLTExZTYtOGY4OC0zNDM2M2JjN2M0YzAiOnsiY3JlYXRlIjoxODAwMDAwMDAwMDAwLCJkZWxldGUiOjE4MDAwMDAwMDAwMDAsInJlYWQiOjMwMDAwMDAwMDAwMCwidXBkYXRlIjoxODAwMDAwMDAwMDAwfSwic2NoZW1hX3ZlcnNpb24iOiIxIn0=",
          "dependencies": [
            "module.log_analytics.azurerm_log_analytics_workspace.this",
            "module.resource_group.azurerm_resource_group.this",
            "time_sleep.resource_group_propagation"
          ]
        }
      ]
    },
    {
      "module": "module.log_analytics",
      "mode": "managed",
      "type": "azurerm_log_analytics_workspace",
      "name": "this",
      "provider": "provider[\"registry.terraform.io/hashicorp/azurerm\"]",
      "instances": [
        {
          "schema_version": 3,
          "attributes": {
            "allow_resource_only_permissions": true,
            "cmk_for_query_forced": false,
            "daily_quota_gb": -1,
            "data_collection_rule_id": "",
            "id": "/subscriptions/27735e1f-024e-4bb5-8d3f-6c6a5cd80f1e/resourceGroups/Softradix-AKS-RG/providers/Microsoft.OperationalInsights/workspaces/softradix-aks-law",
            "identity": [],
            "immediate_data_purge_on_30_days_enabled": false,
            "internet_ingestion_enabled": true,
            "internet_query_enabled": true,
            "local_authentication_disabled": false,
            "local_authentication_enabled": true,
            "location": "eastus2",
            "name": "softradix-aks-law",
            "primary_shared_key": "c1hp2Yv9HoyxCHNG8QPKLvMelpdWbjeBbOnQ5ExwtjO1XIpHfFR102XM2AJbng+kK7s2vTuhtp8BPZedjBw3xA==",
            "reservation_capacity_in_gb_per_day": null,
            "resource_group_name": "Softradix-AKS-RG",
            "retention_in_days": 30,
            "secondary_shared_key": "PIcEhpmM98Ajo6FnbBBG3/Y0NQhRU0BJ7eWjInD5V4uSSHV9zW5KJ3NhpXUourahnTBE/6jD97JxtckK16kLKg==",
            "sku": "PerGB2018",
            "tags": {
              "Environment": "Production",
              "Owner": "Yogesh",
              "Project": "Terraform"
            },
            "timeouts": null,
            "workspace_id": "8e461f5f-7dc1-45f2-8011-e319f6f9dcdf"
          },
          "sensitive_attributes": [
            [
              {
                "type": "get_attr",
                "value": "primary_shared_key"
              }
            ],
            [
              {
                "type": "get_attr",
                "value": "secondary_shared_key"
              }
            ]
          ],
          "identity_schema_version": 0,
          "private": "eyJlMmJmYjczMC1lY2FhLTExZTYtOGY4OC0zNDM2M2JjN2M0YzAiOnsiY3JlYXRlIjoxODAwMDAwMDAwMDAwLCJkZWxldGUiOjE4MDAwMDAwMDAwMDAsInJlYWQiOjMwMDAwMDAwMDAwMCwidXBkYXRlIjoxODAwMDAwMDAwMDAwfSwic2NoZW1hX3ZlcnNpb24iOiIzIn0=",
          "dependencies": [
            "module.resource_group.azurerm_resource_group.this",
            "time_sleep.resource_group_propagation"
          ]
        }
      ]
    },
    {
      "module": "module.nat_gateway",
      "mode": "managed",
      "type": "azurerm_nat_gateway",
      "name": "this",
      "provider": "provider[\"registry.terraform.io/hashicorp/azurerm\"]",
      "instances": [
        {
          "schema_version": 0,
          "attributes": {
            "id": "/subscriptions/27735e1f-024e-4bb5-8d3f-6c6a5cd80f1e/resourceGroups/Softradix-AKS-RG/providers/Microsoft.Network/natGateways/softradix-aks-natgw",
            "idle_timeout_in_minutes": 10,
            "location": "eastus2",
            "name": "softradix-aks-natgw",
            "resource_group_name": "Softradix-AKS-RG",
            "resource_guid": "7ef70579-8401-4026-9056-97b022395519",
            "sku_name": "Standard",
            "tags": {
              "Environment": "Production",
              "Owner": "Yogesh",
              "Project": "Terraform"
            },
            "timeouts": null,
            "zones": [
              "1"
            ]
          },
          "sensitive_attributes": [],
          "identity_schema_version": 0,
          "identity": {
            "name": "softradix-aks-natgw",
            "resource_group_name": "Softradix-AKS-RG",
            "subscription_id": "27735e1f-024e-4bb5-8d3f-6c6a5cd80f1e"
          },
          "private": "eyJlMmJmYjczMC1lY2FhLTExZTYtOGY4OC0zNDM2M2JjN2M0YzAiOnsiY3JlYXRlIjozNjAwMDAwMDAwMDAwLCJkZWxldGUiOjM2MDAwMDAwMDAwMDAsInJlYWQiOjMwMDAwMDAwMDAwMCwidXBkYXRlIjozNjAwMDAwMDAwMDAwfX0=",
          "dependencies": [
            "module.resource_group.azurerm_resource_group.this",
            "module.virtual_network.azurerm_network_security_group.aks_nodes",
            "module.virtual_network.azurerm_network_security_group.private_endpoints",
            "module.virtual_network.azurerm_subnet.aks_nodes",
            "module.virtual_network.azurerm_subnet.bastion",
            "module.virtual_network.azurerm_subnet.private_endpoints",
            "module.virtual_network.azurerm_subnet_network_security_group_association.aks_nodes",
            "module.virtual_network.azurerm_subnet_network_security_group_association.private_endpoints",
            "module.virtual_network.azurerm_virtual_network.this",
            "time_sleep.resource_group_propagation"
          ]
        }
      ]
    },
    {
      "module": "module.nat_gateway",
      "mode": "managed",
      "type": "azurerm_nat_gateway_public_ip_association",
      "name": "this",
      "provider": "provider[\"registry.terraform.io/hashicorp/azurerm\"]",
      "instances": [
        {
          "schema_version": 0,
          "attributes": {
            "id": "/subscriptions/27735e1f-024e-4bb5-8d3f-6c6a5cd80f1e/resourceGroups/Softradix-AKS-RG/providers/Microsoft.Network/natGateways/softradix-aks-natgw|/subscriptions/27735e1f-024e-4bb5-8d3f-6c6a5cd80f1e/resourceGroups/Softradix-AKS-RG/providers/Microsoft.Network/publicIPAddresses/softradix-aks-natgw-pip",
            "nat_gateway_id": "/subscriptions/27735e1f-024e-4bb5-8d3f-6c6a5cd80f1e/resourceGroups/Softradix-AKS-RG/providers/Microsoft.Network/natGateways/softradix-aks-natgw",
            "public_ip_address_id": "/subscriptions/27735e1f-024e-4bb5-8d3f-6c6a5cd80f1e/resourceGroups/Softradix-AKS-RG/providers/Microsoft.Network/publicIPAddresses/softradix-aks-natgw-pip",
            "timeouts": null
          },
          "sensitive_attributes": [],
          "identity_schema_version": 0,
          "private": "eyJlMmJmYjczMC1lY2FhLTExZTYtOGY4OC0zNDM2M2JjN2M0YzAiOnsiY3JlYXRlIjoxODAwMDAwMDAwMDAwLCJkZWxldGUiOjE4MDAwMDAwMDAwMDAsInJlYWQiOjMwMDAwMDAwMDAwMH19",
          "dependencies": [
            "module.nat_gateway.azurerm_nat_gateway.this",
            "module.nat_gateway.azurerm_public_ip.nat",
            "module.resource_group.azurerm_resource_group.this",
            "module.virtual_network.azurerm_network_security_group.aks_nodes",
            "module.virtual_network.azurerm_network_security_group.private_endpoints",
            "module.virtual_network.azurerm_subnet.aks_nodes",
            "module.virtual_network.azurerm_subnet.bastion",
            "module.virtual_network.azurerm_subnet.private_endpoints",
            "module.virtual_network.azurerm_subnet_network_security_group_association.aks_nodes",
            "module.virtual_network.azurerm_subnet_network_security_group_association.private_endpoints",
            "module.virtual_network.azurerm_virtual_network.this",
            "time_sleep.resource_group_propagation"
          ]
        }
      ]
    },
    {
      "module": "module.nat_gateway",
      "mode": "managed",
      "type": "azurerm_public_ip",
      "name": "nat",
      "provider": "provider[\"registry.terraform.io/hashicorp/azurerm\"]",
      "instances": [
        {
          "schema_version": 0,
          "attributes": {
            "allocation_method": "Static",
            "ddos_protection_mode": "VirtualNetworkInherited",
            "ddos_protection_plan_id": null,
            "domain_name_label": "",
            "domain_name_label_scope": "",
            "edge_zone": "",
            "fqdn": "",
            "id": "/subscriptions/27735e1f-024e-4bb5-8d3f-6c6a5cd80f1e/resourceGroups/Softradix-AKS-RG/providers/Microsoft.Network/publicIPAddresses/softradix-aks-natgw-pip",
            "idle_timeout_in_minutes": 4,
            "ip_address": "20.161.56.160",
            "ip_tags": {},
            "ip_version": "IPv4",
            "location": "eastus2",
            "name": "softradix-aks-natgw-pip",
            "public_ip_prefix_id": null,
            "resource_group_name": "Softradix-AKS-RG",
            "reverse_fqdn": "",
            "sku": "Standard",
            "sku_tier": "Regional",
            "tags": {
              "Environment": "Production",
              "Owner": "Yogesh",
              "Project": "Terraform"
            },
            "timeouts": null,
            "zones": [
              "1"
            ]
          },
          "sensitive_attributes": [],
          "identity_schema_version": 0,
          "identity": {
            "name": "softradix-aks-natgw-pip",
            "resource_group_name": "Softradix-AKS-RG",
            "subscription_id": "27735e1f-024e-4bb5-8d3f-6c6a5cd80f1e"
          },
          "private": "eyJlMmJmYjczMC1lY2FhLTExZTYtOGY4OC0zNDM2M2JjN2M0YzAiOnsiY3JlYXRlIjoxODAwMDAwMDAwMDAwLCJkZWxldGUiOjE4MDAwMDAwMDAwMDAsInJlYWQiOjMwMDAwMDAwMDAwMCwidXBkYXRlIjoxODAwMDAwMDAwMDAwfX0=",
          "dependencies": [
            "module.resource_group.azurerm_resource_group.this",
            "module.virtual_network.azurerm_network_security_group.aks_nodes",
            "module.virtual_network.azurerm_network_security_group.private_endpoints",
            "module.virtual_network.azurerm_subnet.aks_nodes",
            "module.virtual_network.azurerm_subnet.bastion",
            "module.virtual_network.azurerm_subnet.private_endpoints",
            "module.virtual_network.azurerm_subnet_network_security_group_association.aks_nodes",
            "module.virtual_network.azurerm_subnet_network_security_group_association.private_endpoints",
            "module.virtual_network.azurerm_virtual_network.this",
            "time_sleep.resource_group_propagation"
          ]
        }
      ]
    },
    {
      "module": "module.nat_gateway",
      "mode": "managed",
      "type": "azurerm_subnet_nat_gateway_association",
      "name": "aks_nodes",
      "provider": "provider[\"registry.terraform.io/hashicorp/azurerm\"]",
      "instances": [
        {
          "schema_version": 0,
          "attributes": {
            "id": "/subscriptions/27735e1f-024e-4bb5-8d3f-6c6a5cd80f1e/resourceGroups/Softradix-AKS-RG/providers/Microsoft.Network/virtualNetworks/softradix-aks-vnet/subnets/softradix-aks-node-subnet",
            "nat_gateway_id": "/subscriptions/27735e1f-024e-4bb5-8d3f-6c6a5cd80f1e/resourceGroups/Softradix-AKS-RG/providers/Microsoft.Network/natGateways/softradix-aks-natgw",
            "subnet_id": "/subscriptions/27735e1f-024e-4bb5-8d3f-6c6a5cd80f1e/resourceGroups/Softradix-AKS-RG/providers/Microsoft.Network/virtualNetworks/softradix-aks-vnet/subnets/softradix-aks-node-subnet",
            "timeouts": null
          },
          "sensitive_attributes": [],
          "identity_schema_version": 0,
          "private": "eyJlMmJmYjczMC1lY2FhLTExZTYtOGY4OC0zNDM2M2JjN2M0YzAiOnsiY3JlYXRlIjoxODAwMDAwMDAwMDAwLCJkZWxldGUiOjE4MDAwMDAwMDAwMDAsInJlYWQiOjMwMDAwMDAwMDAwMH19",
          "dependencies": [
            "module.nat_gateway.azurerm_nat_gateway.this",
            "module.resource_group.azurerm_resource_group.this",
            "module.virtual_network.azurerm_network_security_group.aks_nodes",
            "module.virtual_network.azurerm_network_security_group.private_endpoints",
            "module.virtual_network.azurerm_subnet.aks_nodes",
            "module.virtual_network.azurerm_subnet.bastion",
            "module.virtual_network.azurerm_subnet.private_endpoints",
            "module.virtual_network.azurerm_subnet_network_security_group_association.aks_nodes",
            "module.virtual_network.azurerm_subnet_network_security_group_association.private_endpoints",
            "module.virtual_network.azurerm_virtual_network.this",
            "time_sleep.resource_group_propagation"
          ]
        }
      ]
    },
    {
      "module": "module.private_endpoints",
      "mode": "managed",
      "type": "azurerm_private_dns_zone",
      "name": "this",
      "provider": "provider[\"registry.terraform.io/hashicorp/azurerm\"]",
      "instances": [
        {
          "index_key": "acr",
          "schema_version": 0,
          "attributes": {
            "id": "/subscriptions/27735e1f-024e-4bb5-8d3f-6c6a5cd80f1e/resourceGroups/Softradix-AKS-RG/providers/Microsoft.Network/privateDnsZones/privatelink.azurecr.io",
            "max_number_of_record_sets": 25000,
            "max_number_of_virtual_network_links": 1000,
            "max_number_of_virtual_network_links_with_registration": 100,
            "name": "privatelink.azurecr.io",
            "number_of_record_sets": 3,
            "resource_group_name": "Softradix-AKS-RG",
            "soa_record": [
              {
                "email": "azureprivatedns-host.microsoft.com",
                "expire_time": 2419200,
                "fqdn": "privatelink.azurecr.io.",
                "host_name": "azureprivatedns.net",
                "minimum_ttl": 10,
                "refresh_time": 3600,
                "retry_time": 300,
                "serial_number": 1,
                "tags": {},
                "ttl": 3600
              }
            ],
            "tags": {
              "Environment": "Production",
              "Owner": "Yogesh",
              "Project": "Terraform"
            },
            "timeouts": null
          },
          "sensitive_attributes": [],
          "identity_schema_version": 0,
          "identity": {
            "name": "privatelink.azurecr.io",
            "resource_group_name": "Softradix-AKS-RG",
            "subscription_id": "27735e1f-024e-4bb5-8d3f-6c6a5cd80f1e"
          },
          "private": "eyJlMmJmYjczMC1lY2FhLTExZTYtOGY4OC0zNDM2M2JjN2M0YzAiOnsiY3JlYXRlIjoxODAwMDAwMDAwMDAwLCJkZWxldGUiOjE4MDAwMDAwMDAwMDAsInJlYWQiOjMwMDAwMDAwMDAwMCwidXBkYXRlIjoxODAwMDAwMDAwMDAwfX0=",
          "dependencies": [
            "module.acr.azurerm_container_registry.this",
            "module.key_vault.azurerm_key_vault.this",
            "module.key_vault.data.azurerm_client_config.current",
            "module.resource_group.azurerm_resource_group.this",
            "module.virtual_network.azurerm_network_security_group.aks_nodes",
            "module.virtual_network.azurerm_network_security_group.private_endpoints",
            "module.virtual_network.azurerm_subnet.aks_nodes",
            "module.virtual_network.azurerm_subnet.bastion",
            "module.virtual_network.azurerm_subnet.private_endpoints",
            "module.virtual_network.azurerm_subnet_network_security_group_association.aks_nodes",
            "module.virtual_network.azurerm_subnet_network_security_group_association.private_endpoints",
            "module.virtual_network.azurerm_virtual_network.this",
            "time_sleep.resource_group_propagation"
          ]
        },
        {
          "index_key": "key_vault",
          "schema_version": 0,
          "attributes": {
            "id": "/subscriptions/27735e1f-024e-4bb5-8d3f-6c6a5cd80f1e/resourceGroups/Softradix-AKS-RG/providers/Microsoft.Network/privateDnsZones/privatelink.vaultcore.azure.net",
            "max_number_of_record_sets": 25000,
            "max_number_of_virtual_network_links": 1000,
            "max_number_of_virtual_network_links_with_registration": 100,
            "name": "privatelink.vaultcore.azure.net",
            "number_of_record_sets": 2,
            "resource_group_name": "Softradix-AKS-RG",
            "soa_record": [
              {
                "email": "azureprivatedns-host.microsoft.com",
                "expire_time": 2419200,
                "fqdn": "privatelink.vaultcore.azure.net.",
                "host_name": "azureprivatedns.net",
                "minimum_ttl": 10,
                "refresh_time": 3600,
                "retry_time": 300,
                "serial_number": 1,
                "tags": {},
                "ttl": 3600
              }
            ],
            "tags": {
              "Environment": "Production",
              "Owner": "Yogesh",
              "Project": "Terraform"
            },
            "timeouts": null
          },
          "sensitive_attributes": [],
          "identity_schema_version": 0,
          "identity": {
            "name": "privatelink.vaultcore.azure.net",
            "resource_group_name": "Softradix-AKS-RG",
            "subscription_id": "27735e1f-024e-4bb5-8d3f-6c6a5cd80f1e"
          },
          "private": "eyJlMmJmYjczMC1lY2FhLTExZTYtOGY4OC0zNDM2M2JjN2M0YzAiOnsiY3JlYXRlIjoxODAwMDAwMDAwMDAwLCJkZWxldGUiOjE4MDAwMDAwMDAwMDAsInJlYWQiOjMwMDAwMDAwMDAwMCwidXBkYXRlIjoxODAwMDAwMDAwMDAwfX0=",
          "dependencies": [
            "module.acr.azurerm_container_registry.this",
            "module.key_vault.azurerm_key_vault.this",
            "module.key_vault.data.azurerm_client_config.current",
            "module.resource_group.azurerm_resource_group.this",
            "module.virtual_network.azurerm_network_security_group.aks_nodes",
            "module.virtual_network.azurerm_network_security_group.private_endpoints",
            "module.virtual_network.azurerm_subnet.aks_nodes",
            "module.virtual_network.azurerm_subnet.bastion",
            "module.virtual_network.azurerm_subnet.private_endpoints",
            "module.virtual_network.azurerm_subnet_network_security_group_association.aks_nodes",
            "module.virtual_network.azurerm_subnet_network_security_group_association.private_endpoints",
            "module.virtual_network.azurerm_virtual_network.this",
            "time_sleep.resource_group_propagation"
          ]
        }
      ]
    },
    {
      "module": "module.private_endpoints",
      "mode": "managed",
      "type": "azurerm_private_dns_zone_virtual_network_link",
      "name": "this",
      "provider": "provider[\"registry.terraform.io/hashicorp/azurerm\"]",
      "instances": [
        {
          "index_key": "acr",
          "schema_version": 0,
          "attributes": {
            "id": "/subscriptions/27735e1f-024e-4bb5-8d3f-6c6a5cd80f1e/resourceGroups/Softradix-AKS-RG/providers/Microsoft.Network/privateDnsZones/privatelink.azurecr.io/virtualNetworkLinks/acr-link",
            "name": "acr-link",
            "private_dns_zone_name": "privatelink.azurecr.io",
            "registration_enabled": false,
            "resolution_policy": "Default",
            "resource_group_name": "Softradix-AKS-RG",
            "tags": {
              "Environment": "Production",
              "Owner": "Yogesh",
              "Project": "Terraform"
            },
            "timeouts": null,
            "virtual_network_id": "/subscriptions/27735e1f-024e-4bb5-8d3f-6c6a5cd80f1e/resourceGroups/Softradix-AKS-RG/providers/Microsoft.Network/virtualNetworks/softradix-aks-vnet"
          },
          "sensitive_attributes": [],
          "identity_schema_version": 0,
          "identity": {
            "name": "acr-link",
            "private_dns_zone_name": "privatelink.azurecr.io",
            "resource_group_name": "Softradix-AKS-RG",
            "subscription_id": "27735e1f-024e-4bb5-8d3f-6c6a5cd80f1e"
          },
          "private": "eyJlMmJmYjczMC1lY2FhLTExZTYtOGY4OC0zNDM2M2JjN2M0YzAiOnsiY3JlYXRlIjoxODAwMDAwMDAwMDAwLCJkZWxldGUiOjE4MDAwMDAwMDAwMDAsInJlYWQiOjMwMDAwMDAwMDAwMCwidXBkYXRlIjoxODAwMDAwMDAwMDAwfX0=",
          "dependencies": [
            "module.acr.azurerm_container_registry.this",
            "module.key_vault.azurerm_key_vault.this",
            "module.key_vault.data.azurerm_client_config.current",
            "module.private_endpoints.azurerm_private_dns_zone.this",
            "module.resource_group.azurerm_resource_group.this",
            "module.virtual_network.azurerm_network_security_group.aks_nodes",
            "module.virtual_network.azurerm_network_security_group.private_endpoints",
            "module.virtual_network.azurerm_subnet.aks_nodes",
            "module.virtual_network.azurerm_subnet.bastion",
            "module.virtual_network.azurerm_subnet.private_endpoints",
            "module.virtual_network.azurerm_subnet_network_security_group_association.aks_nodes",
            "module.virtual_network.azurerm_subnet_network_security_group_association.private_endpoints",
            "module.virtual_network.azurerm_virtual_network.this",
            "time_sleep.resource_group_propagation"
          ]
        },
        {
          "index_key": "key_vault",
          "schema_version": 0,
          "attributes": {
            "id": "/subscriptions/27735e1f-024e-4bb5-8d3f-6c6a5cd80f1e/resourceGroups/Softradix-AKS-RG/providers/Microsoft.Network/privateDnsZones/privatelink.vaultcore.azure.net/virtualNetworkLinks/key_vault-link",
            "name": "key_vault-link",
            "private_dns_zone_name": "privatelink.vaultcore.azure.net",
            "registration_enabled": false,
            "resolution_policy": "Default",
            "resource_group_name": "Softradix-AKS-RG",
            "tags": {
              "Environment": "Production",
              "Owner": "Yogesh",
              "Project": "Terraform"
            },
            "timeouts": null,
            "virtual_network_id": "/subscriptions/27735e1f-024e-4bb5-8d3f-6c6a5cd80f1e/resourceGroups/Softradix-AKS-RG/providers/Microsoft.Network/virtualNetworks/softradix-aks-vnet"
          },
          "sensitive_attributes": [],
          "identity_schema_version": 0,
          "identity": {
            "name": "key_vault-link",
            "private_dns_zone_name": "privatelink.vaultcore.azure.net",
            "resource_group_name": "Softradix-AKS-RG",
            "subscription_id": "27735e1f-024e-4bb5-8d3f-6c6a5cd80f1e"
          },
          "private": "eyJlMmJmYjczMC1lY2FhLTExZTYtOGY4OC0zNDM2M2JjN2M0YzAiOnsiY3JlYXRlIjoxODAwMDAwMDAwMDAwLCJkZWxldGUiOjE4MDAwMDAwMDAwMDAsInJlYWQiOjMwMDAwMDAwMDAwMCwidXBkYXRlIjoxODAwMDAwMDAwMDAwfX0=",
          "dependencies": [
            "module.acr.azurerm_container_registry.this",
            "module.key_vault.azurerm_key_vault.this",
            "module.key_vault.data.azurerm_client_config.current",
            "module.private_endpoints.azurerm_private_dns_zone.this",
            "module.resource_group.azurerm_resource_group.this",
            "module.virtual_network.azurerm_network_security_group.aks_nodes",
            "module.virtual_network.azurerm_network_security_group.private_endpoints",
            "module.virtual_network.azurerm_subnet.aks_nodes",
            "module.virtual_network.azurerm_subnet.bastion",
            "module.virtual_network.azurerm_subnet.private_endpoints",
            "module.virtual_network.azurerm_subnet_network_security_group_association.aks_nodes",
            "module.virtual_network.azurerm_subnet_network_security_group_association.private_endpoints",
            "module.virtual_network.azurerm_virtual_network.this",
            "time_sleep.resource_group_propagation"
          ]
        }
      ]
    },
    {
      "module": "module.private_endpoints",
      "mode": "managed",
      "type": "azurerm_private_endpoint",
      "name": "this",
      "provider": "provider[\"registry.terraform.io/hashicorp/azurerm\"]",
      "instances": [
        {
          "index_key": "acr",
          "schema_version": 0,
          "attributes": {
            "custom_dns_configs": [],
            "custom_network_interface_name": "",
            "id": "/subscriptions/27735e1f-024e-4bb5-8d3f-6c6a5cd80f1e/resourceGroups/Softradix-AKS-RG/providers/Microsoft.Network/privateEndpoints/acr-pe",
            "ip_configuration": [],
            "location": "eastus2",
            "name": "acr-pe",
            "network_interface": [
              {
                "id": "/subscriptions/27735e1f-024e-4bb5-8d3f-6c6a5cd80f1e/resourceGroups/Softradix-AKS-RG/providers/Microsoft.Network/networkInterfaces/acr-pe.nic.ef0c1f6e-1020-4dfd-8e29-c0ae27155047",
                "name": "acr-pe.nic.ef0c1f6e-1020-4dfd-8e29-c0ae27155047"
              }
            ],
            "private_dns_zone_configs": [
              {
                "id": "/subscriptions/27735e1f-024e-4bb5-8d3f-6c6a5cd80f1e/resourceGroups/Softradix-AKS-RG/providers/Microsoft.Network/privateEndpoints/acr-pe/privateDnsZoneGroups/acr-dns-zone-group/privateDnsZoneConfigs/privatelink.azurecr.io",
                "name": "privatelink.azurecr.io",
                "private_dns_zone_id": "/subscriptions/27735e1f-024e-4bb5-8d3f-6c6a5cd80f1e/resourceGroups/Softradix-AKS-RG/providers/Microsoft.Network/privateDnsZones/privatelink.azurecr.io",
                "record_sets": [
                  {
                    "fqdn": "softradixaksacr.eastus2.data.privatelink.azurecr.io",
                    "ip_addresses": [
                      "10.0.3.4"
                    ],
                    "name": "softradixaksacr.eastus2.data",
                    "ttl": 10,
                    "type": "A"
                  },
                  {
                    "fqdn": "softradixaksacr.privatelink.azurecr.io",
                    "ip_addresses": [
                      "10.0.3.5"
                    ],
                    "name": "softradixaksacr",
                    "ttl": 10,
                    "type": "A"
                  }
                ]
              }
            ],
            "private_dns_zone_group": [
              {
                "id": "/subscriptions/27735e1f-024e-4bb5-8d3f-6c6a5cd80f1e/resourceGroups/Softradix-AKS-RG/providers/Microsoft.Network/privateEndpoints/acr-pe/privateDnsZoneGroups/acr-dns-zone-group",
                "name": "acr-dns-zone-group",
                "private_dns_zone_ids": [
                  "/subscriptions/27735e1f-024e-4bb5-8d3f-6c6a5cd80f1e/resourceGroups/Softradix-AKS-RG/providers/Microsoft.Network/privateDnsZones/privatelink.azurecr.io"
                ]
              }
            ],
            "private_service_connection": [
              {
                "is_manual_connection": false,
                "name": "acr-psc",
                "private_connection_resource_alias": "",
                "private_connection_resource_id": "/subscriptions/27735e1f-024e-4bb5-8d3f-6c6a5cd80f1e/resourceGroups/Softradix-AKS-RG/providers/Microsoft.ContainerRegistry/registries/softradixaksacr",
                "private_ip_address": "10.0.3.4",
                "request_message": "",
                "subresource_names": [
                  "registry"
                ]
              }
            ],
            "resource_group_name": "Softradix-AKS-RG",
            "subnet_id": "/subscriptions/27735e1f-024e-4bb5-8d3f-6c6a5cd80f1e/resourceGroups/Softradix-AKS-RG/providers/Microsoft.Network/virtualNetworks/softradix-aks-vnet/subnets/softradix-aks-pe-subnet",
            "tags": {
              "Environment": "Production",
              "Owner": "Yogesh",
              "Project": "Terraform"
            },
            "timeouts": null
          },
          "sensitive_attributes": [],
          "identity_schema_version": 0,
          "identity": {
            "name": "acr-pe",
            "resource_group_name": "Softradix-AKS-RG",
            "subscription_id": "27735e1f-024e-4bb5-8d3f-6c6a5cd80f1e"
          },
          "private": "eyJlMmJmYjczMC1lY2FhLTExZTYtOGY4OC0zNDM2M2JjN2M0YzAiOnsiY3JlYXRlIjozNjAwMDAwMDAwMDAwLCJkZWxldGUiOjM2MDAwMDAwMDAwMDAsInJlYWQiOjMwMDAwMDAwMDAwMCwidXBkYXRlIjozNjAwMDAwMDAwMDAwfX0=",
          "dependencies": [
            "module.acr.azurerm_container_registry.this",
            "module.key_vault.azurerm_key_vault.this",
            "module.key_vault.data.azurerm_client_config.current",
            "module.private_endpoints.azurerm_private_dns_zone.this",
            "module.resource_group.azurerm_resource_group.this",
            "module.virtual_network.azurerm_network_security_group.aks_nodes",
            "module.virtual_network.azurerm_network_security_group.private_endpoints",
            "module.virtual_network.azurerm_subnet.aks_nodes",
            "module.virtual_network.azurerm_subnet.bastion",
            "module.virtual_network.azurerm_subnet.private_endpoints",
            "module.virtual_network.azurerm_subnet_network_security_group_association.aks_nodes",
            "module.virtual_network.azurerm_subnet_network_security_group_association.private_endpoints",
            "module.virtual_network.azurerm_virtual_network.this",
            "time_sleep.resource_group_propagation"
          ]
        },
        {
          "index_key": "key_vault",
          "schema_version": 0,
          "attributes": {
            "custom_dns_configs": [],
            "custom_network_interface_name": "",
            "id": "/subscriptions/27735e1f-024e-4bb5-8d3f-6c6a5cd80f1e/resourceGroups/Softradix-AKS-RG/providers/Microsoft.Network/privateEndpoints/key_vault-pe",
            "ip_configuration": [],
            "location": "eastus2",
            "name": "key_vault-pe",
            "network_interface": [
              {
                "id": "/subscriptions/27735e1f-024e-4bb5-8d3f-6c6a5cd80f1e/resourceGroups/Softradix-AKS-RG/providers/Microsoft.Network/networkInterfaces/key_vault-pe.nic.51142c75-61cb-470c-bcb4-82d848fc5a93",
                "name": "key_vault-pe.nic.51142c75-61cb-470c-bcb4-82d848fc5a93"
              }
            ],
            "private_dns_zone_configs": [
              {
                "id": "/subscriptions/27735e1f-024e-4bb5-8d3f-6c6a5cd80f1e/resourceGroups/Softradix-AKS-RG/providers/Microsoft.Network/privateEndpoints/key_vault-pe/privateDnsZoneGroups/key_vault-dns-zone-group/privateDnsZoneConfigs/privatelink.vaultcore.azure.net",
                "name": "privatelink.vaultcore.azure.net",
                "private_dns_zone_id": "/subscriptions/27735e1f-024e-4bb5-8d3f-6c6a5cd80f1e/resourceGroups/Softradix-AKS-RG/providers/Microsoft.Network/privateDnsZones/privatelink.vaultcore.azure.net",
                "record_sets": [
                  {
                    "fqdn": "softradix-aks-kv.privatelink.vaultcore.azure.net",
                    "ip_addresses": [
                      "10.0.3.6"
                    ],
                    "name": "softradix-aks-kv",
                    "ttl": 10,
                    "type": "A"
                  }
                ]
              }
            ],
            "private_dns_zone_group": [
              {
                "id": "/subscriptions/27735e1f-024e-4bb5-8d3f-6c6a5cd80f1e/resourceGroups/Softradix-AKS-RG/providers/Microsoft.Network/privateEndpoints/key_vault-pe/privateDnsZoneGroups/key_vault-dns-zone-group",
                "name": "key_vault-dns-zone-group",
                "private_dns_zone_ids": [
                  "/subscriptions/27735e1f-024e-4bb5-8d3f-6c6a5cd80f1e/resourceGroups/Softradix-AKS-RG/providers/Microsoft.Network/privateDnsZones/privatelink.vaultcore.azure.net"
                ]
              }
            ],
            "private_service_connection": [
              {
                "is_manual_connection": false,
                "name": "key_vault-psc",
                "private_connection_resource_alias": "",
                "private_connection_resource_id": "/subscriptions/27735e1f-024e-4bb5-8d3f-6c6a5cd80f1e/resourceGroups/Softradix-AKS-RG/providers/Microsoft.KeyVault/vaults/softradix-aks-kv",
                "private_ip_address": "10.0.3.6",
                "request_message": "",
                "subresource_names": [
                  "vault"
                ]
              }
            ],
            "resource_group_name": "Softradix-AKS-RG",
            "subnet_id": "/subscriptions/27735e1f-024e-4bb5-8d3f-6c6a5cd80f1e/resourceGroups/Softradix-AKS-RG/providers/Microsoft.Network/virtualNetworks/softradix-aks-vnet/subnets/softradix-aks-pe-subnet",
            "tags": {
              "Environment": "Production",
              "Owner": "Yogesh",
              "Project": "Terraform"
            },
            "timeouts": null
          },
          "sensitive_attributes": [],
          "identity_schema_version": 0,
          "identity": {
            "name": "key_vault-pe",
            "resource_group_name": "Softradix-AKS-RG",
            "subscription_id": "27735e1f-024e-4bb5-8d3f-6c6a5cd80f1e"
          },
          "private": "eyJlMmJmYjczMC1lY2FhLTExZTYtOGY4OC0zNDM2M2JjN2M0YzAiOnsiY3JlYXRlIjozNjAwMDAwMDAwMDAwLCJkZWxldGUiOjM2MDAwMDAwMDAwMDAsInJlYWQiOjMwMDAwMDAwMDAwMCwidXBkYXRlIjozNjAwMDAwMDAwMDAwfX0=",
          "dependencies": [
            "module.acr.azurerm_container_registry.this",
            "module.key_vault.azurerm_key_vault.this",
            "module.key_vault.data.azurerm_client_config.current",
            "module.private_endpoints.azurerm_private_dns_zone.this",
            "module.resource_group.azurerm_resource_group.this",
            "module.virtual_network.azurerm_network_security_group.aks_nodes",
            "module.virtual_network.azurerm_network_security_group.private_endpoints",
            "module.virtual_network.azurerm_subnet.aks_nodes",
            "module.virtual_network.azurerm_subnet.bastion",
            "module.virtual_network.azurerm_subnet.private_endpoints",
            "module.virtual_network.azurerm_subnet_network_security_group_association.aks_nodes",
            "module.virtual_network.azurerm_subnet_network_security_group_association.private_endpoints",
            "module.virtual_network.azurerm_virtual_network.this",
            "time_sleep.resource_group_propagation"
          ]
        }
      ]
    },
    {
      "module": "module.resource_group",
      "mode": "managed",
      "type": "azurerm_resource_group",
      "name": "this",
      "provider": "provider[\"registry.terraform.io/hashicorp/azurerm\"]",
      "instances": [
        {
          "schema_version": 0,
          "attributes": {
            "id": "/subscriptions/27735e1f-024e-4bb5-8d3f-6c6a5cd80f1e/resourceGroups/Softradix-AKS-RG",
            "location": "eastus2",
            "managed_by": "",
            "name": "Softradix-AKS-RG",
            "tags": {
              "Environment": "Production",
              "Owner": "Yogesh",
              "Project": "Terraform"
            },
            "timeouts": null
          },
          "sensitive_attributes": [],
          "identity_schema_version": 0,
          "identity": {
            "name": "Softradix-AKS-RG",
            "subscription_id": "27735e1f-024e-4bb5-8d3f-6c6a5cd80f1e"
          },
          "private": "eyJlMmJmYjczMC1lY2FhLTExZTYtOGY4OC0zNDM2M2JjN2M0YzAiOnsiY3JlYXRlIjo1NDAwMDAwMDAwMDAwLCJkZWxldGUiOjU0MDAwMDAwMDAwMDAsInJlYWQiOjMwMDAwMDAwMDAwMCwidXBkYXRlIjo1NDAwMDAwMDAwMDAwfX0="
        }
      ]
    },
    {
      "module": "module.virtual_network",
      "mode": "managed",
      "type": "azurerm_network_security_group",
      "name": "aks_nodes",
      "provider": "provider[\"registry.terraform.io/hashicorp/azurerm\"]",
      "instances": [
        {
          "schema_version": 0,
          "attributes": {
            "id": "/subscriptions/27735e1f-024e-4bb5-8d3f-6c6a5cd80f1e/resourceGroups/Softradix-AKS-RG/providers/Microsoft.Network/networkSecurityGroups/softradix-aks-node-subnet-nsg",
            "location": "eastus2",
            "name": "softradix-aks-node-subnet-nsg",
            "resource_group_name": "Softradix-AKS-RG",
            "security_rule": [
              {
                "access": "Allow",
                "description": "",
                "destination_address_prefix": "*",
                "destination_address_prefixes": [],
                "destination_application_security_group_ids": [],
                "destination_port_range": "*",
                "destination_port_ranges": [],
                "direction": "Inbound",
                "name": "AllowAzureLoadBalancerInBound",
                "priority": 110,
                "protocol": "*",
                "source_address_prefix": "AzureLoadBalancer",
                "source_address_prefixes": [],
                "source_application_security_group_ids": [],
                "source_port_range": "*",
                "source_port_ranges": []
              },
              {
                "access": "Allow",
                "description": "",
                "destination_address_prefix": "VirtualNetwork",
                "destination_address_prefixes": [],
                "destination_application_security_group_ids": [],
                "destination_port_range": "*",
                "destination_port_ranges": [],
                "direction": "Inbound",
                "name": "AllowVnetInBound",
                "priority": 100,
                "protocol": "*",
                "source_address_prefix": "VirtualNetwork",
                "source_address_prefixes": [],
                "source_application_security_group_ids": [],
                "source_port_range": "*",
                "source_port_ranges": []
              },
              {
                "access": "Deny",
                "description": "",
                "destination_address_prefix": "*",
                "destination_address_prefixes": [],
                "destination_application_security_group_ids": [],
                "destination_port_range": "*",
                "destination_port_ranges": [],
                "direction": "Inbound",
                "name": "DenyInternetInBound",
                "priority": 4096,
                "protocol": "*",
                "source_address_prefix": "Internet",
                "source_address_prefixes": [],
                "source_application_security_group_ids": [],
                "source_port_range": "*",
                "source_port_ranges": []
              }
            ],
            "tags": {
              "Environment": "Production",
              "Owner": "Yogesh",
              "Project": "Terraform"
            },
            "timeouts": null
          },
          "sensitive_attributes": [],
          "identity_schema_version": 0,
          "identity": {
            "name": "softradix-aks-node-subnet-nsg",
            "resource_group_name": "Softradix-AKS-RG",
            "subscription_id": "27735e1f-024e-4bb5-8d3f-6c6a5cd80f1e"
          },
          "private": "eyJlMmJmYjczMC1lY2FhLTExZTYtOGY4OC0zNDM2M2JjN2M0YzAiOnsiY3JlYXRlIjoxODAwMDAwMDAwMDAwLCJkZWxldGUiOjE4MDAwMDAwMDAwMDAsInJlYWQiOjMwMDAwMDAwMDAwMCwidXBkYXRlIjoxODAwMDAwMDAwMDAwfX0=",
          "dependencies": [
            "module.resource_group.azurerm_resource_group.this",
            "time_sleep.resource_group_propagation"
          ]
        }
      ]
    },
    {
      "module": "module.virtual_network",
      "mode": "managed",
      "type": "azurerm_network_security_group",
      "name": "private_endpoints",
      "provider": "provider[\"registry.terraform.io/hashicorp/azurerm\"]",
      "instances": [
        {
          "schema_version": 0,
          "attributes": {
            "id": "/subscriptions/27735e1f-024e-4bb5-8d3f-6c6a5cd80f1e/resourceGroups/Softradix-AKS-RG/providers/Microsoft.Network/networkSecurityGroups/softradix-aks-pe-subnet-nsg",
            "location": "eastus2",
            "name": "softradix-aks-pe-subnet-nsg",
            "resource_group_name": "Softradix-AKS-RG",
            "security_rule": [
              {
                "access": "Allow",
                "description": "",
                "destination_address_prefix": "VirtualNetwork",
                "destination_address_prefixes": [],
                "destination_application_security_group_ids": [],
                "destination_port_range": "*",
                "destination_port_ranges": [],
                "direction": "Inbound",
                "name": "AllowVnetInBound",
                "priority": 100,
                "protocol": "*",
                "source_address_prefix": "VirtualNetwork",
                "source_address_prefixes": [],
                "source_application_security_group_ids": [],
                "source_port_range": "*",
                "source_port_ranges": []
              },
              {
                "access": "Deny",
                "description": "",
                "destination_address_prefix": "*",
                "destination_address_prefixes": [],
                "destination_application_security_group_ids": [],
                "destination_port_range": "*",
                "destination_port_ranges": [],
                "direction": "Inbound",
                "name": "DenyInternetInBound",
                "priority": 4096,
                "protocol": "*",
                "source_address_prefix": "Internet",
                "source_address_prefixes": [],
                "source_application_security_group_ids": [],
                "source_port_range": "*",
                "source_port_ranges": []
              }
            ],
            "tags": {
              "Environment": "Production",
              "Owner": "Yogesh",
              "Project": "Terraform"
            },
            "timeouts": null
          },
          "sensitive_attributes": [],
          "identity_schema_version": 0,
          "identity": {
            "name": "softradix-aks-pe-subnet-nsg",
            "resource_group_name": "Softradix-AKS-RG",
            "subscription_id": "27735e1f-024e-4bb5-8d3f-6c6a5cd80f1e"
          },
          "private": "eyJlMmJmYjczMC1lY2FhLTExZTYtOGY4OC0zNDM2M2JjN2M0YzAiOnsiY3JlYXRlIjoxODAwMDAwMDAwMDAwLCJkZWxldGUiOjE4MDAwMDAwMDAwMDAsInJlYWQiOjMwMDAwMDAwMDAwMCwidXBkYXRlIjoxODAwMDAwMDAwMDAwfX0=",
          "dependencies": [
            "module.resource_group.azurerm_resource_group.this",
            "time_sleep.resource_group_propagation"
          ]
        }
      ]
    },
    {
      "module": "module.virtual_network",
      "mode": "managed",
      "type": "azurerm_subnet",
      "name": "aks_nodes",
      "provider": "provider[\"registry.terraform.io/hashicorp/azurerm\"]",
      "instances": [
        {
          "schema_version": 0,
          "attributes": {
            "address_prefixes": [
              "10.0.1.0/24"
            ],
            "default_outbound_access_enabled": true,
            "delegation": [],
            "id": "/subscriptions/27735e1f-024e-4bb5-8d3f-6c6a5cd80f1e/resourceGroups/Softradix-AKS-RG/providers/Microsoft.Network/virtualNetworks/softradix-aks-vnet/subnets/softradix-aks-node-subnet",
            "ip_address_pool": [],
            "name": "softradix-aks-node-subnet",
            "private_endpoint_network_policies": "Disabled",
            "private_link_service_network_policies_enabled": true,
            "resource_group_name": "Softradix-AKS-RG",
            "service_endpoint_policy_ids": [],
            "service_endpoints": [],
            "sharing_scope": "",
            "timeouts": null,
            "virtual_network_name": "softradix-aks-vnet"
          },
          "sensitive_attributes": [],
          "identity_schema_version": 0,
          "identity": {
            "name": "softradix-aks-node-subnet",
            "resource_group_name": "Softradix-AKS-RG",
            "subscription_id": "27735e1f-024e-4bb5-8d3f-6c6a5cd80f1e",
            "virtual_network_name": "softradix-aks-vnet"
          },
          "private": "eyJlMmJmYjczMC1lY2FhLTExZTYtOGY4OC0zNDM2M2JjN2M0YzAiOnsiY3JlYXRlIjoxODAwMDAwMDAwMDAwLCJkZWxldGUiOjE4MDAwMDAwMDAwMDAsInJlYWQiOjMwMDAwMDAwMDAwMCwidXBkYXRlIjoxODAwMDAwMDAwMDAwfX0=",
          "dependencies": [
            "module.resource_group.azurerm_resource_group.this",
            "module.virtual_network.azurerm_virtual_network.this",
            "time_sleep.resource_group_propagation"
          ]
        }
      ]
    },
    {
      "module": "module.virtual_network",
      "mode": "managed",
      "type": "azurerm_subnet",
      "name": "bastion",
      "provider": "provider[\"registry.terraform.io/hashicorp/azurerm\"]",
      "instances": [
        {
          "schema_version": 0,
          "attributes": {
            "address_prefixes": [
              "10.0.2.0/26"
            ],
            "default_outbound_access_enabled": true,
            "delegation": [],
            "id": "/subscriptions/27735e1f-024e-4bb5-8d3f-6c6a5cd80f1e/resourceGroups/Softradix-AKS-RG/providers/Microsoft.Network/virtualNetworks/softradix-aks-vnet/subnets/AzureBastionSubnet",
            "ip_address_pool": [],
            "name": "AzureBastionSubnet",
            "private_endpoint_network_policies": "Disabled",
            "private_link_service_network_policies_enabled": true,
            "resource_group_name": "Softradix-AKS-RG",
            "service_endpoint_policy_ids": [],
            "service_endpoints": [],
            "sharing_scope": "",
            "timeouts": null,
            "virtual_network_name": "softradix-aks-vnet"
          },
          "sensitive_attributes": [],
          "identity_schema_version": 0,
          "identity": {
            "name": "AzureBastionSubnet",
            "resource_group_name": "Softradix-AKS-RG",
            "subscription_id": "27735e1f-024e-4bb5-8d3f-6c6a5cd80f1e",
            "virtual_network_name": "softradix-aks-vnet"
          },
          "private": "eyJlMmJmYjczMC1lY2FhLTExZTYtOGY4OC0zNDM2M2JjN2M0YzAiOnsiY3JlYXRlIjoxODAwMDAwMDAwMDAwLCJkZWxldGUiOjE4MDAwMDAwMDAwMDAsInJlYWQiOjMwMDAwMDAwMDAwMCwidXBkYXRlIjoxODAwMDAwMDAwMDAwfX0=",
          "dependencies": [
            "module.resource_group.azurerm_resource_group.this",
            "module.virtual_network.azurerm_virtual_network.this",
            "time_sleep.resource_group_propagation"
          ]
        }
      ]
    },
    {
      "module": "module.virtual_network",
      "mode": "managed",
      "type": "azurerm_subnet",
      "name": "private_endpoints",
      "provider": "provider[\"registry.terraform.io/hashicorp/azurerm\"]",
      "instances": [
        {
          "schema_version": 0,
          "attributes": {
            "address_prefixes": [
              "10.0.3.0/24"
            ],
            "default_outbound_access_enabled": true,
            "delegation": [],
            "id": "/subscriptions/27735e1f-024e-4bb5-8d3f-6c6a5cd80f1e/resourceGroups/Softradix-AKS-RG/providers/Microsoft.Network/virtualNetworks/softradix-aks-vnet/subnets/softradix-aks-pe-subnet",
            "ip_address_pool": [],
            "name": "softradix-aks-pe-subnet",
            "private_endpoint_network_policies": "Disabled",
            "private_link_service_network_policies_enabled": true,
            "resource_group_name": "Softradix-AKS-RG",
            "service_endpoint_policy_ids": [],
            "service_endpoints": [],
            "sharing_scope": "",
            "timeouts": null,
            "virtual_network_name": "softradix-aks-vnet"
          },
          "sensitive_attributes": [],
          "identity_schema_version": 0,
          "identity": {
            "name": "softradix-aks-pe-subnet",
            "resource_group_name": "Softradix-AKS-RG",
            "subscription_id": "27735e1f-024e-4bb5-8d3f-6c6a5cd80f1e",
            "virtual_network_name": "softradix-aks-vnet"
          },
          "private": "eyJlMmJmYjczMC1lY2FhLTExZTYtOGY4OC0zNDM2M2JjN2M0YzAiOnsiY3JlYXRlIjoxODAwMDAwMDAwMDAwLCJkZWxldGUiOjE4MDAwMDAwMDAwMDAsInJlYWQiOjMwMDAwMDAwMDAwMCwidXBkYXRlIjoxODAwMDAwMDAwMDAwfX0=",
          "dependencies": [
            "module.resource_group.azurerm_resource_group.this",
            "module.virtual_network.azurerm_virtual_network.this",
            "time_sleep.resource_group_propagation"
          ]
        }
      ]
    },
    {
      "module": "module.virtual_network",
      "mode": "managed",
      "type": "azurerm_subnet_network_security_group_association",
      "name": "aks_nodes",
      "provider": "provider[\"registry.terraform.io/hashicorp/azurerm\"]",
      "instances": [
        {
          "schema_version": 0,
          "attributes": {
            "id": "/subscriptions/27735e1f-024e-4bb5-8d3f-6c6a5cd80f1e/resourceGroups/Softradix-AKS-RG/providers/Microsoft.Network/virtualNetworks/softradix-aks-vnet/subnets/softradix-aks-node-subnet",
            "network_security_group_id": "/subscriptions/27735e1f-024e-4bb5-8d3f-6c6a5cd80f1e/resourceGroups/Softradix-AKS-RG/providers/Microsoft.Network/networkSecurityGroups/softradix-aks-node-subnet-nsg",
            "subnet_id": "/subscriptions/27735e1f-024e-4bb5-8d3f-6c6a5cd80f1e/resourceGroups/Softradix-AKS-RG/providers/Microsoft.Network/virtualNetworks/softradix-aks-vnet/subnets/softradix-aks-node-subnet",
            "timeouts": null
          },
          "sensitive_attributes": [],
          "identity_schema_version": 0,
          "private": "eyJlMmJmYjczMC1lY2FhLTExZTYtOGY4OC0zNDM2M2JjN2M0YzAiOnsiY3JlYXRlIjoxODAwMDAwMDAwMDAwLCJkZWxldGUiOjE4MDAwMDAwMDAwMDAsInJlYWQiOjMwMDAwMDAwMDAwMH19",
          "dependencies": [
            "module.resource_group.azurerm_resource_group.this",
            "module.virtual_network.azurerm_network_security_group.aks_nodes",
            "module.virtual_network.azurerm_subnet.aks_nodes",
            "module.virtual_network.azurerm_virtual_network.this",
            "time_sleep.resource_group_propagation"
          ]
        }
      ]
    },
    {
      "module": "module.virtual_network",
      "mode": "managed",
      "type": "azurerm_subnet_network_security_group_association",
      "name": "private_endpoints",
      "provider": "provider[\"registry.terraform.io/hashicorp/azurerm\"]",
      "instances": [
        {
          "schema_version": 0,
          "attributes": {
            "id": "/subscriptions/27735e1f-024e-4bb5-8d3f-6c6a5cd80f1e/resourceGroups/Softradix-AKS-RG/providers/Microsoft.Network/virtualNetworks/softradix-aks-vnet/subnets/softradix-aks-pe-subnet",
            "network_security_group_id": "/subscriptions/27735e1f-024e-4bb5-8d3f-6c6a5cd80f1e/resourceGroups/Softradix-AKS-RG/providers/Microsoft.Network/networkSecurityGroups/softradix-aks-pe-subnet-nsg",
            "subnet_id": "/subscriptions/27735e1f-024e-4bb5-8d3f-6c6a5cd80f1e/resourceGroups/Softradix-AKS-RG/providers/Microsoft.Network/virtualNetworks/softradix-aks-vnet/subnets/softradix-aks-pe-subnet",
            "timeouts": null
          },
          "sensitive_attributes": [],
          "identity_schema_version": 0,
          "private": "eyJlMmJmYjczMC1lY2FhLTExZTYtOGY4OC0zNDM2M2JjN2M0YzAiOnsiY3JlYXRlIjoxODAwMDAwMDAwMDAwLCJkZWxldGUiOjE4MDAwMDAwMDAwMDAsInJlYWQiOjMwMDAwMDAwMDAwMH19",
          "dependencies": [
            "module.resource_group.azurerm_resource_group.this",
            "module.virtual_network.azurerm_network_security_group.private_endpoints",
            "module.virtual_network.azurerm_subnet.private_endpoints",
            "module.virtual_network.azurerm_virtual_network.this",
            "time_sleep.resource_group_propagation"
          ]
        }
      ]
    },
    {
      "module": "module.virtual_network",
      "mode": "managed",
      "type": "azurerm_virtual_network",
      "name": "this",
      "provider": "provider[\"registry.terraform.io/hashicorp/azurerm\"]",
      "instances": [
        {
          "schema_version": 0,
          "attributes": {
            "address_space": [
              "10.0.0.0/16"
            ],
            "bgp_community": "",
            "ddos_protection_plan": [],
            "dns_servers": [],
            "edge_zone": "",
            "encryption": [],
            "flow_timeout_in_minutes": 0,
            "guid": "407e1465-88f7-40d8-9963-eb7a5726d03d",
            "id": "/subscriptions/27735e1f-024e-4bb5-8d3f-6c6a5cd80f1e/resourceGroups/Softradix-AKS-RG/providers/Microsoft.Network/virtualNetworks/softradix-aks-vnet",
            "ip_address_pool": [],
            "location": "eastus2",
            "name": "softradix-aks-vnet",
            "private_endpoint_vnet_policies": "Disabled",
            "resource_group_name": "Softradix-AKS-RG",
            "subnet": [
              {
                "address_prefixes": [
                  "10.0.1.0/24"
                ],
                "default_outbound_access_enabled": true,
                "delegation": [],
                "id": "/subscriptions/27735e1f-024e-4bb5-8d3f-6c6a5cd80f1e/resourceGroups/Softradix-AKS-RG/providers/Microsoft.Network/virtualNetworks/softradix-aks-vnet/subnets/softradix-aks-node-subnet",
                "name": "softradix-aks-node-subnet",
                "private_endpoint_network_policies": "Disabled",
                "private_link_service_network_policies_enabled": true,
                "route_table_id": "",
                "security_group": "/subscriptions/27735e1f-024e-4bb5-8d3f-6c6a5cd80f1e/resourceGroups/Softradix-AKS-RG/providers/Microsoft.Network/networkSecurityGroups/softradix-aks-node-subnet-nsg",
                "service_endpoint_policy_ids": [],
                "service_endpoints": []
              },
              {
                "address_prefixes": [
                  "10.0.2.0/26"
                ],
                "default_outbound_access_enabled": true,
                "delegation": [],
                "id": "/subscriptions/27735e1f-024e-4bb5-8d3f-6c6a5cd80f1e/resourceGroups/Softradix-AKS-RG/providers/Microsoft.Network/virtualNetworks/softradix-aks-vnet/subnets/AzureBastionSubnet",
                "name": "AzureBastionSubnet",
                "private_endpoint_network_policies": "Disabled",
                "private_link_service_network_policies_enabled": true,
                "route_table_id": "",
                "security_group": "/subscriptions/27735e1f-024e-4bb5-8d3f-6c6a5cd80f1e/resourceGroups/Softradix-AKS-RG/providers/Microsoft.Network/networkSecurityGroups/AzureBastionSubnet-nsg",
                "service_endpoint_policy_ids": [],
                "service_endpoints": []
              },
              {
                "address_prefixes": [
                  "10.0.3.0/24"
                ],
                "default_outbound_access_enabled": true,
                "delegation": [],
                "id": "/subscriptions/27735e1f-024e-4bb5-8d3f-6c6a5cd80f1e/resourceGroups/Softradix-AKS-RG/providers/Microsoft.Network/virtualNetworks/softradix-aks-vnet/subnets/softradix-aks-pe-subnet",
                "name": "softradix-aks-pe-subnet",
                "private_endpoint_network_policies": "Disabled",
                "private_link_service_network_policies_enabled": true,
                "route_table_id": "",
                "security_group": "/subscriptions/27735e1f-024e-4bb5-8d3f-6c6a5cd80f1e/resourceGroups/Softradix-AKS-RG/providers/Microsoft.Network/networkSecurityGroups/softradix-aks-pe-subnet-nsg",
                "service_endpoint_policy_ids": [],
                "service_endpoints": []
              }
            ],
            "tags": {
              "Environment": "Production",
              "Owner": "Yogesh",
              "Project": "Terraform"
            },
            "timeouts": null
          },
          "sensitive_attributes": [],
          "identity_schema_version": 0,
          "identity": {
            "name": "softradix-aks-vnet",
            "resource_group_name": "Softradix-AKS-RG",
            "subscription_id": "27735e1f-024e-4bb5-8d3f-6c6a5cd80f1e"
          },
          "private": "eyJlMmJmYjczMC1lY2FhLTExZTYtOGY4OC0zNDM2M2JjN2M0YzAiOnsiY3JlYXRlIjoxODAwMDAwMDAwMDAwLCJkZWxldGUiOjE4MDAwMDAwMDAwMDAsInJlYWQiOjMwMDAwMDAwMDAwMCwidXBkYXRlIjoxODAwMDAwMDAwMDAwfX0=",
          "dependencies": [
            "module.resource_group.azurerm_resource_group.this",
            "time_sleep.resource_group_propagation"
          ]
        }
      ]
    }
  ],
  "check_results": null
}
