{
  "version": 4,
  "terraform_version": "1.14.0",
  "serial": 14,
  "lineage": "95ef5afe-dcaa-d1d7-4b5f-d6764c603ab0",
  "outputs": {
    "resource_group_id": {
      "value": "/subscriptions/27735e1f-024e-4bb5-8d3f-6c6a5cd80f1e/resourceGroups/Softradix-AKS-RG",
      "type": "string"
    },
    "resource_group_name": {
      "value": "Softradix-AKS-RG",
      "type": "string"
    }
  },
  "resources": [
    {
      "module": "module.resource_group",
      "mode": "managed",
      "type": "azurerm_resource_group",
      "name": "this",
      "provider": "provider[\"registry.terraform.io/hashicorp/azurerm\"]",
      "instances": [
        {
          "schema_version": 0,
          "attributes": {
            "id": "/subscriptions/27735e1f-024e-4bb5-8d3f-6c6a5cd80f1e/resourceGroups/Softradix-AKS-RG",
            "location": "eastus2",
            "managed_by": "",
            "name": "Softradix-AKS-RG",
            "tags": {
              "Environment": "Development",
              "Owner": "Yogesh",
              "Project": "Terraform"
            },
            "timeouts": null
          },
          "sensitive_attributes": [],
          "identity_schema_version": 0,
          "identity": {
            "name": "Softradix-AKS-RG",
            "subscription_id": "27735e1f-024e-4bb5-8d3f-6c6a5cd80f1e"
          },
          "private": "eyJlMmJmYjczMC1lY2FhLTExZTYtOGY4OC0zNDM2M2JjN2M0YzAiOnsiY3JlYXRlIjo1NDAwMDAwMDAwMDAwLCJkZWxldGUiOjU0MDAwMDAwMDAwMDAsInJlYWQiOjMwMDAwMDAwMDAwMCwidXBkYXRlIjo1NDAwMDAwMDAwMDAwfX0="
        }
      ]
    },
    {
      "module": "module.virtual_network",
      "mode": "managed",
      "type": "azurerm_subnet",
      "name": "private",
      "provider": "provider[\"registry.terraform.io/hashicorp/azurerm\"]",
      "instances": [
        {
          "index_key": "softradix-aks-private-subnet-01",
          "schema_version": 0,
          "attributes": {
            "address_prefixes": [
              "10.0.10.0/24"
            ],
            "default_outbound_access_enabled": true,
            "delegation": [],
            "id": "/subscriptions/27735e1f-024e-4bb5-8d3f-6c6a5cd80f1e/resourceGroups/Softradix-AKS-RG/providers/Microsoft.Network/virtualNetworks/softradix-aks-vnet/subnets/softradix-aks-private-subnet-01",
            "ip_address_pool": [],
            "name": "softradix-aks-private-subnet-01",
            "private_endpoint_network_policies": "Disabled",
            "private_link_service_network_policies_enabled": true,
            "resource_group_name": "Softradix-AKS-RG",
            "service_endpoint_policy_ids": null,
            "service_endpoints": null,
            "sharing_scope": "",
            "timeouts": null,
            "virtual_network_name": "softradix-aks-vnet"
          },
          "sensitive_attributes": [],
          "identity_schema_version": 0,
          "identity": {
            "name": "softradix-aks-private-subnet-01",
            "resource_group_name": "Softradix-AKS-RG",
            "subscription_id": "27735e1f-024e-4bb5-8d3f-6c6a5cd80f1e",
            "virtual_network_name": "softradix-aks-vnet"
          },
          "private": "eyJlMmJmYjczMC1lY2FhLTExZTYtOGY4OC0zNDM2M2JjN2M0YzAiOnsiY3JlYXRlIjoxODAwMDAwMDAwMDAwLCJkZWxldGUiOjE4MDAwMDAwMDAwMDAsInJlYWQiOjMwMDAwMDAwMDAwMCwidXBkYXRlIjoxODAwMDAwMDAwMDAwfX0=",
          "dependencies": [
            "module.resource_group.azurerm_resource_group.this",
            "module.virtual_network.azurerm_virtual_network.this"
          ]
        },
        {
          "index_key": "softradix-aks-private-subnet-02",
          "schema_version": 0,
          "attributes": {
            "address_prefixes": [
              "10.0.20.0/24"
            ],
            "default_outbound_access_enabled": true,
            "delegation": [],
            "id": "/subscriptions/27735e1f-024e-4bb5-8d3f-6c6a5cd80f1e/resourceGroups/Softradix-AKS-RG/providers/Microsoft.Network/virtualNetworks/softradix-aks-vnet/subnets/softradix-aks-private-subnet-02",
            "ip_address_pool": [],
            "name": "softradix-aks-private-subnet-02",
            "private_endpoint_network_policies": "Disabled",
            "private_link_service_network_policies_enabled": true,
            "resource_group_name": "Softradix-AKS-RG",
            "service_endpoint_policy_ids": null,
            "service_endpoints": null,
            "sharing_scope": "",
            "timeouts": null,
            "virtual_network_name": "softradix-aks-vnet"
          },
          "sensitive_attributes": [],
          "identity_schema_version": 0,
          "identity": {
            "name": "softradix-aks-private-subnet-02",
            "resource_group_name": "Softradix-AKS-RG",
            "subscription_id": "27735e1f-024e-4bb5-8d3f-6c6a5cd80f1e",
            "virtual_network_name": "softradix-aks-vnet"
          },
          "private": "eyJlMmJmYjczMC1lY2FhLTExZTYtOGY4OC0zNDM2M2JjN2M0YzAiOnsiY3JlYXRlIjoxODAwMDAwMDAwMDAwLCJkZWxldGUiOjE4MDAwMDAwMDAwMDAsInJlYWQiOjMwMDAwMDAwMDAwMCwidXBkYXRlIjoxODAwMDAwMDAwMDAwfX0=",
          "dependencies": [
            "module.resource_group.azurerm_resource_group.this",
            "module.virtual_network.azurerm_virtual_network.this"
          ]
        },
        {
          "index_key": "softradix-aks-private-subnet-03",
          "schema_version": 0,
          "attributes": {
            "address_prefixes": [
              "10.0.30.0/24"
            ],
            "default_outbound_access_enabled": true,
            "delegation": [],
            "id": "/subscriptions/27735e1f-024e-4bb5-8d3f-6c6a5cd80f1e/resourceGroups/Softradix-AKS-RG/providers/Microsoft.Network/virtualNetworks/softradix-aks-vnet/subnets/softradix-aks-private-subnet-03",
            "ip_address_pool": [],
            "name": "softradix-aks-private-subnet-03",
            "private_endpoint_network_policies": "Disabled",
            "private_link_service_network_policies_enabled": true,
            "resource_group_name": "Softradix-AKS-RG",
            "service_endpoint_policy_ids": null,
            "service_endpoints": null,
            "sharing_scope": "",
            "timeouts": null,
            "virtual_network_name": "softradix-aks-vnet"
          },
          "sensitive_attributes": [],
          "identity_schema_version": 0,
          "identity": {
            "name": "softradix-aks-private-subnet-03",
            "resource_group_name": "Softradix-AKS-RG",
            "subscription_id": "27735e1f-024e-4bb5-8d3f-6c6a5cd80f1e",
            "virtual_network_name": "softradix-aks-vnet"
          },
          "private": "eyJlMmJmYjczMC1lY2FhLTExZTYtOGY4OC0zNDM2M2JjN2M0YzAiOnsiY3JlYXRlIjoxODAwMDAwMDAwMDAwLCJkZWxldGUiOjE4MDAwMDAwMDAwMDAsInJlYWQiOjMwMDAwMDAwMDAwMCwidXBkYXRlIjoxODAwMDAwMDAwMDAwfX0=",
          "dependencies": [
            "module.resource_group.azurerm_resource_group.this",
            "module.virtual_network.azurerm_virtual_network.this"
          ]
        }
      ]
    },
    {
      "module": "module.virtual_network",
      "mode": "managed",
      "type": "azurerm_subnet",
      "name": "public",
      "provider": "provider[\"registry.terraform.io/hashicorp/azurerm\"]",
      "instances": [
        {
          "index_key": "softradix-aks-public-subnet-01",
          "schema_version": 0,
          "attributes": {
            "address_prefixes": [
              "10.0.1.0/24"
            ],
            "default_outbound_access_enabled": true,
            "delegation": [],
            "id": "/subscriptions/27735e1f-024e-4bb5-8d3f-6c6a5cd80f1e/resourceGroups/Softradix-AKS-RG/providers/Microsoft.Network/virtualNetworks/softradix-aks-vnet/subnets/softradix-aks-public-subnet-01",
            "ip_address_pool": [],
            "name": "softradix-aks-public-subnet-01",
            "private_endpoint_network_policies": "Disabled",
            "private_link_service_network_policies_enabled": true,
            "resource_group_name": "Softradix-AKS-RG",
            "service_endpoint_policy_ids": null,
            "service_endpoints": null,
            "sharing_scope": "",
            "timeouts": null,
            "virtual_network_name": "softradix-aks-vnet"
          },
          "sensitive_attributes": [],
          "identity_schema_version": 0,
          "identity": {
            "name": "softradix-aks-public-subnet-01",
            "resource_group_name": "Softradix-AKS-RG",
            "subscription_id": "27735e1f-024e-4bb5-8d3f-6c6a5cd80f1e",
            "virtual_network_name": "softradix-aks-vnet"
          },
          "private": "eyJlMmJmYjczMC1lY2FhLTExZTYtOGY4OC0zNDM2M2JjN2M0YzAiOnsiY3JlYXRlIjoxODAwMDAwMDAwMDAwLCJkZWxldGUiOjE4MDAwMDAwMDAwMDAsInJlYWQiOjMwMDAwMDAwMDAwMCwidXBkYXRlIjoxODAwMDAwMDAwMDAwfX0=",
          "dependencies": [
            "module.resource_group.azurerm_resource_group.this",
            "module.virtual_network.azurerm_virtual_network.this"
          ]
        },
        {
          "index_key": "softradix-aks-public-subnet-02",
          "schema_version": 0,
          "attributes": {
            "address_prefixes": [
              "10.0.2.0/24"
            ],
            "default_outbound_access_enabled": true,
            "delegation": [],
            "id": "/subscriptions/27735e1f-024e-4bb5-8d3f-6c6a5cd80f1e/resourceGroups/Softradix-AKS-RG/providers/Microsoft.Network/virtualNetworks/softradix-aks-vnet/subnets/softradix-aks-public-subnet-02",
            "ip_address_pool": [],
            "name": "softradix-aks-public-subnet-02",
            "private_endpoint_network_policies": "Disabled",
            "private_link_service_network_policies_enabled": true,
            "resource_group_name": "Softradix-AKS-RG",
            "service_endpoint_policy_ids": null,
            "service_endpoints": null,
            "sharing_scope": "",
            "timeouts": null,
            "virtual_network_name": "softradix-aks-vnet"
          },
          "sensitive_attributes": [],
          "identity_schema_version": 0,
          "identity": {
            "name": "softradix-aks-public-subnet-02",
            "resource_group_name": "Softradix-AKS-RG",
            "subscription_id": "27735e1f-024e-4bb5-8d3f-6c6a5cd80f1e",
            "virtual_network_name": "softradix-aks-vnet"
          },
          "private": "eyJlMmJmYjczMC1lY2FhLTExZTYtOGY4OC0zNDM2M2JjN2M0YzAiOnsiY3JlYXRlIjoxODAwMDAwMDAwMDAwLCJkZWxldGUiOjE4MDAwMDAwMDAwMDAsInJlYWQiOjMwMDAwMDAwMDAwMCwidXBkYXRlIjoxODAwMDAwMDAwMDAwfX0=",
          "dependencies": [
            "module.resource_group.azurerm_resource_group.this",
            "module.virtual_network.azurerm_virtual_network.this"
          ]
        },
        {
          "index_key": "softradix-aks-public-subnet-03",
          "schema_version": 0,
          "attributes": {
            "address_prefixes": [
              "10.0.3.0/24"
            ],
            "default_outbound_access_enabled": true,
            "delegation": [],
            "id": "/subscriptions/27735e1f-024e-4bb5-8d3f-6c6a5cd80f1e/resourceGroups/Softradix-AKS-RG/providers/Microsoft.Network/virtualNetworks/softradix-aks-vnet/subnets/softradix-aks-public-subnet-03",
            "ip_address_pool": [],
            "name": "softradix-aks-public-subnet-03",
            "private_endpoint_network_policies": "Disabled",
            "private_link_service_network_policies_enabled": true,
            "resource_group_name": "Softradix-AKS-RG",
            "service_endpoint_policy_ids": null,
            "service_endpoints": null,
            "sharing_scope": "",
            "timeouts": null,
            "virtual_network_name": "softradix-aks-vnet"
          },
          "sensitive_attributes": [],
          "identity_schema_version": 0,
          "identity": {
            "name": "softradix-aks-public-subnet-03",
            "resource_group_name": "Softradix-AKS-RG",
            "subscription_id": "27735e1f-024e-4bb5-8d3f-6c6a5cd80f1e",
            "virtual_network_name": "softradix-aks-vnet"
          },
          "private": "eyJlMmJmYjczMC1lY2FhLTExZTYtOGY4OC0zNDM2M2JjN2M0YzAiOnsiY3JlYXRlIjoxODAwMDAwMDAwMDAwLCJkZWxldGUiOjE4MDAwMDAwMDAwMDAsInJlYWQiOjMwMDAwMDAwMDAwMCwidXBkYXRlIjoxODAwMDAwMDAwMDAwfX0=",
          "dependencies": [
            "module.resource_group.azurerm_resource_group.this",
            "module.virtual_network.azurerm_virtual_network.this"
          ]
        }
      ]
    },
    {
      "module": "module.virtual_network",
      "mode": "managed",
      "type": "azurerm_virtual_network",
      "name": "this",
      "provider": "provider[\"registry.terraform.io/hashicorp/azurerm\"]",
      "instances": [
        {
          "schema_version": 0,
          "attributes": {
            "address_space": [
              "10.0.0.0/16"
            ],
            "bgp_community": "",
            "ddos_protection_plan": [],
            "dns_servers": [],
            "edge_zone": "",
            "encryption": [],
            "flow_timeout_in_minutes": 0,
            "guid": "a70580ea-6108-4ceb-a01b-9ad18e26a8a6",
            "id": "/subscriptions/27735e1f-024e-4bb5-8d3f-6c6a5cd80f1e/resourceGroups/Softradix-AKS-RG/providers/Microsoft.Network/virtualNetworks/softradix-aks-vnet",
            "ip_address_pool": [],
            "location": "eastus2",
            "name": "softradix-aks-vnet",
            "private_endpoint_vnet_policies": "Disabled",
            "resource_group_name": "Softradix-AKS-RG",
            "subnet": [],
            "tags": {
              "Environment": "Development",
              "Owner": "Yogesh",
              "Project": "Terraform"
            },
            "timeouts": null
          },
          "sensitive_attributes": [],
          "identity_schema_version": 0,
          "identity": {
            "name": "softradix-aks-vnet",
            "resource_group_name": "Softradix-AKS-RG",
            "subscription_id": "27735e1f-024e-4bb5-8d3f-6c6a5cd80f1e"
          },
          "private": "eyJlMmJmYjczMC1lY2FhLTExZTYtOGY4OC0zNDM2M2JjN2M0YzAiOnsiY3JlYXRlIjoxODAwMDAwMDAwMDAwLCJkZWxldGUiOjE4MDAwMDAwMDAwMDAsInJlYWQiOjMwMDAwMDAwMDAwMCwidXBkYXRlIjoxODAwMDAwMDAwMDAwfX0=",
          "dependencies": [
            "module.resource_group.azurerm_resource_group.this"
          ]
        }
      ]
    }
  ],
  "check_results": null
}
